{
  "version": 4,
  "terraform_version": "1.3.9",
  "serial": 1915,
  "lineage": "283cd665-edf6-1ced-b97f-b3f2b48d558a",
  "outputs": {},
  "resources": [
    {
      "mode": "managed",
      "type": "rundeck_job",
      "name": "jobP1",
      "provider": "provider[\"registry.terraform.io/rundeck/rundeck\"]",
      "instances": [
        {
          "index_key": 0,
          "schema_version": 0,
          "attributes": {
            "allow_concurrent_executions": false,
            "command": [
              {
                "description": "",
                "error_handler": [],
                "inline_script": "",
                "job": [],
                "keep_going_on_success": false,
                "node_step_plugin": [],
                "script_file": "",
                "script_file_args": "",
                "script_interpreter": [],
                "shell_command": "hostname",
                "step_plugin": []
              }
            ],
            "command_ordering_strategy": "node-first",
            "continue_next_node_on_error": false,
            "continue_on_error": false,
            "description": "Restart the service daemons on all the web servers",
            "execution_enabled": true,
            "global_log_filter": [],
            "group_name": "",
            "id": "be062ce3-4c46-4051-842f-2b9244f61ffa",
            "log_level": "INFO",
            "max_thread_count": 1,
            "name": "jobP1-0",
            "node_filter_exclude_precedence": false,
            "node_filter_exclude_query": "",
            "node_filter_query": "",
            "notification": [],
            "option": [],
            "preserve_options_order": null,
            "project_name": "Project1",
            "rank_attribute": "",
            "rank_order": "ascending",
            "retry": "",
            "schedule": "0/30 * * * * * *",
            "schedule_enabled": true,
            "success_on_empty_node_filter": null,
            "time_zone": "",
            "timeout": null
          },
          "sensitive_attributes": [],
          "private": "bnVsbA==",
          "dependencies": [
            "rundeck_project.Project1"
          ]
        },
        {
          "index_key": 1,
          "schema_version": 0,
          "attributes": {
            "allow_concurrent_executions": false,
            "command": [
              {
                "description": "",
                "error_handler": [],
                "inline_script": "",
                "job": [],
                "keep_going_on_success": false,
                "node_step_plugin": [],
                "script_file": "",
                "script_file_args": "",
                "script_interpreter": [],
                "shell_command": "hostname",
                "step_plugin": []
              }
            ],
            "command_ordering_strategy": "node-first",
            "continue_next_node_on_error": false,
            "continue_on_error": false,
            "description": "Restart the service daemons on all the web servers",
            "execution_enabled": true,
            "global_log_filter": [],
            "group_name": "",
            "id": "c5f06740-19f9-4a9c-a370-872a6a339acc",
            "log_level": "INFO",
            "max_thread_count": 1,
            "name": "jobP1-1",
            "node_filter_exclude_precedence": false,
            "node_filter_exclude_query": "",
            "node_filter_query": "",
            "notification": [],
            "option": [],
            "preserve_options_order": null,
            "project_name": "Project1",
            "rank_attribute": "",
            "rank_order": "ascending",
            "retry": "",
            "schedule": "0/30 * * * * * *",
            "schedule_enabled": true,
            "success_on_empty_node_filter": null,
            "time_zone": "",
            "timeout": null
          },
          "sensitive_attributes": [],
          "private": "bnVsbA==",
          "dependencies": [
            "rundeck_project.Project1"
          ]
        },
        {
          "index_key": 2,
          "schema_version": 0,
          "attributes": {
            "allow_concurrent_executions": false,
            "command": [
              {
                "description": "",
                "error_handler": [],
                "inline_script": "",
                "job": [],
                "keep_going_on_success": false,
                "node_step_plugin": [],
                "script_file": "",
                "script_file_args": "",
                "script_interpreter": [],
                "shell_command": "hostname",
                "step_plugin": []
              }
            ],
            "command_ordering_strategy": "node-first",
            "continue_next_node_on_error": false,
            "continue_on_error": false,
            "description": "Restart the service daemons on all the web servers",
            "execution_enabled": true,
            "global_log_filter": [],
            "group_name": "",
            "id": "1b9a8da5-7d26-480d-aa31-0d88a3a4884c",
            "log_level": "INFO",
            "max_thread_count": 1,
            "name": "jobP1-2",
            "node_filter_exclude_precedence": false,
            "node_filter_exclude_query": "",
            "node_filter_query": "",
            "notification": [],
            "option": [],
            "preserve_options_order": null,
            "project_name": "Project1",
            "rank_attribute": "",
            "rank_order": "ascending",
            "retry": "",
            "schedule": "0/30 * * * * * *",
            "schedule_enabled": true,
            "success_on_empty_node_filter": null,
            "time_zone": "",
            "timeout": null
          },
          "sensitive_attributes": [],
          "private": "bnVsbA==",
          "dependencies": [
            "rundeck_project.Project1"
          ]
        },
        {
          "index_key": 3,
          "schema_version": 0,
          "attributes": {
            "allow_concurrent_executions": false,
            "command": [
              {
                "description": "",
                "error_handler": [],
                "inline_script": "",
                "job": [],
                "keep_going_on_success": false,
                "node_step_plugin": [],
                "script_file": "",
                "script_file_args": "",
                "script_interpreter": [],
                "shell_command": "hostname",
                "step_plugin": []
              }
            ],
            "command_ordering_strategy": "node-first",
            "continue_next_node_on_error": false,
            "continue_on_error": false,
            "description": "Restart the service daemons on all the web servers",
            "execution_enabled": true,
            "global_log_filter": [],
            "group_name": "",
            "id": "642bf9fd-78c8-47fc-bcde-a9b1690a4f13",
            "log_level": "INFO",
            "max_thread_count": 1,
            "name": "jobP1-3",
            "node_filter_exclude_precedence": false,
            "node_filter_exclude_query": "",
            "node_filter_query": "",
            "notification": [],
            "option": [],
            "preserve_options_order": null,
            "project_name": "Project1",
            "rank_attribute": "",
            "rank_order": "ascending",
            "retry": "",
            "schedule": "0/30 * * * * * *",
            "schedule_enabled": true,
            "success_on_empty_node_filter": null,
            "time_zone": "",
            "timeout": null
          },
          "sensitive_attributes": [],
          "private": "bnVsbA==",
          "dependencies": [
            "rundeck_project.Project1"
          ]
        },
        {
          "index_key": 4,
          "schema_version": 0,
          "attributes": {
            "allow_concurrent_executions": false,
            "command": [
              {
                "description": "",
                "error_handler": [],
                "inline_script": "",
                "job": [],
                "keep_going_on_success": false,
                "node_step_plugin": [],
                "script_file": "",
                "script_file_args": "",
                "script_interpreter": [],
                "shell_command": "hostname",
                "step_plugin": []
              }
            ],
            "command_ordering_strategy": "node-first",
            "continue_next_node_on_error": false,
            "continue_on_error": false,
            "description": "Restart the service daemons on all the web servers",
            "execution_enabled": true,
            "global_log_filter": [],
            "group_name": "",
            "id": "0d94ba6d-4ec1-4023-a388-5556ce899b1e",
            "log_level": "INFO",
            "max_thread_count": 1,
            "name": "jobP1-4",
            "node_filter_exclude_precedence": false,
            "node_filter_exclude_query": "",
            "node_filter_query": "",
            "notification": [],
            "option": [],
            "preserve_options_order": null,
            "project_name": "Project1",
            "rank_attribute": "",
            "rank_order": "ascending",
            "retry": "",
            "schedule": "0/30 * * * * * *",
            "schedule_enabled": true,
            "success_on_empty_node_filter": null,
            "time_zone": "",
            "timeout": null
          },
          "sensitive_attributes": [],
          "private": "bnVsbA==",
          "dependencies": [
            "rundeck_project.Project1"
          ]
        },
        {
          "index_key": 5,
          "schema_version": 0,
          "attributes": {
            "allow_concurrent_executions": false,
            "command": [
              {
                "description": "",
                "error_handler": [],
                "inline_script": "",
                "job": [],
                "keep_going_on_success": false,
                "node_step_plugin": [],
                "script_file": "",
                "script_file_args": "",
                "script_interpreter": [],
                "shell_command": "hostname",
                "step_plugin": []
              }
            ],
            "command_ordering_strategy": "node-first",
            "continue_next_node_on_error": false,
            "continue_on_error": false,
            "description": "Restart the service daemons on all the web servers",
            "execution_enabled": true,
            "global_log_filter": [],
            "group_name": "",
            "id": "61564b0b-c1d4-4df4-8898-23420a0fbf02",
            "log_level": "INFO",
            "max_thread_count": 1,
            "name": "jobP1-5",
            "node_filter_exclude_precedence": false,
            "node_filter_exclude_query": "",
            "node_filter_query": "",
            "notification": [],
            "option": [],
            "preserve_options_order": null,
            "project_name": "Project1",
            "rank_attribute": "",
            "rank_order": "ascending",
            "retry": "",
            "schedule": "0/30 * * * * * *",
            "schedule_enabled": true,
            "success_on_empty_node_filter": null,
            "time_zone": "",
            "timeout": null
          },
          "sensitive_attributes": [],
          "private": "bnVsbA==",
          "dependencies": [
            "rundeck_project.Project1"
          ]
        },
        {
          "index_key": 6,
          "schema_version": 0,
          "attributes": {
            "allow_concurrent_executions": false,
            "command": [
              {
                "description": "",
                "error_handler": [],
                "inline_script": "",
                "job": [],
                "keep_going_on_success": false,
                "node_step_plugin": [],
                "script_file": "",
                "script_file_args": "",
                "script_interpreter": [],
                "shell_command": "hostname",
                "step_plugin": []
              }
            ],
            "command_ordering_strategy": "node-first",
            "continue_next_node_on_error": false,
            "continue_on_error": false,
            "description": "Restart the service daemons on all the web servers",
            "execution_enabled": true,
            "global_log_filter": [],
            "group_name": "",
            "id": "613d277f-3075-4de0-8a1e-dce9edd4390a",
            "log_level": "INFO",
            "max_thread_count": 1,
            "name": "jobP1-6",
            "node_filter_exclude_precedence": false,
            "node_filter_exclude_query": "",
            "node_filter_query": "",
            "notification": [],
            "option": [],
            "preserve_options_order": null,
            "project_name": "Project1",
            "rank_attribute": "",
            "rank_order": "ascending",
            "retry": "",
            "schedule": "0/30 * * * * * *",
            "schedule_enabled": true,
            "success_on_empty_node_filter": null,
            "time_zone": "",
            "timeout": null
          },
          "sensitive_attributes": [],
          "private": "bnVsbA==",
          "dependencies": [
            "rundeck_project.Project1"
          ]
        },
        {
          "index_key": 7,
          "schema_version": 0,
          "attributes": {
            "allow_concurrent_executions": false,
            "command": [
              {
                "description": "",
                "error_handler": [],
                "inline_script": "",
                "job": [],
                "keep_going_on_success": false,
                "node_step_plugin": [],
                "script_file": "",
                "script_file_args": "",
                "script_interpreter": [],
                "shell_command": "hostname",
                "step_plugin": []
              }
            ],
            "command_ordering_strategy": "node-first",
            "continue_next_node_on_error": false,
            "continue_on_error": false,
            "description": "Restart the service daemons on all the web servers",
            "execution_enabled": true,
            "global_log_filter": [],
            "group_name": "",
            "id": "3d75d79e-85b2-4ba2-b8ef-7ba48138cb75",
            "log_level": "INFO",
            "max_thread_count": 1,
            "name": "jobP1-7",
            "node_filter_exclude_precedence": false,
            "node_filter_exclude_query": "",
            "node_filter_query": "",
            "notification": [],
            "option": [],
            "preserve_options_order": null,
            "project_name": "Project1",
            "rank_attribute": "",
            "rank_order": "ascending",
            "retry": "",
            "schedule": "0/30 * * * * * *",
            "schedule_enabled": true,
            "success_on_empty_node_filter": null,
            "time_zone": "",
            "timeout": null
          },
          "sensitive_attributes": [],
          "private": "bnVsbA==",
          "dependencies": [
            "rundeck_project.Project1"
          ]
        },
        {
          "index_key": 8,
          "schema_version": 0,
          "attributes": {
            "allow_concurrent_executions": false,
            "command": [
              {
                "description": "",
                "error_handler": [],
                "inline_script": "",
                "job": [],
                "keep_going_on_success": false,
                "node_step_plugin": [],
                "script_file": "",
                "script_file_args": "",
                "script_interpreter": [],
                "shell_command": "hostname",
                "step_plugin": []
              }
            ],
            "command_ordering_strategy": "node-first",
            "continue_next_node_on_error": false,
            "continue_on_error": false,
            "description": "Restart the service daemons on all the web servers",
            "execution_enabled": true,
            "global_log_filter": [],
            "group_name": "",
            "id": "7b10a5f7-2e8a-496a-9598-bf582035c936",
            "log_level": "INFO",
            "max_thread_count": 1,
            "name": "jobP1-8",
            "node_filter_exclude_precedence": false,
            "node_filter_exclude_query": "",
            "node_filter_query": "",
            "notification": [],
            "option": [],
            "preserve_options_order": null,
            "project_name": "Project1",
            "rank_attribute": "",
            "rank_order": "ascending",
            "retry": "",
            "schedule": "0/30 * * * * * *",
            "schedule_enabled": true,
            "success_on_empty_node_filter": null,
            "time_zone": "",
            "timeout": null
          },
          "sensitive_attributes": [],
          "private": "bnVsbA==",
          "dependencies": [
            "rundeck_project.Project1"
          ]
        },
        {
          "index_key": 9,
          "schema_version": 0,
          "attributes": {
            "allow_concurrent_executions": false,
            "command": [
              {
                "description": "",
                "error_handler": [],
                "inline_script": "",
                "job": [],
                "keep_going_on_success": false,
                "node_step_plugin": [],
                "script_file": "",
                "script_file_args": "",
                "script_interpreter": [],
                "shell_command": "hostname",
                "step_plugin": []
              }
            ],
            "command_ordering_strategy": "node-first",
            "continue_next_node_on_error": false,
            "continue_on_error": false,
            "description": "Restart the service daemons on all the web servers",
            "execution_enabled": true,
            "global_log_filter": [],
            "group_name": "",
            "id": "8243a813-da20-4cd5-8268-05c186b0287b",
            "log_level": "INFO",
            "max_thread_count": 1,
            "name": "jobP1-9",
            "node_filter_exclude_precedence": false,
            "node_filter_exclude_query": "",
            "node_filter_query": "",
            "notification": [],
            "option": [],
            "preserve_options_order": null,
            "project_name": "Project1",
            "rank_attribute": "",
            "rank_order": "ascending",
            "retry": "",
            "schedule": "0/30 * * * * * *",
            "schedule_enabled": true,
            "success_on_empty_node_filter": null,
            "time_zone": "",
            "timeout": null
          },
          "sensitive_attributes": [],
          "private": "bnVsbA==",
          "dependencies": [
            "rundeck_project.Project1"
          ]
        },
        {
          "index_key": 10,
          "schema_version": 0,
          "attributes": {
            "allow_concurrent_executions": false,
            "command": [
              {
                "description": "",
                "error_handler": [],
                "inline_script": "",
                "job": [],
                "keep_going_on_success": false,
                "node_step_plugin": [],
                "script_file": "",
                "script_file_args": "",
                "script_interpreter": [],
                "shell_command": "hostname",
                "step_plugin": []
              }
            ],
            "command_ordering_strategy": "node-first",
            "continue_next_node_on_error": false,
            "continue_on_error": false,
            "description": "Restart the service daemons on all the web servers",
            "execution_enabled": true,
            "global_log_filter": [],
            "group_name": "",
            "id": "e55bfe35-4b3a-412c-a218-0980e7ba7f68",
            "log_level": "INFO",
            "max_thread_count": 1,
            "name": "jobP1-10",
            "node_filter_exclude_precedence": false,
            "node_filter_exclude_query": "",
            "node_filter_query": "",
            "notification": [],
            "option": [],
            "preserve_options_order": null,
            "project_name": "Project1",
            "rank_attribute": "",
            "rank_order": "ascending",
            "retry": "",
            "schedule": "0/30 * * * * * *",
            "schedule_enabled": true,
            "success_on_empty_node_filter": null,
            "time_zone": "",
            "timeout": null
          },
          "sensitive_attributes": [],
          "private": "bnVsbA==",
          "dependencies": [
            "rundeck_project.Project1"
          ]
        },
        {
          "index_key": 11,
          "schema_version": 0,
          "attributes": {
            "allow_concurrent_executions": false,
            "command": [
              {
                "description": "",
                "error_handler": [],
                "inline_script": "",
                "job": [],
                "keep_going_on_success": false,
                "node_step_plugin": [],
                "script_file": "",
                "script_file_args": "",
                "script_interpreter": [],
                "shell_command": "hostname",
                "step_plugin": []
              }
            ],
            "command_ordering_strategy": "node-first",
            "continue_next_node_on_error": false,
            "continue_on_error": false,
            "description": "Restart the service daemons on all the web servers",
            "execution_enabled": true,
            "global_log_filter": [],
            "group_name": "",
            "id": "dd80ca76-0cf1-4652-aed5-b9c17cdab113",
            "log_level": "INFO",
            "max_thread_count": 1,
            "name": "jobP1-11",
            "node_filter_exclude_precedence": false,
            "node_filter_exclude_query": "",
            "node_filter_query": "",
            "notification": [],
            "option": [],
            "preserve_options_order": null,
            "project_name": "Project1",
            "rank_attribute": "",
            "rank_order": "ascending",
            "retry": "",
            "schedule": "0/30 * * * * * *",
            "schedule_enabled": true,
            "success_on_empty_node_filter": null,
            "time_zone": "",
            "timeout": null
          },
          "sensitive_attributes": [],
          "private": "bnVsbA==",
          "dependencies": [
            "rundeck_project.Project1"
          ]
        },
        {
          "index_key": 12,
          "schema_version": 0,
          "attributes": {
            "allow_concurrent_executions": false,
            "command": [
              {
                "description": "",
                "error_handler": [],
                "inline_script": "",
                "job": [],
                "keep_going_on_success": false,
                "node_step_plugin": [],
                "script_file": "",
                "script_file_args": "",
                "script_interpreter": [],
                "shell_command": "hostname",
                "step_plugin": []
              }
            ],
            "command_ordering_strategy": "node-first",
            "continue_next_node_on_error": false,
            "continue_on_error": false,
            "description": "Restart the service daemons on all the web servers",
            "execution_enabled": true,
            "global_log_filter": [],
            "group_name": "",
            "id": "54acde9c-be1d-49e6-80ac-027c77e9a3e8",
            "log_level": "INFO",
            "max_thread_count": 1,
            "name": "jobP1-12",
            "node_filter_exclude_precedence": false,
            "node_filter_exclude_query": "",
            "node_filter_query": "",
            "notification": [],
            "option": [],
            "preserve_options_order": null,
            "project_name": "Project1",
            "rank_attribute": "",
            "rank_order": "ascending",
            "retry": "",
            "schedule": "0/30 * * * * * *",
            "schedule_enabled": true,
            "success_on_empty_node_filter": null,
            "time_zone": "",
            "timeout": null
          },
          "sensitive_attributes": [],
          "private": "bnVsbA==",
          "dependencies": [
            "rundeck_project.Project1"
          ]
        },
        {
          "index_key": 13,
          "schema_version": 0,
          "attributes": {
            "allow_concurrent_executions": false,
            "command": [
              {
                "description": "",
                "error_handler": [],
                "inline_script": "",
                "job": [],
                "keep_going_on_success": false,
                "node_step_plugin": [],
                "script_file": "",
                "script_file_args": "",
                "script_interpreter": [],
                "shell_command": "hostname",
                "step_plugin": []
              }
            ],
            "command_ordering_strategy": "node-first",
            "continue_next_node_on_error": false,
            "continue_on_error": false,
            "description": "Restart the service daemons on all the web servers",
            "execution_enabled": true,
            "global_log_filter": [],
            "group_name": "",
            "id": "4363d1f9-3305-4e4c-bbde-cefcd1373657",
            "log_level": "INFO",
            "max_thread_count": 1,
            "name": "jobP1-13",
            "node_filter_exclude_precedence": false,
            "node_filter_exclude_query": "",
            "node_filter_query": "",
            "notification": [],
            "option": [],
            "preserve_options_order": null,
            "project_name": "Project1",
            "rank_attribute": "",
            "rank_order": "ascending",
            "retry": "",
            "schedule": "0/30 * * * * * *",
            "schedule_enabled": true,
            "success_on_empty_node_filter": null,
            "time_zone": "",
            "timeout": null
          },
          "sensitive_attributes": [],
          "private": "bnVsbA==",
          "dependencies": [
            "rundeck_project.Project1"
          ]
        },
        {
          "index_key": 14,
          "schema_version": 0,
          "attributes": {
            "allow_concurrent_executions": false,
            "command": [
              {
                "description": "",
                "error_handler": [],
                "inline_script": "",
                "job": [],
                "keep_going_on_success": false,
                "node_step_plugin": [],
                "script_file": "",
                "script_file_args": "",
                "script_interpreter": [],
                "shell_command": "hostname",
                "step_plugin": []
              }
            ],
            "command_ordering_strategy": "node-first",
            "continue_next_node_on_error": false,
            "continue_on_error": false,
            "description": "Restart the service daemons on all the web servers",
            "execution_enabled": true,
            "global_log_filter": [],
            "group_name": "",
            "id": "2d64c495-89bf-4c0c-9151-fbb8b2e15273",
            "log_level": "INFO",
            "max_thread_count": 1,
            "name": "jobP1-14",
            "node_filter_exclude_precedence": false,
            "node_filter_exclude_query": "",
            "node_filter_query": "",
            "notification": [],
            "option": [],
            "preserve_options_order": null,
            "project_name": "Project1",
            "rank_attribute": "",
            "rank_order": "ascending",
            "retry": "",
            "schedule": "0/30 * * * * * *",
            "schedule_enabled": true,
            "success_on_empty_node_filter": null,
            "time_zone": "",
            "timeout": null
          },
          "sensitive_attributes": [],
          "private": "bnVsbA==",
          "dependencies": [
            "rundeck_project.Project1"
          ]
        },
        {
          "index_key": 15,
          "schema_version": 0,
          "attributes": {
            "allow_concurrent_executions": false,
            "command": [
              {
                "description": "",
                "error_handler": [],
                "inline_script": "",
                "job": [],
                "keep_going_on_success": false,
                "node_step_plugin": [],
                "script_file": "",
                "script_file_args": "",
                "script_interpreter": [],
                "shell_command": "hostname",
                "step_plugin": []
              }
            ],
            "command_ordering_strategy": "node-first",
            "continue_next_node_on_error": false,
            "continue_on_error": false,
            "description": "Restart the service daemons on all the web servers",
            "execution_enabled": true,
            "global_log_filter": [],
            "group_name": "",
            "id": "23e17c0b-ac55-44ec-b118-c831f1279f63",
            "log_level": "INFO",
            "max_thread_count": 1,
            "name": "jobP1-15",
            "node_filter_exclude_precedence": false,
            "node_filter_exclude_query": "",
            "node_filter_query": "",
            "notification": [],
            "option": [],
            "preserve_options_order": null,
            "project_name": "Project1",
            "rank_attribute": "",
            "rank_order": "ascending",
            "retry": "",
            "schedule": "0/30 * * * * * *",
            "schedule_enabled": true,
            "success_on_empty_node_filter": null,
            "time_zone": "",
            "timeout": null
          },
          "sensitive_attributes": [],
          "private": "bnVsbA==",
          "dependencies": [
            "rundeck_project.Project1"
          ]
        },
        {
          "index_key": 16,
          "schema_version": 0,
          "attributes": {
            "allow_concurrent_executions": false,
            "command": [
              {
                "description": "",
                "error_handler": [],
                "inline_script": "",
                "job": [],
                "keep_going_on_success": false,
                "node_step_plugin": [],
                "script_file": "",
                "script_file_args": "",
                "script_interpreter": [],
                "shell_command": "hostname",
                "step_plugin": []
              }
            ],
            "command_ordering_strategy": "node-first",
            "continue_next_node_on_error": false,
            "continue_on_error": false,
            "description": "Restart the service daemons on all the web servers",
            "execution_enabled": true,
            "global_log_filter": [],
            "group_name": "",
            "id": "b176c984-c046-4e51-902b-c720f3e10fe1",
            "log_level": "INFO",
            "max_thread_count": 1,
            "name": "jobP1-16",
            "node_filter_exclude_precedence": false,
            "node_filter_exclude_query": "",
            "node_filter_query": "",
            "notification": [],
            "option": [],
            "preserve_options_order": null,
            "project_name": "Project1",
            "rank_attribute": "",
            "rank_order": "ascending",
            "retry": "",
            "schedule": "0/30 * * * * * *",
            "schedule_enabled": true,
            "success_on_empty_node_filter": null,
            "time_zone": "",
            "timeout": null
          },
          "sensitive_attributes": [],
          "private": "bnVsbA==",
          "dependencies": [
            "rundeck_project.Project1"
          ]
        },
        {
          "index_key": 17,
          "schema_version": 0,
          "attributes": {
            "allow_concurrent_executions": false,
            "command": [
              {
                "description": "",
                "error_handler": [],
                "inline_script": "",
                "job": [],
                "keep_going_on_success": false,
                "node_step_plugin": [],
                "script_file": "",
                "script_file_args": "",
                "script_interpreter": [],
                "shell_command": "hostname",
                "step_plugin": []
              }
            ],
            "command_ordering_strategy": "node-first",
            "continue_next_node_on_error": false,
            "continue_on_error": false,
            "description": "Restart the service daemons on all the web servers",
            "execution_enabled": true,
            "global_log_filter": [],
            "group_name": "",
            "id": "7fb3b948-4ac3-46c5-9ee6-1a43b099712c",
            "log_level": "INFO",
            "max_thread_count": 1,
            "name": "jobP1-17",
            "node_filter_exclude_precedence": false,
            "node_filter_exclude_query": "",
            "node_filter_query": "",
            "notification": [],
            "option": [],
            "preserve_options_order": null,
            "project_name": "Project1",
            "rank_attribute": "",
            "rank_order": "ascending",
            "retry": "",
            "schedule": "0/30 * * * * * *",
            "schedule_enabled": true,
            "success_on_empty_node_filter": null,
            "time_zone": "",
            "timeout": null
          },
          "sensitive_attributes": [],
          "private": "bnVsbA==",
          "dependencies": [
            "rundeck_project.Project1"
          ]
        },
        {
          "index_key": 18,
          "schema_version": 0,
          "attributes": {
            "allow_concurrent_executions": false,
            "command": [
              {
                "description": "",
                "error_handler": [],
                "inline_script": "",
                "job": [],
                "keep_going_on_success": false,
                "node_step_plugin": [],
                "script_file": "",
                "script_file_args": "",
                "script_interpreter": [],
                "shell_command": "hostname",
                "step_plugin": []
              }
            ],
            "command_ordering_strategy": "node-first",
            "continue_next_node_on_error": false,
            "continue_on_error": false,
            "description": "Restart the service daemons on all the web servers",
            "execution_enabled": true,
            "global_log_filter": [],
            "group_name": "",
            "id": "d19ab4f3-39e5-476d-9b4a-ebcb4c6f0604",
            "log_level": "INFO",
            "max_thread_count": 1,
            "name": "jobP1-18",
            "node_filter_exclude_precedence": false,
            "node_filter_exclude_query": "",
            "node_filter_query": "",
            "notification": [],
            "option": [],
            "preserve_options_order": null,
            "project_name": "Project1",
            "rank_attribute": "",
            "rank_order": "ascending",
            "retry": "",
            "schedule": "0/30 * * * * * *",
            "schedule_enabled": true,
            "success_on_empty_node_filter": null,
            "time_zone": "",
            "timeout": null
          },
          "sensitive_attributes": [],
          "private": "bnVsbA==",
          "dependencies": [
            "rundeck_project.Project1"
          ]
        },
        {
          "index_key": 19,
          "schema_version": 0,
          "attributes": {
            "allow_concurrent_executions": false,
            "command": [
              {
                "description": "",
                "error_handler": [],
                "inline_script": "",
                "job": [],
                "keep_going_on_success": false,
                "node_step_plugin": [],
                "script_file": "",
                "script_file_args": "",
                "script_interpreter": [],
                "shell_command": "hostname",
                "step_plugin": []
              }
            ],
            "command_ordering_strategy": "node-first",
            "continue_next_node_on_error": false,
            "continue_on_error": false,
            "description": "Restart the service daemons on all the web servers",
            "execution_enabled": true,
            "global_log_filter": [],
            "group_name": "",
            "id": "ee5249e0-64a3-4714-aaae-5e7b54223577",
            "log_level": "INFO",
            "max_thread_count": 1,
            "name": "jobP1-19",
            "node_filter_exclude_precedence": false,
            "node_filter_exclude_query": "",
            "node_filter_query": "",
            "notification": [],
            "option": [],
            "preserve_options_order": null,
            "project_name": "Project1",
            "rank_attribute": "",
            "rank_order": "ascending",
            "retry": "",
            "schedule": "0/30 * * * * * *",
            "schedule_enabled": true,
            "success_on_empty_node_filter": null,
            "time_zone": "",
            "timeout": null
          },
          "sensitive_attributes": [],
          "private": "bnVsbA==",
          "dependencies": [
            "rundeck_project.Project1"
          ]
        },
        {
          "index_key": 20,
          "schema_version": 0,
          "attributes": {
            "allow_concurrent_executions": false,
            "command": [
              {
                "description": "",
                "error_handler": [],
                "inline_script": "",
                "job": [],
                "keep_going_on_success": false,
                "node_step_plugin": [],
                "script_file": "",
                "script_file_args": "",
                "script_interpreter": [],
                "shell_command": "hostname",
                "step_plugin": []
              }
            ],
            "command_ordering_strategy": "node-first",
            "continue_next_node_on_error": false,
            "continue_on_error": false,
            "description": "Restart the service daemons on all the web servers",
            "execution_enabled": true,
            "global_log_filter": [],
            "group_name": "",
            "id": "6458ee99-e581-4fd5-835a-f5fb6b632d6c",
            "log_level": "INFO",
            "max_thread_count": 1,
            "name": "jobP1-20",
            "node_filter_exclude_precedence": false,
            "node_filter_exclude_query": "",
            "node_filter_query": "",
            "notification": [],
            "option": [],
            "preserve_options_order": null,
            "project_name": "Project1",
            "rank_attribute": "",
            "rank_order": "ascending",
            "retry": "",
            "schedule": "0/30 * * * * * *",
            "schedule_enabled": true,
            "success_on_empty_node_filter": null,
            "time_zone": "",
            "timeout": null
          },
          "sensitive_attributes": [],
          "private": "bnVsbA==",
          "dependencies": [
            "rundeck_project.Project1"
          ]
        },
        {
          "index_key": 21,
          "schema_version": 0,
          "attributes": {
            "allow_concurrent_executions": false,
            "command": [
              {
                "description": "",
                "error_handler": [],
                "inline_script": "",
                "job": [],
                "keep_going_on_success": false,
                "node_step_plugin": [],
                "script_file": "",
                "script_file_args": "",
                "script_interpreter": [],
                "shell_command": "hostname",
                "step_plugin": []
              }
            ],
            "command_ordering_strategy": "node-first",
            "continue_next_node_on_error": false,
            "continue_on_error": false,
            "description": "Restart the service daemons on all the web servers",
            "execution_enabled": true,
            "global_log_filter": [],
            "group_name": "",
            "id": "8cdded19-e183-4c86-9d8c-ef75e9936076",
            "log_level": "INFO",
            "max_thread_count": 1,
            "name": "jobP1-21",
            "node_filter_exclude_precedence": false,
            "node_filter_exclude_query": "",
            "node_filter_query": "",
            "notification": [],
            "option": [],
            "preserve_options_order": null,
            "project_name": "Project1",
            "rank_attribute": "",
            "rank_order": "ascending",
            "retry": "",
            "schedule": "0/30 * * * * * *",
            "schedule_enabled": true,
            "success_on_empty_node_filter": null,
            "time_zone": "",
            "timeout": null
          },
          "sensitive_attributes": [],
          "private": "bnVsbA==",
          "dependencies": [
            "rundeck_project.Project1"
          ]
        },
        {
          "index_key": 22,
          "schema_version": 0,
          "attributes": {
            "allow_concurrent_executions": false,
            "command": [
              {
                "description": "",
                "error_handler": [],
                "inline_script": "",
                "job": [],
                "keep_going_on_success": false,
                "node_step_plugin": [],
                "script_file": "",
                "script_file_args": "",
                "script_interpreter": [],
                "shell_command": "hostname",
                "step_plugin": []
              }
            ],
            "command_ordering_strategy": "node-first",
            "continue_next_node_on_error": false,
            "continue_on_error": false,
            "description": "Restart the service daemons on all the web servers",
            "execution_enabled": true,
            "global_log_filter": [],
            "group_name": "",
            "id": "fac10747-870d-4062-beb6-9c612e4941d5",
            "log_level": "INFO",
            "max_thread_count": 1,
            "name": "jobP1-22",
            "node_filter_exclude_precedence": false,
            "node_filter_exclude_query": "",
            "node_filter_query": "",
            "notification": [],
            "option": [],
            "preserve_options_order": null,
            "project_name": "Project1",
            "rank_attribute": "",
            "rank_order": "ascending",
            "retry": "",
            "schedule": "0/30 * * * * * *",
            "schedule_enabled": true,
            "success_on_empty_node_filter": null,
            "time_zone": "",
            "timeout": null
          },
          "sensitive_attributes": [],
          "private": "bnVsbA==",
          "dependencies": [
            "rundeck_project.Project1"
          ]
        },
        {
          "index_key": 23,
          "schema_version": 0,
          "attributes": {
            "allow_concurrent_executions": false,
            "command": [
              {
                "description": "",
                "error_handler": [],
                "inline_script": "",
                "job": [],
                "keep_going_on_success": false,
                "node_step_plugin": [],
                "script_file": "",
                "script_file_args": "",
                "script_interpreter": [],
                "shell_command": "hostname",
                "step_plugin": []
              }
            ],
            "command_ordering_strategy": "node-first",
            "continue_next_node_on_error": false,
            "continue_on_error": false,
            "description": "Restart the service daemons on all the web servers",
            "execution_enabled": true,
            "global_log_filter": [],
            "group_name": "",
            "id": "da81c316-e033-4226-aa0b-67dc48b6fe3a",
            "log_level": "INFO",
            "max_thread_count": 1,
            "name": "jobP1-23",
            "node_filter_exclude_precedence": false,
            "node_filter_exclude_query": "",
            "node_filter_query": "",
            "notification": [],
            "option": [],
            "preserve_options_order": null,
            "project_name": "Project1",
            "rank_attribute": "",
            "rank_order": "ascending",
            "retry": "",
            "schedule": "0/30 * * * * * *",
            "schedule_enabled": true,
            "success_on_empty_node_filter": null,
            "time_zone": "",
            "timeout": null
          },
          "sensitive_attributes": [],
          "private": "bnVsbA==",
          "dependencies": [
            "rundeck_project.Project1"
          ]
        },
        {
          "index_key": 24,
          "schema_version": 0,
          "attributes": {
            "allow_concurrent_executions": false,
            "command": [
              {
                "description": "",
                "error_handler": [],
                "inline_script": "",
                "job": [],
                "keep_going_on_success": false,
                "node_step_plugin": [],
                "script_file": "",
                "script_file_args": "",
                "script_interpreter": [],
                "shell_command": "hostname",
                "step_plugin": []
              }
            ],
            "command_ordering_strategy": "node-first",
            "continue_next_node_on_error": false,
            "continue_on_error": false,
            "description": "Restart the service daemons on all the web servers",
            "execution_enabled": true,
            "global_log_filter": [],
            "group_name": "",
            "id": "6c04c7fc-f43a-41a4-8084-29f689b0798a",
            "log_level": "INFO",
            "max_thread_count": 1,
            "name": "jobP1-24",
            "node_filter_exclude_precedence": false,
            "node_filter_exclude_query": "",
            "node_filter_query": "",
            "notification": [],
            "option": [],
            "preserve_options_order": null,
            "project_name": "Project1",
            "rank_attribute": "",
            "rank_order": "ascending",
            "retry": "",
            "schedule": "0/30 * * * * * *",
            "schedule_enabled": true,
            "success_on_empty_node_filter": null,
            "time_zone": "",
            "timeout": null
          },
          "sensitive_attributes": [],
          "private": "bnVsbA==",
          "dependencies": [
            "rundeck_project.Project1"
          ]
        },
        {
          "index_key": 25,
          "schema_version": 0,
          "attributes": {
            "allow_concurrent_executions": false,
            "command": [
              {
                "description": "",
                "error_handler": [],
                "inline_script": "",
                "job": [],
                "keep_going_on_success": false,
                "node_step_plugin": [],
                "script_file": "",
                "script_file_args": "",
                "script_interpreter": [],
                "shell_command": "hostname",
                "step_plugin": []
              }
            ],
            "command_ordering_strategy": "node-first",
            "continue_next_node_on_error": false,
            "continue_on_error": false,
            "description": "Restart the service daemons on all the web servers",
            "execution_enabled": true,
            "global_log_filter": [],
            "group_name": "",
            "id": "b0a538ea-9f21-452f-8c5c-c421c75b5560",
            "log_level": "INFO",
            "max_thread_count": 1,
            "name": "jobP1-25",
            "node_filter_exclude_precedence": false,
            "node_filter_exclude_query": "",
            "node_filter_query": "",
            "notification": [],
            "option": [],
            "preserve_options_order": null,
            "project_name": "Project1",
            "rank_attribute": "",
            "rank_order": "ascending",
            "retry": "",
            "schedule": "0/30 * * * * * *",
            "schedule_enabled": true,
            "success_on_empty_node_filter": null,
            "time_zone": "",
            "timeout": null
          },
          "sensitive_attributes": [],
          "private": "bnVsbA==",
          "dependencies": [
            "rundeck_project.Project1"
          ]
        },
        {
          "index_key": 26,
          "schema_version": 0,
          "attributes": {
            "allow_concurrent_executions": false,
            "command": [
              {
                "description": "",
                "error_handler": [],
                "inline_script": "",
                "job": [],
                "keep_going_on_success": false,
                "node_step_plugin": [],
                "script_file": "",
                "script_file_args": "",
                "script_interpreter": [],
                "shell_command": "hostname",
                "step_plugin": []
              }
            ],
            "command_ordering_strategy": "node-first",
            "continue_next_node_on_error": false,
            "continue_on_error": false,
            "description": "Restart the service daemons on all the web servers",
            "execution_enabled": true,
            "global_log_filter": [],
            "group_name": "",
            "id": "0d656690-31f4-4188-b2b7-c7f0ea732917",
            "log_level": "INFO",
            "max_thread_count": 1,
            "name": "jobP1-26",
            "node_filter_exclude_precedence": false,
            "node_filter_exclude_query": "",
            "node_filter_query": "",
            "notification": [],
            "option": [],
            "preserve_options_order": null,
            "project_name": "Project1",
            "rank_attribute": "",
            "rank_order": "ascending",
            "retry": "",
            "schedule": "0/30 * * * * * *",
            "schedule_enabled": true,
            "success_on_empty_node_filter": null,
            "time_zone": "",
            "timeout": null
          },
          "sensitive_attributes": [],
          "private": "bnVsbA==",
          "dependencies": [
            "rundeck_project.Project1"
          ]
        },
        {
          "index_key": 27,
          "schema_version": 0,
          "attributes": {
            "allow_concurrent_executions": false,
            "command": [
              {
                "description": "",
                "error_handler": [],
                "inline_script": "",
                "job": [],
                "keep_going_on_success": false,
                "node_step_plugin": [],
                "script_file": "",
                "script_file_args": "",
                "script_interpreter": [],
                "shell_command": "hostname",
                "step_plugin": []
              }
            ],
            "command_ordering_strategy": "node-first",
            "continue_next_node_on_error": false,
            "continue_on_error": false,
            "description": "Restart the service daemons on all the web servers",
            "execution_enabled": true,
            "global_log_filter": [],
            "group_name": "",
            "id": "51cead87-d7ed-4bde-934d-2684e6dbffa3",
            "log_level": "INFO",
            "max_thread_count": 1,
            "name": "jobP1-27",
            "node_filter_exclude_precedence": false,
            "node_filter_exclude_query": "",
            "node_filter_query": "",
            "notification": [],
            "option": [],
            "preserve_options_order": null,
            "project_name": "Project1",
            "rank_attribute": "",
            "rank_order": "ascending",
            "retry": "",
            "schedule": "0/30 * * * * * *",
            "schedule_enabled": true,
            "success_on_empty_node_filter": null,
            "time_zone": "",
            "timeout": null
          },
          "sensitive_attributes": [],
          "private": "bnVsbA==",
          "dependencies": [
            "rundeck_project.Project1"
          ]
        },
        {
          "index_key": 28,
          "schema_version": 0,
          "attributes": {
            "allow_concurrent_executions": false,
            "command": [
              {
                "description": "",
                "error_handler": [],
                "inline_script": "",
                "job": [],
                "keep_going_on_success": false,
                "node_step_plugin": [],
                "script_file": "",
                "script_file_args": "",
                "script_interpreter": [],
                "shell_command": "hostname",
                "step_plugin": []
              }
            ],
            "command_ordering_strategy": "node-first",
            "continue_next_node_on_error": false,
            "continue_on_error": false,
            "description": "Restart the service daemons on all the web servers",
            "execution_enabled": true,
            "global_log_filter": [],
            "group_name": "",
            "id": "a41ee01c-e949-4250-8c73-21a6756c3c20",
            "log_level": "INFO",
            "max_thread_count": 1,
            "name": "jobP1-28",
            "node_filter_exclude_precedence": false,
            "node_filter_exclude_query": "",
            "node_filter_query": "",
            "notification": [],
            "option": [],
            "preserve_options_order": null,
            "project_name": "Project1",
            "rank_attribute": "",
            "rank_order": "ascending",
            "retry": "",
            "schedule": "0/30 * * * * * *",
            "schedule_enabled": true,
            "success_on_empty_node_filter": null,
            "time_zone": "",
            "timeout": null
          },
          "sensitive_attributes": [],
          "private": "bnVsbA==",
          "dependencies": [
            "rundeck_project.Project1"
          ]
        },
        {
          "index_key": 29,
          "schema_version": 0,
          "attributes": {
            "allow_concurrent_executions": false,
            "command": [
              {
                "description": "",
                "error_handler": [],
                "inline_script": "",
                "job": [],
                "keep_going_on_success": false,
                "node_step_plugin": [],
                "script_file": "",
                "script_file_args": "",
                "script_interpreter": [],
                "shell_command": "hostname",
                "step_plugin": []
              }
            ],
            "command_ordering_strategy": "node-first",
            "continue_next_node_on_error": false,
            "continue_on_error": false,
            "description": "Restart the service daemons on all the web servers",
            "execution_enabled": true,
            "global_log_filter": [],
            "group_name": "",
            "id": "368ada2d-2b2c-4aa3-a703-b2b6aee0b8f8",
            "log_level": "INFO",
            "max_thread_count": 1,
            "name": "jobP1-29",
            "node_filter_exclude_precedence": false,
            "node_filter_exclude_query": "",
            "node_filter_query": "",
            "notification": [],
            "option": [],
            "preserve_options_order": null,
            "project_name": "Project1",
            "rank_attribute": "",
            "rank_order": "ascending",
            "retry": "",
            "schedule": "0/30 * * * * * *",
            "schedule_enabled": true,
            "success_on_empty_node_filter": null,
            "time_zone": "",
            "timeout": null
          },
          "sensitive_attributes": [],
          "private": "bnVsbA==",
          "dependencies": [
            "rundeck_project.Project1"
          ]
        },
        {
          "index_key": 30,
          "schema_version": 0,
          "attributes": {
            "allow_concurrent_executions": false,
            "command": [
              {
                "description": "",
                "error_handler": [],
                "inline_script": "",
                "job": [],
                "keep_going_on_success": false,
                "node_step_plugin": [],
                "script_file": "",
                "script_file_args": "",
                "script_interpreter": [],
                "shell_command": "hostname",
                "step_plugin": []
              }
            ],
            "command_ordering_strategy": "node-first",
            "continue_next_node_on_error": false,
            "continue_on_error": false,
            "description": "Restart the service daemons on all the web servers",
            "execution_enabled": true,
            "global_log_filter": [],
            "group_name": "",
            "id": "28ff62cd-af0c-41b6-8808-c7befb3be3fd",
            "log_level": "INFO",
            "max_thread_count": 1,
            "name": "jobP1-30",
            "node_filter_exclude_precedence": false,
            "node_filter_exclude_query": "",
            "node_filter_query": "",
            "notification": [],
            "option": [],
            "preserve_options_order": null,
            "project_name": "Project1",
            "rank_attribute": "",
            "rank_order": "ascending",
            "retry": "",
            "schedule": "0/30 * * * * * *",
            "schedule_enabled": true,
            "success_on_empty_node_filter": null,
            "time_zone": "",
            "timeout": null
          },
          "sensitive_attributes": [],
          "private": "bnVsbA==",
          "dependencies": [
            "rundeck_project.Project1"
          ]
        },
        {
          "index_key": 31,
          "schema_version": 0,
          "attributes": {
            "allow_concurrent_executions": false,
            "command": [
              {
                "description": "",
                "error_handler": [],
                "inline_script": "",
                "job": [],
                "keep_going_on_success": false,
                "node_step_plugin": [],
                "script_file": "",
                "script_file_args": "",
                "script_interpreter": [],
                "shell_command": "hostname",
                "step_plugin": []
              }
            ],
            "command_ordering_strategy": "node-first",
            "continue_next_node_on_error": false,
            "continue_on_error": false,
            "description": "Restart the service daemons on all the web servers",
            "execution_enabled": true,
            "global_log_filter": [],
            "group_name": "",
            "id": "a2cbc1b1-c977-429f-b0d5-1bd796453c6c",
            "log_level": "INFO",
            "max_thread_count": 1,
            "name": "jobP1-31",
            "node_filter_exclude_precedence": false,
            "node_filter_exclude_query": "",
            "node_filter_query": "",
            "notification": [],
            "option": [],
            "preserve_options_order": null,
            "project_name": "Project1",
            "rank_attribute": "",
            "rank_order": "ascending",
            "retry": "",
            "schedule": "0/30 * * * * * *",
            "schedule_enabled": true,
            "success_on_empty_node_filter": null,
            "time_zone": "",
            "timeout": null
          },
          "sensitive_attributes": [],
          "private": "bnVsbA==",
          "dependencies": [
            "rundeck_project.Project1"
          ]
        },
        {
          "index_key": 32,
          "schema_version": 0,
          "attributes": {
            "allow_concurrent_executions": false,
            "command": [
              {
                "description": "",
                "error_handler": [],
                "inline_script": "",
                "job": [],
                "keep_going_on_success": false,
                "node_step_plugin": [],
                "script_file": "",
                "script_file_args": "",
                "script_interpreter": [],
                "shell_command": "hostname",
                "step_plugin": []
              }
            ],
            "command_ordering_strategy": "node-first",
            "continue_next_node_on_error": false,
            "continue_on_error": false,
            "description": "Restart the service daemons on all the web servers",
            "execution_enabled": true,
            "global_log_filter": [],
            "group_name": "",
            "id": "4b8adb24-fe22-4952-8ecc-054eb36cf7e8",
            "log_level": "INFO",
            "max_thread_count": 1,
            "name": "jobP1-32",
            "node_filter_exclude_precedence": false,
            "node_filter_exclude_query": "",
            "node_filter_query": "",
            "notification": [],
            "option": [],
            "preserve_options_order": null,
            "project_name": "Project1",
            "rank_attribute": "",
            "rank_order": "ascending",
            "retry": "",
            "schedule": "0/30 * * * * * *",
            "schedule_enabled": true,
            "success_on_empty_node_filter": null,
            "time_zone": "",
            "timeout": null
          },
          "sensitive_attributes": [],
          "private": "bnVsbA==",
          "dependencies": [
            "rundeck_project.Project1"
          ]
        },
        {
          "index_key": 33,
          "schema_version": 0,
          "attributes": {
            "allow_concurrent_executions": false,
            "command": [
              {
                "description": "",
                "error_handler": [],
                "inline_script": "",
                "job": [],
                "keep_going_on_success": false,
                "node_step_plugin": [],
                "script_file": "",
                "script_file_args": "",
                "script_interpreter": [],
                "shell_command": "hostname",
                "step_plugin": []
              }
            ],
            "command_ordering_strategy": "node-first",
            "continue_next_node_on_error": false,
            "continue_on_error": false,
            "description": "Restart the service daemons on all the web servers",
            "execution_enabled": true,
            "global_log_filter": [],
            "group_name": "",
            "id": "cd5651fb-ea32-4a18-b600-60c0ff62fc3d",
            "log_level": "INFO",
            "max_thread_count": 1,
            "name": "jobP1-33",
            "node_filter_exclude_precedence": false,
            "node_filter_exclude_query": "",
            "node_filter_query": "",
            "notification": [],
            "option": [],
            "preserve_options_order": null,
            "project_name": "Project1",
            "rank_attribute": "",
            "rank_order": "ascending",
            "retry": "",
            "schedule": "0/30 * * * * * *",
            "schedule_enabled": true,
            "success_on_empty_node_filter": null,
            "time_zone": "",
            "timeout": null
          },
          "sensitive_attributes": [],
          "private": "bnVsbA==",
          "dependencies": [
            "rundeck_project.Project1"
          ]
        },
        {
          "index_key": 34,
          "schema_version": 0,
          "attributes": {
            "allow_concurrent_executions": false,
            "command": [
              {
                "description": "",
                "error_handler": [],
                "inline_script": "",
                "job": [],
                "keep_going_on_success": false,
                "node_step_plugin": [],
                "script_file": "",
                "script_file_args": "",
                "script_interpreter": [],
                "shell_command": "hostname",
                "step_plugin": []
              }
            ],
            "command_ordering_strategy": "node-first",
            "continue_next_node_on_error": false,
            "continue_on_error": false,
            "description": "Restart the service daemons on all the web servers",
            "execution_enabled": true,
            "global_log_filter": [],
            "group_name": "",
            "id": "bf2f7948-5cfd-4b4c-acce-84900562e5dc",
            "log_level": "INFO",
            "max_thread_count": 1,
            "name": "jobP1-34",
            "node_filter_exclude_precedence": false,
            "node_filter_exclude_query": "",
            "node_filter_query": "",
            "notification": [],
            "option": [],
            "preserve_options_order": null,
            "project_name": "Project1",
            "rank_attribute": "",
            "rank_order": "ascending",
            "retry": "",
            "schedule": "0/30 * * * * * *",
            "schedule_enabled": true,
            "success_on_empty_node_filter": null,
            "time_zone": "",
            "timeout": null
          },
          "sensitive_attributes": [],
          "private": "bnVsbA==",
          "dependencies": [
            "rundeck_project.Project1"
          ]
        },
        {
          "index_key": 35,
          "schema_version": 0,
          "attributes": {
            "allow_concurrent_executions": false,
            "command": [
              {
                "description": "",
                "error_handler": [],
                "inline_script": "",
                "job": [],
                "keep_going_on_success": false,
                "node_step_plugin": [],
                "script_file": "",
                "script_file_args": "",
                "script_interpreter": [],
                "shell_command": "hostname",
                "step_plugin": []
              }
            ],
            "command_ordering_strategy": "node-first",
            "continue_next_node_on_error": false,
            "continue_on_error": false,
            "description": "Restart the service daemons on all the web servers",
            "execution_enabled": true,
            "global_log_filter": [],
            "group_name": "",
            "id": "f0239bac-bfb4-4193-a3a2-437b55e2334d",
            "log_level": "INFO",
            "max_thread_count": 1,
            "name": "jobP1-35",
            "node_filter_exclude_precedence": false,
            "node_filter_exclude_query": "",
            "node_filter_query": "",
            "notification": [],
            "option": [],
            "preserve_options_order": null,
            "project_name": "Project1",
            "rank_attribute": "",
            "rank_order": "ascending",
            "retry": "",
            "schedule": "0/30 * * * * * *",
            "schedule_enabled": true,
            "success_on_empty_node_filter": null,
            "time_zone": "",
            "timeout": null
          },
          "sensitive_attributes": [],
          "private": "bnVsbA==",
          "dependencies": [
            "rundeck_project.Project1"
          ]
        },
        {
          "index_key": 36,
          "schema_version": 0,
          "attributes": {
            "allow_concurrent_executions": false,
            "command": [
              {
                "description": "",
                "error_handler": [],
                "inline_script": "",
                "job": [],
                "keep_going_on_success": false,
                "node_step_plugin": [],
                "script_file": "",
                "script_file_args": "",
                "script_interpreter": [],
                "shell_command": "hostname",
                "step_plugin": []
              }
            ],
            "command_ordering_strategy": "node-first",
            "continue_next_node_on_error": false,
            "continue_on_error": false,
            "description": "Restart the service daemons on all the web servers",
            "execution_enabled": true,
            "global_log_filter": [],
            "group_name": "",
            "id": "647a42a6-7533-4253-b901-6815e31f7e99",
            "log_level": "INFO",
            "max_thread_count": 1,
            "name": "jobP1-36",
            "node_filter_exclude_precedence": false,
            "node_filter_exclude_query": "",
            "node_filter_query": "",
            "notification": [],
            "option": [],
            "preserve_options_order": null,
            "project_name": "Project1",
            "rank_attribute": "",
            "rank_order": "ascending",
            "retry": "",
            "schedule": "0/30 * * * * * *",
            "schedule_enabled": true,
            "success_on_empty_node_filter": null,
            "time_zone": "",
            "timeout": null
          },
          "sensitive_attributes": [],
          "private": "bnVsbA==",
          "dependencies": [
            "rundeck_project.Project1"
          ]
        },
        {
          "index_key": 37,
          "schema_version": 0,
          "attributes": {
            "allow_concurrent_executions": false,
            "command": [
              {
                "description": "",
                "error_handler": [],
                "inline_script": "",
                "job": [],
                "keep_going_on_success": false,
                "node_step_plugin": [],
                "script_file": "",
                "script_file_args": "",
                "script_interpreter": [],
                "shell_command": "hostname",
                "step_plugin": []
              }
            ],
            "command_ordering_strategy": "node-first",
            "continue_next_node_on_error": false,
            "continue_on_error": false,
            "description": "Restart the service daemons on all the web servers",
            "execution_enabled": true,
            "global_log_filter": [],
            "group_name": "",
            "id": "29b819d1-9633-4157-b6cb-be1038fbcdec",
            "log_level": "INFO",
            "max_thread_count": 1,
            "name": "jobP1-37",
            "node_filter_exclude_precedence": false,
            "node_filter_exclude_query": "",
            "node_filter_query": "",
            "notification": [],
            "option": [],
            "preserve_options_order": null,
            "project_name": "Project1",
            "rank_attribute": "",
            "rank_order": "ascending",
            "retry": "",
            "schedule": "0/30 * * * * * *",
            "schedule_enabled": true,
            "success_on_empty_node_filter": null,
            "time_zone": "",
            "timeout": null
          },
          "sensitive_attributes": [],
          "private": "bnVsbA==",
          "dependencies": [
            "rundeck_project.Project1"
          ]
        },
        {
          "index_key": 38,
          "schema_version": 0,
          "attributes": {
            "allow_concurrent_executions": false,
            "command": [
              {
                "description": "",
                "error_handler": [],
                "inline_script": "",
                "job": [],
                "keep_going_on_success": false,
                "node_step_plugin": [],
                "script_file": "",
                "script_file_args": "",
                "script_interpreter": [],
                "shell_command": "hostname",
                "step_plugin": []
              }
            ],
            "command_ordering_strategy": "node-first",
            "continue_next_node_on_error": false,
            "continue_on_error": false,
            "description": "Restart the service daemons on all the web servers",
            "execution_enabled": true,
            "global_log_filter": [],
            "group_name": "",
            "id": "677b740f-033f-4d81-af9c-730704e43b3c",
            "log_level": "INFO",
            "max_thread_count": 1,
            "name": "jobP1-38",
            "node_filter_exclude_precedence": false,
            "node_filter_exclude_query": "",
            "node_filter_query": "",
            "notification": [],
            "option": [],
            "preserve_options_order": null,
            "project_name": "Project1",
            "rank_attribute": "",
            "rank_order": "ascending",
            "retry": "",
            "schedule": "0/30 * * * * * *",
            "schedule_enabled": true,
            "success_on_empty_node_filter": null,
            "time_zone": "",
            "timeout": null
          },
          "sensitive_attributes": [],
          "private": "bnVsbA==",
          "dependencies": [
            "rundeck_project.Project1"
          ]
        },
        {
          "index_key": 39,
          "schema_version": 0,
          "attributes": {
            "allow_concurrent_executions": false,
            "command": [
              {
                "description": "",
                "error_handler": [],
                "inline_script": "",
                "job": [],
                "keep_going_on_success": false,
                "node_step_plugin": [],
                "script_file": "",
                "script_file_args": "",
                "script_interpreter": [],
                "shell_command": "hostname",
                "step_plugin": []
              }
            ],
            "command_ordering_strategy": "node-first",
            "continue_next_node_on_error": false,
            "continue_on_error": false,
            "description": "Restart the service daemons on all the web servers",
            "execution_enabled": true,
            "global_log_filter": [],
            "group_name": "",
            "id": "3550379d-b529-47b3-863a-2260bc6689a9",
            "log_level": "INFO",
            "max_thread_count": 1,
            "name": "jobP1-39",
            "node_filter_exclude_precedence": false,
            "node_filter_exclude_query": "",
            "node_filter_query": "",
            "notification": [],
            "option": [],
            "preserve_options_order": null,
            "project_name": "Project1",
            "rank_attribute": "",
            "rank_order": "ascending",
            "retry": "",
            "schedule": "0/30 * * * * * *",
            "schedule_enabled": true,
            "success_on_empty_node_filter": null,
            "time_zone": "",
            "timeout": null
          },
          "sensitive_attributes": [],
          "private": "bnVsbA==",
          "dependencies": [
            "rundeck_project.Project1"
          ]
        },
        {
          "index_key": 40,
          "schema_version": 0,
          "attributes": {
            "allow_concurrent_executions": false,
            "command": [
              {
                "description": "",
                "error_handler": [],
                "inline_script": "",
                "job": [],
                "keep_going_on_success": false,
                "node_step_plugin": [],
                "script_file": "",
                "script_file_args": "",
                "script_interpreter": [],
                "shell_command": "hostname",
                "step_plugin": []
              }
            ],
            "command_ordering_strategy": "node-first",
            "continue_next_node_on_error": false,
            "continue_on_error": false,
            "description": "Restart the service daemons on all the web servers",
            "execution_enabled": true,
            "global_log_filter": [],
            "group_name": "",
            "id": "527740e6-a5e1-4edc-9fe8-2b93a8c83c2f",
            "log_level": "INFO",
            "max_thread_count": 1,
            "name": "jobP1-40",
            "node_filter_exclude_precedence": false,
            "node_filter_exclude_query": "",
            "node_filter_query": "",
            "notification": [],
            "option": [],
            "preserve_options_order": null,
            "project_name": "Project1",
            "rank_attribute": "",
            "rank_order": "ascending",
            "retry": "",
            "schedule": "0/30 * * * * * *",
            "schedule_enabled": true,
            "success_on_empty_node_filter": null,
            "time_zone": "",
            "timeout": null
          },
          "sensitive_attributes": [],
          "private": "bnVsbA==",
          "dependencies": [
            "rundeck_project.Project1"
          ]
        },
        {
          "index_key": 41,
          "schema_version": 0,
          "attributes": {
            "allow_concurrent_executions": false,
            "command": [
              {
                "description": "",
                "error_handler": [],
                "inline_script": "",
                "job": [],
                "keep_going_on_success": false,
                "node_step_plugin": [],
                "script_file": "",
                "script_file_args": "",
                "script_interpreter": [],
                "shell_command": "hostname",
                "step_plugin": []
              }
            ],
            "command_ordering_strategy": "node-first",
            "continue_next_node_on_error": false,
            "continue_on_error": false,
            "description": "Restart the service daemons on all the web servers",
            "execution_enabled": true,
            "global_log_filter": [],
            "group_name": "",
            "id": "bb681969-208b-4620-86e2-4c5eec56051e",
            "log_level": "INFO",
            "max_thread_count": 1,
            "name": "jobP1-41",
            "node_filter_exclude_precedence": false,
            "node_filter_exclude_query": "",
            "node_filter_query": "",
            "notification": [],
            "option": [],
            "preserve_options_order": null,
            "project_name": "Project1",
            "rank_attribute": "",
            "rank_order": "ascending",
            "retry": "",
            "schedule": "0/30 * * * * * *",
            "schedule_enabled": true,
            "success_on_empty_node_filter": null,
            "time_zone": "",
            "timeout": null
          },
          "sensitive_attributes": [],
          "private": "bnVsbA==",
          "dependencies": [
            "rundeck_project.Project1"
          ]
        },
        {
          "index_key": 42,
          "schema_version": 0,
          "attributes": {
            "allow_concurrent_executions": false,
            "command": [
              {
                "description": "",
                "error_handler": [],
                "inline_script": "",
                "job": [],
                "keep_going_on_success": false,
                "node_step_plugin": [],
                "script_file": "",
                "script_file_args": "",
                "script_interpreter": [],
                "shell_command": "hostname",
                "step_plugin": []
              }
            ],
            "command_ordering_strategy": "node-first",
            "continue_next_node_on_error": false,
            "continue_on_error": false,
            "description": "Restart the service daemons on all the web servers",
            "execution_enabled": true,
            "global_log_filter": [],
            "group_name": "",
            "id": "a248ac2b-38ca-4b17-b52d-8c0d7dd76899",
            "log_level": "INFO",
            "max_thread_count": 1,
            "name": "jobP1-42",
            "node_filter_exclude_precedence": false,
            "node_filter_exclude_query": "",
            "node_filter_query": "",
            "notification": [],
            "option": [],
            "preserve_options_order": null,
            "project_name": "Project1",
            "rank_attribute": "",
            "rank_order": "ascending",
            "retry": "",
            "schedule": "0/30 * * * * * *",
            "schedule_enabled": true,
            "success_on_empty_node_filter": null,
            "time_zone": "",
            "timeout": null
          },
          "sensitive_attributes": [],
          "private": "bnVsbA==",
          "dependencies": [
            "rundeck_project.Project1"
          ]
        },
        {
          "index_key": 43,
          "schema_version": 0,
          "attributes": {
            "allow_concurrent_executions": false,
            "command": [
              {
                "description": "",
                "error_handler": [],
                "inline_script": "",
                "job": [],
                "keep_going_on_success": false,
                "node_step_plugin": [],
                "script_file": "",
                "script_file_args": "",
                "script_interpreter": [],
                "shell_command": "hostname",
                "step_plugin": []
              }
            ],
            "command_ordering_strategy": "node-first",
            "continue_next_node_on_error": false,
            "continue_on_error": false,
            "description": "Restart the service daemons on all the web servers",
            "execution_enabled": true,
            "global_log_filter": [],
            "group_name": "",
            "id": "02b4fa41-a1a4-4274-8458-0daa88810fb1",
            "log_level": "INFO",
            "max_thread_count": 1,
            "name": "jobP1-43",
            "node_filter_exclude_precedence": false,
            "node_filter_exclude_query": "",
            "node_filter_query": "",
            "notification": [],
            "option": [],
            "preserve_options_order": null,
            "project_name": "Project1",
            "rank_attribute": "",
            "rank_order": "ascending",
            "retry": "",
            "schedule": "0/30 * * * * * *",
            "schedule_enabled": true,
            "success_on_empty_node_filter": null,
            "time_zone": "",
            "timeout": null
          },
          "sensitive_attributes": [],
          "private": "bnVsbA==",
          "dependencies": [
            "rundeck_project.Project1"
          ]
        },
        {
          "index_key": 44,
          "schema_version": 0,
          "attributes": {
            "allow_concurrent_executions": false,
            "command": [
              {
                "description": "",
                "error_handler": [],
                "inline_script": "",
                "job": [],
                "keep_going_on_success": false,
                "node_step_plugin": [],
                "script_file": "",
                "script_file_args": "",
                "script_interpreter": [],
                "shell_command": "hostname",
                "step_plugin": []
              }
            ],
            "command_ordering_strategy": "node-first",
            "continue_next_node_on_error": false,
            "continue_on_error": false,
            "description": "Restart the service daemons on all the web servers",
            "execution_enabled": true,
            "global_log_filter": [],
            "group_name": "",
            "id": "bb823ec4-a73c-4d82-90ba-4714ff549018",
            "log_level": "INFO",
            "max_thread_count": 1,
            "name": "jobP1-44",
            "node_filter_exclude_precedence": false,
            "node_filter_exclude_query": "",
            "node_filter_query": "",
            "notification": [],
            "option": [],
            "preserve_options_order": null,
            "project_name": "Project1",
            "rank_attribute": "",
            "rank_order": "ascending",
            "retry": "",
            "schedule": "0/30 * * * * * *",
            "schedule_enabled": true,
            "success_on_empty_node_filter": null,
            "time_zone": "",
            "timeout": null
          },
          "sensitive_attributes": [],
          "private": "bnVsbA==",
          "dependencies": [
            "rundeck_project.Project1"
          ]
        },
        {
          "index_key": 45,
          "schema_version": 0,
          "attributes": {
            "allow_concurrent_executions": false,
            "command": [
              {
                "description": "",
                "error_handler": [],
                "inline_script": "",
                "job": [],
                "keep_going_on_success": false,
                "node_step_plugin": [],
                "script_file": "",
                "script_file_args": "",
                "script_interpreter": [],
                "shell_command": "hostname",
                "step_plugin": []
              }
            ],
            "command_ordering_strategy": "node-first",
            "continue_next_node_on_error": false,
            "continue_on_error": false,
            "description": "Restart the service daemons on all the web servers",
            "execution_enabled": true,
            "global_log_filter": [],
            "group_name": "",
            "id": "19ff7dd2-84ee-4588-bfbe-660b1dd32d19",
            "log_level": "INFO",
            "max_thread_count": 1,
            "name": "jobP1-45",
            "node_filter_exclude_precedence": false,
            "node_filter_exclude_query": "",
            "node_filter_query": "",
            "notification": [],
            "option": [],
            "preserve_options_order": null,
            "project_name": "Project1",
            "rank_attribute": "",
            "rank_order": "ascending",
            "retry": "",
            "schedule": "0/30 * * * * * *",
            "schedule_enabled": true,
            "success_on_empty_node_filter": null,
            "time_zone": "",
            "timeout": null
          },
          "sensitive_attributes": [],
          "private": "bnVsbA==",
          "dependencies": [
            "rundeck_project.Project1"
          ]
        },
        {
          "index_key": 46,
          "schema_version": 0,
          "attributes": {
            "allow_concurrent_executions": false,
            "command": [
              {
                "description": "",
                "error_handler": [],
                "inline_script": "",
                "job": [],
                "keep_going_on_success": false,
                "node_step_plugin": [],
                "script_file": "",
                "script_file_args": "",
                "script_interpreter": [],
                "shell_command": "hostname",
                "step_plugin": []
              }
            ],
            "command_ordering_strategy": "node-first",
            "continue_next_node_on_error": false,
            "continue_on_error": false,
            "description": "Restart the service daemons on all the web servers",
            "execution_enabled": true,
            "global_log_filter": [],
            "group_name": "",
            "id": "9cdf6e8a-fbc3-4ad1-b2a9-722a45b1c76a",
            "log_level": "INFO",
            "max_thread_count": 1,
            "name": "jobP1-46",
            "node_filter_exclude_precedence": false,
            "node_filter_exclude_query": "",
            "node_filter_query": "",
            "notification": [],
            "option": [],
            "preserve_options_order": null,
            "project_name": "Project1",
            "rank_attribute": "",
            "rank_order": "ascending",
            "retry": "",
            "schedule": "0/30 * * * * * *",
            "schedule_enabled": true,
            "success_on_empty_node_filter": null,
            "time_zone": "",
            "timeout": null
          },
          "sensitive_attributes": [],
          "private": "bnVsbA==",
          "dependencies": [
            "rundeck_project.Project1"
          ]
        },
        {
          "index_key": 47,
          "schema_version": 0,
          "attributes": {
            "allow_concurrent_executions": false,
            "command": [
              {
                "description": "",
                "error_handler": [],
                "inline_script": "",
                "job": [],
                "keep_going_on_success": false,
                "node_step_plugin": [],
                "script_file": "",
                "script_file_args": "",
                "script_interpreter": [],
                "shell_command": "hostname",
                "step_plugin": []
              }
            ],
            "command_ordering_strategy": "node-first",
            "continue_next_node_on_error": false,
            "continue_on_error": false,
            "description": "Restart the service daemons on all the web servers",
            "execution_enabled": true,
            "global_log_filter": [],
            "group_name": "",
            "id": "2b886177-ca8a-4688-9272-3ba1331221b7",
            "log_level": "INFO",
            "max_thread_count": 1,
            "name": "jobP1-47",
            "node_filter_exclude_precedence": false,
            "node_filter_exclude_query": "",
            "node_filter_query": "",
            "notification": [],
            "option": [],
            "preserve_options_order": null,
            "project_name": "Project1",
            "rank_attribute": "",
            "rank_order": "ascending",
            "retry": "",
            "schedule": "0/30 * * * * * *",
            "schedule_enabled": true,
            "success_on_empty_node_filter": null,
            "time_zone": "",
            "timeout": null
          },
          "sensitive_attributes": [],
          "private": "bnVsbA==",
          "dependencies": [
            "rundeck_project.Project1"
          ]
        },
        {
          "index_key": 48,
          "schema_version": 0,
          "attributes": {
            "allow_concurrent_executions": false,
            "command": [
              {
                "description": "",
                "error_handler": [],
                "inline_script": "",
                "job": [],
                "keep_going_on_success": false,
                "node_step_plugin": [],
                "script_file": "",
                "script_file_args": "",
                "script_interpreter": [],
                "shell_command": "hostname",
                "step_plugin": []
              }
            ],
            "command_ordering_strategy": "node-first",
            "continue_next_node_on_error": false,
            "continue_on_error": false,
            "description": "Restart the service daemons on all the web servers",
            "execution_enabled": true,
            "global_log_filter": [],
            "group_name": "",
            "id": "7b4d0e2e-00d5-44aa-8dee-d3af9f71179a",
            "log_level": "INFO",
            "max_thread_count": 1,
            "name": "jobP1-48",
            "node_filter_exclude_precedence": false,
            "node_filter_exclude_query": "",
            "node_filter_query": "",
            "notification": [],
            "option": [],
            "preserve_options_order": null,
            "project_name": "Project1",
            "rank_attribute": "",
            "rank_order": "ascending",
            "retry": "",
            "schedule": "0/30 * * * * * *",
            "schedule_enabled": true,
            "success_on_empty_node_filter": null,
            "time_zone": "",
            "timeout": null
          },
          "sensitive_attributes": [],
          "private": "bnVsbA==",
          "dependencies": [
            "rundeck_project.Project1"
          ]
        },
        {
          "index_key": 49,
          "schema_version": 0,
          "attributes": {
            "allow_concurrent_executions": false,
            "command": [
              {
                "description": "",
                "error_handler": [],
                "inline_script": "",
                "job": [],
                "keep_going_on_success": false,
                "node_step_plugin": [],
                "script_file": "",
                "script_file_args": "",
                "script_interpreter": [],
                "shell_command": "hostname",
                "step_plugin": []
              }
            ],
            "command_ordering_strategy": "node-first",
            "continue_next_node_on_error": false,
            "continue_on_error": false,
            "description": "Restart the service daemons on all the web servers",
            "execution_enabled": true,
            "global_log_filter": [],
            "group_name": "",
            "id": "181d3ad2-0d47-4a2a-b464-844ec349021f",
            "log_level": "INFO",
            "max_thread_count": 1,
            "name": "jobP1-49",
            "node_filter_exclude_precedence": false,
            "node_filter_exclude_query": "",
            "node_filter_query": "",
            "notification": [],
            "option": [],
            "preserve_options_order": null,
            "project_name": "Project1",
            "rank_attribute": "",
            "rank_order": "ascending",
            "retry": "",
            "schedule": "0/30 * * * * * *",
            "schedule_enabled": true,
            "success_on_empty_node_filter": null,
            "time_zone": "",
            "timeout": null
          },
          "sensitive_attributes": [],
          "private": "bnVsbA==",
          "dependencies": [
            "rundeck_project.Project1"
          ]
        },
        {
          "index_key": 50,
          "schema_version": 0,
          "attributes": {
            "allow_concurrent_executions": false,
            "command": [
              {
                "description": "",
                "error_handler": [],
                "inline_script": "",
                "job": [],
                "keep_going_on_success": false,
                "node_step_plugin": [],
                "script_file": "",
                "script_file_args": "",
                "script_interpreter": [],
                "shell_command": "hostname",
                "step_plugin": []
              }
            ],
            "command_ordering_strategy": "node-first",
            "continue_next_node_on_error": false,
            "continue_on_error": false,
            "description": "Restart the service daemons on all the web servers",
            "execution_enabled": true,
            "global_log_filter": [],
            "group_name": "",
            "id": "b2388327-3bd7-4491-bef1-058e64fe7fdc",
            "log_level": "INFO",
            "max_thread_count": 1,
            "name": "jobP1-50",
            "node_filter_exclude_precedence": false,
            "node_filter_exclude_query": "",
            "node_filter_query": "",
            "notification": [],
            "option": [],
            "preserve_options_order": null,
            "project_name": "Project1",
            "rank_attribute": "",
            "rank_order": "ascending",
            "retry": "",
            "schedule": "0/30 * * * * * *",
            "schedule_enabled": true,
            "success_on_empty_node_filter": null,
            "time_zone": "",
            "timeout": null
          },
          "sensitive_attributes": [],
          "private": "bnVsbA==",
          "dependencies": [
            "rundeck_project.Project1"
          ]
        },
        {
          "index_key": 51,
          "schema_version": 0,
          "attributes": {
            "allow_concurrent_executions": false,
            "command": [
              {
                "description": "",
                "error_handler": [],
                "inline_script": "",
                "job": [],
                "keep_going_on_success": false,
                "node_step_plugin": [],
                "script_file": "",
                "script_file_args": "",
                "script_interpreter": [],
                "shell_command": "hostname",
                "step_plugin": []
              }
            ],
            "command_ordering_strategy": "node-first",
            "continue_next_node_on_error": false,
            "continue_on_error": false,
            "description": "Restart the service daemons on all the web servers",
            "execution_enabled": true,
            "global_log_filter": [],
            "group_name": "",
            "id": "67d842c3-ee1a-472e-aa81-ca840ce4f778",
            "log_level": "INFO",
            "max_thread_count": 1,
            "name": "jobP1-51",
            "node_filter_exclude_precedence": false,
            "node_filter_exclude_query": "",
            "node_filter_query": "",
            "notification": [],
            "option": [],
            "preserve_options_order": null,
            "project_name": "Project1",
            "rank_attribute": "",
            "rank_order": "ascending",
            "retry": "",
            "schedule": "0/30 * * * * * *",
            "schedule_enabled": true,
            "success_on_empty_node_filter": null,
            "time_zone": "",
            "timeout": null
          },
          "sensitive_attributes": [],
          "private": "bnVsbA==",
          "dependencies": [
            "rundeck_project.Project1"
          ]
        },
        {
          "index_key": 52,
          "schema_version": 0,
          "attributes": {
            "allow_concurrent_executions": false,
            "command": [
              {
                "description": "",
                "error_handler": [],
                "inline_script": "",
                "job": [],
                "keep_going_on_success": false,
                "node_step_plugin": [],
                "script_file": "",
                "script_file_args": "",
                "script_interpreter": [],
                "shell_command": "hostname",
                "step_plugin": []
              }
            ],
            "command_ordering_strategy": "node-first",
            "continue_next_node_on_error": false,
            "continue_on_error": false,
            "description": "Restart the service daemons on all the web servers",
            "execution_enabled": true,
            "global_log_filter": [],
            "group_name": "",
            "id": "3bb09441-e890-4689-80bc-3ec3c2e68d82",
            "log_level": "INFO",
            "max_thread_count": 1,
            "name": "jobP1-52",
            "node_filter_exclude_precedence": false,
            "node_filter_exclude_query": "",
            "node_filter_query": "",
            "notification": [],
            "option": [],
            "preserve_options_order": null,
            "project_name": "Project1",
            "rank_attribute": "",
            "rank_order": "ascending",
            "retry": "",
            "schedule": "0/30 * * * * * *",
            "schedule_enabled": true,
            "success_on_empty_node_filter": null,
            "time_zone": "",
            "timeout": null
          },
          "sensitive_attributes": [],
          "private": "bnVsbA==",
          "dependencies": [
            "rundeck_project.Project1"
          ]
        },
        {
          "index_key": 53,
          "schema_version": 0,
          "attributes": {
            "allow_concurrent_executions": false,
            "command": [
              {
                "description": "",
                "error_handler": [],
                "inline_script": "",
                "job": [],
                "keep_going_on_success": false,
                "node_step_plugin": [],
                "script_file": "",
                "script_file_args": "",
                "script_interpreter": [],
                "shell_command": "hostname",
                "step_plugin": []
              }
            ],
            "command_ordering_strategy": "node-first",
            "continue_next_node_on_error": false,
            "continue_on_error": false,
            "description": "Restart the service daemons on all the web servers",
            "execution_enabled": true,
            "global_log_filter": [],
            "group_name": "",
            "id": "e3019a21-4d8b-4d9d-a7e1-48b1fa331c51",
            "log_level": "INFO",
            "max_thread_count": 1,
            "name": "jobP1-53",
            "node_filter_exclude_precedence": false,
            "node_filter_exclude_query": "",
            "node_filter_query": "",
            "notification": [],
            "option": [],
            "preserve_options_order": null,
            "project_name": "Project1",
            "rank_attribute": "",
            "rank_order": "ascending",
            "retry": "",
            "schedule": "0/30 * * * * * *",
            "schedule_enabled": true,
            "success_on_empty_node_filter": null,
            "time_zone": "",
            "timeout": null
          },
          "sensitive_attributes": [],
          "private": "bnVsbA==",
          "dependencies": [
            "rundeck_project.Project1"
          ]
        },
        {
          "index_key": 54,
          "schema_version": 0,
          "attributes": {
            "allow_concurrent_executions": false,
            "command": [
              {
                "description": "",
                "error_handler": [],
                "inline_script": "",
                "job": [],
                "keep_going_on_success": false,
                "node_step_plugin": [],
                "script_file": "",
                "script_file_args": "",
                "script_interpreter": [],
                "shell_command": "hostname",
                "step_plugin": []
              }
            ],
            "command_ordering_strategy": "node-first",
            "continue_next_node_on_error": false,
            "continue_on_error": false,
            "description": "Restart the service daemons on all the web servers",
            "execution_enabled": true,
            "global_log_filter": [],
            "group_name": "",
            "id": "74c7a269-110b-4e6e-8867-c52b21621bb4",
            "log_level": "INFO",
            "max_thread_count": 1,
            "name": "jobP1-54",
            "node_filter_exclude_precedence": false,
            "node_filter_exclude_query": "",
            "node_filter_query": "",
            "notification": [],
            "option": [],
            "preserve_options_order": null,
            "project_name": "Project1",
            "rank_attribute": "",
            "rank_order": "ascending",
            "retry": "",
            "schedule": "0/30 * * * * * *",
            "schedule_enabled": true,
            "success_on_empty_node_filter": null,
            "time_zone": "",
            "timeout": null
          },
          "sensitive_attributes": [],
          "private": "bnVsbA==",
          "dependencies": [
            "rundeck_project.Project1"
          ]
        },
        {
          "index_key": 55,
          "schema_version": 0,
          "attributes": {
            "allow_concurrent_executions": false,
            "command": [
              {
                "description": "",
                "error_handler": [],
                "inline_script": "",
                "job": [],
                "keep_going_on_success": false,
                "node_step_plugin": [],
                "script_file": "",
                "script_file_args": "",
                "script_interpreter": [],
                "shell_command": "hostname",
                "step_plugin": []
              }
            ],
            "command_ordering_strategy": "node-first",
            "continue_next_node_on_error": false,
            "continue_on_error": false,
            "description": "Restart the service daemons on all the web servers",
            "execution_enabled": true,
            "global_log_filter": [],
            "group_name": "",
            "id": "9c694b0b-84df-422e-9554-5dafb54b1f5d",
            "log_level": "INFO",
            "max_thread_count": 1,
            "name": "jobP1-55",
            "node_filter_exclude_precedence": false,
            "node_filter_exclude_query": "",
            "node_filter_query": "",
            "notification": [],
            "option": [],
            "preserve_options_order": null,
            "project_name": "Project1",
            "rank_attribute": "",
            "rank_order": "ascending",
            "retry": "",
            "schedule": "0/30 * * * * * *",
            "schedule_enabled": true,
            "success_on_empty_node_filter": null,
            "time_zone": "",
            "timeout": null
          },
          "sensitive_attributes": [],
          "private": "bnVsbA==",
          "dependencies": [
            "rundeck_project.Project1"
          ]
        },
        {
          "index_key": 56,
          "schema_version": 0,
          "attributes": {
            "allow_concurrent_executions": false,
            "command": [
              {
                "description": "",
                "error_handler": [],
                "inline_script": "",
                "job": [],
                "keep_going_on_success": false,
                "node_step_plugin": [],
                "script_file": "",
                "script_file_args": "",
                "script_interpreter": [],
                "shell_command": "hostname",
                "step_plugin": []
              }
            ],
            "command_ordering_strategy": "node-first",
            "continue_next_node_on_error": false,
            "continue_on_error": false,
            "description": "Restart the service daemons on all the web servers",
            "execution_enabled": true,
            "global_log_filter": [],
            "group_name": "",
            "id": "20711697-149f-4cfc-b515-938470764d74",
            "log_level": "INFO",
            "max_thread_count": 1,
            "name": "jobP1-56",
            "node_filter_exclude_precedence": false,
            "node_filter_exclude_query": "",
            "node_filter_query": "",
            "notification": [],
            "option": [],
            "preserve_options_order": null,
            "project_name": "Project1",
            "rank_attribute": "",
            "rank_order": "ascending",
            "retry": "",
            "schedule": "0/30 * * * * * *",
            "schedule_enabled": true,
            "success_on_empty_node_filter": null,
            "time_zone": "",
            "timeout": null
          },
          "sensitive_attributes": [],
          "private": "bnVsbA==",
          "dependencies": [
            "rundeck_project.Project1"
          ]
        },
        {
          "index_key": 57,
          "schema_version": 0,
          "attributes": {
            "allow_concurrent_executions": false,
            "command": [
              {
                "description": "",
                "error_handler": [],
                "inline_script": "",
                "job": [],
                "keep_going_on_success": false,
                "node_step_plugin": [],
                "script_file": "",
                "script_file_args": "",
                "script_interpreter": [],
                "shell_command": "hostname",
                "step_plugin": []
              }
            ],
            "command_ordering_strategy": "node-first",
            "continue_next_node_on_error": false,
            "continue_on_error": false,
            "description": "Restart the service daemons on all the web servers",
            "execution_enabled": true,
            "global_log_filter": [],
            "group_name": "",
            "id": "fe77ea09-dced-4f95-9c05-4170fa8b7d8f",
            "log_level": "INFO",
            "max_thread_count": 1,
            "name": "jobP1-57",
            "node_filter_exclude_precedence": false,
            "node_filter_exclude_query": "",
            "node_filter_query": "",
            "notification": [],
            "option": [],
            "preserve_options_order": null,
            "project_name": "Project1",
            "rank_attribute": "",
            "rank_order": "ascending",
            "retry": "",
            "schedule": "0/30 * * * * * *",
            "schedule_enabled": true,
            "success_on_empty_node_filter": null,
            "time_zone": "",
            "timeout": null
          },
          "sensitive_attributes": [],
          "private": "bnVsbA==",
          "dependencies": [
            "rundeck_project.Project1"
          ]
        },
        {
          "index_key": 58,
          "schema_version": 0,
          "attributes": {
            "allow_concurrent_executions": false,
            "command": [
              {
                "description": "",
                "error_handler": [],
                "inline_script": "",
                "job": [],
                "keep_going_on_success": false,
                "node_step_plugin": [],
                "script_file": "",
                "script_file_args": "",
                "script_interpreter": [],
                "shell_command": "hostname",
                "step_plugin": []
              }
            ],
            "command_ordering_strategy": "node-first",
            "continue_next_node_on_error": false,
            "continue_on_error": false,
            "description": "Restart the service daemons on all the web servers",
            "execution_enabled": true,
            "global_log_filter": [],
            "group_name": "",
            "id": "e7dc4434-001b-4560-82e6-33e6376451f2",
            "log_level": "INFO",
            "max_thread_count": 1,
            "name": "jobP1-58",
            "node_filter_exclude_precedence": false,
            "node_filter_exclude_query": "",
            "node_filter_query": "",
            "notification": [],
            "option": [],
            "preserve_options_order": null,
            "project_name": "Project1",
            "rank_attribute": "",
            "rank_order": "ascending",
            "retry": "",
            "schedule": "0/30 * * * * * *",
            "schedule_enabled": true,
            "success_on_empty_node_filter": null,
            "time_zone": "",
            "timeout": null
          },
          "sensitive_attributes": [],
          "private": "bnVsbA==",
          "dependencies": [
            "rundeck_project.Project1"
          ]
        },
        {
          "index_key": 59,
          "schema_version": 0,
          "attributes": {
            "allow_concurrent_executions": false,
            "command": [
              {
                "description": "",
                "error_handler": [],
                "inline_script": "",
                "job": [],
                "keep_going_on_success": false,
                "node_step_plugin": [],
                "script_file": "",
                "script_file_args": "",
                "script_interpreter": [],
                "shell_command": "hostname",
                "step_plugin": []
              }
            ],
            "command_ordering_strategy": "node-first",
            "continue_next_node_on_error": false,
            "continue_on_error": false,
            "description": "Restart the service daemons on all the web servers",
            "execution_enabled": true,
            "global_log_filter": [],
            "group_name": "",
            "id": "f9970674-0a0d-46e6-b3c4-b91ba65555ea",
            "log_level": "INFO",
            "max_thread_count": 1,
            "name": "jobP1-59",
            "node_filter_exclude_precedence": false,
            "node_filter_exclude_query": "",
            "node_filter_query": "",
            "notification": [],
            "option": [],
            "preserve_options_order": null,
            "project_name": "Project1",
            "rank_attribute": "",
            "rank_order": "ascending",
            "retry": "",
            "schedule": "0/30 * * * * * *",
            "schedule_enabled": true,
            "success_on_empty_node_filter": null,
            "time_zone": "",
            "timeout": null
          },
          "sensitive_attributes": [],
          "private": "bnVsbA==",
          "dependencies": [
            "rundeck_project.Project1"
          ]
        },
        {
          "index_key": 60,
          "schema_version": 0,
          "attributes": {
            "allow_concurrent_executions": false,
            "command": [
              {
                "description": "",
                "error_handler": [],
                "inline_script": "",
                "job": [],
                "keep_going_on_success": false,
                "node_step_plugin": [],
                "script_file": "",
                "script_file_args": "",
                "script_interpreter": [],
                "shell_command": "hostname",
                "step_plugin": []
              }
            ],
            "command_ordering_strategy": "node-first",
            "continue_next_node_on_error": false,
            "continue_on_error": false,
            "description": "Restart the service daemons on all the web servers",
            "execution_enabled": true,
            "global_log_filter": [],
            "group_name": "",
            "id": "7c07a39a-5a2c-4f26-b2c2-97f93d2c761d",
            "log_level": "INFO",
            "max_thread_count": 1,
            "name": "jobP1-60",
            "node_filter_exclude_precedence": false,
            "node_filter_exclude_query": "",
            "node_filter_query": "",
            "notification": [],
            "option": [],
            "preserve_options_order": null,
            "project_name": "Project1",
            "rank_attribute": "",
            "rank_order": "ascending",
            "retry": "",
            "schedule": "0/30 * * * * * *",
            "schedule_enabled": true,
            "success_on_empty_node_filter": null,
            "time_zone": "",
            "timeout": null
          },
          "sensitive_attributes": [],
          "private": "bnVsbA==",
          "dependencies": [
            "rundeck_project.Project1"
          ]
        },
        {
          "index_key": 61,
          "schema_version": 0,
          "attributes": {
            "allow_concurrent_executions": false,
            "command": [
              {
                "description": "",
                "error_handler": [],
                "inline_script": "",
                "job": [],
                "keep_going_on_success": false,
                "node_step_plugin": [],
                "script_file": "",
                "script_file_args": "",
                "script_interpreter": [],
                "shell_command": "hostname",
                "step_plugin": []
              }
            ],
            "command_ordering_strategy": "node-first",
            "continue_next_node_on_error": false,
            "continue_on_error": false,
            "description": "Restart the service daemons on all the web servers",
            "execution_enabled": true,
            "global_log_filter": [],
            "group_name": "",
            "id": "92e2d44a-e060-4b92-ba15-4cc9ddb3ea6d",
            "log_level": "INFO",
            "max_thread_count": 1,
            "name": "jobP1-61",
            "node_filter_exclude_precedence": false,
            "node_filter_exclude_query": "",
            "node_filter_query": "",
            "notification": [],
            "option": [],
            "preserve_options_order": null,
            "project_name": "Project1",
            "rank_attribute": "",
            "rank_order": "ascending",
            "retry": "",
            "schedule": "0/30 * * * * * *",
            "schedule_enabled": true,
            "success_on_empty_node_filter": null,
            "time_zone": "",
            "timeout": null
          },
          "sensitive_attributes": [],
          "private": "bnVsbA==",
          "dependencies": [
            "rundeck_project.Project1"
          ]
        },
        {
          "index_key": 62,
          "schema_version": 0,
          "attributes": {
            "allow_concurrent_executions": false,
            "command": [
              {
                "description": "",
                "error_handler": [],
                "inline_script": "",
                "job": [],
                "keep_going_on_success": false,
                "node_step_plugin": [],
                "script_file": "",
                "script_file_args": "",
                "script_interpreter": [],
                "shell_command": "hostname",
                "step_plugin": []
              }
            ],
            "command_ordering_strategy": "node-first",
            "continue_next_node_on_error": false,
            "continue_on_error": false,
            "description": "Restart the service daemons on all the web servers",
            "execution_enabled": true,
            "global_log_filter": [],
            "group_name": "",
            "id": "c907189a-3076-4596-babd-19d6888c78cb",
            "log_level": "INFO",
            "max_thread_count": 1,
            "name": "jobP1-62",
            "node_filter_exclude_precedence": false,
            "node_filter_exclude_query": "",
            "node_filter_query": "",
            "notification": [],
            "option": [],
            "preserve_options_order": null,
            "project_name": "Project1",
            "rank_attribute": "",
            "rank_order": "ascending",
            "retry": "",
            "schedule": "0/30 * * * * * *",
            "schedule_enabled": true,
            "success_on_empty_node_filter": null,
            "time_zone": "",
            "timeout": null
          },
          "sensitive_attributes": [],
          "private": "bnVsbA==",
          "dependencies": [
            "rundeck_project.Project1"
          ]
        },
        {
          "index_key": 63,
          "schema_version": 0,
          "attributes": {
            "allow_concurrent_executions": false,
            "command": [
              {
                "description": "",
                "error_handler": [],
                "inline_script": "",
                "job": [],
                "keep_going_on_success": false,
                "node_step_plugin": [],
                "script_file": "",
                "script_file_args": "",
                "script_interpreter": [],
                "shell_command": "hostname",
                "step_plugin": []
              }
            ],
            "command_ordering_strategy": "node-first",
            "continue_next_node_on_error": false,
            "continue_on_error": false,
            "description": "Restart the service daemons on all the web servers",
            "execution_enabled": true,
            "global_log_filter": [],
            "group_name": "",
            "id": "c5aff83a-824e-4838-b5ef-59b5ecc39c0e",
            "log_level": "INFO",
            "max_thread_count": 1,
            "name": "jobP1-63",
            "node_filter_exclude_precedence": false,
            "node_filter_exclude_query": "",
            "node_filter_query": "",
            "notification": [],
            "option": [],
            "preserve_options_order": null,
            "project_name": "Project1",
            "rank_attribute": "",
            "rank_order": "ascending",
            "retry": "",
            "schedule": "0/30 * * * * * *",
            "schedule_enabled": true,
            "success_on_empty_node_filter": null,
            "time_zone": "",
            "timeout": null
          },
          "sensitive_attributes": [],
          "private": "bnVsbA==",
          "dependencies": [
            "rundeck_project.Project1"
          ]
        },
        {
          "index_key": 64,
          "schema_version": 0,
          "attributes": {
            "allow_concurrent_executions": false,
            "command": [
              {
                "description": "",
                "error_handler": [],
                "inline_script": "",
                "job": [],
                "keep_going_on_success": false,
                "node_step_plugin": [],
                "script_file": "",
                "script_file_args": "",
                "script_interpreter": [],
                "shell_command": "hostname",
                "step_plugin": []
              }
            ],
            "command_ordering_strategy": "node-first",
            "continue_next_node_on_error": false,
            "continue_on_error": false,
            "description": "Restart the service daemons on all the web servers",
            "execution_enabled": true,
            "global_log_filter": [],
            "group_name": "",
            "id": "f2fd0117-5870-4075-9cf2-c9fedc233889",
            "log_level": "INFO",
            "max_thread_count": 1,
            "name": "jobP1-64",
            "node_filter_exclude_precedence": false,
            "node_filter_exclude_query": "",
            "node_filter_query": "",
            "notification": [],
            "option": [],
            "preserve_options_order": null,
            "project_name": "Project1",
            "rank_attribute": "",
            "rank_order": "ascending",
            "retry": "",
            "schedule": "0/30 * * * * * *",
            "schedule_enabled": true,
            "success_on_empty_node_filter": null,
            "time_zone": "",
            "timeout": null
          },
          "sensitive_attributes": [],
          "private": "bnVsbA==",
          "dependencies": [
            "rundeck_project.Project1"
          ]
        },
        {
          "index_key": 65,
          "schema_version": 0,
          "attributes": {
            "allow_concurrent_executions": false,
            "command": [
              {
                "description": "",
                "error_handler": [],
                "inline_script": "",
                "job": [],
                "keep_going_on_success": false,
                "node_step_plugin": [],
                "script_file": "",
                "script_file_args": "",
                "script_interpreter": [],
                "shell_command": "hostname",
                "step_plugin": []
              }
            ],
            "command_ordering_strategy": "node-first",
            "continue_next_node_on_error": false,
            "continue_on_error": false,
            "description": "Restart the service daemons on all the web servers",
            "execution_enabled": true,
            "global_log_filter": [],
            "group_name": "",
            "id": "b8788128-fe1a-44a7-9c26-b078fc32bba0",
            "log_level": "INFO",
            "max_thread_count": 1,
            "name": "jobP1-65",
            "node_filter_exclude_precedence": false,
            "node_filter_exclude_query": "",
            "node_filter_query": "",
            "notification": [],
            "option": [],
            "preserve_options_order": null,
            "project_name": "Project1",
            "rank_attribute": "",
            "rank_order": "ascending",
            "retry": "",
            "schedule": "0/30 * * * * * *",
            "schedule_enabled": true,
            "success_on_empty_node_filter": null,
            "time_zone": "",
            "timeout": null
          },
          "sensitive_attributes": [],
          "private": "bnVsbA==",
          "dependencies": [
            "rundeck_project.Project1"
          ]
        },
        {
          "index_key": 66,
          "schema_version": 0,
          "attributes": {
            "allow_concurrent_executions": false,
            "command": [
              {
                "description": "",
                "error_handler": [],
                "inline_script": "",
                "job": [],
                "keep_going_on_success": false,
                "node_step_plugin": [],
                "script_file": "",
                "script_file_args": "",
                "script_interpreter": [],
                "shell_command": "hostname",
                "step_plugin": []
              }
            ],
            "command_ordering_strategy": "node-first",
            "continue_next_node_on_error": false,
            "continue_on_error": false,
            "description": "Restart the service daemons on all the web servers",
            "execution_enabled": true,
            "global_log_filter": [],
            "group_name": "",
            "id": "fd39ae5c-1450-4257-a9be-86a8f316724f",
            "log_level": "INFO",
            "max_thread_count": 1,
            "name": "jobP1-66",
            "node_filter_exclude_precedence": false,
            "node_filter_exclude_query": "",
            "node_filter_query": "",
            "notification": [],
            "option": [],
            "preserve_options_order": null,
            "project_name": "Project1",
            "rank_attribute": "",
            "rank_order": "ascending",
            "retry": "",
            "schedule": "0/30 * * * * * *",
            "schedule_enabled": true,
            "success_on_empty_node_filter": null,
            "time_zone": "",
            "timeout": null
          },
          "sensitive_attributes": [],
          "private": "bnVsbA==",
          "dependencies": [
            "rundeck_project.Project1"
          ]
        },
        {
          "index_key": 67,
          "schema_version": 0,
          "attributes": {
            "allow_concurrent_executions": false,
            "command": [
              {
                "description": "",
                "error_handler": [],
                "inline_script": "",
                "job": [],
                "keep_going_on_success": false,
                "node_step_plugin": [],
                "script_file": "",
                "script_file_args": "",
                "script_interpreter": [],
                "shell_command": "hostname",
                "step_plugin": []
              }
            ],
            "command_ordering_strategy": "node-first",
            "continue_next_node_on_error": false,
            "continue_on_error": false,
            "description": "Restart the service daemons on all the web servers",
            "execution_enabled": true,
            "global_log_filter": [],
            "group_name": "",
            "id": "cbf092aa-20d9-49df-9240-e48df7c52fbf",
            "log_level": "INFO",
            "max_thread_count": 1,
            "name": "jobP1-67",
            "node_filter_exclude_precedence": false,
            "node_filter_exclude_query": "",
            "node_filter_query": "",
            "notification": [],
            "option": [],
            "preserve_options_order": null,
            "project_name": "Project1",
            "rank_attribute": "",
            "rank_order": "ascending",
            "retry": "",
            "schedule": "0/30 * * * * * *",
            "schedule_enabled": true,
            "success_on_empty_node_filter": null,
            "time_zone": "",
            "timeout": null
          },
          "sensitive_attributes": [],
          "private": "bnVsbA==",
          "dependencies": [
            "rundeck_project.Project1"
          ]
        },
        {
          "index_key": 68,
          "schema_version": 0,
          "attributes": {
            "allow_concurrent_executions": false,
            "command": [
              {
                "description": "",
                "error_handler": [],
                "inline_script": "",
                "job": [],
                "keep_going_on_success": false,
                "node_step_plugin": [],
                "script_file": "",
                "script_file_args": "",
                "script_interpreter": [],
                "shell_command": "hostname",
                "step_plugin": []
              }
            ],
            "command_ordering_strategy": "node-first",
            "continue_next_node_on_error": false,
            "continue_on_error": false,
            "description": "Restart the service daemons on all the web servers",
            "execution_enabled": true,
            "global_log_filter": [],
            "group_name": "",
            "id": "dff4e888-fdcf-4d52-8082-cb93508f2d4e",
            "log_level": "INFO",
            "max_thread_count": 1,
            "name": "jobP1-68",
            "node_filter_exclude_precedence": false,
            "node_filter_exclude_query": "",
            "node_filter_query": "",
            "notification": [],
            "option": [],
            "preserve_options_order": null,
            "project_name": "Project1",
            "rank_attribute": "",
            "rank_order": "ascending",
            "retry": "",
            "schedule": "0/30 * * * * * *",
            "schedule_enabled": true,
            "success_on_empty_node_filter": null,
            "time_zone": "",
            "timeout": null
          },
          "sensitive_attributes": [],
          "private": "bnVsbA==",
          "dependencies": [
            "rundeck_project.Project1"
          ]
        },
        {
          "index_key": 69,
          "schema_version": 0,
          "attributes": {
            "allow_concurrent_executions": false,
            "command": [
              {
                "description": "",
                "error_handler": [],
                "inline_script": "",
                "job": [],
                "keep_going_on_success": false,
                "node_step_plugin": [],
                "script_file": "",
                "script_file_args": "",
                "script_interpreter": [],
                "shell_command": "hostname",
                "step_plugin": []
              }
            ],
            "command_ordering_strategy": "node-first",
            "continue_next_node_on_error": false,
            "continue_on_error": false,
            "description": "Restart the service daemons on all the web servers",
            "execution_enabled": true,
            "global_log_filter": [],
            "group_name": "",
            "id": "f19dd847-ea2d-4f6e-8a4a-252524f3ca1b",
            "log_level": "INFO",
            "max_thread_count": 1,
            "name": "jobP1-69",
            "node_filter_exclude_precedence": false,
            "node_filter_exclude_query": "",
            "node_filter_query": "",
            "notification": [],
            "option": [],
            "preserve_options_order": null,
            "project_name": "Project1",
            "rank_attribute": "",
            "rank_order": "ascending",
            "retry": "",
            "schedule": "0/30 * * * * * *",
            "schedule_enabled": true,
            "success_on_empty_node_filter": null,
            "time_zone": "",
            "timeout": null
          },
          "sensitive_attributes": [],
          "private": "bnVsbA==",
          "dependencies": [
            "rundeck_project.Project1"
          ]
        },
        {
          "index_key": 70,
          "schema_version": 0,
          "attributes": {
            "allow_concurrent_executions": false,
            "command": [
              {
                "description": "",
                "error_handler": [],
                "inline_script": "",
                "job": [],
                "keep_going_on_success": false,
                "node_step_plugin": [],
                "script_file": "",
                "script_file_args": "",
                "script_interpreter": [],
                "shell_command": "hostname",
                "step_plugin": []
              }
            ],
            "command_ordering_strategy": "node-first",
            "continue_next_node_on_error": false,
            "continue_on_error": false,
            "description": "Restart the service daemons on all the web servers",
            "execution_enabled": true,
            "global_log_filter": [],
            "group_name": "",
            "id": "a2a0d673-00d6-4144-b27d-a920d337facf",
            "log_level": "INFO",
            "max_thread_count": 1,
            "name": "jobP1-70",
            "node_filter_exclude_precedence": false,
            "node_filter_exclude_query": "",
            "node_filter_query": "",
            "notification": [],
            "option": [],
            "preserve_options_order": null,
            "project_name": "Project1",
            "rank_attribute": "",
            "rank_order": "ascending",
            "retry": "",
            "schedule": "0/30 * * * * * *",
            "schedule_enabled": true,
            "success_on_empty_node_filter": null,
            "time_zone": "",
            "timeout": null
          },
          "sensitive_attributes": [],
          "private": "bnVsbA==",
          "dependencies": [
            "rundeck_project.Project1"
          ]
        },
        {
          "index_key": 71,
          "schema_version": 0,
          "attributes": {
            "allow_concurrent_executions": false,
            "command": [
              {
                "description": "",
                "error_handler": [],
                "inline_script": "",
                "job": [],
                "keep_going_on_success": false,
                "node_step_plugin": [],
                "script_file": "",
                "script_file_args": "",
                "script_interpreter": [],
                "shell_command": "hostname",
                "step_plugin": []
              }
            ],
            "command_ordering_strategy": "node-first",
            "continue_next_node_on_error": false,
            "continue_on_error": false,
            "description": "Restart the service daemons on all the web servers",
            "execution_enabled": true,
            "global_log_filter": [],
            "group_name": "",
            "id": "597281af-38cb-45f7-addc-4a635faaac7f",
            "log_level": "INFO",
            "max_thread_count": 1,
            "name": "jobP1-71",
            "node_filter_exclude_precedence": false,
            "node_filter_exclude_query": "",
            "node_filter_query": "",
            "notification": [],
            "option": [],
            "preserve_options_order": null,
            "project_name": "Project1",
            "rank_attribute": "",
            "rank_order": "ascending",
            "retry": "",
            "schedule": "0/30 * * * * * *",
            "schedule_enabled": true,
            "success_on_empty_node_filter": null,
            "time_zone": "",
            "timeout": null
          },
          "sensitive_attributes": [],
          "private": "bnVsbA==",
          "dependencies": [
            "rundeck_project.Project1"
          ]
        },
        {
          "index_key": 72,
          "schema_version": 0,
          "attributes": {
            "allow_concurrent_executions": false,
            "command": [
              {
                "description": "",
                "error_handler": [],
                "inline_script": "",
                "job": [],
                "keep_going_on_success": false,
                "node_step_plugin": [],
                "script_file": "",
                "script_file_args": "",
                "script_interpreter": [],
                "shell_command": "hostname",
                "step_plugin": []
              }
            ],
            "command_ordering_strategy": "node-first",
            "continue_next_node_on_error": false,
            "continue_on_error": false,
            "description": "Restart the service daemons on all the web servers",
            "execution_enabled": true,
            "global_log_filter": [],
            "group_name": "",
            "id": "f545c537-4b1d-4445-9690-bb191df0f6aa",
            "log_level": "INFO",
            "max_thread_count": 1,
            "name": "jobP1-72",
            "node_filter_exclude_precedence": false,
            "node_filter_exclude_query": "",
            "node_filter_query": "",
            "notification": [],
            "option": [],
            "preserve_options_order": null,
            "project_name": "Project1",
            "rank_attribute": "",
            "rank_order": "ascending",
            "retry": "",
            "schedule": "0/30 * * * * * *",
            "schedule_enabled": true,
            "success_on_empty_node_filter": null,
            "time_zone": "",
            "timeout": null
          },
          "sensitive_attributes": [],
          "private": "bnVsbA==",
          "dependencies": [
            "rundeck_project.Project1"
          ]
        },
        {
          "index_key": 73,
          "schema_version": 0,
          "attributes": {
            "allow_concurrent_executions": false,
            "command": [
              {
                "description": "",
                "error_handler": [],
                "inline_script": "",
                "job": [],
                "keep_going_on_success": false,
                "node_step_plugin": [],
                "script_file": "",
                "script_file_args": "",
                "script_interpreter": [],
                "shell_command": "hostname",
                "step_plugin": []
              }
            ],
            "command_ordering_strategy": "node-first",
            "continue_next_node_on_error": false,
            "continue_on_error": false,
            "description": "Restart the service daemons on all the web servers",
            "execution_enabled": true,
            "global_log_filter": [],
            "group_name": "",
            "id": "e9e89781-6277-4f04-827a-d529d7bfedf4",
            "log_level": "INFO",
            "max_thread_count": 1,
            "name": "jobP1-73",
            "node_filter_exclude_precedence": false,
            "node_filter_exclude_query": "",
            "node_filter_query": "",
            "notification": [],
            "option": [],
            "preserve_options_order": null,
            "project_name": "Project1",
            "rank_attribute": "",
            "rank_order": "ascending",
            "retry": "",
            "schedule": "0/30 * * * * * *",
            "schedule_enabled": true,
            "success_on_empty_node_filter": null,
            "time_zone": "",
            "timeout": null
          },
          "sensitive_attributes": [],
          "private": "bnVsbA==",
          "dependencies": [
            "rundeck_project.Project1"
          ]
        },
        {
          "index_key": 74,
          "schema_version": 0,
          "attributes": {
            "allow_concurrent_executions": false,
            "command": [
              {
                "description": "",
                "error_handler": [],
                "inline_script": "",
                "job": [],
                "keep_going_on_success": false,
                "node_step_plugin": [],
                "script_file": "",
                "script_file_args": "",
                "script_interpreter": [],
                "shell_command": "hostname",
                "step_plugin": []
              }
            ],
            "command_ordering_strategy": "node-first",
            "continue_next_node_on_error": false,
            "continue_on_error": false,
            "description": "Restart the service daemons on all the web servers",
            "execution_enabled": true,
            "global_log_filter": [],
            "group_name": "",
            "id": "15040ffc-a44e-423b-a768-eba27368463e",
            "log_level": "INFO",
            "max_thread_count": 1,
            "name": "jobP1-74",
            "node_filter_exclude_precedence": false,
            "node_filter_exclude_query": "",
            "node_filter_query": "",
            "notification": [],
            "option": [],
            "preserve_options_order": null,
            "project_name": "Project1",
            "rank_attribute": "",
            "rank_order": "ascending",
            "retry": "",
            "schedule": "0/30 * * * * * *",
            "schedule_enabled": true,
            "success_on_empty_node_filter": null,
            "time_zone": "",
            "timeout": null
          },
          "sensitive_attributes": [],
          "private": "bnVsbA==",
          "dependencies": [
            "rundeck_project.Project1"
          ]
        },
        {
          "index_key": 75,
          "schema_version": 0,
          "attributes": {
            "allow_concurrent_executions": false,
            "command": [
              {
                "description": "",
                "error_handler": [],
                "inline_script": "",
                "job": [],
                "keep_going_on_success": false,
                "node_step_plugin": [],
                "script_file": "",
                "script_file_args": "",
                "script_interpreter": [],
                "shell_command": "hostname",
                "step_plugin": []
              }
            ],
            "command_ordering_strategy": "node-first",
            "continue_next_node_on_error": false,
            "continue_on_error": false,
            "description": "Restart the service daemons on all the web servers",
            "execution_enabled": true,
            "global_log_filter": [],
            "group_name": "",
            "id": "0083b988-c4f4-432b-8342-82b6aad5c397",
            "log_level": "INFO",
            "max_thread_count": 1,
            "name": "jobP1-75",
            "node_filter_exclude_precedence": false,
            "node_filter_exclude_query": "",
            "node_filter_query": "",
            "notification": [],
            "option": [],
            "preserve_options_order": null,
            "project_name": "Project1",
            "rank_attribute": "",
            "rank_order": "ascending",
            "retry": "",
            "schedule": "0/30 * * * * * *",
            "schedule_enabled": true,
            "success_on_empty_node_filter": null,
            "time_zone": "",
            "timeout": null
          },
          "sensitive_attributes": [],
          "private": "bnVsbA==",
          "dependencies": [
            "rundeck_project.Project1"
          ]
        },
        {
          "index_key": 76,
          "schema_version": 0,
          "attributes": {
            "allow_concurrent_executions": false,
            "command": [
              {
                "description": "",
                "error_handler": [],
                "inline_script": "",
                "job": [],
                "keep_going_on_success": false,
                "node_step_plugin": [],
                "script_file": "",
                "script_file_args": "",
                "script_interpreter": [],
                "shell_command": "hostname",
                "step_plugin": []
              }
            ],
            "command_ordering_strategy": "node-first",
            "continue_next_node_on_error": false,
            "continue_on_error": false,
            "description": "Restart the service daemons on all the web servers",
            "execution_enabled": true,
            "global_log_filter": [],
            "group_name": "",
            "id": "9464634f-c9ca-43c8-b040-5757d9211744",
            "log_level": "INFO",
            "max_thread_count": 1,
            "name": "jobP1-76",
            "node_filter_exclude_precedence": false,
            "node_filter_exclude_query": "",
            "node_filter_query": "",
            "notification": [],
            "option": [],
            "preserve_options_order": null,
            "project_name": "Project1",
            "rank_attribute": "",
            "rank_order": "ascending",
            "retry": "",
            "schedule": "0/30 * * * * * *",
            "schedule_enabled": true,
            "success_on_empty_node_filter": null,
            "time_zone": "",
            "timeout": null
          },
          "sensitive_attributes": [],
          "private": "bnVsbA==",
          "dependencies": [
            "rundeck_project.Project1"
          ]
        },
        {
          "index_key": 77,
          "schema_version": 0,
          "attributes": {
            "allow_concurrent_executions": false,
            "command": [
              {
                "description": "",
                "error_handler": [],
                "inline_script": "",
                "job": [],
                "keep_going_on_success": false,
                "node_step_plugin": [],
                "script_file": "",
                "script_file_args": "",
                "script_interpreter": [],
                "shell_command": "hostname",
                "step_plugin": []
              }
            ],
            "command_ordering_strategy": "node-first",
            "continue_next_node_on_error": false,
            "continue_on_error": false,
            "description": "Restart the service daemons on all the web servers",
            "execution_enabled": true,
            "global_log_filter": [],
            "group_name": "",
            "id": "b285fe3d-e108-4798-a672-cfdb61808a5d",
            "log_level": "INFO",
            "max_thread_count": 1,
            "name": "jobP1-77",
            "node_filter_exclude_precedence": false,
            "node_filter_exclude_query": "",
            "node_filter_query": "",
            "notification": [],
            "option": [],
            "preserve_options_order": null,
            "project_name": "Project1",
            "rank_attribute": "",
            "rank_order": "ascending",
            "retry": "",
            "schedule": "0/30 * * * * * *",
            "schedule_enabled": true,
            "success_on_empty_node_filter": null,
            "time_zone": "",
            "timeout": null
          },
          "sensitive_attributes": [],
          "private": "bnVsbA==",
          "dependencies": [
            "rundeck_project.Project1"
          ]
        },
        {
          "index_key": 78,
          "schema_version": 0,
          "attributes": {
            "allow_concurrent_executions": false,
            "command": [
              {
                "description": "",
                "error_handler": [],
                "inline_script": "",
                "job": [],
                "keep_going_on_success": false,
                "node_step_plugin": [],
                "script_file": "",
                "script_file_args": "",
                "script_interpreter": [],
                "shell_command": "hostname",
                "step_plugin": []
              }
            ],
            "command_ordering_strategy": "node-first",
            "continue_next_node_on_error": false,
            "continue_on_error": false,
            "description": "Restart the service daemons on all the web servers",
            "execution_enabled": true,
            "global_log_filter": [],
            "group_name": "",
            "id": "63f6a5bd-277d-4c8a-ba72-b6377a7cb764",
            "log_level": "INFO",
            "max_thread_count": 1,
            "name": "jobP1-78",
            "node_filter_exclude_precedence": false,
            "node_filter_exclude_query": "",
            "node_filter_query": "",
            "notification": [],
            "option": [],
            "preserve_options_order": null,
            "project_name": "Project1",
            "rank_attribute": "",
            "rank_order": "ascending",
            "retry": "",
            "schedule": "0/30 * * * * * *",
            "schedule_enabled": true,
            "success_on_empty_node_filter": null,
            "time_zone": "",
            "timeout": null
          },
          "sensitive_attributes": [],
          "private": "bnVsbA==",
          "dependencies": [
            "rundeck_project.Project1"
          ]
        },
        {
          "index_key": 79,
          "schema_version": 0,
          "attributes": {
            "allow_concurrent_executions": false,
            "command": [
              {
                "description": "",
                "error_handler": [],
                "inline_script": "",
                "job": [],
                "keep_going_on_success": false,
                "node_step_plugin": [],
                "script_file": "",
                "script_file_args": "",
                "script_interpreter": [],
                "shell_command": "hostname",
                "step_plugin": []
              }
            ],
            "command_ordering_strategy": "node-first",
            "continue_next_node_on_error": false,
            "continue_on_error": false,
            "description": "Restart the service daemons on all the web servers",
            "execution_enabled": true,
            "global_log_filter": [],
            "group_name": "",
            "id": "0cd1bc96-edaf-401e-af1e-8cf0ae3ac118",
            "log_level": "INFO",
            "max_thread_count": 1,
            "name": "jobP1-79",
            "node_filter_exclude_precedence": false,
            "node_filter_exclude_query": "",
            "node_filter_query": "",
            "notification": [],
            "option": [],
            "preserve_options_order": null,
            "project_name": "Project1",
            "rank_attribute": "",
            "rank_order": "ascending",
            "retry": "",
            "schedule": "0/30 * * * * * *",
            "schedule_enabled": true,
            "success_on_empty_node_filter": null,
            "time_zone": "",
            "timeout": null
          },
          "sensitive_attributes": [],
          "private": "bnVsbA==",
          "dependencies": [
            "rundeck_project.Project1"
          ]
        },
        {
          "index_key": 80,
          "schema_version": 0,
          "attributes": {
            "allow_concurrent_executions": false,
            "command": [
              {
                "description": "",
                "error_handler": [],
                "inline_script": "",
                "job": [],
                "keep_going_on_success": false,
                "node_step_plugin": [],
                "script_file": "",
                "script_file_args": "",
                "script_interpreter": [],
                "shell_command": "hostname",
                "step_plugin": []
              }
            ],
            "command_ordering_strategy": "node-first",
            "continue_next_node_on_error": false,
            "continue_on_error": false,
            "description": "Restart the service daemons on all the web servers",
            "execution_enabled": true,
            "global_log_filter": [],
            "group_name": "",
            "id": "a95497a6-8a72-4a53-82fb-68acbc2fe911",
            "log_level": "INFO",
            "max_thread_count": 1,
            "name": "jobP1-80",
            "node_filter_exclude_precedence": false,
            "node_filter_exclude_query": "",
            "node_filter_query": "",
            "notification": [],
            "option": [],
            "preserve_options_order": null,
            "project_name": "Project1",
            "rank_attribute": "",
            "rank_order": "ascending",
            "retry": "",
            "schedule": "0/30 * * * * * *",
            "schedule_enabled": true,
            "success_on_empty_node_filter": null,
            "time_zone": "",
            "timeout": null
          },
          "sensitive_attributes": [],
          "private": "bnVsbA==",
          "dependencies": [
            "rundeck_project.Project1"
          ]
        },
        {
          "index_key": 81,
          "schema_version": 0,
          "attributes": {
            "allow_concurrent_executions": false,
            "command": [
              {
                "description": "",
                "error_handler": [],
                "inline_script": "",
                "job": [],
                "keep_going_on_success": false,
                "node_step_plugin": [],
                "script_file": "",
                "script_file_args": "",
                "script_interpreter": [],
                "shell_command": "hostname",
                "step_plugin": []
              }
            ],
            "command_ordering_strategy": "node-first",
            "continue_next_node_on_error": false,
            "continue_on_error": false,
            "description": "Restart the service daemons on all the web servers",
            "execution_enabled": true,
            "global_log_filter": [],
            "group_name": "",
            "id": "0e934d79-11d4-43ec-adad-26a5716c42fa",
            "log_level": "INFO",
            "max_thread_count": 1,
            "name": "jobP1-81",
            "node_filter_exclude_precedence": false,
            "node_filter_exclude_query": "",
            "node_filter_query": "",
            "notification": [],
            "option": [],
            "preserve_options_order": null,
            "project_name": "Project1",
            "rank_attribute": "",
            "rank_order": "ascending",
            "retry": "",
            "schedule": "0/30 * * * * * *",
            "schedule_enabled": true,
            "success_on_empty_node_filter": null,
            "time_zone": "",
            "timeout": null
          },
          "sensitive_attributes": [],
          "private": "bnVsbA==",
          "dependencies": [
            "rundeck_project.Project1"
          ]
        },
        {
          "index_key": 82,
          "schema_version": 0,
          "attributes": {
            "allow_concurrent_executions": false,
            "command": [
              {
                "description": "",
                "error_handler": [],
                "inline_script": "",
                "job": [],
                "keep_going_on_success": false,
                "node_step_plugin": [],
                "script_file": "",
                "script_file_args": "",
                "script_interpreter": [],
                "shell_command": "hostname",
                "step_plugin": []
              }
            ],
            "command_ordering_strategy": "node-first",
            "continue_next_node_on_error": false,
            "continue_on_error": false,
            "description": "Restart the service daemons on all the web servers",
            "execution_enabled": true,
            "global_log_filter": [],
            "group_name": "",
            "id": "e1e63f4f-f25d-4bc4-aa27-f406d6d75945",
            "log_level": "INFO",
            "max_thread_count": 1,
            "name": "jobP1-82",
            "node_filter_exclude_precedence": false,
            "node_filter_exclude_query": "",
            "node_filter_query": "",
            "notification": [],
            "option": [],
            "preserve_options_order": null,
            "project_name": "Project1",
            "rank_attribute": "",
            "rank_order": "ascending",
            "retry": "",
            "schedule": "0/30 * * * * * *",
            "schedule_enabled": true,
            "success_on_empty_node_filter": null,
            "time_zone": "",
            "timeout": null
          },
          "sensitive_attributes": [],
          "private": "bnVsbA==",
          "dependencies": [
            "rundeck_project.Project1"
          ]
        },
        {
          "index_key": 83,
          "schema_version": 0,
          "attributes": {
            "allow_concurrent_executions": false,
            "command": [
              {
                "description": "",
                "error_handler": [],
                "inline_script": "",
                "job": [],
                "keep_going_on_success": false,
                "node_step_plugin": [],
                "script_file": "",
                "script_file_args": "",
                "script_interpreter": [],
                "shell_command": "hostname",
                "step_plugin": []
              }
            ],
            "command_ordering_strategy": "node-first",
            "continue_next_node_on_error": false,
            "continue_on_error": false,
            "description": "Restart the service daemons on all the web servers",
            "execution_enabled": true,
            "global_log_filter": [],
            "group_name": "",
            "id": "295142f8-5815-46f3-b499-d6415c8cca45",
            "log_level": "INFO",
            "max_thread_count": 1,
            "name": "jobP1-83",
            "node_filter_exclude_precedence": false,
            "node_filter_exclude_query": "",
            "node_filter_query": "",
            "notification": [],
            "option": [],
            "preserve_options_order": null,
            "project_name": "Project1",
            "rank_attribute": "",
            "rank_order": "ascending",
            "retry": "",
            "schedule": "0/30 * * * * * *",
            "schedule_enabled": true,
            "success_on_empty_node_filter": null,
            "time_zone": "",
            "timeout": null
          },
          "sensitive_attributes": [],
          "private": "bnVsbA==",
          "dependencies": [
            "rundeck_project.Project1"
          ]
        },
        {
          "index_key": 84,
          "schema_version": 0,
          "attributes": {
            "allow_concurrent_executions": false,
            "command": [
              {
                "description": "",
                "error_handler": [],
                "inline_script": "",
                "job": [],
                "keep_going_on_success": false,
                "node_step_plugin": [],
                "script_file": "",
                "script_file_args": "",
                "script_interpreter": [],
                "shell_command": "hostname",
                "step_plugin": []
              }
            ],
            "command_ordering_strategy": "node-first",
            "continue_next_node_on_error": false,
            "continue_on_error": false,
            "description": "Restart the service daemons on all the web servers",
            "execution_enabled": true,
            "global_log_filter": [],
            "group_name": "",
            "id": "a9584e78-229a-4ed7-89db-9126f8182f1e",
            "log_level": "INFO",
            "max_thread_count": 1,
            "name": "jobP1-84",
            "node_filter_exclude_precedence": false,
            "node_filter_exclude_query": "",
            "node_filter_query": "",
            "notification": [],
            "option": [],
            "preserve_options_order": null,
            "project_name": "Project1",
            "rank_attribute": "",
            "rank_order": "ascending",
            "retry": "",
            "schedule": "0/30 * * * * * *",
            "schedule_enabled": true,
            "success_on_empty_node_filter": null,
            "time_zone": "",
            "timeout": null
          },
          "sensitive_attributes": [],
          "private": "bnVsbA==",
          "dependencies": [
            "rundeck_project.Project1"
          ]
        },
        {
          "index_key": 85,
          "schema_version": 0,
          "attributes": {
            "allow_concurrent_executions": false,
            "command": [
              {
                "description": "",
                "error_handler": [],
                "inline_script": "",
                "job": [],
                "keep_going_on_success": false,
                "node_step_plugin": [],
                "script_file": "",
                "script_file_args": "",
                "script_interpreter": [],
                "shell_command": "hostname",
                "step_plugin": []
              }
            ],
            "command_ordering_strategy": "node-first",
            "continue_next_node_on_error": false,
            "continue_on_error": false,
            "description": "Restart the service daemons on all the web servers",
            "execution_enabled": true,
            "global_log_filter": [],
            "group_name": "",
            "id": "29aaa4b4-b495-4a33-ac57-c0144e3a7cd2",
            "log_level": "INFO",
            "max_thread_count": 1,
            "name": "jobP1-85",
            "node_filter_exclude_precedence": false,
            "node_filter_exclude_query": "",
            "node_filter_query": "",
            "notification": [],
            "option": [],
            "preserve_options_order": null,
            "project_name": "Project1",
            "rank_attribute": "",
            "rank_order": "ascending",
            "retry": "",
            "schedule": "0/30 * * * * * *",
            "schedule_enabled": true,
            "success_on_empty_node_filter": null,
            "time_zone": "",
            "timeout": null
          },
          "sensitive_attributes": [],
          "private": "bnVsbA==",
          "dependencies": [
            "rundeck_project.Project1"
          ]
        },
        {
          "index_key": 86,
          "schema_version": 0,
          "attributes": {
            "allow_concurrent_executions": false,
            "command": [
              {
                "description": "",
                "error_handler": [],
                "inline_script": "",
                "job": [],
                "keep_going_on_success": false,
                "node_step_plugin": [],
                "script_file": "",
                "script_file_args": "",
                "script_interpreter": [],
                "shell_command": "hostname",
                "step_plugin": []
              }
            ],
            "command_ordering_strategy": "node-first",
            "continue_next_node_on_error": false,
            "continue_on_error": false,
            "description": "Restart the service daemons on all the web servers",
            "execution_enabled": true,
            "global_log_filter": [],
            "group_name": "",
            "id": "9c3f11b1-0c3e-448d-bd46-547a44d6f507",
            "log_level": "INFO",
            "max_thread_count": 1,
            "name": "jobP1-86",
            "node_filter_exclude_precedence": false,
            "node_filter_exclude_query": "",
            "node_filter_query": "",
            "notification": [],
            "option": [],
            "preserve_options_order": null,
            "project_name": "Project1",
            "rank_attribute": "",
            "rank_order": "ascending",
            "retry": "",
            "schedule": "0/30 * * * * * *",
            "schedule_enabled": true,
            "success_on_empty_node_filter": null,
            "time_zone": "",
            "timeout": null
          },
          "sensitive_attributes": [],
          "private": "bnVsbA==",
          "dependencies": [
            "rundeck_project.Project1"
          ]
        },
        {
          "index_key": 87,
          "schema_version": 0,
          "attributes": {
            "allow_concurrent_executions": false,
            "command": [
              {
                "description": "",
                "error_handler": [],
                "inline_script": "",
                "job": [],
                "keep_going_on_success": false,
                "node_step_plugin": [],
                "script_file": "",
                "script_file_args": "",
                "script_interpreter": [],
                "shell_command": "hostname",
                "step_plugin": []
              }
            ],
            "command_ordering_strategy": "node-first",
            "continue_next_node_on_error": false,
            "continue_on_error": false,
            "description": "Restart the service daemons on all the web servers",
            "execution_enabled": true,
            "global_log_filter": [],
            "group_name": "",
            "id": "341d3281-d825-4cca-8c30-d335a7d63d7b",
            "log_level": "INFO",
            "max_thread_count": 1,
            "name": "jobP1-87",
            "node_filter_exclude_precedence": false,
            "node_filter_exclude_query": "",
            "node_filter_query": "",
            "notification": [],
            "option": [],
            "preserve_options_order": null,
            "project_name": "Project1",
            "rank_attribute": "",
            "rank_order": "ascending",
            "retry": "",
            "schedule": "0/30 * * * * * *",
            "schedule_enabled": true,
            "success_on_empty_node_filter": null,
            "time_zone": "",
            "timeout": null
          },
          "sensitive_attributes": [],
          "private": "bnVsbA==",
          "dependencies": [
            "rundeck_project.Project1"
          ]
        },
        {
          "index_key": 88,
          "schema_version": 0,
          "attributes": {
            "allow_concurrent_executions": false,
            "command": [
              {
                "description": "",
                "error_handler": [],
                "inline_script": "",
                "job": [],
                "keep_going_on_success": false,
                "node_step_plugin": [],
                "script_file": "",
                "script_file_args": "",
                "script_interpreter": [],
                "shell_command": "hostname",
                "step_plugin": []
              }
            ],
            "command_ordering_strategy": "node-first",
            "continue_next_node_on_error": false,
            "continue_on_error": false,
            "description": "Restart the service daemons on all the web servers",
            "execution_enabled": true,
            "global_log_filter": [],
            "group_name": "",
            "id": "5b0ac4d9-d7c4-4155-b485-10689d245960",
            "log_level": "INFO",
            "max_thread_count": 1,
            "name": "jobP1-88",
            "node_filter_exclude_precedence": false,
            "node_filter_exclude_query": "",
            "node_filter_query": "",
            "notification": [],
            "option": [],
            "preserve_options_order": null,
            "project_name": "Project1",
            "rank_attribute": "",
            "rank_order": "ascending",
            "retry": "",
            "schedule": "0/30 * * * * * *",
            "schedule_enabled": true,
            "success_on_empty_node_filter": null,
            "time_zone": "",
            "timeout": null
          },
          "sensitive_attributes": [],
          "private": "bnVsbA==",
          "dependencies": [
            "rundeck_project.Project1"
          ]
        },
        {
          "index_key": 89,
          "schema_version": 0,
          "attributes": {
            "allow_concurrent_executions": false,
            "command": [
              {
                "description": "",
                "error_handler": [],
                "inline_script": "",
                "job": [],
                "keep_going_on_success": false,
                "node_step_plugin": [],
                "script_file": "",
                "script_file_args": "",
                "script_interpreter": [],
                "shell_command": "hostname",
                "step_plugin": []
              }
            ],
            "command_ordering_strategy": "node-first",
            "continue_next_node_on_error": false,
            "continue_on_error": false,
            "description": "Restart the service daemons on all the web servers",
            "execution_enabled": true,
            "global_log_filter": [],
            "group_name": "",
            "id": "0a83fe73-1f4a-47cb-a704-70a11d815982",
            "log_level": "INFO",
            "max_thread_count": 1,
            "name": "jobP1-89",
            "node_filter_exclude_precedence": false,
            "node_filter_exclude_query": "",
            "node_filter_query": "",
            "notification": [],
            "option": [],
            "preserve_options_order": null,
            "project_name": "Project1",
            "rank_attribute": "",
            "rank_order": "ascending",
            "retry": "",
            "schedule": "0/30 * * * * * *",
            "schedule_enabled": true,
            "success_on_empty_node_filter": null,
            "time_zone": "",
            "timeout": null
          },
          "sensitive_attributes": [],
          "private": "bnVsbA==",
          "dependencies": [
            "rundeck_project.Project1"
          ]
        },
        {
          "index_key": 90,
          "schema_version": 0,
          "attributes": {
            "allow_concurrent_executions": false,
            "command": [
              {
                "description": "",
                "error_handler": [],
                "inline_script": "",
                "job": [],
                "keep_going_on_success": false,
                "node_step_plugin": [],
                "script_file": "",
                "script_file_args": "",
                "script_interpreter": [],
                "shell_command": "hostname",
                "step_plugin": []
              }
            ],
            "command_ordering_strategy": "node-first",
            "continue_next_node_on_error": false,
            "continue_on_error": false,
            "description": "Restart the service daemons on all the web servers",
            "execution_enabled": true,
            "global_log_filter": [],
            "group_name": "",
            "id": "735f5e4a-829f-4783-b72b-de343a4cc768",
            "log_level": "INFO",
            "max_thread_count": 1,
            "name": "jobP1-90",
            "node_filter_exclude_precedence": false,
            "node_filter_exclude_query": "",
            "node_filter_query": "",
            "notification": [],
            "option": [],
            "preserve_options_order": null,
            "project_name": "Project1",
            "rank_attribute": "",
            "rank_order": "ascending",
            "retry": "",
            "schedule": "0/30 * * * * * *",
            "schedule_enabled": true,
            "success_on_empty_node_filter": null,
            "time_zone": "",
            "timeout": null
          },
          "sensitive_attributes": [],
          "private": "bnVsbA==",
          "dependencies": [
            "rundeck_project.Project1"
          ]
        },
        {
          "index_key": 91,
          "schema_version": 0,
          "attributes": {
            "allow_concurrent_executions": false,
            "command": [
              {
                "description": "",
                "error_handler": [],
                "inline_script": "",
                "job": [],
                "keep_going_on_success": false,
                "node_step_plugin": [],
                "script_file": "",
                "script_file_args": "",
                "script_interpreter": [],
                "shell_command": "hostname",
                "step_plugin": []
              }
            ],
            "command_ordering_strategy": "node-first",
            "continue_next_node_on_error": false,
            "continue_on_error": false,
            "description": "Restart the service daemons on all the web servers",
            "execution_enabled": true,
            "global_log_filter": [],
            "group_name": "",
            "id": "e4eb4fa7-336d-429e-9e98-aebdbce39305",
            "log_level": "INFO",
            "max_thread_count": 1,
            "name": "jobP1-91",
            "node_filter_exclude_precedence": false,
            "node_filter_exclude_query": "",
            "node_filter_query": "",
            "notification": [],
            "option": [],
            "preserve_options_order": null,
            "project_name": "Project1",
            "rank_attribute": "",
            "rank_order": "ascending",
            "retry": "",
            "schedule": "0/30 * * * * * *",
            "schedule_enabled": true,
            "success_on_empty_node_filter": null,
            "time_zone": "",
            "timeout": null
          },
          "sensitive_attributes": [],
          "private": "bnVsbA==",
          "dependencies": [
            "rundeck_project.Project1"
          ]
        },
        {
          "index_key": 92,
          "schema_version": 0,
          "attributes": {
            "allow_concurrent_executions": false,
            "command": [
              {
                "description": "",
                "error_handler": [],
                "inline_script": "",
                "job": [],
                "keep_going_on_success": false,
                "node_step_plugin": [],
                "script_file": "",
                "script_file_args": "",
                "script_interpreter": [],
                "shell_command": "hostname",
                "step_plugin": []
              }
            ],
            "command_ordering_strategy": "node-first",
            "continue_next_node_on_error": false,
            "continue_on_error": false,
            "description": "Restart the service daemons on all the web servers",
            "execution_enabled": true,
            "global_log_filter": [],
            "group_name": "",
            "id": "2b8c7c66-b260-46c7-80a2-21bb5e27bd3f",
            "log_level": "INFO",
            "max_thread_count": 1,
            "name": "jobP1-92",
            "node_filter_exclude_precedence": false,
            "node_filter_exclude_query": "",
            "node_filter_query": "",
            "notification": [],
            "option": [],
            "preserve_options_order": null,
            "project_name": "Project1",
            "rank_attribute": "",
            "rank_order": "ascending",
            "retry": "",
            "schedule": "0/30 * * * * * *",
            "schedule_enabled": true,
            "success_on_empty_node_filter": null,
            "time_zone": "",
            "timeout": null
          },
          "sensitive_attributes": [],
          "private": "bnVsbA==",
          "dependencies": [
            "rundeck_project.Project1"
          ]
        },
        {
          "index_key": 93,
          "schema_version": 0,
          "attributes": {
            "allow_concurrent_executions": false,
            "command": [
              {
                "description": "",
                "error_handler": [],
                "inline_script": "",
                "job": [],
                "keep_going_on_success": false,
                "node_step_plugin": [],
                "script_file": "",
                "script_file_args": "",
                "script_interpreter": [],
                "shell_command": "hostname",
                "step_plugin": []
              }
            ],
            "command_ordering_strategy": "node-first",
            "continue_next_node_on_error": false,
            "continue_on_error": false,
            "description": "Restart the service daemons on all the web servers",
            "execution_enabled": true,
            "global_log_filter": [],
            "group_name": "",
            "id": "e005e879-664d-4ed7-8b3e-2f6ec1e756a3",
            "log_level": "INFO",
            "max_thread_count": 1,
            "name": "jobP1-93",
            "node_filter_exclude_precedence": false,
            "node_filter_exclude_query": "",
            "node_filter_query": "",
            "notification": [],
            "option": [],
            "preserve_options_order": null,
            "project_name": "Project1",
            "rank_attribute": "",
            "rank_order": "ascending",
            "retry": "",
            "schedule": "0/30 * * * * * *",
            "schedule_enabled": true,
            "success_on_empty_node_filter": null,
            "time_zone": "",
            "timeout": null
          },
          "sensitive_attributes": [],
          "private": "bnVsbA==",
          "dependencies": [
            "rundeck_project.Project1"
          ]
        },
        {
          "index_key": 94,
          "schema_version": 0,
          "attributes": {
            "allow_concurrent_executions": false,
            "command": [
              {
                "description": "",
                "error_handler": [],
                "inline_script": "",
                "job": [],
                "keep_going_on_success": false,
                "node_step_plugin": [],
                "script_file": "",
                "script_file_args": "",
                "script_interpreter": [],
                "shell_command": "hostname",
                "step_plugin": []
              }
            ],
            "command_ordering_strategy": "node-first",
            "continue_next_node_on_error": false,
            "continue_on_error": false,
            "description": "Restart the service daemons on all the web servers",
            "execution_enabled": true,
            "global_log_filter": [],
            "group_name": "",
            "id": "fff679d6-38b9-47d9-8bb5-dce32fe0d353",
            "log_level": "INFO",
            "max_thread_count": 1,
            "name": "jobP1-94",
            "node_filter_exclude_precedence": false,
            "node_filter_exclude_query": "",
            "node_filter_query": "",
            "notification": [],
            "option": [],
            "preserve_options_order": null,
            "project_name": "Project1",
            "rank_attribute": "",
            "rank_order": "ascending",
            "retry": "",
            "schedule": "0/30 * * * * * *",
            "schedule_enabled": true,
            "success_on_empty_node_filter": null,
            "time_zone": "",
            "timeout": null
          },
          "sensitive_attributes": [],
          "private": "bnVsbA==",
          "dependencies": [
            "rundeck_project.Project1"
          ]
        },
        {
          "index_key": 95,
          "schema_version": 0,
          "attributes": {
            "allow_concurrent_executions": false,
            "command": [
              {
                "description": "",
                "error_handler": [],
                "inline_script": "",
                "job": [],
                "keep_going_on_success": false,
                "node_step_plugin": [],
                "script_file": "",
                "script_file_args": "",
                "script_interpreter": [],
                "shell_command": "hostname",
                "step_plugin": []
              }
            ],
            "command_ordering_strategy": "node-first",
            "continue_next_node_on_error": false,
            "continue_on_error": false,
            "description": "Restart the service daemons on all the web servers",
            "execution_enabled": true,
            "global_log_filter": [],
            "group_name": "",
            "id": "cdd94fd3-5479-4e79-901a-cfd56c1afc16",
            "log_level": "INFO",
            "max_thread_count": 1,
            "name": "jobP1-95",
            "node_filter_exclude_precedence": false,
            "node_filter_exclude_query": "",
            "node_filter_query": "",
            "notification": [],
            "option": [],
            "preserve_options_order": null,
            "project_name": "Project1",
            "rank_attribute": "",
            "rank_order": "ascending",
            "retry": "",
            "schedule": "0/30 * * * * * *",
            "schedule_enabled": true,
            "success_on_empty_node_filter": null,
            "time_zone": "",
            "timeout": null
          },
          "sensitive_attributes": [],
          "private": "bnVsbA==",
          "dependencies": [
            "rundeck_project.Project1"
          ]
        },
        {
          "index_key": 96,
          "schema_version": 0,
          "attributes": {
            "allow_concurrent_executions": false,
            "command": [
              {
                "description": "",
                "error_handler": [],
                "inline_script": "",
                "job": [],
                "keep_going_on_success": false,
                "node_step_plugin": [],
                "script_file": "",
                "script_file_args": "",
                "script_interpreter": [],
                "shell_command": "hostname",
                "step_plugin": []
              }
            ],
            "command_ordering_strategy": "node-first",
            "continue_next_node_on_error": false,
            "continue_on_error": false,
            "description": "Restart the service daemons on all the web servers",
            "execution_enabled": true,
            "global_log_filter": [],
            "group_name": "",
            "id": "1d939724-594b-457b-ac30-19be775ab647",
            "log_level": "INFO",
            "max_thread_count": 1,
            "name": "jobP1-96",
            "node_filter_exclude_precedence": false,
            "node_filter_exclude_query": "",
            "node_filter_query": "",
            "notification": [],
            "option": [],
            "preserve_options_order": null,
            "project_name": "Project1",
            "rank_attribute": "",
            "rank_order": "ascending",
            "retry": "",
            "schedule": "0/30 * * * * * *",
            "schedule_enabled": true,
            "success_on_empty_node_filter": null,
            "time_zone": "",
            "timeout": null
          },
          "sensitive_attributes": [],
          "private": "bnVsbA==",
          "dependencies": [
            "rundeck_project.Project1"
          ]
        },
        {
          "index_key": 97,
          "schema_version": 0,
          "attributes": {
            "allow_concurrent_executions": false,
            "command": [
              {
                "description": "",
                "error_handler": [],
                "inline_script": "",
                "job": [],
                "keep_going_on_success": false,
                "node_step_plugin": [],
                "script_file": "",
                "script_file_args": "",
                "script_interpreter": [],
                "shell_command": "hostname",
                "step_plugin": []
              }
            ],
            "command_ordering_strategy": "node-first",
            "continue_next_node_on_error": false,
            "continue_on_error": false,
            "description": "Restart the service daemons on all the web servers",
            "execution_enabled": true,
            "global_log_filter": [],
            "group_name": "",
            "id": "69fbfe0a-e187-41bb-b300-d7842a083dfc",
            "log_level": "INFO",
            "max_thread_count": 1,
            "name": "jobP1-97",
            "node_filter_exclude_precedence": false,
            "node_filter_exclude_query": "",
            "node_filter_query": "",
            "notification": [],
            "option": [],
            "preserve_options_order": null,
            "project_name": "Project1",
            "rank_attribute": "",
            "rank_order": "ascending",
            "retry": "",
            "schedule": "0/30 * * * * * *",
            "schedule_enabled": true,
            "success_on_empty_node_filter": null,
            "time_zone": "",
            "timeout": null
          },
          "sensitive_attributes": [],
          "private": "bnVsbA==",
          "dependencies": [
            "rundeck_project.Project1"
          ]
        },
        {
          "index_key": 98,
          "schema_version": 0,
          "attributes": {
            "allow_concurrent_executions": false,
            "command": [
              {
                "description": "",
                "error_handler": [],
                "inline_script": "",
                "job": [],
                "keep_going_on_success": false,
                "node_step_plugin": [],
                "script_file": "",
                "script_file_args": "",
                "script_interpreter": [],
                "shell_command": "hostname",
                "step_plugin": []
              }
            ],
            "command_ordering_strategy": "node-first",
            "continue_next_node_on_error": false,
            "continue_on_error": false,
            "description": "Restart the service daemons on all the web servers",
            "execution_enabled": true,
            "global_log_filter": [],
            "group_name": "",
            "id": "82fcf5e2-f1ed-4939-be80-44ca144de644",
            "log_level": "INFO",
            "max_thread_count": 1,
            "name": "jobP1-98",
            "node_filter_exclude_precedence": false,
            "node_filter_exclude_query": "",
            "node_filter_query": "",
            "notification": [],
            "option": [],
            "preserve_options_order": null,
            "project_name": "Project1",
            "rank_attribute": "",
            "rank_order": "ascending",
            "retry": "",
            "schedule": "0/30 * * * * * *",
            "schedule_enabled": true,
            "success_on_empty_node_filter": null,
            "time_zone": "",
            "timeout": null
          },
          "sensitive_attributes": [],
          "private": "bnVsbA==",
          "dependencies": [
            "rundeck_project.Project1"
          ]
        },
        {
          "index_key": 99,
          "schema_version": 0,
          "attributes": {
            "allow_concurrent_executions": false,
            "command": [
              {
                "description": "",
                "error_handler": [],
                "inline_script": "",
                "job": [],
                "keep_going_on_success": false,
                "node_step_plugin": [],
                "script_file": "",
                "script_file_args": "",
                "script_interpreter": [],
                "shell_command": "hostname",
                "step_plugin": []
              }
            ],
            "command_ordering_strategy": "node-first",
            "continue_next_node_on_error": false,
            "continue_on_error": false,
            "description": "Restart the service daemons on all the web servers",
            "execution_enabled": true,
            "global_log_filter": [],
            "group_name": "",
            "id": "a2596c6a-ecc3-42e3-8e78-b4d4d7cc7c5c",
            "log_level": "INFO",
            "max_thread_count": 1,
            "name": "jobP1-99",
            "node_filter_exclude_precedence": false,
            "node_filter_exclude_query": "",
            "node_filter_query": "",
            "notification": [],
            "option": [],
            "preserve_options_order": null,
            "project_name": "Project1",
            "rank_attribute": "",
            "rank_order": "ascending",
            "retry": "",
            "schedule": "0/30 * * * * * *",
            "schedule_enabled": true,
            "success_on_empty_node_filter": null,
            "time_zone": "",
            "timeout": null
          },
          "sensitive_attributes": [],
          "private": "bnVsbA==",
          "dependencies": [
            "rundeck_project.Project1"
          ]
        }
      ]
    },
    {
      "mode": "managed",
      "type": "rundeck_job",
      "name": "jobP2",
      "provider": "provider[\"registry.terraform.io/rundeck/rundeck\"]",
      "instances": [
        {
          "index_key": 0,
          "schema_version": 0,
          "attributes": {
            "allow_concurrent_executions": false,
            "command": [
              {
                "description": "",
                "error_handler": [],
                "inline_script": "",
                "job": [],
                "keep_going_on_success": false,
                "node_step_plugin": [],
                "script_file": "",
                "script_file_args": "",
                "script_interpreter": [],
                "shell_command": "hostname",
                "step_plugin": []
              }
            ],
            "command_ordering_strategy": "node-first",
            "continue_next_node_on_error": false,
            "continue_on_error": false,
            "description": "Restart the service daemons on all the web servers",
            "execution_enabled": true,
            "global_log_filter": [],
            "group_name": "",
            "id": "ff51590a-6780-4c3d-a6c1-1607aa38f701",
            "log_level": "INFO",
            "max_thread_count": 1,
            "name": "jobP2-0",
            "node_filter_exclude_precedence": false,
            "node_filter_exclude_query": "",
            "node_filter_query": "",
            "notification": [],
            "option": [],
            "preserve_options_order": null,
            "project_name": "Project2",
            "rank_attribute": "",
            "rank_order": "ascending",
            "retry": "",
            "schedule": "0/30 * * * * * *",
            "schedule_enabled": true,
            "success_on_empty_node_filter": null,
            "time_zone": "",
            "timeout": null
          },
          "sensitive_attributes": [],
          "private": "bnVsbA==",
          "dependencies": [
            "rundeck_project.Project2"
          ]
        },
        {
          "index_key": 1,
          "schema_version": 0,
          "attributes": {
            "allow_concurrent_executions": false,
            "command": [
              {
                "description": "",
                "error_handler": [],
                "inline_script": "",
                "job": [],
                "keep_going_on_success": false,
                "node_step_plugin": [],
                "script_file": "",
                "script_file_args": "",
                "script_interpreter": [],
                "shell_command": "hostname",
                "step_plugin": []
              }
            ],
            "command_ordering_strategy": "node-first",
            "continue_next_node_on_error": false,
            "continue_on_error": false,
            "description": "Restart the service daemons on all the web servers",
            "execution_enabled": true,
            "global_log_filter": [],
            "group_name": "",
            "id": "be336859-3561-49e5-9425-6bc7b2008294",
            "log_level": "INFO",
            "max_thread_count": 1,
            "name": "jobP2-1",
            "node_filter_exclude_precedence": false,
            "node_filter_exclude_query": "",
            "node_filter_query": "",
            "notification": [],
            "option": [],
            "preserve_options_order": null,
            "project_name": "Project2",
            "rank_attribute": "",
            "rank_order": "ascending",
            "retry": "",
            "schedule": "0/30 * * * * * *",
            "schedule_enabled": true,
            "success_on_empty_node_filter": null,
            "time_zone": "",
            "timeout": null
          },
          "sensitive_attributes": [],
          "private": "bnVsbA==",
          "dependencies": [
            "rundeck_project.Project2"
          ]
        },
        {
          "index_key": 2,
          "schema_version": 0,
          "attributes": {
            "allow_concurrent_executions": false,
            "command": [
              {
                "description": "",
                "error_handler": [],
                "inline_script": "",
                "job": [],
                "keep_going_on_success": false,
                "node_step_plugin": [],
                "script_file": "",
                "script_file_args": "",
                "script_interpreter": [],
                "shell_command": "hostname",
                "step_plugin": []
              }
            ],
            "command_ordering_strategy": "node-first",
            "continue_next_node_on_error": false,
            "continue_on_error": false,
            "description": "Restart the service daemons on all the web servers",
            "execution_enabled": true,
            "global_log_filter": [],
            "group_name": "",
            "id": "145b4f3e-27fc-4b6d-bd13-111c28f17206",
            "log_level": "INFO",
            "max_thread_count": 1,
            "name": "jobP2-2",
            "node_filter_exclude_precedence": false,
            "node_filter_exclude_query": "",
            "node_filter_query": "",
            "notification": [],
            "option": [],
            "preserve_options_order": null,
            "project_name": "Project2",
            "rank_attribute": "",
            "rank_order": "ascending",
            "retry": "",
            "schedule": "0/30 * * * * * *",
            "schedule_enabled": true,
            "success_on_empty_node_filter": null,
            "time_zone": "",
            "timeout": null
          },
          "sensitive_attributes": [],
          "private": "bnVsbA==",
          "dependencies": [
            "rundeck_project.Project2"
          ]
        },
        {
          "index_key": 3,
          "schema_version": 0,
          "attributes": {
            "allow_concurrent_executions": false,
            "command": [
              {
                "description": "",
                "error_handler": [],
                "inline_script": "",
                "job": [],
                "keep_going_on_success": false,
                "node_step_plugin": [],
                "script_file": "",
                "script_file_args": "",
                "script_interpreter": [],
                "shell_command": "hostname",
                "step_plugin": []
              }
            ],
            "command_ordering_strategy": "node-first",
            "continue_next_node_on_error": false,
            "continue_on_error": false,
            "description": "Restart the service daemons on all the web servers",
            "execution_enabled": true,
            "global_log_filter": [],
            "group_name": "",
            "id": "1c694c87-ff48-4892-855c-e11c808050d6",
            "log_level": "INFO",
            "max_thread_count": 1,
            "name": "jobP2-3",
            "node_filter_exclude_precedence": false,
            "node_filter_exclude_query": "",
            "node_filter_query": "",
            "notification": [],
            "option": [],
            "preserve_options_order": null,
            "project_name": "Project2",
            "rank_attribute": "",
            "rank_order": "ascending",
            "retry": "",
            "schedule": "0/30 * * * * * *",
            "schedule_enabled": true,
            "success_on_empty_node_filter": null,
            "time_zone": "",
            "timeout": null
          },
          "sensitive_attributes": [],
          "private": "bnVsbA==",
          "dependencies": [
            "rundeck_project.Project2"
          ]
        },
        {
          "index_key": 4,
          "schema_version": 0,
          "attributes": {
            "allow_concurrent_executions": false,
            "command": [
              {
                "description": "",
                "error_handler": [],
                "inline_script": "",
                "job": [],
                "keep_going_on_success": false,
                "node_step_plugin": [],
                "script_file": "",
                "script_file_args": "",
                "script_interpreter": [],
                "shell_command": "hostname",
                "step_plugin": []
              }
            ],
            "command_ordering_strategy": "node-first",
            "continue_next_node_on_error": false,
            "continue_on_error": false,
            "description": "Restart the service daemons on all the web servers",
            "execution_enabled": true,
            "global_log_filter": [],
            "group_name": "",
            "id": "735b808d-18fc-4342-a0df-6324002e78ae",
            "log_level": "INFO",
            "max_thread_count": 1,
            "name": "jobP2-4",
            "node_filter_exclude_precedence": false,
            "node_filter_exclude_query": "",
            "node_filter_query": "",
            "notification": [],
            "option": [],
            "preserve_options_order": null,
            "project_name": "Project2",
            "rank_attribute": "",
            "rank_order": "ascending",
            "retry": "",
            "schedule": "0/30 * * * * * *",
            "schedule_enabled": true,
            "success_on_empty_node_filter": null,
            "time_zone": "",
            "timeout": null
          },
          "sensitive_attributes": [],
          "private": "bnVsbA==",
          "dependencies": [
            "rundeck_project.Project2"
          ]
        },
        {
          "index_key": 5,
          "schema_version": 0,
          "attributes": {
            "allow_concurrent_executions": false,
            "command": [
              {
                "description": "",
                "error_handler": [],
                "inline_script": "",
                "job": [],
                "keep_going_on_success": false,
                "node_step_plugin": [],
                "script_file": "",
                "script_file_args": "",
                "script_interpreter": [],
                "shell_command": "hostname",
                "step_plugin": []
              }
            ],
            "command_ordering_strategy": "node-first",
            "continue_next_node_on_error": false,
            "continue_on_error": false,
            "description": "Restart the service daemons on all the web servers",
            "execution_enabled": true,
            "global_log_filter": [],
            "group_name": "",
            "id": "bdc5207d-f6ff-4d4e-a5a8-dc80b2bd42b9",
            "log_level": "INFO",
            "max_thread_count": 1,
            "name": "jobP2-5",
            "node_filter_exclude_precedence": false,
            "node_filter_exclude_query": "",
            "node_filter_query": "",
            "notification": [],
            "option": [],
            "preserve_options_order": null,
            "project_name": "Project2",
            "rank_attribute": "",
            "rank_order": "ascending",
            "retry": "",
            "schedule": "0/30 * * * * * *",
            "schedule_enabled": true,
            "success_on_empty_node_filter": null,
            "time_zone": "",
            "timeout": null
          },
          "sensitive_attributes": [],
          "private": "bnVsbA==",
          "dependencies": [
            "rundeck_project.Project2"
          ]
        },
        {
          "index_key": 6,
          "schema_version": 0,
          "attributes": {
            "allow_concurrent_executions": false,
            "command": [
              {
                "description": "",
                "error_handler": [],
                "inline_script": "",
                "job": [],
                "keep_going_on_success": false,
                "node_step_plugin": [],
                "script_file": "",
                "script_file_args": "",
                "script_interpreter": [],
                "shell_command": "hostname",
                "step_plugin": []
              }
            ],
            "command_ordering_strategy": "node-first",
            "continue_next_node_on_error": false,
            "continue_on_error": false,
            "description": "Restart the service daemons on all the web servers",
            "execution_enabled": true,
            "global_log_filter": [],
            "group_name": "",
            "id": "fb1a5573-ddda-411c-81d1-9a8cd979cd0a",
            "log_level": "INFO",
            "max_thread_count": 1,
            "name": "jobP2-6",
            "node_filter_exclude_precedence": false,
            "node_filter_exclude_query": "",
            "node_filter_query": "",
            "notification": [],
            "option": [],
            "preserve_options_order": null,
            "project_name": "Project2",
            "rank_attribute": "",
            "rank_order": "ascending",
            "retry": "",
            "schedule": "0/30 * * * * * *",
            "schedule_enabled": true,
            "success_on_empty_node_filter": null,
            "time_zone": "",
            "timeout": null
          },
          "sensitive_attributes": [],
          "private": "bnVsbA==",
          "dependencies": [
            "rundeck_project.Project2"
          ]
        },
        {
          "index_key": 7,
          "schema_version": 0,
          "attributes": {
            "allow_concurrent_executions": false,
            "command": [
              {
                "description": "",
                "error_handler": [],
                "inline_script": "",
                "job": [],
                "keep_going_on_success": false,
                "node_step_plugin": [],
                "script_file": "",
                "script_file_args": "",
                "script_interpreter": [],
                "shell_command": "hostname",
                "step_plugin": []
              }
            ],
            "command_ordering_strategy": "node-first",
            "continue_next_node_on_error": false,
            "continue_on_error": false,
            "description": "Restart the service daemons on all the web servers",
            "execution_enabled": true,
            "global_log_filter": [],
            "group_name": "",
            "id": "f9cef5f9-323d-4201-9b93-265e22bc9194",
            "log_level": "INFO",
            "max_thread_count": 1,
            "name": "jobP2-7",
            "node_filter_exclude_precedence": false,
            "node_filter_exclude_query": "",
            "node_filter_query": "",
            "notification": [],
            "option": [],
            "preserve_options_order": null,
            "project_name": "Project2",
            "rank_attribute": "",
            "rank_order": "ascending",
            "retry": "",
            "schedule": "0/30 * * * * * *",
            "schedule_enabled": true,
            "success_on_empty_node_filter": null,
            "time_zone": "",
            "timeout": null
          },
          "sensitive_attributes": [],
          "private": "bnVsbA==",
          "dependencies": [
            "rundeck_project.Project2"
          ]
        },
        {
          "index_key": 8,
          "schema_version": 0,
          "attributes": {
            "allow_concurrent_executions": false,
            "command": [
              {
                "description": "",
                "error_handler": [],
                "inline_script": "",
                "job": [],
                "keep_going_on_success": false,
                "node_step_plugin": [],
                "script_file": "",
                "script_file_args": "",
                "script_interpreter": [],
                "shell_command": "hostname",
                "step_plugin": []
              }
            ],
            "command_ordering_strategy": "node-first",
            "continue_next_node_on_error": false,
            "continue_on_error": false,
            "description": "Restart the service daemons on all the web servers",
            "execution_enabled": true,
            "global_log_filter": [],
            "group_name": "",
            "id": "05b04d5c-e580-4a9d-9e93-315eb20c5384",
            "log_level": "INFO",
            "max_thread_count": 1,
            "name": "jobP2-8",
            "node_filter_exclude_precedence": false,
            "node_filter_exclude_query": "",
            "node_filter_query": "",
            "notification": [],
            "option": [],
            "preserve_options_order": null,
            "project_name": "Project2",
            "rank_attribute": "",
            "rank_order": "ascending",
            "retry": "",
            "schedule": "0/30 * * * * * *",
            "schedule_enabled": true,
            "success_on_empty_node_filter": null,
            "time_zone": "",
            "timeout": null
          },
          "sensitive_attributes": [],
          "private": "bnVsbA==",
          "dependencies": [
            "rundeck_project.Project2"
          ]
        },
        {
          "index_key": 9,
          "schema_version": 0,
          "attributes": {
            "allow_concurrent_executions": false,
            "command": [
              {
                "description": "",
                "error_handler": [],
                "inline_script": "",
                "job": [],
                "keep_going_on_success": false,
                "node_step_plugin": [],
                "script_file": "",
                "script_file_args": "",
                "script_interpreter": [],
                "shell_command": "hostname",
                "step_plugin": []
              }
            ],
            "command_ordering_strategy": "node-first",
            "continue_next_node_on_error": false,
            "continue_on_error": false,
            "description": "Restart the service daemons on all the web servers",
            "execution_enabled": true,
            "global_log_filter": [],
            "group_name": "",
            "id": "a3564842-a31a-4193-9917-28b5f890cba1",
            "log_level": "INFO",
            "max_thread_count": 1,
            "name": "jobP2-9",
            "node_filter_exclude_precedence": false,
            "node_filter_exclude_query": "",
            "node_filter_query": "",
            "notification": [],
            "option": [],
            "preserve_options_order": null,
            "project_name": "Project2",
            "rank_attribute": "",
            "rank_order": "ascending",
            "retry": "",
            "schedule": "0/30 * * * * * *",
            "schedule_enabled": true,
            "success_on_empty_node_filter": null,
            "time_zone": "",
            "timeout": null
          },
          "sensitive_attributes": [],
          "private": "bnVsbA==",
          "dependencies": [
            "rundeck_project.Project2"
          ]
        },
        {
          "index_key": 10,
          "schema_version": 0,
          "attributes": {
            "allow_concurrent_executions": false,
            "command": [
              {
                "description": "",
                "error_handler": [],
                "inline_script": "",
                "job": [],
                "keep_going_on_success": false,
                "node_step_plugin": [],
                "script_file": "",
                "script_file_args": "",
                "script_interpreter": [],
                "shell_command": "hostname",
                "step_plugin": []
              }
            ],
            "command_ordering_strategy": "node-first",
            "continue_next_node_on_error": false,
            "continue_on_error": false,
            "description": "Restart the service daemons on all the web servers",
            "execution_enabled": true,
            "global_log_filter": [],
            "group_name": "",
            "id": "be99d671-cf70-4e29-8044-3e3e80c1db59",
            "log_level": "INFO",
            "max_thread_count": 1,
            "name": "jobP2-10",
            "node_filter_exclude_precedence": false,
            "node_filter_exclude_query": "",
            "node_filter_query": "",
            "notification": [],
            "option": [],
            "preserve_options_order": null,
            "project_name": "Project2",
            "rank_attribute": "",
            "rank_order": "ascending",
            "retry": "",
            "schedule": "0/30 * * * * * *",
            "schedule_enabled": true,
            "success_on_empty_node_filter": null,
            "time_zone": "",
            "timeout": null
          },
          "sensitive_attributes": [],
          "private": "bnVsbA==",
          "dependencies": [
            "rundeck_project.Project2"
          ]
        },
        {
          "index_key": 11,
          "schema_version": 0,
          "attributes": {
            "allow_concurrent_executions": false,
            "command": [
              {
                "description": "",
                "error_handler": [],
                "inline_script": "",
                "job": [],
                "keep_going_on_success": false,
                "node_step_plugin": [],
                "script_file": "",
                "script_file_args": "",
                "script_interpreter": [],
                "shell_command": "hostname",
                "step_plugin": []
              }
            ],
            "command_ordering_strategy": "node-first",
            "continue_next_node_on_error": false,
            "continue_on_error": false,
            "description": "Restart the service daemons on all the web servers",
            "execution_enabled": true,
            "global_log_filter": [],
            "group_name": "",
            "id": "11c776e5-9da2-495d-b11d-25bda3d0cc1e",
            "log_level": "INFO",
            "max_thread_count": 1,
            "name": "jobP2-11",
            "node_filter_exclude_precedence": false,
            "node_filter_exclude_query": "",
            "node_filter_query": "",
            "notification": [],
            "option": [],
            "preserve_options_order": null,
            "project_name": "Project2",
            "rank_attribute": "",
            "rank_order": "ascending",
            "retry": "",
            "schedule": "0/30 * * * * * *",
            "schedule_enabled": true,
            "success_on_empty_node_filter": null,
            "time_zone": "",
            "timeout": null
          },
          "sensitive_attributes": [],
          "private": "bnVsbA==",
          "dependencies": [
            "rundeck_project.Project2"
          ]
        },
        {
          "index_key": 12,
          "schema_version": 0,
          "attributes": {
            "allow_concurrent_executions": false,
            "command": [
              {
                "description": "",
                "error_handler": [],
                "inline_script": "",
                "job": [],
                "keep_going_on_success": false,
                "node_step_plugin": [],
                "script_file": "",
                "script_file_args": "",
                "script_interpreter": [],
                "shell_command": "hostname",
                "step_plugin": []
              }
            ],
            "command_ordering_strategy": "node-first",
            "continue_next_node_on_error": false,
            "continue_on_error": false,
            "description": "Restart the service daemons on all the web servers",
            "execution_enabled": true,
            "global_log_filter": [],
            "group_name": "",
            "id": "682a601a-71cc-431f-ab4f-a7f8f917b778",
            "log_level": "INFO",
            "max_thread_count": 1,
            "name": "jobP2-12",
            "node_filter_exclude_precedence": false,
            "node_filter_exclude_query": "",
            "node_filter_query": "",
            "notification": [],
            "option": [],
            "preserve_options_order": null,
            "project_name": "Project2",
            "rank_attribute": "",
            "rank_order": "ascending",
            "retry": "",
            "schedule": "0/30 * * * * * *",
            "schedule_enabled": true,
            "success_on_empty_node_filter": null,
            "time_zone": "",
            "timeout": null
          },
          "sensitive_attributes": [],
          "private": "bnVsbA==",
          "dependencies": [
            "rundeck_project.Project2"
          ]
        },
        {
          "index_key": 13,
          "schema_version": 0,
          "attributes": {
            "allow_concurrent_executions": false,
            "command": [
              {
                "description": "",
                "error_handler": [],
                "inline_script": "",
                "job": [],
                "keep_going_on_success": false,
                "node_step_plugin": [],
                "script_file": "",
                "script_file_args": "",
                "script_interpreter": [],
                "shell_command": "hostname",
                "step_plugin": []
              }
            ],
            "command_ordering_strategy": "node-first",
            "continue_next_node_on_error": false,
            "continue_on_error": false,
            "description": "Restart the service daemons on all the web servers",
            "execution_enabled": true,
            "global_log_filter": [],
            "group_name": "",
            "id": "9d938079-5fc3-41e1-8e7d-8f7dd34f4fb8",
            "log_level": "INFO",
            "max_thread_count": 1,
            "name": "jobP2-13",
            "node_filter_exclude_precedence": false,
            "node_filter_exclude_query": "",
            "node_filter_query": "",
            "notification": [],
            "option": [],
            "preserve_options_order": null,
            "project_name": "Project2",
            "rank_attribute": "",
            "rank_order": "ascending",
            "retry": "",
            "schedule": "0/30 * * * * * *",
            "schedule_enabled": true,
            "success_on_empty_node_filter": null,
            "time_zone": "",
            "timeout": null
          },
          "sensitive_attributes": [],
          "private": "bnVsbA==",
          "dependencies": [
            "rundeck_project.Project2"
          ]
        },
        {
          "index_key": 14,
          "schema_version": 0,
          "attributes": {
            "allow_concurrent_executions": false,
            "command": [
              {
                "description": "",
                "error_handler": [],
                "inline_script": "",
                "job": [],
                "keep_going_on_success": false,
                "node_step_plugin": [],
                "script_file": "",
                "script_file_args": "",
                "script_interpreter": [],
                "shell_command": "hostname",
                "step_plugin": []
              }
            ],
            "command_ordering_strategy": "node-first",
            "continue_next_node_on_error": false,
            "continue_on_error": false,
            "description": "Restart the service daemons on all the web servers",
            "execution_enabled": true,
            "global_log_filter": [],
            "group_name": "",
            "id": "1cfab1d5-d26c-415b-9994-b9ec9cb54fea",
            "log_level": "INFO",
            "max_thread_count": 1,
            "name": "jobP2-14",
            "node_filter_exclude_precedence": false,
            "node_filter_exclude_query": "",
            "node_filter_query": "",
            "notification": [],
            "option": [],
            "preserve_options_order": null,
            "project_name": "Project2",
            "rank_attribute": "",
            "rank_order": "ascending",
            "retry": "",
            "schedule": "0/30 * * * * * *",
            "schedule_enabled": true,
            "success_on_empty_node_filter": null,
            "time_zone": "",
            "timeout": null
          },
          "sensitive_attributes": [],
          "private": "bnVsbA==",
          "dependencies": [
            "rundeck_project.Project2"
          ]
        },
        {
          "index_key": 15,
          "schema_version": 0,
          "attributes": {
            "allow_concurrent_executions": false,
            "command": [
              {
                "description": "",
                "error_handler": [],
                "inline_script": "",
                "job": [],
                "keep_going_on_success": false,
                "node_step_plugin": [],
                "script_file": "",
                "script_file_args": "",
                "script_interpreter": [],
                "shell_command": "hostname",
                "step_plugin": []
              }
            ],
            "command_ordering_strategy": "node-first",
            "continue_next_node_on_error": false,
            "continue_on_error": false,
            "description": "Restart the service daemons on all the web servers",
            "execution_enabled": true,
            "global_log_filter": [],
            "group_name": "",
            "id": "2d11c907-17cb-4dad-ba36-af088f9cd252",
            "log_level": "INFO",
            "max_thread_count": 1,
            "name": "jobP2-15",
            "node_filter_exclude_precedence": false,
            "node_filter_exclude_query": "",
            "node_filter_query": "",
            "notification": [],
            "option": [],
            "preserve_options_order": null,
            "project_name": "Project2",
            "rank_attribute": "",
            "rank_order": "ascending",
            "retry": "",
            "schedule": "0/30 * * * * * *",
            "schedule_enabled": true,
            "success_on_empty_node_filter": null,
            "time_zone": "",
            "timeout": null
          },
          "sensitive_attributes": [],
          "private": "bnVsbA==",
          "dependencies": [
            "rundeck_project.Project2"
          ]
        },
        {
          "index_key": 16,
          "schema_version": 0,
          "attributes": {
            "allow_concurrent_executions": false,
            "command": [
              {
                "description": "",
                "error_handler": [],
                "inline_script": "",
                "job": [],
                "keep_going_on_success": false,
                "node_step_plugin": [],
                "script_file": "",
                "script_file_args": "",
                "script_interpreter": [],
                "shell_command": "hostname",
                "step_plugin": []
              }
            ],
            "command_ordering_strategy": "node-first",
            "continue_next_node_on_error": false,
            "continue_on_error": false,
            "description": "Restart the service daemons on all the web servers",
            "execution_enabled": true,
            "global_log_filter": [],
            "group_name": "",
            "id": "abbfd3a1-7d0e-4ee4-ab1b-1cb7d1e8eacd",
            "log_level": "INFO",
            "max_thread_count": 1,
            "name": "jobP2-16",
            "node_filter_exclude_precedence": false,
            "node_filter_exclude_query": "",
            "node_filter_query": "",
            "notification": [],
            "option": [],
            "preserve_options_order": null,
            "project_name": "Project2",
            "rank_attribute": "",
            "rank_order": "ascending",
            "retry": "",
            "schedule": "0/30 * * * * * *",
            "schedule_enabled": true,
            "success_on_empty_node_filter": null,
            "time_zone": "",
            "timeout": null
          },
          "sensitive_attributes": [],
          "private": "bnVsbA==",
          "dependencies": [
            "rundeck_project.Project2"
          ]
        },
        {
          "index_key": 17,
          "schema_version": 0,
          "attributes": {
            "allow_concurrent_executions": false,
            "command": [
              {
                "description": "",
                "error_handler": [],
                "inline_script": "",
                "job": [],
                "keep_going_on_success": false,
                "node_step_plugin": [],
                "script_file": "",
                "script_file_args": "",
                "script_interpreter": [],
                "shell_command": "hostname",
                "step_plugin": []
              }
            ],
            "command_ordering_strategy": "node-first",
            "continue_next_node_on_error": false,
            "continue_on_error": false,
            "description": "Restart the service daemons on all the web servers",
            "execution_enabled": true,
            "global_log_filter": [],
            "group_name": "",
            "id": "9f2ab368-b9b3-4b1c-8a66-822e6dfae06c",
            "log_level": "INFO",
            "max_thread_count": 1,
            "name": "jobP2-17",
            "node_filter_exclude_precedence": false,
            "node_filter_exclude_query": "",
            "node_filter_query": "",
            "notification": [],
            "option": [],
            "preserve_options_order": null,
            "project_name": "Project2",
            "rank_attribute": "",
            "rank_order": "ascending",
            "retry": "",
            "schedule": "0/30 * * * * * *",
            "schedule_enabled": true,
            "success_on_empty_node_filter": null,
            "time_zone": "",
            "timeout": null
          },
          "sensitive_attributes": [],
          "private": "bnVsbA==",
          "dependencies": [
            "rundeck_project.Project2"
          ]
        },
        {
          "index_key": 18,
          "schema_version": 0,
          "attributes": {
            "allow_concurrent_executions": false,
            "command": [
              {
                "description": "",
                "error_handler": [],
                "inline_script": "",
                "job": [],
                "keep_going_on_success": false,
                "node_step_plugin": [],
                "script_file": "",
                "script_file_args": "",
                "script_interpreter": [],
                "shell_command": "hostname",
                "step_plugin": []
              }
            ],
            "command_ordering_strategy": "node-first",
            "continue_next_node_on_error": false,
            "continue_on_error": false,
            "description": "Restart the service daemons on all the web servers",
            "execution_enabled": true,
            "global_log_filter": [],
            "group_name": "",
            "id": "81d90de2-d54c-4650-8b26-3df69ab62d65",
            "log_level": "INFO",
            "max_thread_count": 1,
            "name": "jobP2-18",
            "node_filter_exclude_precedence": false,
            "node_filter_exclude_query": "",
            "node_filter_query": "",
            "notification": [],
            "option": [],
            "preserve_options_order": null,
            "project_name": "Project2",
            "rank_attribute": "",
            "rank_order": "ascending",
            "retry": "",
            "schedule": "0/30 * * * * * *",
            "schedule_enabled": true,
            "success_on_empty_node_filter": null,
            "time_zone": "",
            "timeout": null
          },
          "sensitive_attributes": [],
          "private": "bnVsbA==",
          "dependencies": [
            "rundeck_project.Project2"
          ]
        },
        {
          "index_key": 19,
          "schema_version": 0,
          "attributes": {
            "allow_concurrent_executions": false,
            "command": [
              {
                "description": "",
                "error_handler": [],
                "inline_script": "",
                "job": [],
                "keep_going_on_success": false,
                "node_step_plugin": [],
                "script_file": "",
                "script_file_args": "",
                "script_interpreter": [],
                "shell_command": "hostname",
                "step_plugin": []
              }
            ],
            "command_ordering_strategy": "node-first",
            "continue_next_node_on_error": false,
            "continue_on_error": false,
            "description": "Restart the service daemons on all the web servers",
            "execution_enabled": true,
            "global_log_filter": [],
            "group_name": "",
            "id": "cde509aa-a22f-4ad6-8d18-884e35e2cada",
            "log_level": "INFO",
            "max_thread_count": 1,
            "name": "jobP2-19",
            "node_filter_exclude_precedence": false,
            "node_filter_exclude_query": "",
            "node_filter_query": "",
            "notification": [],
            "option": [],
            "preserve_options_order": null,
            "project_name": "Project2",
            "rank_attribute": "",
            "rank_order": "ascending",
            "retry": "",
            "schedule": "0/30 * * * * * *",
            "schedule_enabled": true,
            "success_on_empty_node_filter": null,
            "time_zone": "",
            "timeout": null
          },
          "sensitive_attributes": [],
          "private": "bnVsbA==",
          "dependencies": [
            "rundeck_project.Project2"
          ]
        },
        {
          "index_key": 20,
          "schema_version": 0,
          "attributes": {
            "allow_concurrent_executions": false,
            "command": [
              {
                "description": "",
                "error_handler": [],
                "inline_script": "",
                "job": [],
                "keep_going_on_success": false,
                "node_step_plugin": [],
                "script_file": "",
                "script_file_args": "",
                "script_interpreter": [],
                "shell_command": "hostname",
                "step_plugin": []
              }
            ],
            "command_ordering_strategy": "node-first",
            "continue_next_node_on_error": false,
            "continue_on_error": false,
            "description": "Restart the service daemons on all the web servers",
            "execution_enabled": true,
            "global_log_filter": [],
            "group_name": "",
            "id": "0bb06de1-182c-4441-91ce-fb531b906852",
            "log_level": "INFO",
            "max_thread_count": 1,
            "name": "jobP2-20",
            "node_filter_exclude_precedence": false,
            "node_filter_exclude_query": "",
            "node_filter_query": "",
            "notification": [],
            "option": [],
            "preserve_options_order": null,
            "project_name": "Project2",
            "rank_attribute": "",
            "rank_order": "ascending",
            "retry": "",
            "schedule": "0/30 * * * * * *",
            "schedule_enabled": true,
            "success_on_empty_node_filter": null,
            "time_zone": "",
            "timeout": null
          },
          "sensitive_attributes": [],
          "private": "bnVsbA==",
          "dependencies": [
            "rundeck_project.Project2"
          ]
        },
        {
          "index_key": 21,
          "schema_version": 0,
          "attributes": {
            "allow_concurrent_executions": false,
            "command": [
              {
                "description": "",
                "error_handler": [],
                "inline_script": "",
                "job": [],
                "keep_going_on_success": false,
                "node_step_plugin": [],
                "script_file": "",
                "script_file_args": "",
                "script_interpreter": [],
                "shell_command": "hostname",
                "step_plugin": []
              }
            ],
            "command_ordering_strategy": "node-first",
            "continue_next_node_on_error": false,
            "continue_on_error": false,
            "description": "Restart the service daemons on all the web servers",
            "execution_enabled": true,
            "global_log_filter": [],
            "group_name": "",
            "id": "afcf7927-dff4-43ad-b202-38e30e22de7f",
            "log_level": "INFO",
            "max_thread_count": 1,
            "name": "jobP2-21",
            "node_filter_exclude_precedence": false,
            "node_filter_exclude_query": "",
            "node_filter_query": "",
            "notification": [],
            "option": [],
            "preserve_options_order": null,
            "project_name": "Project2",
            "rank_attribute": "",
            "rank_order": "ascending",
            "retry": "",
            "schedule": "0/30 * * * * * *",
            "schedule_enabled": true,
            "success_on_empty_node_filter": null,
            "time_zone": "",
            "timeout": null
          },
          "sensitive_attributes": [],
          "private": "bnVsbA==",
          "dependencies": [
            "rundeck_project.Project2"
          ]
        },
        {
          "index_key": 22,
          "schema_version": 0,
          "attributes": {
            "allow_concurrent_executions": false,
            "command": [
              {
                "description": "",
                "error_handler": [],
                "inline_script": "",
                "job": [],
                "keep_going_on_success": false,
                "node_step_plugin": [],
                "script_file": "",
                "script_file_args": "",
                "script_interpreter": [],
                "shell_command": "hostname",
                "step_plugin": []
              }
            ],
            "command_ordering_strategy": "node-first",
            "continue_next_node_on_error": false,
            "continue_on_error": false,
            "description": "Restart the service daemons on all the web servers",
            "execution_enabled": true,
            "global_log_filter": [],
            "group_name": "",
            "id": "494c000b-38ec-4e9f-a46d-5a06ecce1820",
            "log_level": "INFO",
            "max_thread_count": 1,
            "name": "jobP2-22",
            "node_filter_exclude_precedence": false,
            "node_filter_exclude_query": "",
            "node_filter_query": "",
            "notification": [],
            "option": [],
            "preserve_options_order": null,
            "project_name": "Project2",
            "rank_attribute": "",
            "rank_order": "ascending",
            "retry": "",
            "schedule": "0/30 * * * * * *",
            "schedule_enabled": true,
            "success_on_empty_node_filter": null,
            "time_zone": "",
            "timeout": null
          },
          "sensitive_attributes": [],
          "private": "bnVsbA==",
          "dependencies": [
            "rundeck_project.Project2"
          ]
        },
        {
          "index_key": 23,
          "schema_version": 0,
          "attributes": {
            "allow_concurrent_executions": false,
            "command": [
              {
                "description": "",
                "error_handler": [],
                "inline_script": "",
                "job": [],
                "keep_going_on_success": false,
                "node_step_plugin": [],
                "script_file": "",
                "script_file_args": "",
                "script_interpreter": [],
                "shell_command": "hostname",
                "step_plugin": []
              }
            ],
            "command_ordering_strategy": "node-first",
            "continue_next_node_on_error": false,
            "continue_on_error": false,
            "description": "Restart the service daemons on all the web servers",
            "execution_enabled": true,
            "global_log_filter": [],
            "group_name": "",
            "id": "7fcc56ac-c66a-4a17-99ae-81edf7781c56",
            "log_level": "INFO",
            "max_thread_count": 1,
            "name": "jobP2-23",
            "node_filter_exclude_precedence": false,
            "node_filter_exclude_query": "",
            "node_filter_query": "",
            "notification": [],
            "option": [],
            "preserve_options_order": null,
            "project_name": "Project2",
            "rank_attribute": "",
            "rank_order": "ascending",
            "retry": "",
            "schedule": "0/30 * * * * * *",
            "schedule_enabled": true,
            "success_on_empty_node_filter": null,
            "time_zone": "",
            "timeout": null
          },
          "sensitive_attributes": [],
          "private": "bnVsbA==",
          "dependencies": [
            "rundeck_project.Project2"
          ]
        },
        {
          "index_key": 24,
          "schema_version": 0,
          "attributes": {
            "allow_concurrent_executions": false,
            "command": [
              {
                "description": "",
                "error_handler": [],
                "inline_script": "",
                "job": [],
                "keep_going_on_success": false,
                "node_step_plugin": [],
                "script_file": "",
                "script_file_args": "",
                "script_interpreter": [],
                "shell_command": "hostname",
                "step_plugin": []
              }
            ],
            "command_ordering_strategy": "node-first",
            "continue_next_node_on_error": false,
            "continue_on_error": false,
            "description": "Restart the service daemons on all the web servers",
            "execution_enabled": true,
            "global_log_filter": [],
            "group_name": "",
            "id": "5fa1a214-b063-4681-a49d-c566d5dce437",
            "log_level": "INFO",
            "max_thread_count": 1,
            "name": "jobP2-24",
            "node_filter_exclude_precedence": false,
            "node_filter_exclude_query": "",
            "node_filter_query": "",
            "notification": [],
            "option": [],
            "preserve_options_order": null,
            "project_name": "Project2",
            "rank_attribute": "",
            "rank_order": "ascending",
            "retry": "",
            "schedule": "0/30 * * * * * *",
            "schedule_enabled": true,
            "success_on_empty_node_filter": null,
            "time_zone": "",
            "timeout": null
          },
          "sensitive_attributes": [],
          "private": "bnVsbA==",
          "dependencies": [
            "rundeck_project.Project2"
          ]
        },
        {
          "index_key": 25,
          "schema_version": 0,
          "attributes": {
            "allow_concurrent_executions": false,
            "command": [
              {
                "description": "",
                "error_handler": [],
                "inline_script": "",
                "job": [],
                "keep_going_on_success": false,
                "node_step_plugin": [],
                "script_file": "",
                "script_file_args": "",
                "script_interpreter": [],
                "shell_command": "hostname",
                "step_plugin": []
              }
            ],
            "command_ordering_strategy": "node-first",
            "continue_next_node_on_error": false,
            "continue_on_error": false,
            "description": "Restart the service daemons on all the web servers",
            "execution_enabled": true,
            "global_log_filter": [],
            "group_name": "",
            "id": "800f2ec1-2d06-4b45-afd0-a7b9c4fe0251",
            "log_level": "INFO",
            "max_thread_count": 1,
            "name": "jobP2-25",
            "node_filter_exclude_precedence": false,
            "node_filter_exclude_query": "",
            "node_filter_query": "",
            "notification": [],
            "option": [],
            "preserve_options_order": null,
            "project_name": "Project2",
            "rank_attribute": "",
            "rank_order": "ascending",
            "retry": "",
            "schedule": "0/30 * * * * * *",
            "schedule_enabled": true,
            "success_on_empty_node_filter": null,
            "time_zone": "",
            "timeout": null
          },
          "sensitive_attributes": [],
          "private": "bnVsbA==",
          "dependencies": [
            "rundeck_project.Project2"
          ]
        },
        {
          "index_key": 26,
          "schema_version": 0,
          "attributes": {
            "allow_concurrent_executions": false,
            "command": [
              {
                "description": "",
                "error_handler": [],
                "inline_script": "",
                "job": [],
                "keep_going_on_success": false,
                "node_step_plugin": [],
                "script_file": "",
                "script_file_args": "",
                "script_interpreter": [],
                "shell_command": "hostname",
                "step_plugin": []
              }
            ],
            "command_ordering_strategy": "node-first",
            "continue_next_node_on_error": false,
            "continue_on_error": false,
            "description": "Restart the service daemons on all the web servers",
            "execution_enabled": true,
            "global_log_filter": [],
            "group_name": "",
            "id": "efdcdd52-55f4-4641-ba13-21dde8bdcf22",
            "log_level": "INFO",
            "max_thread_count": 1,
            "name": "jobP2-26",
            "node_filter_exclude_precedence": false,
            "node_filter_exclude_query": "",
            "node_filter_query": "",
            "notification": [],
            "option": [],
            "preserve_options_order": null,
            "project_name": "Project2",
            "rank_attribute": "",
            "rank_order": "ascending",
            "retry": "",
            "schedule": "0/30 * * * * * *",
            "schedule_enabled": true,
            "success_on_empty_node_filter": null,
            "time_zone": "",
            "timeout": null
          },
          "sensitive_attributes": [],
          "private": "bnVsbA==",
          "dependencies": [
            "rundeck_project.Project2"
          ]
        },
        {
          "index_key": 27,
          "schema_version": 0,
          "attributes": {
            "allow_concurrent_executions": false,
            "command": [
              {
                "description": "",
                "error_handler": [],
                "inline_script": "",
                "job": [],
                "keep_going_on_success": false,
                "node_step_plugin": [],
                "script_file": "",
                "script_file_args": "",
                "script_interpreter": [],
                "shell_command": "hostname",
                "step_plugin": []
              }
            ],
            "command_ordering_strategy": "node-first",
            "continue_next_node_on_error": false,
            "continue_on_error": false,
            "description": "Restart the service daemons on all the web servers",
            "execution_enabled": true,
            "global_log_filter": [],
            "group_name": "",
            "id": "c77f17cb-82ba-4ef0-9731-ca20299cbab4",
            "log_level": "INFO",
            "max_thread_count": 1,
            "name": "jobP2-27",
            "node_filter_exclude_precedence": false,
            "node_filter_exclude_query": "",
            "node_filter_query": "",
            "notification": [],
            "option": [],
            "preserve_options_order": null,
            "project_name": "Project2",
            "rank_attribute": "",
            "rank_order": "ascending",
            "retry": "",
            "schedule": "0/30 * * * * * *",
            "schedule_enabled": true,
            "success_on_empty_node_filter": null,
            "time_zone": "",
            "timeout": null
          },
          "sensitive_attributes": [],
          "private": "bnVsbA==",
          "dependencies": [
            "rundeck_project.Project2"
          ]
        },
        {
          "index_key": 28,
          "schema_version": 0,
          "attributes": {
            "allow_concurrent_executions": false,
            "command": [
              {
                "description": "",
                "error_handler": [],
                "inline_script": "",
                "job": [],
                "keep_going_on_success": false,
                "node_step_plugin": [],
                "script_file": "",
                "script_file_args": "",
                "script_interpreter": [],
                "shell_command": "hostname",
                "step_plugin": []
              }
            ],
            "command_ordering_strategy": "node-first",
            "continue_next_node_on_error": false,
            "continue_on_error": false,
            "description": "Restart the service daemons on all the web servers",
            "execution_enabled": true,
            "global_log_filter": [],
            "group_name": "",
            "id": "7619f819-a69b-47fd-a8cc-b55c803731d5",
            "log_level": "INFO",
            "max_thread_count": 1,
            "name": "jobP2-28",
            "node_filter_exclude_precedence": false,
            "node_filter_exclude_query": "",
            "node_filter_query": "",
            "notification": [],
            "option": [],
            "preserve_options_order": null,
            "project_name": "Project2",
            "rank_attribute": "",
            "rank_order": "ascending",
            "retry": "",
            "schedule": "0/30 * * * * * *",
            "schedule_enabled": true,
            "success_on_empty_node_filter": null,
            "time_zone": "",
            "timeout": null
          },
          "sensitive_attributes": [],
          "private": "bnVsbA==",
          "dependencies": [
            "rundeck_project.Project2"
          ]
        },
        {
          "index_key": 29,
          "schema_version": 0,
          "attributes": {
            "allow_concurrent_executions": false,
            "command": [
              {
                "description": "",
                "error_handler": [],
                "inline_script": "",
                "job": [],
                "keep_going_on_success": false,
                "node_step_plugin": [],
                "script_file": "",
                "script_file_args": "",
                "script_interpreter": [],
                "shell_command": "hostname",
                "step_plugin": []
              }
            ],
            "command_ordering_strategy": "node-first",
            "continue_next_node_on_error": false,
            "continue_on_error": false,
            "description": "Restart the service daemons on all the web servers",
            "execution_enabled": true,
            "global_log_filter": [],
            "group_name": "",
            "id": "b84afe8a-ba37-4e82-aaf5-b89c9265f784",
            "log_level": "INFO",
            "max_thread_count": 1,
            "name": "jobP2-29",
            "node_filter_exclude_precedence": false,
            "node_filter_exclude_query": "",
            "node_filter_query": "",
            "notification": [],
            "option": [],
            "preserve_options_order": null,
            "project_name": "Project2",
            "rank_attribute": "",
            "rank_order": "ascending",
            "retry": "",
            "schedule": "0/30 * * * * * *",
            "schedule_enabled": true,
            "success_on_empty_node_filter": null,
            "time_zone": "",
            "timeout": null
          },
          "sensitive_attributes": [],
          "private": "bnVsbA==",
          "dependencies": [
            "rundeck_project.Project2"
          ]
        },
        {
          "index_key": 30,
          "schema_version": 0,
          "attributes": {
            "allow_concurrent_executions": false,
            "command": [
              {
                "description": "",
                "error_handler": [],
                "inline_script": "",
                "job": [],
                "keep_going_on_success": false,
                "node_step_plugin": [],
                "script_file": "",
                "script_file_args": "",
                "script_interpreter": [],
                "shell_command": "hostname",
                "step_plugin": []
              }
            ],
            "command_ordering_strategy": "node-first",
            "continue_next_node_on_error": false,
            "continue_on_error": false,
            "description": "Restart the service daemons on all the web servers",
            "execution_enabled": true,
            "global_log_filter": [],
            "group_name": "",
            "id": "eb937c51-caf6-4654-a619-f49b155db4e2",
            "log_level": "INFO",
            "max_thread_count": 1,
            "name": "jobP2-30",
            "node_filter_exclude_precedence": false,
            "node_filter_exclude_query": "",
            "node_filter_query": "",
            "notification": [],
            "option": [],
            "preserve_options_order": null,
            "project_name": "Project2",
            "rank_attribute": "",
            "rank_order": "ascending",
            "retry": "",
            "schedule": "0/30 * * * * * *",
            "schedule_enabled": true,
            "success_on_empty_node_filter": null,
            "time_zone": "",
            "timeout": null
          },
          "sensitive_attributes": [],
          "private": "bnVsbA==",
          "dependencies": [
            "rundeck_project.Project2"
          ]
        },
        {
          "index_key": 31,
          "schema_version": 0,
          "attributes": {
            "allow_concurrent_executions": false,
            "command": [
              {
                "description": "",
                "error_handler": [],
                "inline_script": "",
                "job": [],
                "keep_going_on_success": false,
                "node_step_plugin": [],
                "script_file": "",
                "script_file_args": "",
                "script_interpreter": [],
                "shell_command": "hostname",
                "step_plugin": []
              }
            ],
            "command_ordering_strategy": "node-first",
            "continue_next_node_on_error": false,
            "continue_on_error": false,
            "description": "Restart the service daemons on all the web servers",
            "execution_enabled": true,
            "global_log_filter": [],
            "group_name": "",
            "id": "136c056d-30ec-4602-a836-cc33f2af6969",
            "log_level": "INFO",
            "max_thread_count": 1,
            "name": "jobP2-31",
            "node_filter_exclude_precedence": false,
            "node_filter_exclude_query": "",
            "node_filter_query": "",
            "notification": [],
            "option": [],
            "preserve_options_order": null,
            "project_name": "Project2",
            "rank_attribute": "",
            "rank_order": "ascending",
            "retry": "",
            "schedule": "0/30 * * * * * *",
            "schedule_enabled": true,
            "success_on_empty_node_filter": null,
            "time_zone": "",
            "timeout": null
          },
          "sensitive_attributes": [],
          "private": "bnVsbA==",
          "dependencies": [
            "rundeck_project.Project2"
          ]
        },
        {
          "index_key": 32,
          "schema_version": 0,
          "attributes": {
            "allow_concurrent_executions": false,
            "command": [
              {
                "description": "",
                "error_handler": [],
                "inline_script": "",
                "job": [],
                "keep_going_on_success": false,
                "node_step_plugin": [],
                "script_file": "",
                "script_file_args": "",
                "script_interpreter": [],
                "shell_command": "hostname",
                "step_plugin": []
              }
            ],
            "command_ordering_strategy": "node-first",
            "continue_next_node_on_error": false,
            "continue_on_error": false,
            "description": "Restart the service daemons on all the web servers",
            "execution_enabled": true,
            "global_log_filter": [],
            "group_name": "",
            "id": "b2672005-6288-4e46-afb8-df3b6d8f47c9",
            "log_level": "INFO",
            "max_thread_count": 1,
            "name": "jobP2-32",
            "node_filter_exclude_precedence": false,
            "node_filter_exclude_query": "",
            "node_filter_query": "",
            "notification": [],
            "option": [],
            "preserve_options_order": null,
            "project_name": "Project2",
            "rank_attribute": "",
            "rank_order": "ascending",
            "retry": "",
            "schedule": "0/30 * * * * * *",
            "schedule_enabled": true,
            "success_on_empty_node_filter": null,
            "time_zone": "",
            "timeout": null
          },
          "sensitive_attributes": [],
          "private": "bnVsbA==",
          "dependencies": [
            "rundeck_project.Project2"
          ]
        },
        {
          "index_key": 33,
          "schema_version": 0,
          "attributes": {
            "allow_concurrent_executions": false,
            "command": [
              {
                "description": "",
                "error_handler": [],
                "inline_script": "",
                "job": [],
                "keep_going_on_success": false,
                "node_step_plugin": [],
                "script_file": "",
                "script_file_args": "",
                "script_interpreter": [],
                "shell_command": "hostname",
                "step_plugin": []
              }
            ],
            "command_ordering_strategy": "node-first",
            "continue_next_node_on_error": false,
            "continue_on_error": false,
            "description": "Restart the service daemons on all the web servers",
            "execution_enabled": true,
            "global_log_filter": [],
            "group_name": "",
            "id": "eb34dcc7-0cd1-4dbe-b1c1-ba5c5cab0a9a",
            "log_level": "INFO",
            "max_thread_count": 1,
            "name": "jobP2-33",
            "node_filter_exclude_precedence": false,
            "node_filter_exclude_query": "",
            "node_filter_query": "",
            "notification": [],
            "option": [],
            "preserve_options_order": null,
            "project_name": "Project2",
            "rank_attribute": "",
            "rank_order": "ascending",
            "retry": "",
            "schedule": "0/30 * * * * * *",
            "schedule_enabled": true,
            "success_on_empty_node_filter": null,
            "time_zone": "",
            "timeout": null
          },
          "sensitive_attributes": [],
          "private": "bnVsbA==",
          "dependencies": [
            "rundeck_project.Project2"
          ]
        },
        {
          "index_key": 34,
          "schema_version": 0,
          "attributes": {
            "allow_concurrent_executions": false,
            "command": [
              {
                "description": "",
                "error_handler": [],
                "inline_script": "",
                "job": [],
                "keep_going_on_success": false,
                "node_step_plugin": [],
                "script_file": "",
                "script_file_args": "",
                "script_interpreter": [],
                "shell_command": "hostname",
                "step_plugin": []
              }
            ],
            "command_ordering_strategy": "node-first",
            "continue_next_node_on_error": false,
            "continue_on_error": false,
            "description": "Restart the service daemons on all the web servers",
            "execution_enabled": true,
            "global_log_filter": [],
            "group_name": "",
            "id": "8099ab3c-a8cc-4976-8d6a-10e2602d50cc",
            "log_level": "INFO",
            "max_thread_count": 1,
            "name": "jobP2-34",
            "node_filter_exclude_precedence": false,
            "node_filter_exclude_query": "",
            "node_filter_query": "",
            "notification": [],
            "option": [],
            "preserve_options_order": null,
            "project_name": "Project2",
            "rank_attribute": "",
            "rank_order": "ascending",
            "retry": "",
            "schedule": "0/30 * * * * * *",
            "schedule_enabled": true,
            "success_on_empty_node_filter": null,
            "time_zone": "",
            "timeout": null
          },
          "sensitive_attributes": [],
          "private": "bnVsbA==",
          "dependencies": [
            "rundeck_project.Project2"
          ]
        },
        {
          "index_key": 35,
          "schema_version": 0,
          "attributes": {
            "allow_concurrent_executions": false,
            "command": [
              {
                "description": "",
                "error_handler": [],
                "inline_script": "",
                "job": [],
                "keep_going_on_success": false,
                "node_step_plugin": [],
                "script_file": "",
                "script_file_args": "",
                "script_interpreter": [],
                "shell_command": "hostname",
                "step_plugin": []
              }
            ],
            "command_ordering_strategy": "node-first",
            "continue_next_node_on_error": false,
            "continue_on_error": false,
            "description": "Restart the service daemons on all the web servers",
            "execution_enabled": true,
            "global_log_filter": [],
            "group_name": "",
            "id": "e010207d-418b-4042-8cbf-af2fb147fcea",
            "log_level": "INFO",
            "max_thread_count": 1,
            "name": "jobP2-35",
            "node_filter_exclude_precedence": false,
            "node_filter_exclude_query": "",
            "node_filter_query": "",
            "notification": [],
            "option": [],
            "preserve_options_order": null,
            "project_name": "Project2",
            "rank_attribute": "",
            "rank_order": "ascending",
            "retry": "",
            "schedule": "0/30 * * * * * *",
            "schedule_enabled": true,
            "success_on_empty_node_filter": null,
            "time_zone": "",
            "timeout": null
          },
          "sensitive_attributes": [],
          "private": "bnVsbA==",
          "dependencies": [
            "rundeck_project.Project2"
          ]
        },
        {
          "index_key": 36,
          "schema_version": 0,
          "attributes": {
            "allow_concurrent_executions": false,
            "command": [
              {
                "description": "",
                "error_handler": [],
                "inline_script": "",
                "job": [],
                "keep_going_on_success": false,
                "node_step_plugin": [],
                "script_file": "",
                "script_file_args": "",
                "script_interpreter": [],
                "shell_command": "hostname",
                "step_plugin": []
              }
            ],
            "command_ordering_strategy": "node-first",
            "continue_next_node_on_error": false,
            "continue_on_error": false,
            "description": "Restart the service daemons on all the web servers",
            "execution_enabled": true,
            "global_log_filter": [],
            "group_name": "",
            "id": "a7b94ffd-37d8-44f0-a8de-3ed46826a91e",
            "log_level": "INFO",
            "max_thread_count": 1,
            "name": "jobP2-36",
            "node_filter_exclude_precedence": false,
            "node_filter_exclude_query": "",
            "node_filter_query": "",
            "notification": [],
            "option": [],
            "preserve_options_order": null,
            "project_name": "Project2",
            "rank_attribute": "",
            "rank_order": "ascending",
            "retry": "",
            "schedule": "0/30 * * * * * *",
            "schedule_enabled": true,
            "success_on_empty_node_filter": null,
            "time_zone": "",
            "timeout": null
          },
          "sensitive_attributes": [],
          "private": "bnVsbA==",
          "dependencies": [
            "rundeck_project.Project2"
          ]
        },
        {
          "index_key": 37,
          "schema_version": 0,
          "attributes": {
            "allow_concurrent_executions": false,
            "command": [
              {
                "description": "",
                "error_handler": [],
                "inline_script": "",
                "job": [],
                "keep_going_on_success": false,
                "node_step_plugin": [],
                "script_file": "",
                "script_file_args": "",
                "script_interpreter": [],
                "shell_command": "hostname",
                "step_plugin": []
              }
            ],
            "command_ordering_strategy": "node-first",
            "continue_next_node_on_error": false,
            "continue_on_error": false,
            "description": "Restart the service daemons on all the web servers",
            "execution_enabled": true,
            "global_log_filter": [],
            "group_name": "",
            "id": "68a5a190-11ef-44e6-8dd1-546606d62499",
            "log_level": "INFO",
            "max_thread_count": 1,
            "name": "jobP2-37",
            "node_filter_exclude_precedence": false,
            "node_filter_exclude_query": "",
            "node_filter_query": "",
            "notification": [],
            "option": [],
            "preserve_options_order": null,
            "project_name": "Project2",
            "rank_attribute": "",
            "rank_order": "ascending",
            "retry": "",
            "schedule": "0/30 * * * * * *",
            "schedule_enabled": true,
            "success_on_empty_node_filter": null,
            "time_zone": "",
            "timeout": null
          },
          "sensitive_attributes": [],
          "private": "bnVsbA==",
          "dependencies": [
            "rundeck_project.Project2"
          ]
        },
        {
          "index_key": 38,
          "schema_version": 0,
          "attributes": {
            "allow_concurrent_executions": false,
            "command": [
              {
                "description": "",
                "error_handler": [],
                "inline_script": "",
                "job": [],
                "keep_going_on_success": false,
                "node_step_plugin": [],
                "script_file": "",
                "script_file_args": "",
                "script_interpreter": [],
                "shell_command": "hostname",
                "step_plugin": []
              }
            ],
            "command_ordering_strategy": "node-first",
            "continue_next_node_on_error": false,
            "continue_on_error": false,
            "description": "Restart the service daemons on all the web servers",
            "execution_enabled": true,
            "global_log_filter": [],
            "group_name": "",
            "id": "9ec81b9e-c678-4d47-b08d-0ec9d105d8c2",
            "log_level": "INFO",
            "max_thread_count": 1,
            "name": "jobP2-38",
            "node_filter_exclude_precedence": false,
            "node_filter_exclude_query": "",
            "node_filter_query": "",
            "notification": [],
            "option": [],
            "preserve_options_order": null,
            "project_name": "Project2",
            "rank_attribute": "",
            "rank_order": "ascending",
            "retry": "",
            "schedule": "0/30 * * * * * *",
            "schedule_enabled": true,
            "success_on_empty_node_filter": null,
            "time_zone": "",
            "timeout": null
          },
          "sensitive_attributes": [],
          "private": "bnVsbA==",
          "dependencies": [
            "rundeck_project.Project2"
          ]
        },
        {
          "index_key": 39,
          "schema_version": 0,
          "attributes": {
            "allow_concurrent_executions": false,
            "command": [
              {
                "description": "",
                "error_handler": [],
                "inline_script": "",
                "job": [],
                "keep_going_on_success": false,
                "node_step_plugin": [],
                "script_file": "",
                "script_file_args": "",
                "script_interpreter": [],
                "shell_command": "hostname",
                "step_plugin": []
              }
            ],
            "command_ordering_strategy": "node-first",
            "continue_next_node_on_error": false,
            "continue_on_error": false,
            "description": "Restart the service daemons on all the web servers",
            "execution_enabled": true,
            "global_log_filter": [],
            "group_name": "",
            "id": "7178facc-6c4b-44cf-a974-e655b009b9d9",
            "log_level": "INFO",
            "max_thread_count": 1,
            "name": "jobP2-39",
            "node_filter_exclude_precedence": false,
            "node_filter_exclude_query": "",
            "node_filter_query": "",
            "notification": [],
            "option": [],
            "preserve_options_order": null,
            "project_name": "Project2",
            "rank_attribute": "",
            "rank_order": "ascending",
            "retry": "",
            "schedule": "0/30 * * * * * *",
            "schedule_enabled": true,
            "success_on_empty_node_filter": null,
            "time_zone": "",
            "timeout": null
          },
          "sensitive_attributes": [],
          "private": "bnVsbA==",
          "dependencies": [
            "rundeck_project.Project2"
          ]
        },
        {
          "index_key": 40,
          "schema_version": 0,
          "attributes": {
            "allow_concurrent_executions": false,
            "command": [
              {
                "description": "",
                "error_handler": [],
                "inline_script": "",
                "job": [],
                "keep_going_on_success": false,
                "node_step_plugin": [],
                "script_file": "",
                "script_file_args": "",
                "script_interpreter": [],
                "shell_command": "hostname",
                "step_plugin": []
              }
            ],
            "command_ordering_strategy": "node-first",
            "continue_next_node_on_error": false,
            "continue_on_error": false,
            "description": "Restart the service daemons on all the web servers",
            "execution_enabled": true,
            "global_log_filter": [],
            "group_name": "",
            "id": "707a1206-7bc4-4dd4-adfe-d27592062afa",
            "log_level": "INFO",
            "max_thread_count": 1,
            "name": "jobP2-40",
            "node_filter_exclude_precedence": false,
            "node_filter_exclude_query": "",
            "node_filter_query": "",
            "notification": [],
            "option": [],
            "preserve_options_order": null,
            "project_name": "Project2",
            "rank_attribute": "",
            "rank_order": "ascending",
            "retry": "",
            "schedule": "0/30 * * * * * *",
            "schedule_enabled": true,
            "success_on_empty_node_filter": null,
            "time_zone": "",
            "timeout": null
          },
          "sensitive_attributes": [],
          "private": "bnVsbA==",
          "dependencies": [
            "rundeck_project.Project2"
          ]
        },
        {
          "index_key": 41,
          "schema_version": 0,
          "attributes": {
            "allow_concurrent_executions": false,
            "command": [
              {
                "description": "",
                "error_handler": [],
                "inline_script": "",
                "job": [],
                "keep_going_on_success": false,
                "node_step_plugin": [],
                "script_file": "",
                "script_file_args": "",
                "script_interpreter": [],
                "shell_command": "hostname",
                "step_plugin": []
              }
            ],
            "command_ordering_strategy": "node-first",
            "continue_next_node_on_error": false,
            "continue_on_error": false,
            "description": "Restart the service daemons on all the web servers",
            "execution_enabled": true,
            "global_log_filter": [],
            "group_name": "",
            "id": "e3c22a80-b773-4565-a562-b3c699321f8f",
            "log_level": "INFO",
            "max_thread_count": 1,
            "name": "jobP2-41",
            "node_filter_exclude_precedence": false,
            "node_filter_exclude_query": "",
            "node_filter_query": "",
            "notification": [],
            "option": [],
            "preserve_options_order": null,
            "project_name": "Project2",
            "rank_attribute": "",
            "rank_order": "ascending",
            "retry": "",
            "schedule": "0/30 * * * * * *",
            "schedule_enabled": true,
            "success_on_empty_node_filter": null,
            "time_zone": "",
            "timeout": null
          },
          "sensitive_attributes": [],
          "private": "bnVsbA==",
          "dependencies": [
            "rundeck_project.Project2"
          ]
        },
        {
          "index_key": 42,
          "schema_version": 0,
          "attributes": {
            "allow_concurrent_executions": false,
            "command": [
              {
                "description": "",
                "error_handler": [],
                "inline_script": "",
                "job": [],
                "keep_going_on_success": false,
                "node_step_plugin": [],
                "script_file": "",
                "script_file_args": "",
                "script_interpreter": [],
                "shell_command": "hostname",
                "step_plugin": []
              }
            ],
            "command_ordering_strategy": "node-first",
            "continue_next_node_on_error": false,
            "continue_on_error": false,
            "description": "Restart the service daemons on all the web servers",
            "execution_enabled": true,
            "global_log_filter": [],
            "group_name": "",
            "id": "65b21903-6a37-41fa-a73c-24957ef40803",
            "log_level": "INFO",
            "max_thread_count": 1,
            "name": "jobP2-42",
            "node_filter_exclude_precedence": false,
            "node_filter_exclude_query": "",
            "node_filter_query": "",
            "notification": [],
            "option": [],
            "preserve_options_order": null,
            "project_name": "Project2",
            "rank_attribute": "",
            "rank_order": "ascending",
            "retry": "",
            "schedule": "0/30 * * * * * *",
            "schedule_enabled": true,
            "success_on_empty_node_filter": null,
            "time_zone": "",
            "timeout": null
          },
          "sensitive_attributes": [],
          "private": "bnVsbA==",
          "dependencies": [
            "rundeck_project.Project2"
          ]
        },
        {
          "index_key": 43,
          "schema_version": 0,
          "attributes": {
            "allow_concurrent_executions": false,
            "command": [
              {
                "description": "",
                "error_handler": [],
                "inline_script": "",
                "job": [],
                "keep_going_on_success": false,
                "node_step_plugin": [],
                "script_file": "",
                "script_file_args": "",
                "script_interpreter": [],
                "shell_command": "hostname",
                "step_plugin": []
              }
            ],
            "command_ordering_strategy": "node-first",
            "continue_next_node_on_error": false,
            "continue_on_error": false,
            "description": "Restart the service daemons on all the web servers",
            "execution_enabled": true,
            "global_log_filter": [],
            "group_name": "",
            "id": "3d485eb6-a1b5-441f-9a82-642b6670f331",
            "log_level": "INFO",
            "max_thread_count": 1,
            "name": "jobP2-43",
            "node_filter_exclude_precedence": false,
            "node_filter_exclude_query": "",
            "node_filter_query": "",
            "notification": [],
            "option": [],
            "preserve_options_order": null,
            "project_name": "Project2",
            "rank_attribute": "",
            "rank_order": "ascending",
            "retry": "",
            "schedule": "0/30 * * * * * *",
            "schedule_enabled": true,
            "success_on_empty_node_filter": null,
            "time_zone": "",
            "timeout": null
          },
          "sensitive_attributes": [],
          "private": "bnVsbA==",
          "dependencies": [
            "rundeck_project.Project2"
          ]
        },
        {
          "index_key": 44,
          "schema_version": 0,
          "attributes": {
            "allow_concurrent_executions": false,
            "command": [
              {
                "description": "",
                "error_handler": [],
                "inline_script": "",
                "job": [],
                "keep_going_on_success": false,
                "node_step_plugin": [],
                "script_file": "",
                "script_file_args": "",
                "script_interpreter": [],
                "shell_command": "hostname",
                "step_plugin": []
              }
            ],
            "command_ordering_strategy": "node-first",
            "continue_next_node_on_error": false,
            "continue_on_error": false,
            "description": "Restart the service daemons on all the web servers",
            "execution_enabled": true,
            "global_log_filter": [],
            "group_name": "",
            "id": "b5b4862e-0da2-4f9a-8caa-a7ca5f41247f",
            "log_level": "INFO",
            "max_thread_count": 1,
            "name": "jobP2-44",
            "node_filter_exclude_precedence": false,
            "node_filter_exclude_query": "",
            "node_filter_query": "",
            "notification": [],
            "option": [],
            "preserve_options_order": null,
            "project_name": "Project2",
            "rank_attribute": "",
            "rank_order": "ascending",
            "retry": "",
            "schedule": "0/30 * * * * * *",
            "schedule_enabled": true,
            "success_on_empty_node_filter": null,
            "time_zone": "",
            "timeout": null
          },
          "sensitive_attributes": [],
          "private": "bnVsbA==",
          "dependencies": [
            "rundeck_project.Project2"
          ]
        },
        {
          "index_key": 45,
          "schema_version": 0,
          "attributes": {
            "allow_concurrent_executions": false,
            "command": [
              {
                "description": "",
                "error_handler": [],
                "inline_script": "",
                "job": [],
                "keep_going_on_success": false,
                "node_step_plugin": [],
                "script_file": "",
                "script_file_args": "",
                "script_interpreter": [],
                "shell_command": "hostname",
                "step_plugin": []
              }
            ],
            "command_ordering_strategy": "node-first",
            "continue_next_node_on_error": false,
            "continue_on_error": false,
            "description": "Restart the service daemons on all the web servers",
            "execution_enabled": true,
            "global_log_filter": [],
            "group_name": "",
            "id": "fa25808a-5ae7-4c2c-8ef7-0683983e031a",
            "log_level": "INFO",
            "max_thread_count": 1,
            "name": "jobP2-45",
            "node_filter_exclude_precedence": false,
            "node_filter_exclude_query": "",
            "node_filter_query": "",
            "notification": [],
            "option": [],
            "preserve_options_order": null,
            "project_name": "Project2",
            "rank_attribute": "",
            "rank_order": "ascending",
            "retry": "",
            "schedule": "0/30 * * * * * *",
            "schedule_enabled": true,
            "success_on_empty_node_filter": null,
            "time_zone": "",
            "timeout": null
          },
          "sensitive_attributes": [],
          "private": "bnVsbA==",
          "dependencies": [
            "rundeck_project.Project2"
          ]
        },
        {
          "index_key": 46,
          "schema_version": 0,
          "attributes": {
            "allow_concurrent_executions": false,
            "command": [
              {
                "description": "",
                "error_handler": [],
                "inline_script": "",
                "job": [],
                "keep_going_on_success": false,
                "node_step_plugin": [],
                "script_file": "",
                "script_file_args": "",
                "script_interpreter": [],
                "shell_command": "hostname",
                "step_plugin": []
              }
            ],
            "command_ordering_strategy": "node-first",
            "continue_next_node_on_error": false,
            "continue_on_error": false,
            "description": "Restart the service daemons on all the web servers",
            "execution_enabled": true,
            "global_log_filter": [],
            "group_name": "",
            "id": "7b6185a2-d326-4799-b807-9761c77f8fc3",
            "log_level": "INFO",
            "max_thread_count": 1,
            "name": "jobP2-46",
            "node_filter_exclude_precedence": false,
            "node_filter_exclude_query": "",
            "node_filter_query": "",
            "notification": [],
            "option": [],
            "preserve_options_order": null,
            "project_name": "Project2",
            "rank_attribute": "",
            "rank_order": "ascending",
            "retry": "",
            "schedule": "0/30 * * * * * *",
            "schedule_enabled": true,
            "success_on_empty_node_filter": null,
            "time_zone": "",
            "timeout": null
          },
          "sensitive_attributes": [],
          "private": "bnVsbA==",
          "dependencies": [
            "rundeck_project.Project2"
          ]
        },
        {
          "index_key": 47,
          "schema_version": 0,
          "attributes": {
            "allow_concurrent_executions": false,
            "command": [
              {
                "description": "",
                "error_handler": [],
                "inline_script": "",
                "job": [],
                "keep_going_on_success": false,
                "node_step_plugin": [],
                "script_file": "",
                "script_file_args": "",
                "script_interpreter": [],
                "shell_command": "hostname",
                "step_plugin": []
              }
            ],
            "command_ordering_strategy": "node-first",
            "continue_next_node_on_error": false,
            "continue_on_error": false,
            "description": "Restart the service daemons on all the web servers",
            "execution_enabled": true,
            "global_log_filter": [],
            "group_name": "",
            "id": "76be269f-1cb0-4200-a54e-6f0e44c144c8",
            "log_level": "INFO",
            "max_thread_count": 1,
            "name": "jobP2-47",
            "node_filter_exclude_precedence": false,
            "node_filter_exclude_query": "",
            "node_filter_query": "",
            "notification": [],
            "option": [],
            "preserve_options_order": null,
            "project_name": "Project2",
            "rank_attribute": "",
            "rank_order": "ascending",
            "retry": "",
            "schedule": "0/30 * * * * * *",
            "schedule_enabled": true,
            "success_on_empty_node_filter": null,
            "time_zone": "",
            "timeout": null
          },
          "sensitive_attributes": [],
          "private": "bnVsbA==",
          "dependencies": [
            "rundeck_project.Project2"
          ]
        },
        {
          "index_key": 48,
          "schema_version": 0,
          "attributes": {
            "allow_concurrent_executions": false,
            "command": [
              {
                "description": "",
                "error_handler": [],
                "inline_script": "",
                "job": [],
                "keep_going_on_success": false,
                "node_step_plugin": [],
                "script_file": "",
                "script_file_args": "",
                "script_interpreter": [],
                "shell_command": "hostname",
                "step_plugin": []
              }
            ],
            "command_ordering_strategy": "node-first",
            "continue_next_node_on_error": false,
            "continue_on_error": false,
            "description": "Restart the service daemons on all the web servers",
            "execution_enabled": true,
            "global_log_filter": [],
            "group_name": "",
            "id": "9887c1b2-65d2-430e-841b-62c69ba57c10",
            "log_level": "INFO",
            "max_thread_count": 1,
            "name": "jobP2-48",
            "node_filter_exclude_precedence": false,
            "node_filter_exclude_query": "",
            "node_filter_query": "",
            "notification": [],
            "option": [],
            "preserve_options_order": null,
            "project_name": "Project2",
            "rank_attribute": "",
            "rank_order": "ascending",
            "retry": "",
            "schedule": "0/30 * * * * * *",
            "schedule_enabled": true,
            "success_on_empty_node_filter": null,
            "time_zone": "",
            "timeout": null
          },
          "sensitive_attributes": [],
          "private": "bnVsbA==",
          "dependencies": [
            "rundeck_project.Project2"
          ]
        },
        {
          "index_key": 49,
          "schema_version": 0,
          "attributes": {
            "allow_concurrent_executions": false,
            "command": [
              {
                "description": "",
                "error_handler": [],
                "inline_script": "",
                "job": [],
                "keep_going_on_success": false,
                "node_step_plugin": [],
                "script_file": "",
                "script_file_args": "",
                "script_interpreter": [],
                "shell_command": "hostname",
                "step_plugin": []
              }
            ],
            "command_ordering_strategy": "node-first",
            "continue_next_node_on_error": false,
            "continue_on_error": false,
            "description": "Restart the service daemons on all the web servers",
            "execution_enabled": true,
            "global_log_filter": [],
            "group_name": "",
            "id": "24f4f914-bb78-40d2-a77f-5f367765d99e",
            "log_level": "INFO",
            "max_thread_count": 1,
            "name": "jobP2-49",
            "node_filter_exclude_precedence": false,
            "node_filter_exclude_query": "",
            "node_filter_query": "",
            "notification": [],
            "option": [],
            "preserve_options_order": null,
            "project_name": "Project2",
            "rank_attribute": "",
            "rank_order": "ascending",
            "retry": "",
            "schedule": "0/30 * * * * * *",
            "schedule_enabled": true,
            "success_on_empty_node_filter": null,
            "time_zone": "",
            "timeout": null
          },
          "sensitive_attributes": [],
          "private": "bnVsbA==",
          "dependencies": [
            "rundeck_project.Project2"
          ]
        },
        {
          "index_key": 50,
          "schema_version": 0,
          "attributes": {
            "allow_concurrent_executions": false,
            "command": [
              {
                "description": "",
                "error_handler": [],
                "inline_script": "",
                "job": [],
                "keep_going_on_success": false,
                "node_step_plugin": [],
                "script_file": "",
                "script_file_args": "",
                "script_interpreter": [],
                "shell_command": "hostname",
                "step_plugin": []
              }
            ],
            "command_ordering_strategy": "node-first",
            "continue_next_node_on_error": false,
            "continue_on_error": false,
            "description": "Restart the service daemons on all the web servers",
            "execution_enabled": true,
            "global_log_filter": [],
            "group_name": "",
            "id": "3d8cda5f-61b7-435a-abfd-523be8077d55",
            "log_level": "INFO",
            "max_thread_count": 1,
            "name": "jobP2-50",
            "node_filter_exclude_precedence": false,
            "node_filter_exclude_query": "",
            "node_filter_query": "",
            "notification": [],
            "option": [],
            "preserve_options_order": null,
            "project_name": "Project2",
            "rank_attribute": "",
            "rank_order": "ascending",
            "retry": "",
            "schedule": "0/30 * * * * * *",
            "schedule_enabled": true,
            "success_on_empty_node_filter": null,
            "time_zone": "",
            "timeout": null
          },
          "sensitive_attributes": [],
          "private": "bnVsbA==",
          "dependencies": [
            "rundeck_project.Project2"
          ]
        },
        {
          "index_key": 51,
          "schema_version": 0,
          "attributes": {
            "allow_concurrent_executions": false,
            "command": [
              {
                "description": "",
                "error_handler": [],
                "inline_script": "",
                "job": [],
                "keep_going_on_success": false,
                "node_step_plugin": [],
                "script_file": "",
                "script_file_args": "",
                "script_interpreter": [],
                "shell_command": "hostname",
                "step_plugin": []
              }
            ],
            "command_ordering_strategy": "node-first",
            "continue_next_node_on_error": false,
            "continue_on_error": false,
            "description": "Restart the service daemons on all the web servers",
            "execution_enabled": true,
            "global_log_filter": [],
            "group_name": "",
            "id": "4b050322-8c94-4be5-a72a-344d8779ae2c",
            "log_level": "INFO",
            "max_thread_count": 1,
            "name": "jobP2-51",
            "node_filter_exclude_precedence": false,
            "node_filter_exclude_query": "",
            "node_filter_query": "",
            "notification": [],
            "option": [],
            "preserve_options_order": null,
            "project_name": "Project2",
            "rank_attribute": "",
            "rank_order": "ascending",
            "retry": "",
            "schedule": "0/30 * * * * * *",
            "schedule_enabled": true,
            "success_on_empty_node_filter": null,
            "time_zone": "",
            "timeout": null
          },
          "sensitive_attributes": [],
          "private": "bnVsbA==",
          "dependencies": [
            "rundeck_project.Project2"
          ]
        },
        {
          "index_key": 52,
          "schema_version": 0,
          "attributes": {
            "allow_concurrent_executions": false,
            "command": [
              {
                "description": "",
                "error_handler": [],
                "inline_script": "",
                "job": [],
                "keep_going_on_success": false,
                "node_step_plugin": [],
                "script_file": "",
                "script_file_args": "",
                "script_interpreter": [],
                "shell_command": "hostname",
                "step_plugin": []
              }
            ],
            "command_ordering_strategy": "node-first",
            "continue_next_node_on_error": false,
            "continue_on_error": false,
            "description": "Restart the service daemons on all the web servers",
            "execution_enabled": true,
            "global_log_filter": [],
            "group_name": "",
            "id": "f5945441-1288-4344-8c4a-c40f97a7b2ff",
            "log_level": "INFO",
            "max_thread_count": 1,
            "name": "jobP2-52",
            "node_filter_exclude_precedence": false,
            "node_filter_exclude_query": "",
            "node_filter_query": "",
            "notification": [],
            "option": [],
            "preserve_options_order": null,
            "project_name": "Project2",
            "rank_attribute": "",
            "rank_order": "ascending",
            "retry": "",
            "schedule": "0/30 * * * * * *",
            "schedule_enabled": true,
            "success_on_empty_node_filter": null,
            "time_zone": "",
            "timeout": null
          },
          "sensitive_attributes": [],
          "private": "bnVsbA==",
          "dependencies": [
            "rundeck_project.Project2"
          ]
        },
        {
          "index_key": 53,
          "schema_version": 0,
          "attributes": {
            "allow_concurrent_executions": false,
            "command": [
              {
                "description": "",
                "error_handler": [],
                "inline_script": "",
                "job": [],
                "keep_going_on_success": false,
                "node_step_plugin": [],
                "script_file": "",
                "script_file_args": "",
                "script_interpreter": [],
                "shell_command": "hostname",
                "step_plugin": []
              }
            ],
            "command_ordering_strategy": "node-first",
            "continue_next_node_on_error": false,
            "continue_on_error": false,
            "description": "Restart the service daemons on all the web servers",
            "execution_enabled": true,
            "global_log_filter": [],
            "group_name": "",
            "id": "2ee2f3bf-26c8-431a-9744-2f86c72f86c9",
            "log_level": "INFO",
            "max_thread_count": 1,
            "name": "jobP2-53",
            "node_filter_exclude_precedence": false,
            "node_filter_exclude_query": "",
            "node_filter_query": "",
            "notification": [],
            "option": [],
            "preserve_options_order": null,
            "project_name": "Project2",
            "rank_attribute": "",
            "rank_order": "ascending",
            "retry": "",
            "schedule": "0/30 * * * * * *",
            "schedule_enabled": true,
            "success_on_empty_node_filter": null,
            "time_zone": "",
            "timeout": null
          },
          "sensitive_attributes": [],
          "private": "bnVsbA==",
          "dependencies": [
            "rundeck_project.Project2"
          ]
        },
        {
          "index_key": 54,
          "schema_version": 0,
          "attributes": {
            "allow_concurrent_executions": false,
            "command": [
              {
                "description": "",
                "error_handler": [],
                "inline_script": "",
                "job": [],
                "keep_going_on_success": false,
                "node_step_plugin": [],
                "script_file": "",
                "script_file_args": "",
                "script_interpreter": [],
                "shell_command": "hostname",
                "step_plugin": []
              }
            ],
            "command_ordering_strategy": "node-first",
            "continue_next_node_on_error": false,
            "continue_on_error": false,
            "description": "Restart the service daemons on all the web servers",
            "execution_enabled": true,
            "global_log_filter": [],
            "group_name": "",
            "id": "af025d0b-291c-4df1-8238-7d4a21f4c31f",
            "log_level": "INFO",
            "max_thread_count": 1,
            "name": "jobP2-54",
            "node_filter_exclude_precedence": false,
            "node_filter_exclude_query": "",
            "node_filter_query": "",
            "notification": [],
            "option": [],
            "preserve_options_order": null,
            "project_name": "Project2",
            "rank_attribute": "",
            "rank_order": "ascending",
            "retry": "",
            "schedule": "0/30 * * * * * *",
            "schedule_enabled": true,
            "success_on_empty_node_filter": null,
            "time_zone": "",
            "timeout": null
          },
          "sensitive_attributes": [],
          "private": "bnVsbA==",
          "dependencies": [
            "rundeck_project.Project2"
          ]
        },
        {
          "index_key": 55,
          "schema_version": 0,
          "attributes": {
            "allow_concurrent_executions": false,
            "command": [
              {
                "description": "",
                "error_handler": [],
                "inline_script": "",
                "job": [],
                "keep_going_on_success": false,
                "node_step_plugin": [],
                "script_file": "",
                "script_file_args": "",
                "script_interpreter": [],
                "shell_command": "hostname",
                "step_plugin": []
              }
            ],
            "command_ordering_strategy": "node-first",
            "continue_next_node_on_error": false,
            "continue_on_error": false,
            "description": "Restart the service daemons on all the web servers",
            "execution_enabled": true,
            "global_log_filter": [],
            "group_name": "",
            "id": "8a0ee4d9-53f6-4561-bbfa-7582a60b838f",
            "log_level": "INFO",
            "max_thread_count": 1,
            "name": "jobP2-55",
            "node_filter_exclude_precedence": false,
            "node_filter_exclude_query": "",
            "node_filter_query": "",
            "notification": [],
            "option": [],
            "preserve_options_order": null,
            "project_name": "Project2",
            "rank_attribute": "",
            "rank_order": "ascending",
            "retry": "",
            "schedule": "0/30 * * * * * *",
            "schedule_enabled": true,
            "success_on_empty_node_filter": null,
            "time_zone": "",
            "timeout": null
          },
          "sensitive_attributes": [],
          "private": "bnVsbA==",
          "dependencies": [
            "rundeck_project.Project2"
          ]
        },
        {
          "index_key": 56,
          "schema_version": 0,
          "attributes": {
            "allow_concurrent_executions": false,
            "command": [
              {
                "description": "",
                "error_handler": [],
                "inline_script": "",
                "job": [],
                "keep_going_on_success": false,
                "node_step_plugin": [],
                "script_file": "",
                "script_file_args": "",
                "script_interpreter": [],
                "shell_command": "hostname",
                "step_plugin": []
              }
            ],
            "command_ordering_strategy": "node-first",
            "continue_next_node_on_error": false,
            "continue_on_error": false,
            "description": "Restart the service daemons on all the web servers",
            "execution_enabled": true,
            "global_log_filter": [],
            "group_name": "",
            "id": "9280878f-41bf-40cd-9708-1530730e64cc",
            "log_level": "INFO",
            "max_thread_count": 1,
            "name": "jobP2-56",
            "node_filter_exclude_precedence": false,
            "node_filter_exclude_query": "",
            "node_filter_query": "",
            "notification": [],
            "option": [],
            "preserve_options_order": null,
            "project_name": "Project2",
            "rank_attribute": "",
            "rank_order": "ascending",
            "retry": "",
            "schedule": "0/30 * * * * * *",
            "schedule_enabled": true,
            "success_on_empty_node_filter": null,
            "time_zone": "",
            "timeout": null
          },
          "sensitive_attributes": [],
          "private": "bnVsbA==",
          "dependencies": [
            "rundeck_project.Project2"
          ]
        },
        {
          "index_key": 57,
          "schema_version": 0,
          "attributes": {
            "allow_concurrent_executions": false,
            "command": [
              {
                "description": "",
                "error_handler": [],
                "inline_script": "",
                "job": [],
                "keep_going_on_success": false,
                "node_step_plugin": [],
                "script_file": "",
                "script_file_args": "",
                "script_interpreter": [],
                "shell_command": "hostname",
                "step_plugin": []
              }
            ],
            "command_ordering_strategy": "node-first",
            "continue_next_node_on_error": false,
            "continue_on_error": false,
            "description": "Restart the service daemons on all the web servers",
            "execution_enabled": true,
            "global_log_filter": [],
            "group_name": "",
            "id": "27355344-95b1-4918-a13b-48b396e65e29",
            "log_level": "INFO",
            "max_thread_count": 1,
            "name": "jobP2-57",
            "node_filter_exclude_precedence": false,
            "node_filter_exclude_query": "",
            "node_filter_query": "",
            "notification": [],
            "option": [],
            "preserve_options_order": null,
            "project_name": "Project2",
            "rank_attribute": "",
            "rank_order": "ascending",
            "retry": "",
            "schedule": "0/30 * * * * * *",
            "schedule_enabled": true,
            "success_on_empty_node_filter": null,
            "time_zone": "",
            "timeout": null
          },
          "sensitive_attributes": [],
          "private": "bnVsbA==",
          "dependencies": [
            "rundeck_project.Project2"
          ]
        },
        {
          "index_key": 58,
          "schema_version": 0,
          "attributes": {
            "allow_concurrent_executions": false,
            "command": [
              {
                "description": "",
                "error_handler": [],
                "inline_script": "",
                "job": [],
                "keep_going_on_success": false,
                "node_step_plugin": [],
                "script_file": "",
                "script_file_args": "",
                "script_interpreter": [],
                "shell_command": "hostname",
                "step_plugin": []
              }
            ],
            "command_ordering_strategy": "node-first",
            "continue_next_node_on_error": false,
            "continue_on_error": false,
            "description": "Restart the service daemons on all the web servers",
            "execution_enabled": true,
            "global_log_filter": [],
            "group_name": "",
            "id": "cbf0b668-9ecf-45dd-801a-6acce1c7a5f8",
            "log_level": "INFO",
            "max_thread_count": 1,
            "name": "jobP2-58",
            "node_filter_exclude_precedence": false,
            "node_filter_exclude_query": "",
            "node_filter_query": "",
            "notification": [],
            "option": [],
            "preserve_options_order": null,
            "project_name": "Project2",
            "rank_attribute": "",
            "rank_order": "ascending",
            "retry": "",
            "schedule": "0/30 * * * * * *",
            "schedule_enabled": true,
            "success_on_empty_node_filter": null,
            "time_zone": "",
            "timeout": null
          },
          "sensitive_attributes": [],
          "private": "bnVsbA==",
          "dependencies": [
            "rundeck_project.Project2"
          ]
        },
        {
          "index_key": 59,
          "schema_version": 0,
          "attributes": {
            "allow_concurrent_executions": false,
            "command": [
              {
                "description": "",
                "error_handler": [],
                "inline_script": "",
                "job": [],
                "keep_going_on_success": false,
                "node_step_plugin": [],
                "script_file": "",
                "script_file_args": "",
                "script_interpreter": [],
                "shell_command": "hostname",
                "step_plugin": []
              }
            ],
            "command_ordering_strategy": "node-first",
            "continue_next_node_on_error": false,
            "continue_on_error": false,
            "description": "Restart the service daemons on all the web servers",
            "execution_enabled": true,
            "global_log_filter": [],
            "group_name": "",
            "id": "a47a54f1-045f-4748-841c-308e4681d545",
            "log_level": "INFO",
            "max_thread_count": 1,
            "name": "jobP2-59",
            "node_filter_exclude_precedence": false,
            "node_filter_exclude_query": "",
            "node_filter_query": "",
            "notification": [],
            "option": [],
            "preserve_options_order": null,
            "project_name": "Project2",
            "rank_attribute": "",
            "rank_order": "ascending",
            "retry": "",
            "schedule": "0/30 * * * * * *",
            "schedule_enabled": true,
            "success_on_empty_node_filter": null,
            "time_zone": "",
            "timeout": null
          },
          "sensitive_attributes": [],
          "private": "bnVsbA==",
          "dependencies": [
            "rundeck_project.Project2"
          ]
        },
        {
          "index_key": 60,
          "schema_version": 0,
          "attributes": {
            "allow_concurrent_executions": false,
            "command": [
              {
                "description": "",
                "error_handler": [],
                "inline_script": "",
                "job": [],
                "keep_going_on_success": false,
                "node_step_plugin": [],
                "script_file": "",
                "script_file_args": "",
                "script_interpreter": [],
                "shell_command": "hostname",
                "step_plugin": []
              }
            ],
            "command_ordering_strategy": "node-first",
            "continue_next_node_on_error": false,
            "continue_on_error": false,
            "description": "Restart the service daemons on all the web servers",
            "execution_enabled": true,
            "global_log_filter": [],
            "group_name": "",
            "id": "e4b3f042-0724-4215-9a03-ed5b4a75a0d4",
            "log_level": "INFO",
            "max_thread_count": 1,
            "name": "jobP2-60",
            "node_filter_exclude_precedence": false,
            "node_filter_exclude_query": "",
            "node_filter_query": "",
            "notification": [],
            "option": [],
            "preserve_options_order": null,
            "project_name": "Project2",
            "rank_attribute": "",
            "rank_order": "ascending",
            "retry": "",
            "schedule": "0/30 * * * * * *",
            "schedule_enabled": true,
            "success_on_empty_node_filter": null,
            "time_zone": "",
            "timeout": null
          },
          "sensitive_attributes": [],
          "private": "bnVsbA==",
          "dependencies": [
            "rundeck_project.Project2"
          ]
        },
        {
          "index_key": 61,
          "schema_version": 0,
          "attributes": {
            "allow_concurrent_executions": false,
            "command": [
              {
                "description": "",
                "error_handler": [],
                "inline_script": "",
                "job": [],
                "keep_going_on_success": false,
                "node_step_plugin": [],
                "script_file": "",
                "script_file_args": "",
                "script_interpreter": [],
                "shell_command": "hostname",
                "step_plugin": []
              }
            ],
            "command_ordering_strategy": "node-first",
            "continue_next_node_on_error": false,
            "continue_on_error": false,
            "description": "Restart the service daemons on all the web servers",
            "execution_enabled": true,
            "global_log_filter": [],
            "group_name": "",
            "id": "4ec367f0-9f5c-487c-ae58-69e74c5dad51",
            "log_level": "INFO",
            "max_thread_count": 1,
            "name": "jobP2-61",
            "node_filter_exclude_precedence": false,
            "node_filter_exclude_query": "",
            "node_filter_query": "",
            "notification": [],
            "option": [],
            "preserve_options_order": null,
            "project_name": "Project2",
            "rank_attribute": "",
            "rank_order": "ascending",
            "retry": "",
            "schedule": "0/30 * * * * * *",
            "schedule_enabled": true,
            "success_on_empty_node_filter": null,
            "time_zone": "",
            "timeout": null
          },
          "sensitive_attributes": [],
          "private": "bnVsbA==",
          "dependencies": [
            "rundeck_project.Project2"
          ]
        },
        {
          "index_key": 62,
          "schema_version": 0,
          "attributes": {
            "allow_concurrent_executions": false,
            "command": [
              {
                "description": "",
                "error_handler": [],
                "inline_script": "",
                "job": [],
                "keep_going_on_success": false,
                "node_step_plugin": [],
                "script_file": "",
                "script_file_args": "",
                "script_interpreter": [],
                "shell_command": "hostname",
                "step_plugin": []
              }
            ],
            "command_ordering_strategy": "node-first",
            "continue_next_node_on_error": false,
            "continue_on_error": false,
            "description": "Restart the service daemons on all the web servers",
            "execution_enabled": true,
            "global_log_filter": [],
            "group_name": "",
            "id": "993ab082-e40e-497a-bca8-720f70547afa",
            "log_level": "INFO",
            "max_thread_count": 1,
            "name": "jobP2-62",
            "node_filter_exclude_precedence": false,
            "node_filter_exclude_query": "",
            "node_filter_query": "",
            "notification": [],
            "option": [],
            "preserve_options_order": null,
            "project_name": "Project2",
            "rank_attribute": "",
            "rank_order": "ascending",
            "retry": "",
            "schedule": "0/30 * * * * * *",
            "schedule_enabled": true,
            "success_on_empty_node_filter": null,
            "time_zone": "",
            "timeout": null
          },
          "sensitive_attributes": [],
          "private": "bnVsbA==",
          "dependencies": [
            "rundeck_project.Project2"
          ]
        },
        {
          "index_key": 63,
          "schema_version": 0,
          "attributes": {
            "allow_concurrent_executions": false,
            "command": [
              {
                "description": "",
                "error_handler": [],
                "inline_script": "",
                "job": [],
                "keep_going_on_success": false,
                "node_step_plugin": [],
                "script_file": "",
                "script_file_args": "",
                "script_interpreter": [],
                "shell_command": "hostname",
                "step_plugin": []
              }
            ],
            "command_ordering_strategy": "node-first",
            "continue_next_node_on_error": false,
            "continue_on_error": false,
            "description": "Restart the service daemons on all the web servers",
            "execution_enabled": true,
            "global_log_filter": [],
            "group_name": "",
            "id": "f82f0b40-bba3-4a35-a3b8-6acf36753bbb",
            "log_level": "INFO",
            "max_thread_count": 1,
            "name": "jobP2-63",
            "node_filter_exclude_precedence": false,
            "node_filter_exclude_query": "",
            "node_filter_query": "",
            "notification": [],
            "option": [],
            "preserve_options_order": null,
            "project_name": "Project2",
            "rank_attribute": "",
            "rank_order": "ascending",
            "retry": "",
            "schedule": "0/30 * * * * * *",
            "schedule_enabled": true,
            "success_on_empty_node_filter": null,
            "time_zone": "",
            "timeout": null
          },
          "sensitive_attributes": [],
          "private": "bnVsbA==",
          "dependencies": [
            "rundeck_project.Project2"
          ]
        },
        {
          "index_key": 64,
          "schema_version": 0,
          "attributes": {
            "allow_concurrent_executions": false,
            "command": [
              {
                "description": "",
                "error_handler": [],
                "inline_script": "",
                "job": [],
                "keep_going_on_success": false,
                "node_step_plugin": [],
                "script_file": "",
                "script_file_args": "",
                "script_interpreter": [],
                "shell_command": "hostname",
                "step_plugin": []
              }
            ],
            "command_ordering_strategy": "node-first",
            "continue_next_node_on_error": false,
            "continue_on_error": false,
            "description": "Restart the service daemons on all the web servers",
            "execution_enabled": true,
            "global_log_filter": [],
            "group_name": "",
            "id": "09dcc4cf-e105-4675-b98e-70d9e6c480f0",
            "log_level": "INFO",
            "max_thread_count": 1,
            "name": "jobP2-64",
            "node_filter_exclude_precedence": false,
            "node_filter_exclude_query": "",
            "node_filter_query": "",
            "notification": [],
            "option": [],
            "preserve_options_order": null,
            "project_name": "Project2",
            "rank_attribute": "",
            "rank_order": "ascending",
            "retry": "",
            "schedule": "0/30 * * * * * *",
            "schedule_enabled": true,
            "success_on_empty_node_filter": null,
            "time_zone": "",
            "timeout": null
          },
          "sensitive_attributes": [],
          "private": "bnVsbA==",
          "dependencies": [
            "rundeck_project.Project2"
          ]
        },
        {
          "index_key": 65,
          "schema_version": 0,
          "attributes": {
            "allow_concurrent_executions": false,
            "command": [
              {
                "description": "",
                "error_handler": [],
                "inline_script": "",
                "job": [],
                "keep_going_on_success": false,
                "node_step_plugin": [],
                "script_file": "",
                "script_file_args": "",
                "script_interpreter": [],
                "shell_command": "hostname",
                "step_plugin": []
              }
            ],
            "command_ordering_strategy": "node-first",
            "continue_next_node_on_error": false,
            "continue_on_error": false,
            "description": "Restart the service daemons on all the web servers",
            "execution_enabled": true,
            "global_log_filter": [],
            "group_name": "",
            "id": "19488e40-69fe-40c1-944a-0a15bdcb1fc8",
            "log_level": "INFO",
            "max_thread_count": 1,
            "name": "jobP2-65",
            "node_filter_exclude_precedence": false,
            "node_filter_exclude_query": "",
            "node_filter_query": "",
            "notification": [],
            "option": [],
            "preserve_options_order": null,
            "project_name": "Project2",
            "rank_attribute": "",
            "rank_order": "ascending",
            "retry": "",
            "schedule": "0/30 * * * * * *",
            "schedule_enabled": true,
            "success_on_empty_node_filter": null,
            "time_zone": "",
            "timeout": null
          },
          "sensitive_attributes": [],
          "private": "bnVsbA==",
          "dependencies": [
            "rundeck_project.Project2"
          ]
        },
        {
          "index_key": 66,
          "schema_version": 0,
          "attributes": {
            "allow_concurrent_executions": false,
            "command": [
              {
                "description": "",
                "error_handler": [],
                "inline_script": "",
                "job": [],
                "keep_going_on_success": false,
                "node_step_plugin": [],
                "script_file": "",
                "script_file_args": "",
                "script_interpreter": [],
                "shell_command": "hostname",
                "step_plugin": []
              }
            ],
            "command_ordering_strategy": "node-first",
            "continue_next_node_on_error": false,
            "continue_on_error": false,
            "description": "Restart the service daemons on all the web servers",
            "execution_enabled": true,
            "global_log_filter": [],
            "group_name": "",
            "id": "91205707-9619-4d3d-a831-6a29f525baee",
            "log_level": "INFO",
            "max_thread_count": 1,
            "name": "jobP2-66",
            "node_filter_exclude_precedence": false,
            "node_filter_exclude_query": "",
            "node_filter_query": "",
            "notification": [],
            "option": [],
            "preserve_options_order": null,
            "project_name": "Project2",
            "rank_attribute": "",
            "rank_order": "ascending",
            "retry": "",
            "schedule": "0/30 * * * * * *",
            "schedule_enabled": true,
            "success_on_empty_node_filter": null,
            "time_zone": "",
            "timeout": null
          },
          "sensitive_attributes": [],
          "private": "bnVsbA==",
          "dependencies": [
            "rundeck_project.Project2"
          ]
        },
        {
          "index_key": 67,
          "schema_version": 0,
          "attributes": {
            "allow_concurrent_executions": false,
            "command": [
              {
                "description": "",
                "error_handler": [],
                "inline_script": "",
                "job": [],
                "keep_going_on_success": false,
                "node_step_plugin": [],
                "script_file": "",
                "script_file_args": "",
                "script_interpreter": [],
                "shell_command": "hostname",
                "step_plugin": []
              }
            ],
            "command_ordering_strategy": "node-first",
            "continue_next_node_on_error": false,
            "continue_on_error": false,
            "description": "Restart the service daemons on all the web servers",
            "execution_enabled": true,
            "global_log_filter": [],
            "group_name": "",
            "id": "7034388b-20fa-4e6f-8e96-feda3f4e670e",
            "log_level": "INFO",
            "max_thread_count": 1,
            "name": "jobP2-67",
            "node_filter_exclude_precedence": false,
            "node_filter_exclude_query": "",
            "node_filter_query": "",
            "notification": [],
            "option": [],
            "preserve_options_order": null,
            "project_name": "Project2",
            "rank_attribute": "",
            "rank_order": "ascending",
            "retry": "",
            "schedule": "0/30 * * * * * *",
            "schedule_enabled": true,
            "success_on_empty_node_filter": null,
            "time_zone": "",
            "timeout": null
          },
          "sensitive_attributes": [],
          "private": "bnVsbA==",
          "dependencies": [
            "rundeck_project.Project2"
          ]
        },
        {
          "index_key": 68,
          "schema_version": 0,
          "attributes": {
            "allow_concurrent_executions": false,
            "command": [
              {
                "description": "",
                "error_handler": [],
                "inline_script": "",
                "job": [],
                "keep_going_on_success": false,
                "node_step_plugin": [],
                "script_file": "",
                "script_file_args": "",
                "script_interpreter": [],
                "shell_command": "hostname",
                "step_plugin": []
              }
            ],
            "command_ordering_strategy": "node-first",
            "continue_next_node_on_error": false,
            "continue_on_error": false,
            "description": "Restart the service daemons on all the web servers",
            "execution_enabled": true,
            "global_log_filter": [],
            "group_name": "",
            "id": "0135ffb4-3d0c-4b15-a3c1-d66af9ac1f97",
            "log_level": "INFO",
            "max_thread_count": 1,
            "name": "jobP2-68",
            "node_filter_exclude_precedence": false,
            "node_filter_exclude_query": "",
            "node_filter_query": "",
            "notification": [],
            "option": [],
            "preserve_options_order": null,
            "project_name": "Project2",
            "rank_attribute": "",
            "rank_order": "ascending",
            "retry": "",
            "schedule": "0/30 * * * * * *",
            "schedule_enabled": true,
            "success_on_empty_node_filter": null,
            "time_zone": "",
            "timeout": null
          },
          "sensitive_attributes": [],
          "private": "bnVsbA==",
          "dependencies": [
            "rundeck_project.Project2"
          ]
        },
        {
          "index_key": 69,
          "schema_version": 0,
          "attributes": {
            "allow_concurrent_executions": false,
            "command": [
              {
                "description": "",
                "error_handler": [],
                "inline_script": "",
                "job": [],
                "keep_going_on_success": false,
                "node_step_plugin": [],
                "script_file": "",
                "script_file_args": "",
                "script_interpreter": [],
                "shell_command": "hostname",
                "step_plugin": []
              }
            ],
            "command_ordering_strategy": "node-first",
            "continue_next_node_on_error": false,
            "continue_on_error": false,
            "description": "Restart the service daemons on all the web servers",
            "execution_enabled": true,
            "global_log_filter": [],
            "group_name": "",
            "id": "dc47051c-265e-4119-b885-c8865c82d7d8",
            "log_level": "INFO",
            "max_thread_count": 1,
            "name": "jobP2-69",
            "node_filter_exclude_precedence": false,
            "node_filter_exclude_query": "",
            "node_filter_query": "",
            "notification": [],
            "option": [],
            "preserve_options_order": null,
            "project_name": "Project2",
            "rank_attribute": "",
            "rank_order": "ascending",
            "retry": "",
            "schedule": "0/30 * * * * * *",
            "schedule_enabled": true,
            "success_on_empty_node_filter": null,
            "time_zone": "",
            "timeout": null
          },
          "sensitive_attributes": [],
          "private": "bnVsbA==",
          "dependencies": [
            "rundeck_project.Project2"
          ]
        },
        {
          "index_key": 70,
          "schema_version": 0,
          "attributes": {
            "allow_concurrent_executions": false,
            "command": [
              {
                "description": "",
                "error_handler": [],
                "inline_script": "",
                "job": [],
                "keep_going_on_success": false,
                "node_step_plugin": [],
                "script_file": "",
                "script_file_args": "",
                "script_interpreter": [],
                "shell_command": "hostname",
                "step_plugin": []
              }
            ],
            "command_ordering_strategy": "node-first",
            "continue_next_node_on_error": false,
            "continue_on_error": false,
            "description": "Restart the service daemons on all the web servers",
            "execution_enabled": true,
            "global_log_filter": [],
            "group_name": "",
            "id": "a78250a4-ebd4-4c06-9b16-7049912353d5",
            "log_level": "INFO",
            "max_thread_count": 1,
            "name": "jobP2-70",
            "node_filter_exclude_precedence": false,
            "node_filter_exclude_query": "",
            "node_filter_query": "",
            "notification": [],
            "option": [],
            "preserve_options_order": null,
            "project_name": "Project2",
            "rank_attribute": "",
            "rank_order": "ascending",
            "retry": "",
            "schedule": "0/30 * * * * * *",
            "schedule_enabled": true,
            "success_on_empty_node_filter": null,
            "time_zone": "",
            "timeout": null
          },
          "sensitive_attributes": [],
          "private": "bnVsbA==",
          "dependencies": [
            "rundeck_project.Project2"
          ]
        },
        {
          "index_key": 71,
          "schema_version": 0,
          "attributes": {
            "allow_concurrent_executions": false,
            "command": [
              {
                "description": "",
                "error_handler": [],
                "inline_script": "",
                "job": [],
                "keep_going_on_success": false,
                "node_step_plugin": [],
                "script_file": "",
                "script_file_args": "",
                "script_interpreter": [],
                "shell_command": "hostname",
                "step_plugin": []
              }
            ],
            "command_ordering_strategy": "node-first",
            "continue_next_node_on_error": false,
            "continue_on_error": false,
            "description": "Restart the service daemons on all the web servers",
            "execution_enabled": true,
            "global_log_filter": [],
            "group_name": "",
            "id": "48102b24-d934-4e8d-9626-7360a6970c96",
            "log_level": "INFO",
            "max_thread_count": 1,
            "name": "jobP2-71",
            "node_filter_exclude_precedence": false,
            "node_filter_exclude_query": "",
            "node_filter_query": "",
            "notification": [],
            "option": [],
            "preserve_options_order": null,
            "project_name": "Project2",
            "rank_attribute": "",
            "rank_order": "ascending",
            "retry": "",
            "schedule": "0/30 * * * * * *",
            "schedule_enabled": true,
            "success_on_empty_node_filter": null,
            "time_zone": "",
            "timeout": null
          },
          "sensitive_attributes": [],
          "private": "bnVsbA==",
          "dependencies": [
            "rundeck_project.Project2"
          ]
        },
        {
          "index_key": 72,
          "schema_version": 0,
          "attributes": {
            "allow_concurrent_executions": false,
            "command": [
              {
                "description": "",
                "error_handler": [],
                "inline_script": "",
                "job": [],
                "keep_going_on_success": false,
                "node_step_plugin": [],
                "script_file": "",
                "script_file_args": "",
                "script_interpreter": [],
                "shell_command": "hostname",
                "step_plugin": []
              }
            ],
            "command_ordering_strategy": "node-first",
            "continue_next_node_on_error": false,
            "continue_on_error": false,
            "description": "Restart the service daemons on all the web servers",
            "execution_enabled": true,
            "global_log_filter": [],
            "group_name": "",
            "id": "b875f2d7-543c-444a-b860-6b1578e51ca2",
            "log_level": "INFO",
            "max_thread_count": 1,
            "name": "jobP2-72",
            "node_filter_exclude_precedence": false,
            "node_filter_exclude_query": "",
            "node_filter_query": "",
            "notification": [],
            "option": [],
            "preserve_options_order": null,
            "project_name": "Project2",
            "rank_attribute": "",
            "rank_order": "ascending",
            "retry": "",
            "schedule": "0/30 * * * * * *",
            "schedule_enabled": true,
            "success_on_empty_node_filter": null,
            "time_zone": "",
            "timeout": null
          },
          "sensitive_attributes": [],
          "private": "bnVsbA==",
          "dependencies": [
            "rundeck_project.Project2"
          ]
        },
        {
          "index_key": 73,
          "schema_version": 0,
          "attributes": {
            "allow_concurrent_executions": false,
            "command": [
              {
                "description": "",
                "error_handler": [],
                "inline_script": "",
                "job": [],
                "keep_going_on_success": false,
                "node_step_plugin": [],
                "script_file": "",
                "script_file_args": "",
                "script_interpreter": [],
                "shell_command": "hostname",
                "step_plugin": []
              }
            ],
            "command_ordering_strategy": "node-first",
            "continue_next_node_on_error": false,
            "continue_on_error": false,
            "description": "Restart the service daemons on all the web servers",
            "execution_enabled": true,
            "global_log_filter": [],
            "group_name": "",
            "id": "0f0a224d-05a5-43c9-b411-24d79a91ed92",
            "log_level": "INFO",
            "max_thread_count": 1,
            "name": "jobP2-73",
            "node_filter_exclude_precedence": false,
            "node_filter_exclude_query": "",
            "node_filter_query": "",
            "notification": [],
            "option": [],
            "preserve_options_order": null,
            "project_name": "Project2",
            "rank_attribute": "",
            "rank_order": "ascending",
            "retry": "",
            "schedule": "0/30 * * * * * *",
            "schedule_enabled": true,
            "success_on_empty_node_filter": null,
            "time_zone": "",
            "timeout": null
          },
          "sensitive_attributes": [],
          "private": "bnVsbA==",
          "dependencies": [
            "rundeck_project.Project2"
          ]
        },
        {
          "index_key": 74,
          "schema_version": 0,
          "attributes": {
            "allow_concurrent_executions": false,
            "command": [
              {
                "description": "",
                "error_handler": [],
                "inline_script": "",
                "job": [],
                "keep_going_on_success": false,
                "node_step_plugin": [],
                "script_file": "",
                "script_file_args": "",
                "script_interpreter": [],
                "shell_command": "hostname",
                "step_plugin": []
              }
            ],
            "command_ordering_strategy": "node-first",
            "continue_next_node_on_error": false,
            "continue_on_error": false,
            "description": "Restart the service daemons on all the web servers",
            "execution_enabled": true,
            "global_log_filter": [],
            "group_name": "",
            "id": "a8042226-971f-42ef-aeb7-539c05e26545",
            "log_level": "INFO",
            "max_thread_count": 1,
            "name": "jobP2-74",
            "node_filter_exclude_precedence": false,
            "node_filter_exclude_query": "",
            "node_filter_query": "",
            "notification": [],
            "option": [],
            "preserve_options_order": null,
            "project_name": "Project2",
            "rank_attribute": "",
            "rank_order": "ascending",
            "retry": "",
            "schedule": "0/30 * * * * * *",
            "schedule_enabled": true,
            "success_on_empty_node_filter": null,
            "time_zone": "",
            "timeout": null
          },
          "sensitive_attributes": [],
          "private": "bnVsbA==",
          "dependencies": [
            "rundeck_project.Project2"
          ]
        },
        {
          "index_key": 75,
          "schema_version": 0,
          "attributes": {
            "allow_concurrent_executions": false,
            "command": [
              {
                "description": "",
                "error_handler": [],
                "inline_script": "",
                "job": [],
                "keep_going_on_success": false,
                "node_step_plugin": [],
                "script_file": "",
                "script_file_args": "",
                "script_interpreter": [],
                "shell_command": "hostname",
                "step_plugin": []
              }
            ],
            "command_ordering_strategy": "node-first",
            "continue_next_node_on_error": false,
            "continue_on_error": false,
            "description": "Restart the service daemons on all the web servers",
            "execution_enabled": true,
            "global_log_filter": [],
            "group_name": "",
            "id": "7a3e389a-6c72-4e04-b333-40d810d595d3",
            "log_level": "INFO",
            "max_thread_count": 1,
            "name": "jobP2-75",
            "node_filter_exclude_precedence": false,
            "node_filter_exclude_query": "",
            "node_filter_query": "",
            "notification": [],
            "option": [],
            "preserve_options_order": null,
            "project_name": "Project2",
            "rank_attribute": "",
            "rank_order": "ascending",
            "retry": "",
            "schedule": "0/30 * * * * * *",
            "schedule_enabled": true,
            "success_on_empty_node_filter": null,
            "time_zone": "",
            "timeout": null
          },
          "sensitive_attributes": [],
          "private": "bnVsbA==",
          "dependencies": [
            "rundeck_project.Project2"
          ]
        },
        {
          "index_key": 76,
          "schema_version": 0,
          "attributes": {
            "allow_concurrent_executions": false,
            "command": [
              {
                "description": "",
                "error_handler": [],
                "inline_script": "",
                "job": [],
                "keep_going_on_success": false,
                "node_step_plugin": [],
                "script_file": "",
                "script_file_args": "",
                "script_interpreter": [],
                "shell_command": "hostname",
                "step_plugin": []
              }
            ],
            "command_ordering_strategy": "node-first",
            "continue_next_node_on_error": false,
            "continue_on_error": false,
            "description": "Restart the service daemons on all the web servers",
            "execution_enabled": true,
            "global_log_filter": [],
            "group_name": "",
            "id": "d3c0d047-99bf-4ac5-a58f-85404cdcd8f6",
            "log_level": "INFO",
            "max_thread_count": 1,
            "name": "jobP2-76",
            "node_filter_exclude_precedence": false,
            "node_filter_exclude_query": "",
            "node_filter_query": "",
            "notification": [],
            "option": [],
            "preserve_options_order": null,
            "project_name": "Project2",
            "rank_attribute": "",
            "rank_order": "ascending",
            "retry": "",
            "schedule": "0/30 * * * * * *",
            "schedule_enabled": true,
            "success_on_empty_node_filter": null,
            "time_zone": "",
            "timeout": null
          },
          "sensitive_attributes": [],
          "private": "bnVsbA==",
          "dependencies": [
            "rundeck_project.Project2"
          ]
        },
        {
          "index_key": 77,
          "schema_version": 0,
          "attributes": {
            "allow_concurrent_executions": false,
            "command": [
              {
                "description": "",
                "error_handler": [],
                "inline_script": "",
                "job": [],
                "keep_going_on_success": false,
                "node_step_plugin": [],
                "script_file": "",
                "script_file_args": "",
                "script_interpreter": [],
                "shell_command": "hostname",
                "step_plugin": []
              }
            ],
            "command_ordering_strategy": "node-first",
            "continue_next_node_on_error": false,
            "continue_on_error": false,
            "description": "Restart the service daemons on all the web servers",
            "execution_enabled": true,
            "global_log_filter": [],
            "group_name": "",
            "id": "182893d5-97a8-45fb-b9f9-f6a8b24ff108",
            "log_level": "INFO",
            "max_thread_count": 1,
            "name": "jobP2-77",
            "node_filter_exclude_precedence": false,
            "node_filter_exclude_query": "",
            "node_filter_query": "",
            "notification": [],
            "option": [],
            "preserve_options_order": null,
            "project_name": "Project2",
            "rank_attribute": "",
            "rank_order": "ascending",
            "retry": "",
            "schedule": "0/30 * * * * * *",
            "schedule_enabled": true,
            "success_on_empty_node_filter": null,
            "time_zone": "",
            "timeout": null
          },
          "sensitive_attributes": [],
          "private": "bnVsbA==",
          "dependencies": [
            "rundeck_project.Project2"
          ]
        },
        {
          "index_key": 78,
          "schema_version": 0,
          "attributes": {
            "allow_concurrent_executions": false,
            "command": [
              {
                "description": "",
                "error_handler": [],
                "inline_script": "",
                "job": [],
                "keep_going_on_success": false,
                "node_step_plugin": [],
                "script_file": "",
                "script_file_args": "",
                "script_interpreter": [],
                "shell_command": "hostname",
                "step_plugin": []
              }
            ],
            "command_ordering_strategy": "node-first",
            "continue_next_node_on_error": false,
            "continue_on_error": false,
            "description": "Restart the service daemons on all the web servers",
            "execution_enabled": true,
            "global_log_filter": [],
            "group_name": "",
            "id": "18523b03-d59b-4cd8-90c6-c073f81451fd",
            "log_level": "INFO",
            "max_thread_count": 1,
            "name": "jobP2-78",
            "node_filter_exclude_precedence": false,
            "node_filter_exclude_query": "",
            "node_filter_query": "",
            "notification": [],
            "option": [],
            "preserve_options_order": null,
            "project_name": "Project2",
            "rank_attribute": "",
            "rank_order": "ascending",
            "retry": "",
            "schedule": "0/30 * * * * * *",
            "schedule_enabled": true,
            "success_on_empty_node_filter": null,
            "time_zone": "",
            "timeout": null
          },
          "sensitive_attributes": [],
          "private": "bnVsbA==",
          "dependencies": [
            "rundeck_project.Project2"
          ]
        },
        {
          "index_key": 79,
          "schema_version": 0,
          "attributes": {
            "allow_concurrent_executions": false,
            "command": [
              {
                "description": "",
                "error_handler": [],
                "inline_script": "",
                "job": [],
                "keep_going_on_success": false,
                "node_step_plugin": [],
                "script_file": "",
                "script_file_args": "",
                "script_interpreter": [],
                "shell_command": "hostname",
                "step_plugin": []
              }
            ],
            "command_ordering_strategy": "node-first",
            "continue_next_node_on_error": false,
            "continue_on_error": false,
            "description": "Restart the service daemons on all the web servers",
            "execution_enabled": true,
            "global_log_filter": [],
            "group_name": "",
            "id": "a9b57f4e-cafe-403f-879a-db5bfeb4fbb8",
            "log_level": "INFO",
            "max_thread_count": 1,
            "name": "jobP2-79",
            "node_filter_exclude_precedence": false,
            "node_filter_exclude_query": "",
            "node_filter_query": "",
            "notification": [],
            "option": [],
            "preserve_options_order": null,
            "project_name": "Project2",
            "rank_attribute": "",
            "rank_order": "ascending",
            "retry": "",
            "schedule": "0/30 * * * * * *",
            "schedule_enabled": true,
            "success_on_empty_node_filter": null,
            "time_zone": "",
            "timeout": null
          },
          "sensitive_attributes": [],
          "private": "bnVsbA==",
          "dependencies": [
            "rundeck_project.Project2"
          ]
        },
        {
          "index_key": 80,
          "schema_version": 0,
          "attributes": {
            "allow_concurrent_executions": false,
            "command": [
              {
                "description": "",
                "error_handler": [],
                "inline_script": "",
                "job": [],
                "keep_going_on_success": false,
                "node_step_plugin": [],
                "script_file": "",
                "script_file_args": "",
                "script_interpreter": [],
                "shell_command": "hostname",
                "step_plugin": []
              }
            ],
            "command_ordering_strategy": "node-first",
            "continue_next_node_on_error": false,
            "continue_on_error": false,
            "description": "Restart the service daemons on all the web servers",
            "execution_enabled": true,
            "global_log_filter": [],
            "group_name": "",
            "id": "5e2c6b1a-910f-4302-ba8d-723df03b54f9",
            "log_level": "INFO",
            "max_thread_count": 1,
            "name": "jobP2-80",
            "node_filter_exclude_precedence": false,
            "node_filter_exclude_query": "",
            "node_filter_query": "",
            "notification": [],
            "option": [],
            "preserve_options_order": null,
            "project_name": "Project2",
            "rank_attribute": "",
            "rank_order": "ascending",
            "retry": "",
            "schedule": "0/30 * * * * * *",
            "schedule_enabled": true,
            "success_on_empty_node_filter": null,
            "time_zone": "",
            "timeout": null
          },
          "sensitive_attributes": [],
          "private": "bnVsbA==",
          "dependencies": [
            "rundeck_project.Project2"
          ]
        },
        {
          "index_key": 81,
          "schema_version": 0,
          "attributes": {
            "allow_concurrent_executions": false,
            "command": [
              {
                "description": "",
                "error_handler": [],
                "inline_script": "",
                "job": [],
                "keep_going_on_success": false,
                "node_step_plugin": [],
                "script_file": "",
                "script_file_args": "",
                "script_interpreter": [],
                "shell_command": "hostname",
                "step_plugin": []
              }
            ],
            "command_ordering_strategy": "node-first",
            "continue_next_node_on_error": false,
            "continue_on_error": false,
            "description": "Restart the service daemons on all the web servers",
            "execution_enabled": true,
            "global_log_filter": [],
            "group_name": "",
            "id": "d2479557-4028-4807-bfb2-a1a1d14b23f0",
            "log_level": "INFO",
            "max_thread_count": 1,
            "name": "jobP2-81",
            "node_filter_exclude_precedence": false,
            "node_filter_exclude_query": "",
            "node_filter_query": "",
            "notification": [],
            "option": [],
            "preserve_options_order": null,
            "project_name": "Project2",
            "rank_attribute": "",
            "rank_order": "ascending",
            "retry": "",
            "schedule": "0/30 * * * * * *",
            "schedule_enabled": true,
            "success_on_empty_node_filter": null,
            "time_zone": "",
            "timeout": null
          },
          "sensitive_attributes": [],
          "private": "bnVsbA==",
          "dependencies": [
            "rundeck_project.Project2"
          ]
        },
        {
          "index_key": 82,
          "schema_version": 0,
          "attributes": {
            "allow_concurrent_executions": false,
            "command": [
              {
                "description": "",
                "error_handler": [],
                "inline_script": "",
                "job": [],
                "keep_going_on_success": false,
                "node_step_plugin": [],
                "script_file": "",
                "script_file_args": "",
                "script_interpreter": [],
                "shell_command": "hostname",
                "step_plugin": []
              }
            ],
            "command_ordering_strategy": "node-first",
            "continue_next_node_on_error": false,
            "continue_on_error": false,
            "description": "Restart the service daemons on all the web servers",
            "execution_enabled": true,
            "global_log_filter": [],
            "group_name": "",
            "id": "2bba886c-4a82-405c-a82c-748375c2f494",
            "log_level": "INFO",
            "max_thread_count": 1,
            "name": "jobP2-82",
            "node_filter_exclude_precedence": false,
            "node_filter_exclude_query": "",
            "node_filter_query": "",
            "notification": [],
            "option": [],
            "preserve_options_order": null,
            "project_name": "Project2",
            "rank_attribute": "",
            "rank_order": "ascending",
            "retry": "",
            "schedule": "0/30 * * * * * *",
            "schedule_enabled": true,
            "success_on_empty_node_filter": null,
            "time_zone": "",
            "timeout": null
          },
          "sensitive_attributes": [],
          "private": "bnVsbA==",
          "dependencies": [
            "rundeck_project.Project2"
          ]
        },
        {
          "index_key": 83,
          "schema_version": 0,
          "attributes": {
            "allow_concurrent_executions": false,
            "command": [
              {
                "description": "",
                "error_handler": [],
                "inline_script": "",
                "job": [],
                "keep_going_on_success": false,
                "node_step_plugin": [],
                "script_file": "",
                "script_file_args": "",
                "script_interpreter": [],
                "shell_command": "hostname",
                "step_plugin": []
              }
            ],
            "command_ordering_strategy": "node-first",
            "continue_next_node_on_error": false,
            "continue_on_error": false,
            "description": "Restart the service daemons on all the web servers",
            "execution_enabled": true,
            "global_log_filter": [],
            "group_name": "",
            "id": "404ce1d4-f994-40c8-b2ac-d99ffbcb94ce",
            "log_level": "INFO",
            "max_thread_count": 1,
            "name": "jobP2-83",
            "node_filter_exclude_precedence": false,
            "node_filter_exclude_query": "",
            "node_filter_query": "",
            "notification": [],
            "option": [],
            "preserve_options_order": null,
            "project_name": "Project2",
            "rank_attribute": "",
            "rank_order": "ascending",
            "retry": "",
            "schedule": "0/30 * * * * * *",
            "schedule_enabled": true,
            "success_on_empty_node_filter": null,
            "time_zone": "",
            "timeout": null
          },
          "sensitive_attributes": [],
          "private": "bnVsbA==",
          "dependencies": [
            "rundeck_project.Project2"
          ]
        },
        {
          "index_key": 84,
          "schema_version": 0,
          "attributes": {
            "allow_concurrent_executions": false,
            "command": [
              {
                "description": "",
                "error_handler": [],
                "inline_script": "",
                "job": [],
                "keep_going_on_success": false,
                "node_step_plugin": [],
                "script_file": "",
                "script_file_args": "",
                "script_interpreter": [],
                "shell_command": "hostname",
                "step_plugin": []
              }
            ],
            "command_ordering_strategy": "node-first",
            "continue_next_node_on_error": false,
            "continue_on_error": false,
            "description": "Restart the service daemons on all the web servers",
            "execution_enabled": true,
            "global_log_filter": [],
            "group_name": "",
            "id": "ed579773-3af8-4056-80a7-2761c9727226",
            "log_level": "INFO",
            "max_thread_count": 1,
            "name": "jobP2-84",
            "node_filter_exclude_precedence": false,
            "node_filter_exclude_query": "",
            "node_filter_query": "",
            "notification": [],
            "option": [],
            "preserve_options_order": null,
            "project_name": "Project2",
            "rank_attribute": "",
            "rank_order": "ascending",
            "retry": "",
            "schedule": "0/30 * * * * * *",
            "schedule_enabled": true,
            "success_on_empty_node_filter": null,
            "time_zone": "",
            "timeout": null
          },
          "sensitive_attributes": [],
          "private": "bnVsbA==",
          "dependencies": [
            "rundeck_project.Project2"
          ]
        },
        {
          "index_key": 85,
          "schema_version": 0,
          "attributes": {
            "allow_concurrent_executions": false,
            "command": [
              {
                "description": "",
                "error_handler": [],
                "inline_script": "",
                "job": [],
                "keep_going_on_success": false,
                "node_step_plugin": [],
                "script_file": "",
                "script_file_args": "",
                "script_interpreter": [],
                "shell_command": "hostname",
                "step_plugin": []
              }
            ],
            "command_ordering_strategy": "node-first",
            "continue_next_node_on_error": false,
            "continue_on_error": false,
            "description": "Restart the service daemons on all the web servers",
            "execution_enabled": true,
            "global_log_filter": [],
            "group_name": "",
            "id": "6944a6ad-39e5-45eb-8957-6286a40551be",
            "log_level": "INFO",
            "max_thread_count": 1,
            "name": "jobP2-85",
            "node_filter_exclude_precedence": false,
            "node_filter_exclude_query": "",
            "node_filter_query": "",
            "notification": [],
            "option": [],
            "preserve_options_order": null,
            "project_name": "Project2",
            "rank_attribute": "",
            "rank_order": "ascending",
            "retry": "",
            "schedule": "0/30 * * * * * *",
            "schedule_enabled": true,
            "success_on_empty_node_filter": null,
            "time_zone": "",
            "timeout": null
          },
          "sensitive_attributes": [],
          "private": "bnVsbA==",
          "dependencies": [
            "rundeck_project.Project2"
          ]
        },
        {
          "index_key": 86,
          "schema_version": 0,
          "attributes": {
            "allow_concurrent_executions": false,
            "command": [
              {
                "description": "",
                "error_handler": [],
                "inline_script": "",
                "job": [],
                "keep_going_on_success": false,
                "node_step_plugin": [],
                "script_file": "",
                "script_file_args": "",
                "script_interpreter": [],
                "shell_command": "hostname",
                "step_plugin": []
              }
            ],
            "command_ordering_strategy": "node-first",
            "continue_next_node_on_error": false,
            "continue_on_error": false,
            "description": "Restart the service daemons on all the web servers",
            "execution_enabled": true,
            "global_log_filter": [],
            "group_name": "",
            "id": "99c87fa0-7c67-4850-8606-78ce0aae4993",
            "log_level": "INFO",
            "max_thread_count": 1,
            "name": "jobP2-86",
            "node_filter_exclude_precedence": false,
            "node_filter_exclude_query": "",
            "node_filter_query": "",
            "notification": [],
            "option": [],
            "preserve_options_order": null,
            "project_name": "Project2",
            "rank_attribute": "",
            "rank_order": "ascending",
            "retry": "",
            "schedule": "0/30 * * * * * *",
            "schedule_enabled": true,
            "success_on_empty_node_filter": null,
            "time_zone": "",
            "timeout": null
          },
          "sensitive_attributes": [],
          "private": "bnVsbA==",
          "dependencies": [
            "rundeck_project.Project2"
          ]
        },
        {
          "index_key": 87,
          "schema_version": 0,
          "attributes": {
            "allow_concurrent_executions": false,
            "command": [
              {
                "description": "",
                "error_handler": [],
                "inline_script": "",
                "job": [],
                "keep_going_on_success": false,
                "node_step_plugin": [],
                "script_file": "",
                "script_file_args": "",
                "script_interpreter": [],
                "shell_command": "hostname",
                "step_plugin": []
              }
            ],
            "command_ordering_strategy": "node-first",
            "continue_next_node_on_error": false,
            "continue_on_error": false,
            "description": "Restart the service daemons on all the web servers",
            "execution_enabled": true,
            "global_log_filter": [],
            "group_name": "",
            "id": "df632fe1-9043-42eb-8a7e-f660fa1eb6e3",
            "log_level": "INFO",
            "max_thread_count": 1,
            "name": "jobP2-87",
            "node_filter_exclude_precedence": false,
            "node_filter_exclude_query": "",
            "node_filter_query": "",
            "notification": [],
            "option": [],
            "preserve_options_order": null,
            "project_name": "Project2",
            "rank_attribute": "",
            "rank_order": "ascending",
            "retry": "",
            "schedule": "0/30 * * * * * *",
            "schedule_enabled": true,
            "success_on_empty_node_filter": null,
            "time_zone": "",
            "timeout": null
          },
          "sensitive_attributes": [],
          "private": "bnVsbA==",
          "dependencies": [
            "rundeck_project.Project2"
          ]
        },
        {
          "index_key": 88,
          "schema_version": 0,
          "attributes": {
            "allow_concurrent_executions": false,
            "command": [
              {
                "description": "",
                "error_handler": [],
                "inline_script": "",
                "job": [],
                "keep_going_on_success": false,
                "node_step_plugin": [],
                "script_file": "",
                "script_file_args": "",
                "script_interpreter": [],
                "shell_command": "hostname",
                "step_plugin": []
              }
            ],
            "command_ordering_strategy": "node-first",
            "continue_next_node_on_error": false,
            "continue_on_error": false,
            "description": "Restart the service daemons on all the web servers",
            "execution_enabled": true,
            "global_log_filter": [],
            "group_name": "",
            "id": "a0cbdd99-65dc-443b-8584-b76775e9d78b",
            "log_level": "INFO",
            "max_thread_count": 1,
            "name": "jobP2-88",
            "node_filter_exclude_precedence": false,
            "node_filter_exclude_query": "",
            "node_filter_query": "",
            "notification": [],
            "option": [],
            "preserve_options_order": null,
            "project_name": "Project2",
            "rank_attribute": "",
            "rank_order": "ascending",
            "retry": "",
            "schedule": "0/30 * * * * * *",
            "schedule_enabled": true,
            "success_on_empty_node_filter": null,
            "time_zone": "",
            "timeout": null
          },
          "sensitive_attributes": [],
          "private": "bnVsbA==",
          "dependencies": [
            "rundeck_project.Project2"
          ]
        },
        {
          "index_key": 89,
          "schema_version": 0,
          "attributes": {
            "allow_concurrent_executions": false,
            "command": [
              {
                "description": "",
                "error_handler": [],
                "inline_script": "",
                "job": [],
                "keep_going_on_success": false,
                "node_step_plugin": [],
                "script_file": "",
                "script_file_args": "",
                "script_interpreter": [],
                "shell_command": "hostname",
                "step_plugin": []
              }
            ],
            "command_ordering_strategy": "node-first",
            "continue_next_node_on_error": false,
            "continue_on_error": false,
            "description": "Restart the service daemons on all the web servers",
            "execution_enabled": true,
            "global_log_filter": [],
            "group_name": "",
            "id": "ed7d9c91-d69d-464c-8d23-a9cd5bdda5ed",
            "log_level": "INFO",
            "max_thread_count": 1,
            "name": "jobP2-89",
            "node_filter_exclude_precedence": false,
            "node_filter_exclude_query": "",
            "node_filter_query": "",
            "notification": [],
            "option": [],
            "preserve_options_order": null,
            "project_name": "Project2",
            "rank_attribute": "",
            "rank_order": "ascending",
            "retry": "",
            "schedule": "0/30 * * * * * *",
            "schedule_enabled": true,
            "success_on_empty_node_filter": null,
            "time_zone": "",
            "timeout": null
          },
          "sensitive_attributes": [],
          "private": "bnVsbA==",
          "dependencies": [
            "rundeck_project.Project2"
          ]
        },
        {
          "index_key": 90,
          "schema_version": 0,
          "attributes": {
            "allow_concurrent_executions": false,
            "command": [
              {
                "description": "",
                "error_handler": [],
                "inline_script": "",
                "job": [],
                "keep_going_on_success": false,
                "node_step_plugin": [],
                "script_file": "",
                "script_file_args": "",
                "script_interpreter": [],
                "shell_command": "hostname",
                "step_plugin": []
              }
            ],
            "command_ordering_strategy": "node-first",
            "continue_next_node_on_error": false,
            "continue_on_error": false,
            "description": "Restart the service daemons on all the web servers",
            "execution_enabled": true,
            "global_log_filter": [],
            "group_name": "",
            "id": "ef29dc7c-b55e-419e-b650-14022f333f6e",
            "log_level": "INFO",
            "max_thread_count": 1,
            "name": "jobP2-90",
            "node_filter_exclude_precedence": false,
            "node_filter_exclude_query": "",
            "node_filter_query": "",
            "notification": [],
            "option": [],
            "preserve_options_order": null,
            "project_name": "Project2",
            "rank_attribute": "",
            "rank_order": "ascending",
            "retry": "",
            "schedule": "0/30 * * * * * *",
            "schedule_enabled": true,
            "success_on_empty_node_filter": null,
            "time_zone": "",
            "timeout": null
          },
          "sensitive_attributes": [],
          "private": "bnVsbA==",
          "dependencies": [
            "rundeck_project.Project2"
          ]
        },
        {
          "index_key": 91,
          "schema_version": 0,
          "attributes": {
            "allow_concurrent_executions": false,
            "command": [
              {
                "description": "",
                "error_handler": [],
                "inline_script": "",
                "job": [],
                "keep_going_on_success": false,
                "node_step_plugin": [],
                "script_file": "",
                "script_file_args": "",
                "script_interpreter": [],
                "shell_command": "hostname",
                "step_plugin": []
              }
            ],
            "command_ordering_strategy": "node-first",
            "continue_next_node_on_error": false,
            "continue_on_error": false,
            "description": "Restart the service daemons on all the web servers",
            "execution_enabled": true,
            "global_log_filter": [],
            "group_name": "",
            "id": "bdc05da0-c4e5-45f6-b401-3ffe33bf2a94",
            "log_level": "INFO",
            "max_thread_count": 1,
            "name": "jobP2-91",
            "node_filter_exclude_precedence": false,
            "node_filter_exclude_query": "",
            "node_filter_query": "",
            "notification": [],
            "option": [],
            "preserve_options_order": null,
            "project_name": "Project2",
            "rank_attribute": "",
            "rank_order": "ascending",
            "retry": "",
            "schedule": "0/30 * * * * * *",
            "schedule_enabled": true,
            "success_on_empty_node_filter": null,
            "time_zone": "",
            "timeout": null
          },
          "sensitive_attributes": [],
          "private": "bnVsbA==",
          "dependencies": [
            "rundeck_project.Project2"
          ]
        },
        {
          "index_key": 92,
          "schema_version": 0,
          "attributes": {
            "allow_concurrent_executions": false,
            "command": [
              {
                "description": "",
                "error_handler": [],
                "inline_script": "",
                "job": [],
                "keep_going_on_success": false,
                "node_step_plugin": [],
                "script_file": "",
                "script_file_args": "",
                "script_interpreter": [],
                "shell_command": "hostname",
                "step_plugin": []
              }
            ],
            "command_ordering_strategy": "node-first",
            "continue_next_node_on_error": false,
            "continue_on_error": false,
            "description": "Restart the service daemons on all the web servers",
            "execution_enabled": true,
            "global_log_filter": [],
            "group_name": "",
            "id": "a47175bd-3426-49f3-9f1f-8d0d8ed7d218",
            "log_level": "INFO",
            "max_thread_count": 1,
            "name": "jobP2-92",
            "node_filter_exclude_precedence": false,
            "node_filter_exclude_query": "",
            "node_filter_query": "",
            "notification": [],
            "option": [],
            "preserve_options_order": null,
            "project_name": "Project2",
            "rank_attribute": "",
            "rank_order": "ascending",
            "retry": "",
            "schedule": "0/30 * * * * * *",
            "schedule_enabled": true,
            "success_on_empty_node_filter": null,
            "time_zone": "",
            "timeout": null
          },
          "sensitive_attributes": [],
          "private": "bnVsbA==",
          "dependencies": [
            "rundeck_project.Project2"
          ]
        },
        {
          "index_key": 93,
          "schema_version": 0,
          "attributes": {
            "allow_concurrent_executions": false,
            "command": [
              {
                "description": "",
                "error_handler": [],
                "inline_script": "",
                "job": [],
                "keep_going_on_success": false,
                "node_step_plugin": [],
                "script_file": "",
                "script_file_args": "",
                "script_interpreter": [],
                "shell_command": "hostname",
                "step_plugin": []
              }
            ],
            "command_ordering_strategy": "node-first",
            "continue_next_node_on_error": false,
            "continue_on_error": false,
            "description": "Restart the service daemons on all the web servers",
            "execution_enabled": true,
            "global_log_filter": [],
            "group_name": "",
            "id": "613562f9-2401-4a4d-a61e-b808a3575270",
            "log_level": "INFO",
            "max_thread_count": 1,
            "name": "jobP2-93",
            "node_filter_exclude_precedence": false,
            "node_filter_exclude_query": "",
            "node_filter_query": "",
            "notification": [],
            "option": [],
            "preserve_options_order": null,
            "project_name": "Project2",
            "rank_attribute": "",
            "rank_order": "ascending",
            "retry": "",
            "schedule": "0/30 * * * * * *",
            "schedule_enabled": true,
            "success_on_empty_node_filter": null,
            "time_zone": "",
            "timeout": null
          },
          "sensitive_attributes": [],
          "private": "bnVsbA==",
          "dependencies": [
            "rundeck_project.Project2"
          ]
        },
        {
          "index_key": 94,
          "schema_version": 0,
          "attributes": {
            "allow_concurrent_executions": false,
            "command": [
              {
                "description": "",
                "error_handler": [],
                "inline_script": "",
                "job": [],
                "keep_going_on_success": false,
                "node_step_plugin": [],
                "script_file": "",
                "script_file_args": "",
                "script_interpreter": [],
                "shell_command": "hostname",
                "step_plugin": []
              }
            ],
            "command_ordering_strategy": "node-first",
            "continue_next_node_on_error": false,
            "continue_on_error": false,
            "description": "Restart the service daemons on all the web servers",
            "execution_enabled": true,
            "global_log_filter": [],
            "group_name": "",
            "id": "7320c76b-5f58-444f-b7bd-a4f2000d0f84",
            "log_level": "INFO",
            "max_thread_count": 1,
            "name": "jobP2-94",
            "node_filter_exclude_precedence": false,
            "node_filter_exclude_query": "",
            "node_filter_query": "",
            "notification": [],
            "option": [],
            "preserve_options_order": null,
            "project_name": "Project2",
            "rank_attribute": "",
            "rank_order": "ascending",
            "retry": "",
            "schedule": "0/30 * * * * * *",
            "schedule_enabled": true,
            "success_on_empty_node_filter": null,
            "time_zone": "",
            "timeout": null
          },
          "sensitive_attributes": [],
          "private": "bnVsbA==",
          "dependencies": [
            "rundeck_project.Project2"
          ]
        },
        {
          "index_key": 95,
          "schema_version": 0,
          "attributes": {
            "allow_concurrent_executions": false,
            "command": [
              {
                "description": "",
                "error_handler": [],
                "inline_script": "",
                "job": [],
                "keep_going_on_success": false,
                "node_step_plugin": [],
                "script_file": "",
                "script_file_args": "",
                "script_interpreter": [],
                "shell_command": "hostname",
                "step_plugin": []
              }
            ],
            "command_ordering_strategy": "node-first",
            "continue_next_node_on_error": false,
            "continue_on_error": false,
            "description": "Restart the service daemons on all the web servers",
            "execution_enabled": true,
            "global_log_filter": [],
            "group_name": "",
            "id": "218ee7f8-a18b-404e-b1e0-2b6ebdb5a5f4",
            "log_level": "INFO",
            "max_thread_count": 1,
            "name": "jobP2-95",
            "node_filter_exclude_precedence": false,
            "node_filter_exclude_query": "",
            "node_filter_query": "",
            "notification": [],
            "option": [],
            "preserve_options_order": null,
            "project_name": "Project2",
            "rank_attribute": "",
            "rank_order": "ascending",
            "retry": "",
            "schedule": "0/30 * * * * * *",
            "schedule_enabled": true,
            "success_on_empty_node_filter": null,
            "time_zone": "",
            "timeout": null
          },
          "sensitive_attributes": [],
          "private": "bnVsbA==",
          "dependencies": [
            "rundeck_project.Project2"
          ]
        },
        {
          "index_key": 96,
          "schema_version": 0,
          "attributes": {
            "allow_concurrent_executions": false,
            "command": [
              {
                "description": "",
                "error_handler": [],
                "inline_script": "",
                "job": [],
                "keep_going_on_success": false,
                "node_step_plugin": [],
                "script_file": "",
                "script_file_args": "",
                "script_interpreter": [],
                "shell_command": "hostname",
                "step_plugin": []
              }
            ],
            "command_ordering_strategy": "node-first",
            "continue_next_node_on_error": false,
            "continue_on_error": false,
            "description": "Restart the service daemons on all the web servers",
            "execution_enabled": true,
            "global_log_filter": [],
            "group_name": "",
            "id": "a639a33e-405b-469e-b404-6b8271857761",
            "log_level": "INFO",
            "max_thread_count": 1,
            "name": "jobP2-96",
            "node_filter_exclude_precedence": false,
            "node_filter_exclude_query": "",
            "node_filter_query": "",
            "notification": [],
            "option": [],
            "preserve_options_order": null,
            "project_name": "Project2",
            "rank_attribute": "",
            "rank_order": "ascending",
            "retry": "",
            "schedule": "0/30 * * * * * *",
            "schedule_enabled": true,
            "success_on_empty_node_filter": null,
            "time_zone": "",
            "timeout": null
          },
          "sensitive_attributes": [],
          "private": "bnVsbA==",
          "dependencies": [
            "rundeck_project.Project2"
          ]
        },
        {
          "index_key": 97,
          "schema_version": 0,
          "attributes": {
            "allow_concurrent_executions": false,
            "command": [
              {
                "description": "",
                "error_handler": [],
                "inline_script": "",
                "job": [],
                "keep_going_on_success": false,
                "node_step_plugin": [],
                "script_file": "",
                "script_file_args": "",
                "script_interpreter": [],
                "shell_command": "hostname",
                "step_plugin": []
              }
            ],
            "command_ordering_strategy": "node-first",
            "continue_next_node_on_error": false,
            "continue_on_error": false,
            "description": "Restart the service daemons on all the web servers",
            "execution_enabled": true,
            "global_log_filter": [],
            "group_name": "",
            "id": "9335ba4c-e243-4b45-80ad-7d3ffb10e2f5",
            "log_level": "INFO",
            "max_thread_count": 1,
            "name": "jobP2-97",
            "node_filter_exclude_precedence": false,
            "node_filter_exclude_query": "",
            "node_filter_query": "",
            "notification": [],
            "option": [],
            "preserve_options_order": null,
            "project_name": "Project2",
            "rank_attribute": "",
            "rank_order": "ascending",
            "retry": "",
            "schedule": "0/30 * * * * * *",
            "schedule_enabled": true,
            "success_on_empty_node_filter": null,
            "time_zone": "",
            "timeout": null
          },
          "sensitive_attributes": [],
          "private": "bnVsbA==",
          "dependencies": [
            "rundeck_project.Project2"
          ]
        },
        {
          "index_key": 98,
          "schema_version": 0,
          "attributes": {
            "allow_concurrent_executions": false,
            "command": [
              {
                "description": "",
                "error_handler": [],
                "inline_script": "",
                "job": [],
                "keep_going_on_success": false,
                "node_step_plugin": [],
                "script_file": "",
                "script_file_args": "",
                "script_interpreter": [],
                "shell_command": "hostname",
                "step_plugin": []
              }
            ],
            "command_ordering_strategy": "node-first",
            "continue_next_node_on_error": false,
            "continue_on_error": false,
            "description": "Restart the service daemons on all the web servers",
            "execution_enabled": true,
            "global_log_filter": [],
            "group_name": "",
            "id": "9dca25fd-a1c4-4834-88c5-67489930931e",
            "log_level": "INFO",
            "max_thread_count": 1,
            "name": "jobP2-98",
            "node_filter_exclude_precedence": false,
            "node_filter_exclude_query": "",
            "node_filter_query": "",
            "notification": [],
            "option": [],
            "preserve_options_order": null,
            "project_name": "Project2",
            "rank_attribute": "",
            "rank_order": "ascending",
            "retry": "",
            "schedule": "0/30 * * * * * *",
            "schedule_enabled": true,
            "success_on_empty_node_filter": null,
            "time_zone": "",
            "timeout": null
          },
          "sensitive_attributes": [],
          "private": "bnVsbA==",
          "dependencies": [
            "rundeck_project.Project2"
          ]
        },
        {
          "index_key": 99,
          "schema_version": 0,
          "attributes": {
            "allow_concurrent_executions": false,
            "command": [
              {
                "description": "",
                "error_handler": [],
                "inline_script": "",
                "job": [],
                "keep_going_on_success": false,
                "node_step_plugin": [],
                "script_file": "",
                "script_file_args": "",
                "script_interpreter": [],
                "shell_command": "hostname",
                "step_plugin": []
              }
            ],
            "command_ordering_strategy": "node-first",
            "continue_next_node_on_error": false,
            "continue_on_error": false,
            "description": "Restart the service daemons on all the web servers",
            "execution_enabled": true,
            "global_log_filter": [],
            "group_name": "",
            "id": "66db9aed-9296-4e43-ab3a-9e3530e78790",
            "log_level": "INFO",
            "max_thread_count": 1,
            "name": "jobP2-99",
            "node_filter_exclude_precedence": false,
            "node_filter_exclude_query": "",
            "node_filter_query": "",
            "notification": [],
            "option": [],
            "preserve_options_order": null,
            "project_name": "Project2",
            "rank_attribute": "",
            "rank_order": "ascending",
            "retry": "",
            "schedule": "0/30 * * * * * *",
            "schedule_enabled": true,
            "success_on_empty_node_filter": null,
            "time_zone": "",
            "timeout": null
          },
          "sensitive_attributes": [],
          "private": "bnVsbA==",
          "dependencies": [
            "rundeck_project.Project2"
          ]
        }
      ]
    },
    {
      "mode": "managed",
      "type": "rundeck_job",
      "name": "jobP3",
      "provider": "provider[\"registry.terraform.io/rundeck/rundeck\"]",
      "instances": [
        {
          "index_key": 0,
          "schema_version": 0,
          "attributes": {
            "allow_concurrent_executions": false,
            "command": [
              {
                "description": "",
                "error_handler": [],
                "inline_script": "",
                "job": [],
                "keep_going_on_success": false,
                "node_step_plugin": [],
                "script_file": "",
                "script_file_args": "",
                "script_interpreter": [],
                "shell_command": "hostname",
                "step_plugin": []
              }
            ],
            "command_ordering_strategy": "node-first",
            "continue_next_node_on_error": false,
            "continue_on_error": false,
            "description": "Restart the service daemons on all the web servers",
            "execution_enabled": true,
            "global_log_filter": [],
            "group_name": "",
            "id": "4e2db406-b051-43d4-ac8a-558ca4f25dc3",
            "log_level": "INFO",
            "max_thread_count": 1,
            "name": "jobP3-0",
            "node_filter_exclude_precedence": false,
            "node_filter_exclude_query": "",
            "node_filter_query": "",
            "notification": [],
            "option": [],
            "preserve_options_order": null,
            "project_name": "Project3",
            "rank_attribute": "",
            "rank_order": "ascending",
            "retry": "",
            "schedule": "0/30 * * * * * *",
            "schedule_enabled": true,
            "success_on_empty_node_filter": null,
            "time_zone": "",
            "timeout": null
          },
          "sensitive_attributes": [],
          "private": "bnVsbA==",
          "dependencies": [
            "rundeck_project.Project3"
          ]
        },
        {
          "index_key": 1,
          "schema_version": 0,
          "attributes": {
            "allow_concurrent_executions": false,
            "command": [
              {
                "description": "",
                "error_handler": [],
                "inline_script": "",
                "job": [],
                "keep_going_on_success": false,
                "node_step_plugin": [],
                "script_file": "",
                "script_file_args": "",
                "script_interpreter": [],
                "shell_command": "hostname",
                "step_plugin": []
              }
            ],
            "command_ordering_strategy": "node-first",
            "continue_next_node_on_error": false,
            "continue_on_error": false,
            "description": "Restart the service daemons on all the web servers",
            "execution_enabled": true,
            "global_log_filter": [],
            "group_name": "",
            "id": "a932fc67-66eb-4864-bbc7-f9e585453be2",
            "log_level": "INFO",
            "max_thread_count": 1,
            "name": "jobP3-1",
            "node_filter_exclude_precedence": false,
            "node_filter_exclude_query": "",
            "node_filter_query": "",
            "notification": [],
            "option": [],
            "preserve_options_order": null,
            "project_name": "Project3",
            "rank_attribute": "",
            "rank_order": "ascending",
            "retry": "",
            "schedule": "0/30 * * * * * *",
            "schedule_enabled": true,
            "success_on_empty_node_filter": null,
            "time_zone": "",
            "timeout": null
          },
          "sensitive_attributes": [],
          "private": "bnVsbA==",
          "dependencies": [
            "rundeck_project.Project3"
          ]
        },
        {
          "index_key": 2,
          "schema_version": 0,
          "attributes": {
            "allow_concurrent_executions": false,
            "command": [
              {
                "description": "",
                "error_handler": [],
                "inline_script": "",
                "job": [],
                "keep_going_on_success": false,
                "node_step_plugin": [],
                "script_file": "",
                "script_file_args": "",
                "script_interpreter": [],
                "shell_command": "hostname",
                "step_plugin": []
              }
            ],
            "command_ordering_strategy": "node-first",
            "continue_next_node_on_error": false,
            "continue_on_error": false,
            "description": "Restart the service daemons on all the web servers",
            "execution_enabled": true,
            "global_log_filter": [],
            "group_name": "",
            "id": "a5030cef-e516-4e50-b4c8-13ba23e6c0c1",
            "log_level": "INFO",
            "max_thread_count": 1,
            "name": "jobP3-2",
            "node_filter_exclude_precedence": false,
            "node_filter_exclude_query": "",
            "node_filter_query": "",
            "notification": [],
            "option": [],
            "preserve_options_order": null,
            "project_name": "Project3",
            "rank_attribute": "",
            "rank_order": "ascending",
            "retry": "",
            "schedule": "0/30 * * * * * *",
            "schedule_enabled": true,
            "success_on_empty_node_filter": null,
            "time_zone": "",
            "timeout": null
          },
          "sensitive_attributes": [],
          "private": "bnVsbA==",
          "dependencies": [
            "rundeck_project.Project3"
          ]
        },
        {
          "index_key": 3,
          "schema_version": 0,
          "attributes": {
            "allow_concurrent_executions": false,
            "command": [
              {
                "description": "",
                "error_handler": [],
                "inline_script": "",
                "job": [],
                "keep_going_on_success": false,
                "node_step_plugin": [],
                "script_file": "",
                "script_file_args": "",
                "script_interpreter": [],
                "shell_command": "hostname",
                "step_plugin": []
              }
            ],
            "command_ordering_strategy": "node-first",
            "continue_next_node_on_error": false,
            "continue_on_error": false,
            "description": "Restart the service daemons on all the web servers",
            "execution_enabled": true,
            "global_log_filter": [],
            "group_name": "",
            "id": "79a5bee1-cd78-4d1e-a1fd-c1dccc8cfeb3",
            "log_level": "INFO",
            "max_thread_count": 1,
            "name": "jobP3-3",
            "node_filter_exclude_precedence": false,
            "node_filter_exclude_query": "",
            "node_filter_query": "",
            "notification": [],
            "option": [],
            "preserve_options_order": null,
            "project_name": "Project3",
            "rank_attribute": "",
            "rank_order": "ascending",
            "retry": "",
            "schedule": "0/30 * * * * * *",
            "schedule_enabled": true,
            "success_on_empty_node_filter": null,
            "time_zone": "",
            "timeout": null
          },
          "sensitive_attributes": [],
          "private": "bnVsbA==",
          "dependencies": [
            "rundeck_project.Project3"
          ]
        },
        {
          "index_key": 4,
          "schema_version": 0,
          "attributes": {
            "allow_concurrent_executions": false,
            "command": [
              {
                "description": "",
                "error_handler": [],
                "inline_script": "",
                "job": [],
                "keep_going_on_success": false,
                "node_step_plugin": [],
                "script_file": "",
                "script_file_args": "",
                "script_interpreter": [],
                "shell_command": "hostname",
                "step_plugin": []
              }
            ],
            "command_ordering_strategy": "node-first",
            "continue_next_node_on_error": false,
            "continue_on_error": false,
            "description": "Restart the service daemons on all the web servers",
            "execution_enabled": true,
            "global_log_filter": [],
            "group_name": "",
            "id": "561136bc-850b-4eea-b049-8ad44809c879",
            "log_level": "INFO",
            "max_thread_count": 1,
            "name": "jobP3-4",
            "node_filter_exclude_precedence": false,
            "node_filter_exclude_query": "",
            "node_filter_query": "",
            "notification": [],
            "option": [],
            "preserve_options_order": null,
            "project_name": "Project3",
            "rank_attribute": "",
            "rank_order": "ascending",
            "retry": "",
            "schedule": "0/30 * * * * * *",
            "schedule_enabled": true,
            "success_on_empty_node_filter": null,
            "time_zone": "",
            "timeout": null
          },
          "sensitive_attributes": [],
          "private": "bnVsbA==",
          "dependencies": [
            "rundeck_project.Project3"
          ]
        },
        {
          "index_key": 5,
          "schema_version": 0,
          "attributes": {
            "allow_concurrent_executions": false,
            "command": [
              {
                "description": "",
                "error_handler": [],
                "inline_script": "",
                "job": [],
                "keep_going_on_success": false,
                "node_step_plugin": [],
                "script_file": "",
                "script_file_args": "",
                "script_interpreter": [],
                "shell_command": "hostname",
                "step_plugin": []
              }
            ],
            "command_ordering_strategy": "node-first",
            "continue_next_node_on_error": false,
            "continue_on_error": false,
            "description": "Restart the service daemons on all the web servers",
            "execution_enabled": true,
            "global_log_filter": [],
            "group_name": "",
            "id": "0068090e-fab9-4fcf-b3ac-f3818ca4e736",
            "log_level": "INFO",
            "max_thread_count": 1,
            "name": "jobP3-5",
            "node_filter_exclude_precedence": false,
            "node_filter_exclude_query": "",
            "node_filter_query": "",
            "notification": [],
            "option": [],
            "preserve_options_order": null,
            "project_name": "Project3",
            "rank_attribute": "",
            "rank_order": "ascending",
            "retry": "",
            "schedule": "0/30 * * * * * *",
            "schedule_enabled": true,
            "success_on_empty_node_filter": null,
            "time_zone": "",
            "timeout": null
          },
          "sensitive_attributes": [],
          "private": "bnVsbA==",
          "dependencies": [
            "rundeck_project.Project3"
          ]
        },
        {
          "index_key": 6,
          "schema_version": 0,
          "attributes": {
            "allow_concurrent_executions": false,
            "command": [
              {
                "description": "",
                "error_handler": [],
                "inline_script": "",
                "job": [],
                "keep_going_on_success": false,
                "node_step_plugin": [],
                "script_file": "",
                "script_file_args": "",
                "script_interpreter": [],
                "shell_command": "hostname",
                "step_plugin": []
              }
            ],
            "command_ordering_strategy": "node-first",
            "continue_next_node_on_error": false,
            "continue_on_error": false,
            "description": "Restart the service daemons on all the web servers",
            "execution_enabled": true,
            "global_log_filter": [],
            "group_name": "",
            "id": "bef45e56-9fe0-43cd-b9fd-f5e5152d23db",
            "log_level": "INFO",
            "max_thread_count": 1,
            "name": "jobP3-6",
            "node_filter_exclude_precedence": false,
            "node_filter_exclude_query": "",
            "node_filter_query": "",
            "notification": [],
            "option": [],
            "preserve_options_order": null,
            "project_name": "Project3",
            "rank_attribute": "",
            "rank_order": "ascending",
            "retry": "",
            "schedule": "0/30 * * * * * *",
            "schedule_enabled": true,
            "success_on_empty_node_filter": null,
            "time_zone": "",
            "timeout": null
          },
          "sensitive_attributes": [],
          "private": "bnVsbA==",
          "dependencies": [
            "rundeck_project.Project3"
          ]
        },
        {
          "index_key": 7,
          "schema_version": 0,
          "attributes": {
            "allow_concurrent_executions": false,
            "command": [
              {
                "description": "",
                "error_handler": [],
                "inline_script": "",
                "job": [],
                "keep_going_on_success": false,
                "node_step_plugin": [],
                "script_file": "",
                "script_file_args": "",
                "script_interpreter": [],
                "shell_command": "hostname",
                "step_plugin": []
              }
            ],
            "command_ordering_strategy": "node-first",
            "continue_next_node_on_error": false,
            "continue_on_error": false,
            "description": "Restart the service daemons on all the web servers",
            "execution_enabled": true,
            "global_log_filter": [],
            "group_name": "",
            "id": "d750f688-0049-4536-891d-1d198b84b5c2",
            "log_level": "INFO",
            "max_thread_count": 1,
            "name": "jobP3-7",
            "node_filter_exclude_precedence": false,
            "node_filter_exclude_query": "",
            "node_filter_query": "",
            "notification": [],
            "option": [],
            "preserve_options_order": null,
            "project_name": "Project3",
            "rank_attribute": "",
            "rank_order": "ascending",
            "retry": "",
            "schedule": "0/30 * * * * * *",
            "schedule_enabled": true,
            "success_on_empty_node_filter": null,
            "time_zone": "",
            "timeout": null
          },
          "sensitive_attributes": [],
          "private": "bnVsbA==",
          "dependencies": [
            "rundeck_project.Project3"
          ]
        },
        {
          "index_key": 8,
          "schema_version": 0,
          "attributes": {
            "allow_concurrent_executions": false,
            "command": [
              {
                "description": "",
                "error_handler": [],
                "inline_script": "",
                "job": [],
                "keep_going_on_success": false,
                "node_step_plugin": [],
                "script_file": "",
                "script_file_args": "",
                "script_interpreter": [],
                "shell_command": "hostname",
                "step_plugin": []
              }
            ],
            "command_ordering_strategy": "node-first",
            "continue_next_node_on_error": false,
            "continue_on_error": false,
            "description": "Restart the service daemons on all the web servers",
            "execution_enabled": true,
            "global_log_filter": [],
            "group_name": "",
            "id": "4c1e7001-8752-42f0-87eb-a764f41abcd4",
            "log_level": "INFO",
            "max_thread_count": 1,
            "name": "jobP3-8",
            "node_filter_exclude_precedence": false,
            "node_filter_exclude_query": "",
            "node_filter_query": "",
            "notification": [],
            "option": [],
            "preserve_options_order": null,
            "project_name": "Project3",
            "rank_attribute": "",
            "rank_order": "ascending",
            "retry": "",
            "schedule": "0/30 * * * * * *",
            "schedule_enabled": true,
            "success_on_empty_node_filter": null,
            "time_zone": "",
            "timeout": null
          },
          "sensitive_attributes": [],
          "private": "bnVsbA==",
          "dependencies": [
            "rundeck_project.Project3"
          ]
        },
        {
          "index_key": 9,
          "schema_version": 0,
          "attributes": {
            "allow_concurrent_executions": false,
            "command": [
              {
                "description": "",
                "error_handler": [],
                "inline_script": "",
                "job": [],
                "keep_going_on_success": false,
                "node_step_plugin": [],
                "script_file": "",
                "script_file_args": "",
                "script_interpreter": [],
                "shell_command": "hostname",
                "step_plugin": []
              }
            ],
            "command_ordering_strategy": "node-first",
            "continue_next_node_on_error": false,
            "continue_on_error": false,
            "description": "Restart the service daemons on all the web servers",
            "execution_enabled": true,
            "global_log_filter": [],
            "group_name": "",
            "id": "17841f44-f698-437b-b343-08dac5c6fb69",
            "log_level": "INFO",
            "max_thread_count": 1,
            "name": "jobP3-9",
            "node_filter_exclude_precedence": false,
            "node_filter_exclude_query": "",
            "node_filter_query": "",
            "notification": [],
            "option": [],
            "preserve_options_order": null,
            "project_name": "Project3",
            "rank_attribute": "",
            "rank_order": "ascending",
            "retry": "",
            "schedule": "0/30 * * * * * *",
            "schedule_enabled": true,
            "success_on_empty_node_filter": null,
            "time_zone": "",
            "timeout": null
          },
          "sensitive_attributes": [],
          "private": "bnVsbA==",
          "dependencies": [
            "rundeck_project.Project3"
          ]
        },
        {
          "index_key": 10,
          "schema_version": 0,
          "attributes": {
            "allow_concurrent_executions": false,
            "command": [
              {
                "description": "",
                "error_handler": [],
                "inline_script": "",
                "job": [],
                "keep_going_on_success": false,
                "node_step_plugin": [],
                "script_file": "",
                "script_file_args": "",
                "script_interpreter": [],
                "shell_command": "hostname",
                "step_plugin": []
              }
            ],
            "command_ordering_strategy": "node-first",
            "continue_next_node_on_error": false,
            "continue_on_error": false,
            "description": "Restart the service daemons on all the web servers",
            "execution_enabled": true,
            "global_log_filter": [],
            "group_name": "",
            "id": "d1b59a26-dcfe-4a93-a2b9-98eb95626182",
            "log_level": "INFO",
            "max_thread_count": 1,
            "name": "jobP3-10",
            "node_filter_exclude_precedence": false,
            "node_filter_exclude_query": "",
            "node_filter_query": "",
            "notification": [],
            "option": [],
            "preserve_options_order": null,
            "project_name": "Project3",
            "rank_attribute": "",
            "rank_order": "ascending",
            "retry": "",
            "schedule": "0/30 * * * * * *",
            "schedule_enabled": true,
            "success_on_empty_node_filter": null,
            "time_zone": "",
            "timeout": null
          },
          "sensitive_attributes": [],
          "private": "bnVsbA==",
          "dependencies": [
            "rundeck_project.Project3"
          ]
        },
        {
          "index_key": 11,
          "schema_version": 0,
          "attributes": {
            "allow_concurrent_executions": false,
            "command": [
              {
                "description": "",
                "error_handler": [],
                "inline_script": "",
                "job": [],
                "keep_going_on_success": false,
                "node_step_plugin": [],
                "script_file": "",
                "script_file_args": "",
                "script_interpreter": [],
                "shell_command": "hostname",
                "step_plugin": []
              }
            ],
            "command_ordering_strategy": "node-first",
            "continue_next_node_on_error": false,
            "continue_on_error": false,
            "description": "Restart the service daemons on all the web servers",
            "execution_enabled": true,
            "global_log_filter": [],
            "group_name": "",
            "id": "2dbc6269-5f8a-4feb-a44a-ad3df3a80346",
            "log_level": "INFO",
            "max_thread_count": 1,
            "name": "jobP3-11",
            "node_filter_exclude_precedence": false,
            "node_filter_exclude_query": "",
            "node_filter_query": "",
            "notification": [],
            "option": [],
            "preserve_options_order": null,
            "project_name": "Project3",
            "rank_attribute": "",
            "rank_order": "ascending",
            "retry": "",
            "schedule": "0/30 * * * * * *",
            "schedule_enabled": true,
            "success_on_empty_node_filter": null,
            "time_zone": "",
            "timeout": null
          },
          "sensitive_attributes": [],
          "private": "bnVsbA==",
          "dependencies": [
            "rundeck_project.Project3"
          ]
        },
        {
          "index_key": 12,
          "schema_version": 0,
          "attributes": {
            "allow_concurrent_executions": false,
            "command": [
              {
                "description": "",
                "error_handler": [],
                "inline_script": "",
                "job": [],
                "keep_going_on_success": false,
                "node_step_plugin": [],
                "script_file": "",
                "script_file_args": "",
                "script_interpreter": [],
                "shell_command": "hostname",
                "step_plugin": []
              }
            ],
            "command_ordering_strategy": "node-first",
            "continue_next_node_on_error": false,
            "continue_on_error": false,
            "description": "Restart the service daemons on all the web servers",
            "execution_enabled": true,
            "global_log_filter": [],
            "group_name": "",
            "id": "008de87d-8893-49e4-bb84-9c098101691b",
            "log_level": "INFO",
            "max_thread_count": 1,
            "name": "jobP3-12",
            "node_filter_exclude_precedence": false,
            "node_filter_exclude_query": "",
            "node_filter_query": "",
            "notification": [],
            "option": [],
            "preserve_options_order": null,
            "project_name": "Project3",
            "rank_attribute": "",
            "rank_order": "ascending",
            "retry": "",
            "schedule": "0/30 * * * * * *",
            "schedule_enabled": true,
            "success_on_empty_node_filter": null,
            "time_zone": "",
            "timeout": null
          },
          "sensitive_attributes": [],
          "private": "bnVsbA==",
          "dependencies": [
            "rundeck_project.Project3"
          ]
        },
        {
          "index_key": 13,
          "schema_version": 0,
          "attributes": {
            "allow_concurrent_executions": false,
            "command": [
              {
                "description": "",
                "error_handler": [],
                "inline_script": "",
                "job": [],
                "keep_going_on_success": false,
                "node_step_plugin": [],
                "script_file": "",
                "script_file_args": "",
                "script_interpreter": [],
                "shell_command": "hostname",
                "step_plugin": []
              }
            ],
            "command_ordering_strategy": "node-first",
            "continue_next_node_on_error": false,
            "continue_on_error": false,
            "description": "Restart the service daemons on all the web servers",
            "execution_enabled": true,
            "global_log_filter": [],
            "group_name": "",
            "id": "3b7283f7-a6f9-4e2e-84f9-16250b5ff033",
            "log_level": "INFO",
            "max_thread_count": 1,
            "name": "jobP3-13",
            "node_filter_exclude_precedence": false,
            "node_filter_exclude_query": "",
            "node_filter_query": "",
            "notification": [],
            "option": [],
            "preserve_options_order": null,
            "project_name": "Project3",
            "rank_attribute": "",
            "rank_order": "ascending",
            "retry": "",
            "schedule": "0/30 * * * * * *",
            "schedule_enabled": true,
            "success_on_empty_node_filter": null,
            "time_zone": "",
            "timeout": null
          },
          "sensitive_attributes": [],
          "private": "bnVsbA==",
          "dependencies": [
            "rundeck_project.Project3"
          ]
        },
        {
          "index_key": 14,
          "schema_version": 0,
          "attributes": {
            "allow_concurrent_executions": false,
            "command": [
              {
                "description": "",
                "error_handler": [],
                "inline_script": "",
                "job": [],
                "keep_going_on_success": false,
                "node_step_plugin": [],
                "script_file": "",
                "script_file_args": "",
                "script_interpreter": [],
                "shell_command": "hostname",
                "step_plugin": []
              }
            ],
            "command_ordering_strategy": "node-first",
            "continue_next_node_on_error": false,
            "continue_on_error": false,
            "description": "Restart the service daemons on all the web servers",
            "execution_enabled": true,
            "global_log_filter": [],
            "group_name": "",
            "id": "f916cd81-13fa-408c-bd2a-489fc3c879ca",
            "log_level": "INFO",
            "max_thread_count": 1,
            "name": "jobP3-14",
            "node_filter_exclude_precedence": false,
            "node_filter_exclude_query": "",
            "node_filter_query": "",
            "notification": [],
            "option": [],
            "preserve_options_order": null,
            "project_name": "Project3",
            "rank_attribute": "",
            "rank_order": "ascending",
            "retry": "",
            "schedule": "0/30 * * * * * *",
            "schedule_enabled": true,
            "success_on_empty_node_filter": null,
            "time_zone": "",
            "timeout": null
          },
          "sensitive_attributes": [],
          "private": "bnVsbA==",
          "dependencies": [
            "rundeck_project.Project3"
          ]
        },
        {
          "index_key": 15,
          "schema_version": 0,
          "attributes": {
            "allow_concurrent_executions": false,
            "command": [
              {
                "description": "",
                "error_handler": [],
                "inline_script": "",
                "job": [],
                "keep_going_on_success": false,
                "node_step_plugin": [],
                "script_file": "",
                "script_file_args": "",
                "script_interpreter": [],
                "shell_command": "hostname",
                "step_plugin": []
              }
            ],
            "command_ordering_strategy": "node-first",
            "continue_next_node_on_error": false,
            "continue_on_error": false,
            "description": "Restart the service daemons on all the web servers",
            "execution_enabled": true,
            "global_log_filter": [],
            "group_name": "",
            "id": "4fbbe3a2-ed36-4904-926f-2e9a8a86a722",
            "log_level": "INFO",
            "max_thread_count": 1,
            "name": "jobP3-15",
            "node_filter_exclude_precedence": false,
            "node_filter_exclude_query": "",
            "node_filter_query": "",
            "notification": [],
            "option": [],
            "preserve_options_order": null,
            "project_name": "Project3",
            "rank_attribute": "",
            "rank_order": "ascending",
            "retry": "",
            "schedule": "0/30 * * * * * *",
            "schedule_enabled": true,
            "success_on_empty_node_filter": null,
            "time_zone": "",
            "timeout": null
          },
          "sensitive_attributes": [],
          "private": "bnVsbA==",
          "dependencies": [
            "rundeck_project.Project3"
          ]
        },
        {
          "index_key": 16,
          "schema_version": 0,
          "attributes": {
            "allow_concurrent_executions": false,
            "command": [
              {
                "description": "",
                "error_handler": [],
                "inline_script": "",
                "job": [],
                "keep_going_on_success": false,
                "node_step_plugin": [],
                "script_file": "",
                "script_file_args": "",
                "script_interpreter": [],
                "shell_command": "hostname",
                "step_plugin": []
              }
            ],
            "command_ordering_strategy": "node-first",
            "continue_next_node_on_error": false,
            "continue_on_error": false,
            "description": "Restart the service daemons on all the web servers",
            "execution_enabled": true,
            "global_log_filter": [],
            "group_name": "",
            "id": "519edd06-79d0-414e-9743-ae4b790169c6",
            "log_level": "INFO",
            "max_thread_count": 1,
            "name": "jobP3-16",
            "node_filter_exclude_precedence": false,
            "node_filter_exclude_query": "",
            "node_filter_query": "",
            "notification": [],
            "option": [],
            "preserve_options_order": null,
            "project_name": "Project3",
            "rank_attribute": "",
            "rank_order": "ascending",
            "retry": "",
            "schedule": "0/30 * * * * * *",
            "schedule_enabled": true,
            "success_on_empty_node_filter": null,
            "time_zone": "",
            "timeout": null
          },
          "sensitive_attributes": [],
          "private": "bnVsbA==",
          "dependencies": [
            "rundeck_project.Project3"
          ]
        },
        {
          "index_key": 17,
          "schema_version": 0,
          "attributes": {
            "allow_concurrent_executions": false,
            "command": [
              {
                "description": "",
                "error_handler": [],
                "inline_script": "",
                "job": [],
                "keep_going_on_success": false,
                "node_step_plugin": [],
                "script_file": "",
                "script_file_args": "",
                "script_interpreter": [],
                "shell_command": "hostname",
                "step_plugin": []
              }
            ],
            "command_ordering_strategy": "node-first",
            "continue_next_node_on_error": false,
            "continue_on_error": false,
            "description": "Restart the service daemons on all the web servers",
            "execution_enabled": true,
            "global_log_filter": [],
            "group_name": "",
            "id": "e5ae5590-59fe-4ce5-85ff-91dafd80d95b",
            "log_level": "INFO",
            "max_thread_count": 1,
            "name": "jobP3-17",
            "node_filter_exclude_precedence": false,
            "node_filter_exclude_query": "",
            "node_filter_query": "",
            "notification": [],
            "option": [],
            "preserve_options_order": null,
            "project_name": "Project3",
            "rank_attribute": "",
            "rank_order": "ascending",
            "retry": "",
            "schedule": "0/30 * * * * * *",
            "schedule_enabled": true,
            "success_on_empty_node_filter": null,
            "time_zone": "",
            "timeout": null
          },
          "sensitive_attributes": [],
          "private": "bnVsbA==",
          "dependencies": [
            "rundeck_project.Project3"
          ]
        },
        {
          "index_key": 18,
          "schema_version": 0,
          "attributes": {
            "allow_concurrent_executions": false,
            "command": [
              {
                "description": "",
                "error_handler": [],
                "inline_script": "",
                "job": [],
                "keep_going_on_success": false,
                "node_step_plugin": [],
                "script_file": "",
                "script_file_args": "",
                "script_interpreter": [],
                "shell_command": "hostname",
                "step_plugin": []
              }
            ],
            "command_ordering_strategy": "node-first",
            "continue_next_node_on_error": false,
            "continue_on_error": false,
            "description": "Restart the service daemons on all the web servers",
            "execution_enabled": true,
            "global_log_filter": [],
            "group_name": "",
            "id": "07b90231-6764-43c5-ace2-c9f51574b2c5",
            "log_level": "INFO",
            "max_thread_count": 1,
            "name": "jobP3-18",
            "node_filter_exclude_precedence": false,
            "node_filter_exclude_query": "",
            "node_filter_query": "",
            "notification": [],
            "option": [],
            "preserve_options_order": null,
            "project_name": "Project3",
            "rank_attribute": "",
            "rank_order": "ascending",
            "retry": "",
            "schedule": "0/30 * * * * * *",
            "schedule_enabled": true,
            "success_on_empty_node_filter": null,
            "time_zone": "",
            "timeout": null
          },
          "sensitive_attributes": [],
          "private": "bnVsbA==",
          "dependencies": [
            "rundeck_project.Project3"
          ]
        },
        {
          "index_key": 19,
          "schema_version": 0,
          "attributes": {
            "allow_concurrent_executions": false,
            "command": [
              {
                "description": "",
                "error_handler": [],
                "inline_script": "",
                "job": [],
                "keep_going_on_success": false,
                "node_step_plugin": [],
                "script_file": "",
                "script_file_args": "",
                "script_interpreter": [],
                "shell_command": "hostname",
                "step_plugin": []
              }
            ],
            "command_ordering_strategy": "node-first",
            "continue_next_node_on_error": false,
            "continue_on_error": false,
            "description": "Restart the service daemons on all the web servers",
            "execution_enabled": true,
            "global_log_filter": [],
            "group_name": "",
            "id": "89e1a820-376e-49bd-882e-c0b83626ae68",
            "log_level": "INFO",
            "max_thread_count": 1,
            "name": "jobP3-19",
            "node_filter_exclude_precedence": false,
            "node_filter_exclude_query": "",
            "node_filter_query": "",
            "notification": [],
            "option": [],
            "preserve_options_order": null,
            "project_name": "Project3",
            "rank_attribute": "",
            "rank_order": "ascending",
            "retry": "",
            "schedule": "0/30 * * * * * *",
            "schedule_enabled": true,
            "success_on_empty_node_filter": null,
            "time_zone": "",
            "timeout": null
          },
          "sensitive_attributes": [],
          "private": "bnVsbA==",
          "dependencies": [
            "rundeck_project.Project3"
          ]
        },
        {
          "index_key": 20,
          "schema_version": 0,
          "attributes": {
            "allow_concurrent_executions": false,
            "command": [
              {
                "description": "",
                "error_handler": [],
                "inline_script": "",
                "job": [],
                "keep_going_on_success": false,
                "node_step_plugin": [],
                "script_file": "",
                "script_file_args": "",
                "script_interpreter": [],
                "shell_command": "hostname",
                "step_plugin": []
              }
            ],
            "command_ordering_strategy": "node-first",
            "continue_next_node_on_error": false,
            "continue_on_error": false,
            "description": "Restart the service daemons on all the web servers",
            "execution_enabled": true,
            "global_log_filter": [],
            "group_name": "",
            "id": "47ec51be-fd09-4275-b348-709a40e6669c",
            "log_level": "INFO",
            "max_thread_count": 1,
            "name": "jobP3-20",
            "node_filter_exclude_precedence": false,
            "node_filter_exclude_query": "",
            "node_filter_query": "",
            "notification": [],
            "option": [],
            "preserve_options_order": null,
            "project_name": "Project3",
            "rank_attribute": "",
            "rank_order": "ascending",
            "retry": "",
            "schedule": "0/30 * * * * * *",
            "schedule_enabled": true,
            "success_on_empty_node_filter": null,
            "time_zone": "",
            "timeout": null
          },
          "sensitive_attributes": [],
          "private": "bnVsbA==",
          "dependencies": [
            "rundeck_project.Project3"
          ]
        },
        {
          "index_key": 21,
          "schema_version": 0,
          "attributes": {
            "allow_concurrent_executions": false,
            "command": [
              {
                "description": "",
                "error_handler": [],
                "inline_script": "",
                "job": [],
                "keep_going_on_success": false,
                "node_step_plugin": [],
                "script_file": "",
                "script_file_args": "",
                "script_interpreter": [],
                "shell_command": "hostname",
                "step_plugin": []
              }
            ],
            "command_ordering_strategy": "node-first",
            "continue_next_node_on_error": false,
            "continue_on_error": false,
            "description": "Restart the service daemons on all the web servers",
            "execution_enabled": true,
            "global_log_filter": [],
            "group_name": "",
            "id": "e63842a5-3a0e-4a8c-a5a4-aff3dc3bf8ef",
            "log_level": "INFO",
            "max_thread_count": 1,
            "name": "jobP3-21",
            "node_filter_exclude_precedence": false,
            "node_filter_exclude_query": "",
            "node_filter_query": "",
            "notification": [],
            "option": [],
            "preserve_options_order": null,
            "project_name": "Project3",
            "rank_attribute": "",
            "rank_order": "ascending",
            "retry": "",
            "schedule": "0/30 * * * * * *",
            "schedule_enabled": true,
            "success_on_empty_node_filter": null,
            "time_zone": "",
            "timeout": null
          },
          "sensitive_attributes": [],
          "private": "bnVsbA==",
          "dependencies": [
            "rundeck_project.Project3"
          ]
        },
        {
          "index_key": 22,
          "schema_version": 0,
          "attributes": {
            "allow_concurrent_executions": false,
            "command": [
              {
                "description": "",
                "error_handler": [],
                "inline_script": "",
                "job": [],
                "keep_going_on_success": false,
                "node_step_plugin": [],
                "script_file": "",
                "script_file_args": "",
                "script_interpreter": [],
                "shell_command": "hostname",
                "step_plugin": []
              }
            ],
            "command_ordering_strategy": "node-first",
            "continue_next_node_on_error": false,
            "continue_on_error": false,
            "description": "Restart the service daemons on all the web servers",
            "execution_enabled": true,
            "global_log_filter": [],
            "group_name": "",
            "id": "95aaa401-9a30-4fab-a797-0fc3121377d1",
            "log_level": "INFO",
            "max_thread_count": 1,
            "name": "jobP3-22",
            "node_filter_exclude_precedence": false,
            "node_filter_exclude_query": "",
            "node_filter_query": "",
            "notification": [],
            "option": [],
            "preserve_options_order": null,
            "project_name": "Project3",
            "rank_attribute": "",
            "rank_order": "ascending",
            "retry": "",
            "schedule": "0/30 * * * * * *",
            "schedule_enabled": true,
            "success_on_empty_node_filter": null,
            "time_zone": "",
            "timeout": null
          },
          "sensitive_attributes": [],
          "private": "bnVsbA==",
          "dependencies": [
            "rundeck_project.Project3"
          ]
        },
        {
          "index_key": 23,
          "schema_version": 0,
          "attributes": {
            "allow_concurrent_executions": false,
            "command": [
              {
                "description": "",
                "error_handler": [],
                "inline_script": "",
                "job": [],
                "keep_going_on_success": false,
                "node_step_plugin": [],
                "script_file": "",
                "script_file_args": "",
                "script_interpreter": [],
                "shell_command": "hostname",
                "step_plugin": []
              }
            ],
            "command_ordering_strategy": "node-first",
            "continue_next_node_on_error": false,
            "continue_on_error": false,
            "description": "Restart the service daemons on all the web servers",
            "execution_enabled": true,
            "global_log_filter": [],
            "group_name": "",
            "id": "b2f18087-8060-455d-8f3e-b3bbcfde73fe",
            "log_level": "INFO",
            "max_thread_count": 1,
            "name": "jobP3-23",
            "node_filter_exclude_precedence": false,
            "node_filter_exclude_query": "",
            "node_filter_query": "",
            "notification": [],
            "option": [],
            "preserve_options_order": null,
            "project_name": "Project3",
            "rank_attribute": "",
            "rank_order": "ascending",
            "retry": "",
            "schedule": "0/30 * * * * * *",
            "schedule_enabled": true,
            "success_on_empty_node_filter": null,
            "time_zone": "",
            "timeout": null
          },
          "sensitive_attributes": [],
          "private": "bnVsbA==",
          "dependencies": [
            "rundeck_project.Project3"
          ]
        },
        {
          "index_key": 24,
          "schema_version": 0,
          "attributes": {
            "allow_concurrent_executions": false,
            "command": [
              {
                "description": "",
                "error_handler": [],
                "inline_script": "",
                "job": [],
                "keep_going_on_success": false,
                "node_step_plugin": [],
                "script_file": "",
                "script_file_args": "",
                "script_interpreter": [],
                "shell_command": "hostname",
                "step_plugin": []
              }
            ],
            "command_ordering_strategy": "node-first",
            "continue_next_node_on_error": false,
            "continue_on_error": false,
            "description": "Restart the service daemons on all the web servers",
            "execution_enabled": true,
            "global_log_filter": [],
            "group_name": "",
            "id": "a5e66c9e-cf74-48ab-8462-d755e838f0c7",
            "log_level": "INFO",
            "max_thread_count": 1,
            "name": "jobP3-24",
            "node_filter_exclude_precedence": false,
            "node_filter_exclude_query": "",
            "node_filter_query": "",
            "notification": [],
            "option": [],
            "preserve_options_order": null,
            "project_name": "Project3",
            "rank_attribute": "",
            "rank_order": "ascending",
            "retry": "",
            "schedule": "0/30 * * * * * *",
            "schedule_enabled": true,
            "success_on_empty_node_filter": null,
            "time_zone": "",
            "timeout": null
          },
          "sensitive_attributes": [],
          "private": "bnVsbA==",
          "dependencies": [
            "rundeck_project.Project3"
          ]
        },
        {
          "index_key": 25,
          "schema_version": 0,
          "attributes": {
            "allow_concurrent_executions": false,
            "command": [
              {
                "description": "",
                "error_handler": [],
                "inline_script": "",
                "job": [],
                "keep_going_on_success": false,
                "node_step_plugin": [],
                "script_file": "",
                "script_file_args": "",
                "script_interpreter": [],
                "shell_command": "hostname",
                "step_plugin": []
              }
            ],
            "command_ordering_strategy": "node-first",
            "continue_next_node_on_error": false,
            "continue_on_error": false,
            "description": "Restart the service daemons on all the web servers",
            "execution_enabled": true,
            "global_log_filter": [],
            "group_name": "",
            "id": "d7b9fa0b-7449-4cce-a7a5-8a74e66bef39",
            "log_level": "INFO",
            "max_thread_count": 1,
            "name": "jobP3-25",
            "node_filter_exclude_precedence": false,
            "node_filter_exclude_query": "",
            "node_filter_query": "",
            "notification": [],
            "option": [],
            "preserve_options_order": null,
            "project_name": "Project3",
            "rank_attribute": "",
            "rank_order": "ascending",
            "retry": "",
            "schedule": "0/30 * * * * * *",
            "schedule_enabled": true,
            "success_on_empty_node_filter": null,
            "time_zone": "",
            "timeout": null
          },
          "sensitive_attributes": [],
          "private": "bnVsbA==",
          "dependencies": [
            "rundeck_project.Project3"
          ]
        },
        {
          "index_key": 26,
          "schema_version": 0,
          "attributes": {
            "allow_concurrent_executions": false,
            "command": [
              {
                "description": "",
                "error_handler": [],
                "inline_script": "",
                "job": [],
                "keep_going_on_success": false,
                "node_step_plugin": [],
                "script_file": "",
                "script_file_args": "",
                "script_interpreter": [],
                "shell_command": "hostname",
                "step_plugin": []
              }
            ],
            "command_ordering_strategy": "node-first",
            "continue_next_node_on_error": false,
            "continue_on_error": false,
            "description": "Restart the service daemons on all the web servers",
            "execution_enabled": true,
            "global_log_filter": [],
            "group_name": "",
            "id": "4bf33f17-100c-45ae-b50c-2aa3e00297be",
            "log_level": "INFO",
            "max_thread_count": 1,
            "name": "jobP3-26",
            "node_filter_exclude_precedence": false,
            "node_filter_exclude_query": "",
            "node_filter_query": "",
            "notification": [],
            "option": [],
            "preserve_options_order": null,
            "project_name": "Project3",
            "rank_attribute": "",
            "rank_order": "ascending",
            "retry": "",
            "schedule": "0/30 * * * * * *",
            "schedule_enabled": true,
            "success_on_empty_node_filter": null,
            "time_zone": "",
            "timeout": null
          },
          "sensitive_attributes": [],
          "private": "bnVsbA==",
          "dependencies": [
            "rundeck_project.Project3"
          ]
        },
        {
          "index_key": 27,
          "schema_version": 0,
          "attributes": {
            "allow_concurrent_executions": false,
            "command": [
              {
                "description": "",
                "error_handler": [],
                "inline_script": "",
                "job": [],
                "keep_going_on_success": false,
                "node_step_plugin": [],
                "script_file": "",
                "script_file_args": "",
                "script_interpreter": [],
                "shell_command": "hostname",
                "step_plugin": []
              }
            ],
            "command_ordering_strategy": "node-first",
            "continue_next_node_on_error": false,
            "continue_on_error": false,
            "description": "Restart the service daemons on all the web servers",
            "execution_enabled": true,
            "global_log_filter": [],
            "group_name": "",
            "id": "bf677d73-553d-47df-800a-5675eb45150d",
            "log_level": "INFO",
            "max_thread_count": 1,
            "name": "jobP3-27",
            "node_filter_exclude_precedence": false,
            "node_filter_exclude_query": "",
            "node_filter_query": "",
            "notification": [],
            "option": [],
            "preserve_options_order": null,
            "project_name": "Project3",
            "rank_attribute": "",
            "rank_order": "ascending",
            "retry": "",
            "schedule": "0/30 * * * * * *",
            "schedule_enabled": true,
            "success_on_empty_node_filter": null,
            "time_zone": "",
            "timeout": null
          },
          "sensitive_attributes": [],
          "private": "bnVsbA==",
          "dependencies": [
            "rundeck_project.Project3"
          ]
        },
        {
          "index_key": 28,
          "schema_version": 0,
          "attributes": {
            "allow_concurrent_executions": false,
            "command": [
              {
                "description": "",
                "error_handler": [],
                "inline_script": "",
                "job": [],
                "keep_going_on_success": false,
                "node_step_plugin": [],
                "script_file": "",
                "script_file_args": "",
                "script_interpreter": [],
                "shell_command": "hostname",
                "step_plugin": []
              }
            ],
            "command_ordering_strategy": "node-first",
            "continue_next_node_on_error": false,
            "continue_on_error": false,
            "description": "Restart the service daemons on all the web servers",
            "execution_enabled": true,
            "global_log_filter": [],
            "group_name": "",
            "id": "5a61ebe2-b77c-4582-a396-a6a8b692c2e6",
            "log_level": "INFO",
            "max_thread_count": 1,
            "name": "jobP3-28",
            "node_filter_exclude_precedence": false,
            "node_filter_exclude_query": "",
            "node_filter_query": "",
            "notification": [],
            "option": [],
            "preserve_options_order": null,
            "project_name": "Project3",
            "rank_attribute": "",
            "rank_order": "ascending",
            "retry": "",
            "schedule": "0/30 * * * * * *",
            "schedule_enabled": true,
            "success_on_empty_node_filter": null,
            "time_zone": "",
            "timeout": null
          },
          "sensitive_attributes": [],
          "private": "bnVsbA==",
          "dependencies": [
            "rundeck_project.Project3"
          ]
        },
        {
          "index_key": 29,
          "schema_version": 0,
          "attributes": {
            "allow_concurrent_executions": false,
            "command": [
              {
                "description": "",
                "error_handler": [],
                "inline_script": "",
                "job": [],
                "keep_going_on_success": false,
                "node_step_plugin": [],
                "script_file": "",
                "script_file_args": "",
                "script_interpreter": [],
                "shell_command": "hostname",
                "step_plugin": []
              }
            ],
            "command_ordering_strategy": "node-first",
            "continue_next_node_on_error": false,
            "continue_on_error": false,
            "description": "Restart the service daemons on all the web servers",
            "execution_enabled": true,
            "global_log_filter": [],
            "group_name": "",
            "id": "e7088f80-c507-4a81-aca6-99650a2a4e29",
            "log_level": "INFO",
            "max_thread_count": 1,
            "name": "jobP3-29",
            "node_filter_exclude_precedence": false,
            "node_filter_exclude_query": "",
            "node_filter_query": "",
            "notification": [],
            "option": [],
            "preserve_options_order": null,
            "project_name": "Project3",
            "rank_attribute": "",
            "rank_order": "ascending",
            "retry": "",
            "schedule": "0/30 * * * * * *",
            "schedule_enabled": true,
            "success_on_empty_node_filter": null,
            "time_zone": "",
            "timeout": null
          },
          "sensitive_attributes": [],
          "private": "bnVsbA==",
          "dependencies": [
            "rundeck_project.Project3"
          ]
        },
        {
          "index_key": 30,
          "schema_version": 0,
          "attributes": {
            "allow_concurrent_executions": false,
            "command": [
              {
                "description": "",
                "error_handler": [],
                "inline_script": "",
                "job": [],
                "keep_going_on_success": false,
                "node_step_plugin": [],
                "script_file": "",
                "script_file_args": "",
                "script_interpreter": [],
                "shell_command": "hostname",
                "step_plugin": []
              }
            ],
            "command_ordering_strategy": "node-first",
            "continue_next_node_on_error": false,
            "continue_on_error": false,
            "description": "Restart the service daemons on all the web servers",
            "execution_enabled": true,
            "global_log_filter": [],
            "group_name": "",
            "id": "e7c22d7f-6bd8-4d86-b0a2-073851f48f55",
            "log_level": "INFO",
            "max_thread_count": 1,
            "name": "jobP3-30",
            "node_filter_exclude_precedence": false,
            "node_filter_exclude_query": "",
            "node_filter_query": "",
            "notification": [],
            "option": [],
            "preserve_options_order": null,
            "project_name": "Project3",
            "rank_attribute": "",
            "rank_order": "ascending",
            "retry": "",
            "schedule": "0/30 * * * * * *",
            "schedule_enabled": true,
            "success_on_empty_node_filter": null,
            "time_zone": "",
            "timeout": null
          },
          "sensitive_attributes": [],
          "private": "bnVsbA==",
          "dependencies": [
            "rundeck_project.Project3"
          ]
        },
        {
          "index_key": 31,
          "schema_version": 0,
          "attributes": {
            "allow_concurrent_executions": false,
            "command": [
              {
                "description": "",
                "error_handler": [],
                "inline_script": "",
                "job": [],
                "keep_going_on_success": false,
                "node_step_plugin": [],
                "script_file": "",
                "script_file_args": "",
                "script_interpreter": [],
                "shell_command": "hostname",
                "step_plugin": []
              }
            ],
            "command_ordering_strategy": "node-first",
            "continue_next_node_on_error": false,
            "continue_on_error": false,
            "description": "Restart the service daemons on all the web servers",
            "execution_enabled": true,
            "global_log_filter": [],
            "group_name": "",
            "id": "360de174-b62a-4c15-a137-07745b6155ad",
            "log_level": "INFO",
            "max_thread_count": 1,
            "name": "jobP3-31",
            "node_filter_exclude_precedence": false,
            "node_filter_exclude_query": "",
            "node_filter_query": "",
            "notification": [],
            "option": [],
            "preserve_options_order": null,
            "project_name": "Project3",
            "rank_attribute": "",
            "rank_order": "ascending",
            "retry": "",
            "schedule": "0/30 * * * * * *",
            "schedule_enabled": true,
            "success_on_empty_node_filter": null,
            "time_zone": "",
            "timeout": null
          },
          "sensitive_attributes": [],
          "private": "bnVsbA==",
          "dependencies": [
            "rundeck_project.Project3"
          ]
        },
        {
          "index_key": 32,
          "schema_version": 0,
          "attributes": {
            "allow_concurrent_executions": false,
            "command": [
              {
                "description": "",
                "error_handler": [],
                "inline_script": "",
                "job": [],
                "keep_going_on_success": false,
                "node_step_plugin": [],
                "script_file": "",
                "script_file_args": "",
                "script_interpreter": [],
                "shell_command": "hostname",
                "step_plugin": []
              }
            ],
            "command_ordering_strategy": "node-first",
            "continue_next_node_on_error": false,
            "continue_on_error": false,
            "description": "Restart the service daemons on all the web servers",
            "execution_enabled": true,
            "global_log_filter": [],
            "group_name": "",
            "id": "e9944dc6-c192-4708-b55c-cff12aefb854",
            "log_level": "INFO",
            "max_thread_count": 1,
            "name": "jobP3-32",
            "node_filter_exclude_precedence": false,
            "node_filter_exclude_query": "",
            "node_filter_query": "",
            "notification": [],
            "option": [],
            "preserve_options_order": null,
            "project_name": "Project3",
            "rank_attribute": "",
            "rank_order": "ascending",
            "retry": "",
            "schedule": "0/30 * * * * * *",
            "schedule_enabled": true,
            "success_on_empty_node_filter": null,
            "time_zone": "",
            "timeout": null
          },
          "sensitive_attributes": [],
          "private": "bnVsbA==",
          "dependencies": [
            "rundeck_project.Project3"
          ]
        },
        {
          "index_key": 33,
          "schema_version": 0,
          "attributes": {
            "allow_concurrent_executions": false,
            "command": [
              {
                "description": "",
                "error_handler": [],
                "inline_script": "",
                "job": [],
                "keep_going_on_success": false,
                "node_step_plugin": [],
                "script_file": "",
                "script_file_args": "",
                "script_interpreter": [],
                "shell_command": "hostname",
                "step_plugin": []
              }
            ],
            "command_ordering_strategy": "node-first",
            "continue_next_node_on_error": false,
            "continue_on_error": false,
            "description": "Restart the service daemons on all the web servers",
            "execution_enabled": true,
            "global_log_filter": [],
            "group_name": "",
            "id": "7874e626-0744-4938-9fcf-cf0d18b48cc1",
            "log_level": "INFO",
            "max_thread_count": 1,
            "name": "jobP3-33",
            "node_filter_exclude_precedence": false,
            "node_filter_exclude_query": "",
            "node_filter_query": "",
            "notification": [],
            "option": [],
            "preserve_options_order": null,
            "project_name": "Project3",
            "rank_attribute": "",
            "rank_order": "ascending",
            "retry": "",
            "schedule": "0/30 * * * * * *",
            "schedule_enabled": true,
            "success_on_empty_node_filter": null,
            "time_zone": "",
            "timeout": null
          },
          "sensitive_attributes": [],
          "private": "bnVsbA==",
          "dependencies": [
            "rundeck_project.Project3"
          ]
        },
        {
          "index_key": 34,
          "schema_version": 0,
          "attributes": {
            "allow_concurrent_executions": false,
            "command": [
              {
                "description": "",
                "error_handler": [],
                "inline_script": "",
                "job": [],
                "keep_going_on_success": false,
                "node_step_plugin": [],
                "script_file": "",
                "script_file_args": "",
                "script_interpreter": [],
                "shell_command": "hostname",
                "step_plugin": []
              }
            ],
            "command_ordering_strategy": "node-first",
            "continue_next_node_on_error": false,
            "continue_on_error": false,
            "description": "Restart the service daemons on all the web servers",
            "execution_enabled": true,
            "global_log_filter": [],
            "group_name": "",
            "id": "02c0db46-946b-42d7-a57d-cd2a2b2bbbf5",
            "log_level": "INFO",
            "max_thread_count": 1,
            "name": "jobP3-34",
            "node_filter_exclude_precedence": false,
            "node_filter_exclude_query": "",
            "node_filter_query": "",
            "notification": [],
            "option": [],
            "preserve_options_order": null,
            "project_name": "Project3",
            "rank_attribute": "",
            "rank_order": "ascending",
            "retry": "",
            "schedule": "0/30 * * * * * *",
            "schedule_enabled": true,
            "success_on_empty_node_filter": null,
            "time_zone": "",
            "timeout": null
          },
          "sensitive_attributes": [],
          "private": "bnVsbA==",
          "dependencies": [
            "rundeck_project.Project3"
          ]
        },
        {
          "index_key": 35,
          "schema_version": 0,
          "attributes": {
            "allow_concurrent_executions": false,
            "command": [
              {
                "description": "",
                "error_handler": [],
                "inline_script": "",
                "job": [],
                "keep_going_on_success": false,
                "node_step_plugin": [],
                "script_file": "",
                "script_file_args": "",
                "script_interpreter": [],
                "shell_command": "hostname",
                "step_plugin": []
              }
            ],
            "command_ordering_strategy": "node-first",
            "continue_next_node_on_error": false,
            "continue_on_error": false,
            "description": "Restart the service daemons on all the web servers",
            "execution_enabled": true,
            "global_log_filter": [],
            "group_name": "",
            "id": "7635ea7c-980e-4f64-87fe-68894b63bdbe",
            "log_level": "INFO",
            "max_thread_count": 1,
            "name": "jobP3-35",
            "node_filter_exclude_precedence": false,
            "node_filter_exclude_query": "",
            "node_filter_query": "",
            "notification": [],
            "option": [],
            "preserve_options_order": null,
            "project_name": "Project3",
            "rank_attribute": "",
            "rank_order": "ascending",
            "retry": "",
            "schedule": "0/30 * * * * * *",
            "schedule_enabled": true,
            "success_on_empty_node_filter": null,
            "time_zone": "",
            "timeout": null
          },
          "sensitive_attributes": [],
          "private": "bnVsbA==",
          "dependencies": [
            "rundeck_project.Project3"
          ]
        },
        {
          "index_key": 36,
          "schema_version": 0,
          "attributes": {
            "allow_concurrent_executions": false,
            "command": [
              {
                "description": "",
                "error_handler": [],
                "inline_script": "",
                "job": [],
                "keep_going_on_success": false,
                "node_step_plugin": [],
                "script_file": "",
                "script_file_args": "",
                "script_interpreter": [],
                "shell_command": "hostname",
                "step_plugin": []
              }
            ],
            "command_ordering_strategy": "node-first",
            "continue_next_node_on_error": false,
            "continue_on_error": false,
            "description": "Restart the service daemons on all the web servers",
            "execution_enabled": true,
            "global_log_filter": [],
            "group_name": "",
            "id": "4aff9043-f39b-4a95-8e4c-2d052fc769e7",
            "log_level": "INFO",
            "max_thread_count": 1,
            "name": "jobP3-36",
            "node_filter_exclude_precedence": false,
            "node_filter_exclude_query": "",
            "node_filter_query": "",
            "notification": [],
            "option": [],
            "preserve_options_order": null,
            "project_name": "Project3",
            "rank_attribute": "",
            "rank_order": "ascending",
            "retry": "",
            "schedule": "0/30 * * * * * *",
            "schedule_enabled": true,
            "success_on_empty_node_filter": null,
            "time_zone": "",
            "timeout": null
          },
          "sensitive_attributes": [],
          "private": "bnVsbA==",
          "dependencies": [
            "rundeck_project.Project3"
          ]
        },
        {
          "index_key": 37,
          "schema_version": 0,
          "attributes": {
            "allow_concurrent_executions": false,
            "command": [
              {
                "description": "",
                "error_handler": [],
                "inline_script": "",
                "job": [],
                "keep_going_on_success": false,
                "node_step_plugin": [],
                "script_file": "",
                "script_file_args": "",
                "script_interpreter": [],
                "shell_command": "hostname",
                "step_plugin": []
              }
            ],
            "command_ordering_strategy": "node-first",
            "continue_next_node_on_error": false,
            "continue_on_error": false,
            "description": "Restart the service daemons on all the web servers",
            "execution_enabled": true,
            "global_log_filter": [],
            "group_name": "",
            "id": "359445db-9f21-46ea-a2c2-6fa15450a72a",
            "log_level": "INFO",
            "max_thread_count": 1,
            "name": "jobP3-37",
            "node_filter_exclude_precedence": false,
            "node_filter_exclude_query": "",
            "node_filter_query": "",
            "notification": [],
            "option": [],
            "preserve_options_order": null,
            "project_name": "Project3",
            "rank_attribute": "",
            "rank_order": "ascending",
            "retry": "",
            "schedule": "0/30 * * * * * *",
            "schedule_enabled": true,
            "success_on_empty_node_filter": null,
            "time_zone": "",
            "timeout": null
          },
          "sensitive_attributes": [],
          "private": "bnVsbA==",
          "dependencies": [
            "rundeck_project.Project3"
          ]
        },
        {
          "index_key": 38,
          "schema_version": 0,
          "attributes": {
            "allow_concurrent_executions": false,
            "command": [
              {
                "description": "",
                "error_handler": [],
                "inline_script": "",
                "job": [],
                "keep_going_on_success": false,
                "node_step_plugin": [],
                "script_file": "",
                "script_file_args": "",
                "script_interpreter": [],
                "shell_command": "hostname",
                "step_plugin": []
              }
            ],
            "command_ordering_strategy": "node-first",
            "continue_next_node_on_error": false,
            "continue_on_error": false,
            "description": "Restart the service daemons on all the web servers",
            "execution_enabled": true,
            "global_log_filter": [],
            "group_name": "",
            "id": "f13a57f0-39b6-4583-b757-d264b1dac6c4",
            "log_level": "INFO",
            "max_thread_count": 1,
            "name": "jobP3-38",
            "node_filter_exclude_precedence": false,
            "node_filter_exclude_query": "",
            "node_filter_query": "",
            "notification": [],
            "option": [],
            "preserve_options_order": null,
            "project_name": "Project3",
            "rank_attribute": "",
            "rank_order": "ascending",
            "retry": "",
            "schedule": "0/30 * * * * * *",
            "schedule_enabled": true,
            "success_on_empty_node_filter": null,
            "time_zone": "",
            "timeout": null
          },
          "sensitive_attributes": [],
          "private": "bnVsbA==",
          "dependencies": [
            "rundeck_project.Project3"
          ]
        },
        {
          "index_key": 39,
          "schema_version": 0,
          "attributes": {
            "allow_concurrent_executions": false,
            "command": [
              {
                "description": "",
                "error_handler": [],
                "inline_script": "",
                "job": [],
                "keep_going_on_success": false,
                "node_step_plugin": [],
                "script_file": "",
                "script_file_args": "",
                "script_interpreter": [],
                "shell_command": "hostname",
                "step_plugin": []
              }
            ],
            "command_ordering_strategy": "node-first",
            "continue_next_node_on_error": false,
            "continue_on_error": false,
            "description": "Restart the service daemons on all the web servers",
            "execution_enabled": true,
            "global_log_filter": [],
            "group_name": "",
            "id": "a333a417-6c22-4f6a-a78b-752d20642a4c",
            "log_level": "INFO",
            "max_thread_count": 1,
            "name": "jobP3-39",
            "node_filter_exclude_precedence": false,
            "node_filter_exclude_query": "",
            "node_filter_query": "",
            "notification": [],
            "option": [],
            "preserve_options_order": null,
            "project_name": "Project3",
            "rank_attribute": "",
            "rank_order": "ascending",
            "retry": "",
            "schedule": "0/30 * * * * * *",
            "schedule_enabled": true,
            "success_on_empty_node_filter": null,
            "time_zone": "",
            "timeout": null
          },
          "sensitive_attributes": [],
          "private": "bnVsbA==",
          "dependencies": [
            "rundeck_project.Project3"
          ]
        },
        {
          "index_key": 40,
          "schema_version": 0,
          "attributes": {
            "allow_concurrent_executions": false,
            "command": [
              {
                "description": "",
                "error_handler": [],
                "inline_script": "",
                "job": [],
                "keep_going_on_success": false,
                "node_step_plugin": [],
                "script_file": "",
                "script_file_args": "",
                "script_interpreter": [],
                "shell_command": "hostname",
                "step_plugin": []
              }
            ],
            "command_ordering_strategy": "node-first",
            "continue_next_node_on_error": false,
            "continue_on_error": false,
            "description": "Restart the service daemons on all the web servers",
            "execution_enabled": true,
            "global_log_filter": [],
            "group_name": "",
            "id": "01dd862b-d049-48c7-a0a4-92b29a990dc0",
            "log_level": "INFO",
            "max_thread_count": 1,
            "name": "jobP3-40",
            "node_filter_exclude_precedence": false,
            "node_filter_exclude_query": "",
            "node_filter_query": "",
            "notification": [],
            "option": [],
            "preserve_options_order": null,
            "project_name": "Project3",
            "rank_attribute": "",
            "rank_order": "ascending",
            "retry": "",
            "schedule": "0/30 * * * * * *",
            "schedule_enabled": true,
            "success_on_empty_node_filter": null,
            "time_zone": "",
            "timeout": null
          },
          "sensitive_attributes": [],
          "private": "bnVsbA==",
          "dependencies": [
            "rundeck_project.Project3"
          ]
        },
        {
          "index_key": 41,
          "schema_version": 0,
          "attributes": {
            "allow_concurrent_executions": false,
            "command": [
              {
                "description": "",
                "error_handler": [],
                "inline_script": "",
                "job": [],
                "keep_going_on_success": false,
                "node_step_plugin": [],
                "script_file": "",
                "script_file_args": "",
                "script_interpreter": [],
                "shell_command": "hostname",
                "step_plugin": []
              }
            ],
            "command_ordering_strategy": "node-first",
            "continue_next_node_on_error": false,
            "continue_on_error": false,
            "description": "Restart the service daemons on all the web servers",
            "execution_enabled": true,
            "global_log_filter": [],
            "group_name": "",
            "id": "93a064ad-044f-4368-b6b5-60fd74cc9292",
            "log_level": "INFO",
            "max_thread_count": 1,
            "name": "jobP3-41",
            "node_filter_exclude_precedence": false,
            "node_filter_exclude_query": "",
            "node_filter_query": "",
            "notification": [],
            "option": [],
            "preserve_options_order": null,
            "project_name": "Project3",
            "rank_attribute": "",
            "rank_order": "ascending",
            "retry": "",
            "schedule": "0/30 * * * * * *",
            "schedule_enabled": true,
            "success_on_empty_node_filter": null,
            "time_zone": "",
            "timeout": null
          },
          "sensitive_attributes": [],
          "private": "bnVsbA==",
          "dependencies": [
            "rundeck_project.Project3"
          ]
        },
        {
          "index_key": 42,
          "schema_version": 0,
          "attributes": {
            "allow_concurrent_executions": false,
            "command": [
              {
                "description": "",
                "error_handler": [],
                "inline_script": "",
                "job": [],
                "keep_going_on_success": false,
                "node_step_plugin": [],
                "script_file": "",
                "script_file_args": "",
                "script_interpreter": [],
                "shell_command": "hostname",
                "step_plugin": []
              }
            ],
            "command_ordering_strategy": "node-first",
            "continue_next_node_on_error": false,
            "continue_on_error": false,
            "description": "Restart the service daemons on all the web servers",
            "execution_enabled": true,
            "global_log_filter": [],
            "group_name": "",
            "id": "119c6ae1-8574-4d66-ba59-5923f5e08541",
            "log_level": "INFO",
            "max_thread_count": 1,
            "name": "jobP3-42",
            "node_filter_exclude_precedence": false,
            "node_filter_exclude_query": "",
            "node_filter_query": "",
            "notification": [],
            "option": [],
            "preserve_options_order": null,
            "project_name": "Project3",
            "rank_attribute": "",
            "rank_order": "ascending",
            "retry": "",
            "schedule": "0/30 * * * * * *",
            "schedule_enabled": true,
            "success_on_empty_node_filter": null,
            "time_zone": "",
            "timeout": null
          },
          "sensitive_attributes": [],
          "private": "bnVsbA==",
          "dependencies": [
            "rundeck_project.Project3"
          ]
        },
        {
          "index_key": 43,
          "schema_version": 0,
          "attributes": {
            "allow_concurrent_executions": false,
            "command": [
              {
                "description": "",
                "error_handler": [],
                "inline_script": "",
                "job": [],
                "keep_going_on_success": false,
                "node_step_plugin": [],
                "script_file": "",
                "script_file_args": "",
                "script_interpreter": [],
                "shell_command": "hostname",
                "step_plugin": []
              }
            ],
            "command_ordering_strategy": "node-first",
            "continue_next_node_on_error": false,
            "continue_on_error": false,
            "description": "Restart the service daemons on all the web servers",
            "execution_enabled": true,
            "global_log_filter": [],
            "group_name": "",
            "id": "6f79018a-b142-4ce7-875d-c7001bb2c0f1",
            "log_level": "INFO",
            "max_thread_count": 1,
            "name": "jobP3-43",
            "node_filter_exclude_precedence": false,
            "node_filter_exclude_query": "",
            "node_filter_query": "",
            "notification": [],
            "option": [],
            "preserve_options_order": null,
            "project_name": "Project3",
            "rank_attribute": "",
            "rank_order": "ascending",
            "retry": "",
            "schedule": "0/30 * * * * * *",
            "schedule_enabled": true,
            "success_on_empty_node_filter": null,
            "time_zone": "",
            "timeout": null
          },
          "sensitive_attributes": [],
          "private": "bnVsbA==",
          "dependencies": [
            "rundeck_project.Project3"
          ]
        },
        {
          "index_key": 44,
          "schema_version": 0,
          "attributes": {
            "allow_concurrent_executions": false,
            "command": [
              {
                "description": "",
                "error_handler": [],
                "inline_script": "",
                "job": [],
                "keep_going_on_success": false,
                "node_step_plugin": [],
                "script_file": "",
                "script_file_args": "",
                "script_interpreter": [],
                "shell_command": "hostname",
                "step_plugin": []
              }
            ],
            "command_ordering_strategy": "node-first",
            "continue_next_node_on_error": false,
            "continue_on_error": false,
            "description": "Restart the service daemons on all the web servers",
            "execution_enabled": true,
            "global_log_filter": [],
            "group_name": "",
            "id": "ac13151e-73c1-4877-8340-ef56aa7e763e",
            "log_level": "INFO",
            "max_thread_count": 1,
            "name": "jobP3-44",
            "node_filter_exclude_precedence": false,
            "node_filter_exclude_query": "",
            "node_filter_query": "",
            "notification": [],
            "option": [],
            "preserve_options_order": null,
            "project_name": "Project3",
            "rank_attribute": "",
            "rank_order": "ascending",
            "retry": "",
            "schedule": "0/30 * * * * * *",
            "schedule_enabled": true,
            "success_on_empty_node_filter": null,
            "time_zone": "",
            "timeout": null
          },
          "sensitive_attributes": [],
          "private": "bnVsbA==",
          "dependencies": [
            "rundeck_project.Project3"
          ]
        },
        {
          "index_key": 45,
          "schema_version": 0,
          "attributes": {
            "allow_concurrent_executions": false,
            "command": [
              {
                "description": "",
                "error_handler": [],
                "inline_script": "",
                "job": [],
                "keep_going_on_success": false,
                "node_step_plugin": [],
                "script_file": "",
                "script_file_args": "",
                "script_interpreter": [],
                "shell_command": "hostname",
                "step_plugin": []
              }
            ],
            "command_ordering_strategy": "node-first",
            "continue_next_node_on_error": false,
            "continue_on_error": false,
            "description": "Restart the service daemons on all the web servers",
            "execution_enabled": true,
            "global_log_filter": [],
            "group_name": "",
            "id": "35fe1055-1fc1-46d1-b7e1-ab6ec82a0af8",
            "log_level": "INFO",
            "max_thread_count": 1,
            "name": "jobP3-45",
            "node_filter_exclude_precedence": false,
            "node_filter_exclude_query": "",
            "node_filter_query": "",
            "notification": [],
            "option": [],
            "preserve_options_order": null,
            "project_name": "Project3",
            "rank_attribute": "",
            "rank_order": "ascending",
            "retry": "",
            "schedule": "0/30 * * * * * *",
            "schedule_enabled": true,
            "success_on_empty_node_filter": null,
            "time_zone": "",
            "timeout": null
          },
          "sensitive_attributes": [],
          "private": "bnVsbA==",
          "dependencies": [
            "rundeck_project.Project3"
          ]
        },
        {
          "index_key": 46,
          "schema_version": 0,
          "attributes": {
            "allow_concurrent_executions": false,
            "command": [
              {
                "description": "",
                "error_handler": [],
                "inline_script": "",
                "job": [],
                "keep_going_on_success": false,
                "node_step_plugin": [],
                "script_file": "",
                "script_file_args": "",
                "script_interpreter": [],
                "shell_command": "hostname",
                "step_plugin": []
              }
            ],
            "command_ordering_strategy": "node-first",
            "continue_next_node_on_error": false,
            "continue_on_error": false,
            "description": "Restart the service daemons on all the web servers",
            "execution_enabled": true,
            "global_log_filter": [],
            "group_name": "",
            "id": "0b41d1ae-af70-49db-9f5e-a8458082cf95",
            "log_level": "INFO",
            "max_thread_count": 1,
            "name": "jobP3-46",
            "node_filter_exclude_precedence": false,
            "node_filter_exclude_query": "",
            "node_filter_query": "",
            "notification": [],
            "option": [],
            "preserve_options_order": null,
            "project_name": "Project3",
            "rank_attribute": "",
            "rank_order": "ascending",
            "retry": "",
            "schedule": "0/30 * * * * * *",
            "schedule_enabled": true,
            "success_on_empty_node_filter": null,
            "time_zone": "",
            "timeout": null
          },
          "sensitive_attributes": [],
          "private": "bnVsbA==",
          "dependencies": [
            "rundeck_project.Project3"
          ]
        },
        {
          "index_key": 47,
          "schema_version": 0,
          "attributes": {
            "allow_concurrent_executions": false,
            "command": [
              {
                "description": "",
                "error_handler": [],
                "inline_script": "",
                "job": [],
                "keep_going_on_success": false,
                "node_step_plugin": [],
                "script_file": "",
                "script_file_args": "",
                "script_interpreter": [],
                "shell_command": "hostname",
                "step_plugin": []
              }
            ],
            "command_ordering_strategy": "node-first",
            "continue_next_node_on_error": false,
            "continue_on_error": false,
            "description": "Restart the service daemons on all the web servers",
            "execution_enabled": true,
            "global_log_filter": [],
            "group_name": "",
            "id": "3810fd55-457e-4d45-9dcb-4d06167ce8e4",
            "log_level": "INFO",
            "max_thread_count": 1,
            "name": "jobP3-47",
            "node_filter_exclude_precedence": false,
            "node_filter_exclude_query": "",
            "node_filter_query": "",
            "notification": [],
            "option": [],
            "preserve_options_order": null,
            "project_name": "Project3",
            "rank_attribute": "",
            "rank_order": "ascending",
            "retry": "",
            "schedule": "0/30 * * * * * *",
            "schedule_enabled": true,
            "success_on_empty_node_filter": null,
            "time_zone": "",
            "timeout": null
          },
          "sensitive_attributes": [],
          "private": "bnVsbA==",
          "dependencies": [
            "rundeck_project.Project3"
          ]
        },
        {
          "index_key": 48,
          "schema_version": 0,
          "attributes": {
            "allow_concurrent_executions": false,
            "command": [
              {
                "description": "",
                "error_handler": [],
                "inline_script": "",
                "job": [],
                "keep_going_on_success": false,
                "node_step_plugin": [],
                "script_file": "",
                "script_file_args": "",
                "script_interpreter": [],
                "shell_command": "hostname",
                "step_plugin": []
              }
            ],
            "command_ordering_strategy": "node-first",
            "continue_next_node_on_error": false,
            "continue_on_error": false,
            "description": "Restart the service daemons on all the web servers",
            "execution_enabled": true,
            "global_log_filter": [],
            "group_name": "",
            "id": "e5032dc7-9e1b-4b53-85df-ccc7dd349102",
            "log_level": "INFO",
            "max_thread_count": 1,
            "name": "jobP3-48",
            "node_filter_exclude_precedence": false,
            "node_filter_exclude_query": "",
            "node_filter_query": "",
            "notification": [],
            "option": [],
            "preserve_options_order": null,
            "project_name": "Project3",
            "rank_attribute": "",
            "rank_order": "ascending",
            "retry": "",
            "schedule": "0/30 * * * * * *",
            "schedule_enabled": true,
            "success_on_empty_node_filter": null,
            "time_zone": "",
            "timeout": null
          },
          "sensitive_attributes": [],
          "private": "bnVsbA==",
          "dependencies": [
            "rundeck_project.Project3"
          ]
        },
        {
          "index_key": 49,
          "schema_version": 0,
          "attributes": {
            "allow_concurrent_executions": false,
            "command": [
              {
                "description": "",
                "error_handler": [],
                "inline_script": "",
                "job": [],
                "keep_going_on_success": false,
                "node_step_plugin": [],
                "script_file": "",
                "script_file_args": "",
                "script_interpreter": [],
                "shell_command": "hostname",
                "step_plugin": []
              }
            ],
            "command_ordering_strategy": "node-first",
            "continue_next_node_on_error": false,
            "continue_on_error": false,
            "description": "Restart the service daemons on all the web servers",
            "execution_enabled": true,
            "global_log_filter": [],
            "group_name": "",
            "id": "da89730c-1505-4532-a005-8f1343c1f34a",
            "log_level": "INFO",
            "max_thread_count": 1,
            "name": "jobP3-49",
            "node_filter_exclude_precedence": false,
            "node_filter_exclude_query": "",
            "node_filter_query": "",
            "notification": [],
            "option": [],
            "preserve_options_order": null,
            "project_name": "Project3",
            "rank_attribute": "",
            "rank_order": "ascending",
            "retry": "",
            "schedule": "0/30 * * * * * *",
            "schedule_enabled": true,
            "success_on_empty_node_filter": null,
            "time_zone": "",
            "timeout": null
          },
          "sensitive_attributes": [],
          "private": "bnVsbA==",
          "dependencies": [
            "rundeck_project.Project3"
          ]
        },
        {
          "index_key": 50,
          "schema_version": 0,
          "attributes": {
            "allow_concurrent_executions": false,
            "command": [
              {
                "description": "",
                "error_handler": [],
                "inline_script": "",
                "job": [],
                "keep_going_on_success": false,
                "node_step_plugin": [],
                "script_file": "",
                "script_file_args": "",
                "script_interpreter": [],
                "shell_command": "hostname",
                "step_plugin": []
              }
            ],
            "command_ordering_strategy": "node-first",
            "continue_next_node_on_error": false,
            "continue_on_error": false,
            "description": "Restart the service daemons on all the web servers",
            "execution_enabled": true,
            "global_log_filter": [],
            "group_name": "",
            "id": "dc1b3659-b497-4709-81fb-2068d5e29310",
            "log_level": "INFO",
            "max_thread_count": 1,
            "name": "jobP3-50",
            "node_filter_exclude_precedence": false,
            "node_filter_exclude_query": "",
            "node_filter_query": "",
            "notification": [],
            "option": [],
            "preserve_options_order": null,
            "project_name": "Project3",
            "rank_attribute": "",
            "rank_order": "ascending",
            "retry": "",
            "schedule": "0/30 * * * * * *",
            "schedule_enabled": true,
            "success_on_empty_node_filter": null,
            "time_zone": "",
            "timeout": null
          },
          "sensitive_attributes": [],
          "private": "bnVsbA==",
          "dependencies": [
            "rundeck_project.Project3"
          ]
        },
        {
          "index_key": 51,
          "schema_version": 0,
          "attributes": {
            "allow_concurrent_executions": false,
            "command": [
              {
                "description": "",
                "error_handler": [],
                "inline_script": "",
                "job": [],
                "keep_going_on_success": false,
                "node_step_plugin": [],
                "script_file": "",
                "script_file_args": "",
                "script_interpreter": [],
                "shell_command": "hostname",
                "step_plugin": []
              }
            ],
            "command_ordering_strategy": "node-first",
            "continue_next_node_on_error": false,
            "continue_on_error": false,
            "description": "Restart the service daemons on all the web servers",
            "execution_enabled": true,
            "global_log_filter": [],
            "group_name": "",
            "id": "bcfdf9e9-e00a-42a4-a39e-841801bc5480",
            "log_level": "INFO",
            "max_thread_count": 1,
            "name": "jobP3-51",
            "node_filter_exclude_precedence": false,
            "node_filter_exclude_query": "",
            "node_filter_query": "",
            "notification": [],
            "option": [],
            "preserve_options_order": null,
            "project_name": "Project3",
            "rank_attribute": "",
            "rank_order": "ascending",
            "retry": "",
            "schedule": "0/30 * * * * * *",
            "schedule_enabled": true,
            "success_on_empty_node_filter": null,
            "time_zone": "",
            "timeout": null
          },
          "sensitive_attributes": [],
          "private": "bnVsbA==",
          "dependencies": [
            "rundeck_project.Project3"
          ]
        },
        {
          "index_key": 52,
          "schema_version": 0,
          "attributes": {
            "allow_concurrent_executions": false,
            "command": [
              {
                "description": "",
                "error_handler": [],
                "inline_script": "",
                "job": [],
                "keep_going_on_success": false,
                "node_step_plugin": [],
                "script_file": "",
                "script_file_args": "",
                "script_interpreter": [],
                "shell_command": "hostname",
                "step_plugin": []
              }
            ],
            "command_ordering_strategy": "node-first",
            "continue_next_node_on_error": false,
            "continue_on_error": false,
            "description": "Restart the service daemons on all the web servers",
            "execution_enabled": true,
            "global_log_filter": [],
            "group_name": "",
            "id": "682c2d3c-ade4-4567-94ad-c1dec6db564f",
            "log_level": "INFO",
            "max_thread_count": 1,
            "name": "jobP3-52",
            "node_filter_exclude_precedence": false,
            "node_filter_exclude_query": "",
            "node_filter_query": "",
            "notification": [],
            "option": [],
            "preserve_options_order": null,
            "project_name": "Project3",
            "rank_attribute": "",
            "rank_order": "ascending",
            "retry": "",
            "schedule": "0/30 * * * * * *",
            "schedule_enabled": true,
            "success_on_empty_node_filter": null,
            "time_zone": "",
            "timeout": null
          },
          "sensitive_attributes": [],
          "private": "bnVsbA==",
          "dependencies": [
            "rundeck_project.Project3"
          ]
        },
        {
          "index_key": 53,
          "schema_version": 0,
          "attributes": {
            "allow_concurrent_executions": false,
            "command": [
              {
                "description": "",
                "error_handler": [],
                "inline_script": "",
                "job": [],
                "keep_going_on_success": false,
                "node_step_plugin": [],
                "script_file": "",
                "script_file_args": "",
                "script_interpreter": [],
                "shell_command": "hostname",
                "step_plugin": []
              }
            ],
            "command_ordering_strategy": "node-first",
            "continue_next_node_on_error": false,
            "continue_on_error": false,
            "description": "Restart the service daemons on all the web servers",
            "execution_enabled": true,
            "global_log_filter": [],
            "group_name": "",
            "id": "2f86a89e-05a4-4bc7-96bb-f4e2633e588e",
            "log_level": "INFO",
            "max_thread_count": 1,
            "name": "jobP3-53",
            "node_filter_exclude_precedence": false,
            "node_filter_exclude_query": "",
            "node_filter_query": "",
            "notification": [],
            "option": [],
            "preserve_options_order": null,
            "project_name": "Project3",
            "rank_attribute": "",
            "rank_order": "ascending",
            "retry": "",
            "schedule": "0/30 * * * * * *",
            "schedule_enabled": true,
            "success_on_empty_node_filter": null,
            "time_zone": "",
            "timeout": null
          },
          "sensitive_attributes": [],
          "private": "bnVsbA==",
          "dependencies": [
            "rundeck_project.Project3"
          ]
        },
        {
          "index_key": 54,
          "schema_version": 0,
          "attributes": {
            "allow_concurrent_executions": false,
            "command": [
              {
                "description": "",
                "error_handler": [],
                "inline_script": "",
                "job": [],
                "keep_going_on_success": false,
                "node_step_plugin": [],
                "script_file": "",
                "script_file_args": "",
                "script_interpreter": [],
                "shell_command": "hostname",
                "step_plugin": []
              }
            ],
            "command_ordering_strategy": "node-first",
            "continue_next_node_on_error": false,
            "continue_on_error": false,
            "description": "Restart the service daemons on all the web servers",
            "execution_enabled": true,
            "global_log_filter": [],
            "group_name": "",
            "id": "90051006-aad4-4069-887c-bbcb8f6da412",
            "log_level": "INFO",
            "max_thread_count": 1,
            "name": "jobP3-54",
            "node_filter_exclude_precedence": false,
            "node_filter_exclude_query": "",
            "node_filter_query": "",
            "notification": [],
            "option": [],
            "preserve_options_order": null,
            "project_name": "Project3",
            "rank_attribute": "",
            "rank_order": "ascending",
            "retry": "",
            "schedule": "0/30 * * * * * *",
            "schedule_enabled": true,
            "success_on_empty_node_filter": null,
            "time_zone": "",
            "timeout": null
          },
          "sensitive_attributes": [],
          "private": "bnVsbA==",
          "dependencies": [
            "rundeck_project.Project3"
          ]
        },
        {
          "index_key": 55,
          "schema_version": 0,
          "attributes": {
            "allow_concurrent_executions": false,
            "command": [
              {
                "description": "",
                "error_handler": [],
                "inline_script": "",
                "job": [],
                "keep_going_on_success": false,
                "node_step_plugin": [],
                "script_file": "",
                "script_file_args": "",
                "script_interpreter": [],
                "shell_command": "hostname",
                "step_plugin": []
              }
            ],
            "command_ordering_strategy": "node-first",
            "continue_next_node_on_error": false,
            "continue_on_error": false,
            "description": "Restart the service daemons on all the web servers",
            "execution_enabled": true,
            "global_log_filter": [],
            "group_name": "",
            "id": "15560286-5b13-4110-90c0-e88952d60839",
            "log_level": "INFO",
            "max_thread_count": 1,
            "name": "jobP3-55",
            "node_filter_exclude_precedence": false,
            "node_filter_exclude_query": "",
            "node_filter_query": "",
            "notification": [],
            "option": [],
            "preserve_options_order": null,
            "project_name": "Project3",
            "rank_attribute": "",
            "rank_order": "ascending",
            "retry": "",
            "schedule": "0/30 * * * * * *",
            "schedule_enabled": true,
            "success_on_empty_node_filter": null,
            "time_zone": "",
            "timeout": null
          },
          "sensitive_attributes": [],
          "private": "bnVsbA==",
          "dependencies": [
            "rundeck_project.Project3"
          ]
        },
        {
          "index_key": 56,
          "schema_version": 0,
          "attributes": {
            "allow_concurrent_executions": false,
            "command": [
              {
                "description": "",
                "error_handler": [],
                "inline_script": "",
                "job": [],
                "keep_going_on_success": false,
                "node_step_plugin": [],
                "script_file": "",
                "script_file_args": "",
                "script_interpreter": [],
                "shell_command": "hostname",
                "step_plugin": []
              }
            ],
            "command_ordering_strategy": "node-first",
            "continue_next_node_on_error": false,
            "continue_on_error": false,
            "description": "Restart the service daemons on all the web servers",
            "execution_enabled": true,
            "global_log_filter": [],
            "group_name": "",
            "id": "4a90358d-996b-4a41-8450-8a273a57e5d2",
            "log_level": "INFO",
            "max_thread_count": 1,
            "name": "jobP3-56",
            "node_filter_exclude_precedence": false,
            "node_filter_exclude_query": "",
            "node_filter_query": "",
            "notification": [],
            "option": [],
            "preserve_options_order": null,
            "project_name": "Project3",
            "rank_attribute": "",
            "rank_order": "ascending",
            "retry": "",
            "schedule": "0/30 * * * * * *",
            "schedule_enabled": true,
            "success_on_empty_node_filter": null,
            "time_zone": "",
            "timeout": null
          },
          "sensitive_attributes": [],
          "private": "bnVsbA==",
          "dependencies": [
            "rundeck_project.Project3"
          ]
        },
        {
          "index_key": 57,
          "schema_version": 0,
          "attributes": {
            "allow_concurrent_executions": false,
            "command": [
              {
                "description": "",
                "error_handler": [],
                "inline_script": "",
                "job": [],
                "keep_going_on_success": false,
                "node_step_plugin": [],
                "script_file": "",
                "script_file_args": "",
                "script_interpreter": [],
                "shell_command": "hostname",
                "step_plugin": []
              }
            ],
            "command_ordering_strategy": "node-first",
            "continue_next_node_on_error": false,
            "continue_on_error": false,
            "description": "Restart the service daemons on all the web servers",
            "execution_enabled": true,
            "global_log_filter": [],
            "group_name": "",
            "id": "242abfb6-0c62-4f9c-b5ec-65a7853d4ea0",
            "log_level": "INFO",
            "max_thread_count": 1,
            "name": "jobP3-57",
            "node_filter_exclude_precedence": false,
            "node_filter_exclude_query": "",
            "node_filter_query": "",
            "notification": [],
            "option": [],
            "preserve_options_order": null,
            "project_name": "Project3",
            "rank_attribute": "",
            "rank_order": "ascending",
            "retry": "",
            "schedule": "0/30 * * * * * *",
            "schedule_enabled": true,
            "success_on_empty_node_filter": null,
            "time_zone": "",
            "timeout": null
          },
          "sensitive_attributes": [],
          "private": "bnVsbA==",
          "dependencies": [
            "rundeck_project.Project3"
          ]
        },
        {
          "index_key": 58,
          "schema_version": 0,
          "attributes": {
            "allow_concurrent_executions": false,
            "command": [
              {
                "description": "",
                "error_handler": [],
                "inline_script": "",
                "job": [],
                "keep_going_on_success": false,
                "node_step_plugin": [],
                "script_file": "",
                "script_file_args": "",
                "script_interpreter": [],
                "shell_command": "hostname",
                "step_plugin": []
              }
            ],
            "command_ordering_strategy": "node-first",
            "continue_next_node_on_error": false,
            "continue_on_error": false,
            "description": "Restart the service daemons on all the web servers",
            "execution_enabled": true,
            "global_log_filter": [],
            "group_name": "",
            "id": "b7cf95d6-293c-4f03-bd78-c305ee5a9f09",
            "log_level": "INFO",
            "max_thread_count": 1,
            "name": "jobP3-58",
            "node_filter_exclude_precedence": false,
            "node_filter_exclude_query": "",
            "node_filter_query": "",
            "notification": [],
            "option": [],
            "preserve_options_order": null,
            "project_name": "Project3",
            "rank_attribute": "",
            "rank_order": "ascending",
            "retry": "",
            "schedule": "0/30 * * * * * *",
            "schedule_enabled": true,
            "success_on_empty_node_filter": null,
            "time_zone": "",
            "timeout": null
          },
          "sensitive_attributes": [],
          "private": "bnVsbA==",
          "dependencies": [
            "rundeck_project.Project3"
          ]
        },
        {
          "index_key": 59,
          "schema_version": 0,
          "attributes": {
            "allow_concurrent_executions": false,
            "command": [
              {
                "description": "",
                "error_handler": [],
                "inline_script": "",
                "job": [],
                "keep_going_on_success": false,
                "node_step_plugin": [],
                "script_file": "",
                "script_file_args": "",
                "script_interpreter": [],
                "shell_command": "hostname",
                "step_plugin": []
              }
            ],
            "command_ordering_strategy": "node-first",
            "continue_next_node_on_error": false,
            "continue_on_error": false,
            "description": "Restart the service daemons on all the web servers",
            "execution_enabled": true,
            "global_log_filter": [],
            "group_name": "",
            "id": "056867e3-ee57-4c34-acfa-0e038ab91615",
            "log_level": "INFO",
            "max_thread_count": 1,
            "name": "jobP3-59",
            "node_filter_exclude_precedence": false,
            "node_filter_exclude_query": "",
            "node_filter_query": "",
            "notification": [],
            "option": [],
            "preserve_options_order": null,
            "project_name": "Project3",
            "rank_attribute": "",
            "rank_order": "ascending",
            "retry": "",
            "schedule": "0/30 * * * * * *",
            "schedule_enabled": true,
            "success_on_empty_node_filter": null,
            "time_zone": "",
            "timeout": null
          },
          "sensitive_attributes": [],
          "private": "bnVsbA==",
          "dependencies": [
            "rundeck_project.Project3"
          ]
        },
        {
          "index_key": 60,
          "schema_version": 0,
          "attributes": {
            "allow_concurrent_executions": false,
            "command": [
              {
                "description": "",
                "error_handler": [],
                "inline_script": "",
                "job": [],
                "keep_going_on_success": false,
                "node_step_plugin": [],
                "script_file": "",
                "script_file_args": "",
                "script_interpreter": [],
                "shell_command": "hostname",
                "step_plugin": []
              }
            ],
            "command_ordering_strategy": "node-first",
            "continue_next_node_on_error": false,
            "continue_on_error": false,
            "description": "Restart the service daemons on all the web servers",
            "execution_enabled": true,
            "global_log_filter": [],
            "group_name": "",
            "id": "8af50c69-a71b-4049-9926-2e58a24ace3e",
            "log_level": "INFO",
            "max_thread_count": 1,
            "name": "jobP3-60",
            "node_filter_exclude_precedence": false,
            "node_filter_exclude_query": "",
            "node_filter_query": "",
            "notification": [],
            "option": [],
            "preserve_options_order": null,
            "project_name": "Project3",
            "rank_attribute": "",
            "rank_order": "ascending",
            "retry": "",
            "schedule": "0/30 * * * * * *",
            "schedule_enabled": true,
            "success_on_empty_node_filter": null,
            "time_zone": "",
            "timeout": null
          },
          "sensitive_attributes": [],
          "private": "bnVsbA==",
          "dependencies": [
            "rundeck_project.Project3"
          ]
        },
        {
          "index_key": 61,
          "schema_version": 0,
          "attributes": {
            "allow_concurrent_executions": false,
            "command": [
              {
                "description": "",
                "error_handler": [],
                "inline_script": "",
                "job": [],
                "keep_going_on_success": false,
                "node_step_plugin": [],
                "script_file": "",
                "script_file_args": "",
                "script_interpreter": [],
                "shell_command": "hostname",
                "step_plugin": []
              }
            ],
            "command_ordering_strategy": "node-first",
            "continue_next_node_on_error": false,
            "continue_on_error": false,
            "description": "Restart the service daemons on all the web servers",
            "execution_enabled": true,
            "global_log_filter": [],
            "group_name": "",
            "id": "f990be39-8cb3-4529-9122-bf15a8c3912a",
            "log_level": "INFO",
            "max_thread_count": 1,
            "name": "jobP3-61",
            "node_filter_exclude_precedence": false,
            "node_filter_exclude_query": "",
            "node_filter_query": "",
            "notification": [],
            "option": [],
            "preserve_options_order": null,
            "project_name": "Project3",
            "rank_attribute": "",
            "rank_order": "ascending",
            "retry": "",
            "schedule": "0/30 * * * * * *",
            "schedule_enabled": true,
            "success_on_empty_node_filter": null,
            "time_zone": "",
            "timeout": null
          },
          "sensitive_attributes": [],
          "private": "bnVsbA==",
          "dependencies": [
            "rundeck_project.Project3"
          ]
        },
        {
          "index_key": 62,
          "schema_version": 0,
          "attributes": {
            "allow_concurrent_executions": false,
            "command": [
              {
                "description": "",
                "error_handler": [],
                "inline_script": "",
                "job": [],
                "keep_going_on_success": false,
                "node_step_plugin": [],
                "script_file": "",
                "script_file_args": "",
                "script_interpreter": [],
                "shell_command": "hostname",
                "step_plugin": []
              }
            ],
            "command_ordering_strategy": "node-first",
            "continue_next_node_on_error": false,
            "continue_on_error": false,
            "description": "Restart the service daemons on all the web servers",
            "execution_enabled": true,
            "global_log_filter": [],
            "group_name": "",
            "id": "cd1b5f26-0e32-4293-8572-e6fa8c40ac80",
            "log_level": "INFO",
            "max_thread_count": 1,
            "name": "jobP3-62",
            "node_filter_exclude_precedence": false,
            "node_filter_exclude_query": "",
            "node_filter_query": "",
            "notification": [],
            "option": [],
            "preserve_options_order": null,
            "project_name": "Project3",
            "rank_attribute": "",
            "rank_order": "ascending",
            "retry": "",
            "schedule": "0/30 * * * * * *",
            "schedule_enabled": true,
            "success_on_empty_node_filter": null,
            "time_zone": "",
            "timeout": null
          },
          "sensitive_attributes": [],
          "private": "bnVsbA==",
          "dependencies": [
            "rundeck_project.Project3"
          ]
        },
        {
          "index_key": 63,
          "schema_version": 0,
          "attributes": {
            "allow_concurrent_executions": false,
            "command": [
              {
                "description": "",
                "error_handler": [],
                "inline_script": "",
                "job": [],
                "keep_going_on_success": false,
                "node_step_plugin": [],
                "script_file": "",
                "script_file_args": "",
                "script_interpreter": [],
                "shell_command": "hostname",
                "step_plugin": []
              }
            ],
            "command_ordering_strategy": "node-first",
            "continue_next_node_on_error": false,
            "continue_on_error": false,
            "description": "Restart the service daemons on all the web servers",
            "execution_enabled": true,
            "global_log_filter": [],
            "group_name": "",
            "id": "bf8bd967-9b2b-4f1e-bee9-52b10a8c5394",
            "log_level": "INFO",
            "max_thread_count": 1,
            "name": "jobP3-63",
            "node_filter_exclude_precedence": false,
            "node_filter_exclude_query": "",
            "node_filter_query": "",
            "notification": [],
            "option": [],
            "preserve_options_order": null,
            "project_name": "Project3",
            "rank_attribute": "",
            "rank_order": "ascending",
            "retry": "",
            "schedule": "0/30 * * * * * *",
            "schedule_enabled": true,
            "success_on_empty_node_filter": null,
            "time_zone": "",
            "timeout": null
          },
          "sensitive_attributes": [],
          "private": "bnVsbA==",
          "dependencies": [
            "rundeck_project.Project3"
          ]
        },
        {
          "index_key": 64,
          "schema_version": 0,
          "attributes": {
            "allow_concurrent_executions": false,
            "command": [
              {
                "description": "",
                "error_handler": [],
                "inline_script": "",
                "job": [],
                "keep_going_on_success": false,
                "node_step_plugin": [],
                "script_file": "",
                "script_file_args": "",
                "script_interpreter": [],
                "shell_command": "hostname",
                "step_plugin": []
              }
            ],
            "command_ordering_strategy": "node-first",
            "continue_next_node_on_error": false,
            "continue_on_error": false,
            "description": "Restart the service daemons on all the web servers",
            "execution_enabled": true,
            "global_log_filter": [],
            "group_name": "",
            "id": "776b0672-834d-40ff-ba39-3d3ab8dc7319",
            "log_level": "INFO",
            "max_thread_count": 1,
            "name": "jobP3-64",
            "node_filter_exclude_precedence": false,
            "node_filter_exclude_query": "",
            "node_filter_query": "",
            "notification": [],
            "option": [],
            "preserve_options_order": null,
            "project_name": "Project3",
            "rank_attribute": "",
            "rank_order": "ascending",
            "retry": "",
            "schedule": "0/30 * * * * * *",
            "schedule_enabled": true,
            "success_on_empty_node_filter": null,
            "time_zone": "",
            "timeout": null
          },
          "sensitive_attributes": [],
          "private": "bnVsbA==",
          "dependencies": [
            "rundeck_project.Project3"
          ]
        },
        {
          "index_key": 65,
          "schema_version": 0,
          "attributes": {
            "allow_concurrent_executions": false,
            "command": [
              {
                "description": "",
                "error_handler": [],
                "inline_script": "",
                "job": [],
                "keep_going_on_success": false,
                "node_step_plugin": [],
                "script_file": "",
                "script_file_args": "",
                "script_interpreter": [],
                "shell_command": "hostname",
                "step_plugin": []
              }
            ],
            "command_ordering_strategy": "node-first",
            "continue_next_node_on_error": false,
            "continue_on_error": false,
            "description": "Restart the service daemons on all the web servers",
            "execution_enabled": true,
            "global_log_filter": [],
            "group_name": "",
            "id": "881fd0dd-3728-4d49-acd3-0fe2bb861233",
            "log_level": "INFO",
            "max_thread_count": 1,
            "name": "jobP3-65",
            "node_filter_exclude_precedence": false,
            "node_filter_exclude_query": "",
            "node_filter_query": "",
            "notification": [],
            "option": [],
            "preserve_options_order": null,
            "project_name": "Project3",
            "rank_attribute": "",
            "rank_order": "ascending",
            "retry": "",
            "schedule": "0/30 * * * * * *",
            "schedule_enabled": true,
            "success_on_empty_node_filter": null,
            "time_zone": "",
            "timeout": null
          },
          "sensitive_attributes": [],
          "private": "bnVsbA==",
          "dependencies": [
            "rundeck_project.Project3"
          ]
        },
        {
          "index_key": 66,
          "schema_version": 0,
          "attributes": {
            "allow_concurrent_executions": false,
            "command": [
              {
                "description": "",
                "error_handler": [],
                "inline_script": "",
                "job": [],
                "keep_going_on_success": false,
                "node_step_plugin": [],
                "script_file": "",
                "script_file_args": "",
                "script_interpreter": [],
                "shell_command": "hostname",
                "step_plugin": []
              }
            ],
            "command_ordering_strategy": "node-first",
            "continue_next_node_on_error": false,
            "continue_on_error": false,
            "description": "Restart the service daemons on all the web servers",
            "execution_enabled": true,
            "global_log_filter": [],
            "group_name": "",
            "id": "5db353f2-4e37-481c-af2a-5115829c0f7a",
            "log_level": "INFO",
            "max_thread_count": 1,
            "name": "jobP3-66",
            "node_filter_exclude_precedence": false,
            "node_filter_exclude_query": "",
            "node_filter_query": "",
            "notification": [],
            "option": [],
            "preserve_options_order": null,
            "project_name": "Project3",
            "rank_attribute": "",
            "rank_order": "ascending",
            "retry": "",
            "schedule": "0/30 * * * * * *",
            "schedule_enabled": true,
            "success_on_empty_node_filter": null,
            "time_zone": "",
            "timeout": null
          },
          "sensitive_attributes": [],
          "private": "bnVsbA==",
          "dependencies": [
            "rundeck_project.Project3"
          ]
        },
        {
          "index_key": 67,
          "schema_version": 0,
          "attributes": {
            "allow_concurrent_executions": false,
            "command": [
              {
                "description": "",
                "error_handler": [],
                "inline_script": "",
                "job": [],
                "keep_going_on_success": false,
                "node_step_plugin": [],
                "script_file": "",
                "script_file_args": "",
                "script_interpreter": [],
                "shell_command": "hostname",
                "step_plugin": []
              }
            ],
            "command_ordering_strategy": "node-first",
            "continue_next_node_on_error": false,
            "continue_on_error": false,
            "description": "Restart the service daemons on all the web servers",
            "execution_enabled": true,
            "global_log_filter": [],
            "group_name": "",
            "id": "a433c8d5-b066-4027-a7f3-cb1b6d1ff9e0",
            "log_level": "INFO",
            "max_thread_count": 1,
            "name": "jobP3-67",
            "node_filter_exclude_precedence": false,
            "node_filter_exclude_query": "",
            "node_filter_query": "",
            "notification": [],
            "option": [],
            "preserve_options_order": null,
            "project_name": "Project3",
            "rank_attribute": "",
            "rank_order": "ascending",
            "retry": "",
            "schedule": "0/30 * * * * * *",
            "schedule_enabled": true,
            "success_on_empty_node_filter": null,
            "time_zone": "",
            "timeout": null
          },
          "sensitive_attributes": [],
          "private": "bnVsbA==",
          "dependencies": [
            "rundeck_project.Project3"
          ]
        },
        {
          "index_key": 68,
          "schema_version": 0,
          "attributes": {
            "allow_concurrent_executions": false,
            "command": [
              {
                "description": "",
                "error_handler": [],
                "inline_script": "",
                "job": [],
                "keep_going_on_success": false,
                "node_step_plugin": [],
                "script_file": "",
                "script_file_args": "",
                "script_interpreter": [],
                "shell_command": "hostname",
                "step_plugin": []
              }
            ],
            "command_ordering_strategy": "node-first",
            "continue_next_node_on_error": false,
            "continue_on_error": false,
            "description": "Restart the service daemons on all the web servers",
            "execution_enabled": true,
            "global_log_filter": [],
            "group_name": "",
            "id": "5008aabc-0312-477e-8ff9-77bb50da118a",
            "log_level": "INFO",
            "max_thread_count": 1,
            "name": "jobP3-68",
            "node_filter_exclude_precedence": false,
            "node_filter_exclude_query": "",
            "node_filter_query": "",
            "notification": [],
            "option": [],
            "preserve_options_order": null,
            "project_name": "Project3",
            "rank_attribute": "",
            "rank_order": "ascending",
            "retry": "",
            "schedule": "0/30 * * * * * *",
            "schedule_enabled": true,
            "success_on_empty_node_filter": null,
            "time_zone": "",
            "timeout": null
          },
          "sensitive_attributes": [],
          "private": "bnVsbA==",
          "dependencies": [
            "rundeck_project.Project3"
          ]
        },
        {
          "index_key": 69,
          "schema_version": 0,
          "attributes": {
            "allow_concurrent_executions": false,
            "command": [
              {
                "description": "",
                "error_handler": [],
                "inline_script": "",
                "job": [],
                "keep_going_on_success": false,
                "node_step_plugin": [],
                "script_file": "",
                "script_file_args": "",
                "script_interpreter": [],
                "shell_command": "hostname",
                "step_plugin": []
              }
            ],
            "command_ordering_strategy": "node-first",
            "continue_next_node_on_error": false,
            "continue_on_error": false,
            "description": "Restart the service daemons on all the web servers",
            "execution_enabled": true,
            "global_log_filter": [],
            "group_name": "",
            "id": "89ec1bcb-7333-43e4-acec-e1886ca3d6f6",
            "log_level": "INFO",
            "max_thread_count": 1,
            "name": "jobP3-69",
            "node_filter_exclude_precedence": false,
            "node_filter_exclude_query": "",
            "node_filter_query": "",
            "notification": [],
            "option": [],
            "preserve_options_order": null,
            "project_name": "Project3",
            "rank_attribute": "",
            "rank_order": "ascending",
            "retry": "",
            "schedule": "0/30 * * * * * *",
            "schedule_enabled": true,
            "success_on_empty_node_filter": null,
            "time_zone": "",
            "timeout": null
          },
          "sensitive_attributes": [],
          "private": "bnVsbA==",
          "dependencies": [
            "rundeck_project.Project3"
          ]
        },
        {
          "index_key": 70,
          "schema_version": 0,
          "attributes": {
            "allow_concurrent_executions": false,
            "command": [
              {
                "description": "",
                "error_handler": [],
                "inline_script": "",
                "job": [],
                "keep_going_on_success": false,
                "node_step_plugin": [],
                "script_file": "",
                "script_file_args": "",
                "script_interpreter": [],
                "shell_command": "hostname",
                "step_plugin": []
              }
            ],
            "command_ordering_strategy": "node-first",
            "continue_next_node_on_error": false,
            "continue_on_error": false,
            "description": "Restart the service daemons on all the web servers",
            "execution_enabled": true,
            "global_log_filter": [],
            "group_name": "",
            "id": "057d9b7d-d924-4794-b8fa-6176be198179",
            "log_level": "INFO",
            "max_thread_count": 1,
            "name": "jobP3-70",
            "node_filter_exclude_precedence": false,
            "node_filter_exclude_query": "",
            "node_filter_query": "",
            "notification": [],
            "option": [],
            "preserve_options_order": null,
            "project_name": "Project3",
            "rank_attribute": "",
            "rank_order": "ascending",
            "retry": "",
            "schedule": "0/30 * * * * * *",
            "schedule_enabled": true,
            "success_on_empty_node_filter": null,
            "time_zone": "",
            "timeout": null
          },
          "sensitive_attributes": [],
          "private": "bnVsbA==",
          "dependencies": [
            "rundeck_project.Project3"
          ]
        },
        {
          "index_key": 71,
          "schema_version": 0,
          "attributes": {
            "allow_concurrent_executions": false,
            "command": [
              {
                "description": "",
                "error_handler": [],
                "inline_script": "",
                "job": [],
                "keep_going_on_success": false,
                "node_step_plugin": [],
                "script_file": "",
                "script_file_args": "",
                "script_interpreter": [],
                "shell_command": "hostname",
                "step_plugin": []
              }
            ],
            "command_ordering_strategy": "node-first",
            "continue_next_node_on_error": false,
            "continue_on_error": false,
            "description": "Restart the service daemons on all the web servers",
            "execution_enabled": true,
            "global_log_filter": [],
            "group_name": "",
            "id": "b989d463-8b52-434e-82bd-df928f3cac1f",
            "log_level": "INFO",
            "max_thread_count": 1,
            "name": "jobP3-71",
            "node_filter_exclude_precedence": false,
            "node_filter_exclude_query": "",
            "node_filter_query": "",
            "notification": [],
            "option": [],
            "preserve_options_order": null,
            "project_name": "Project3",
            "rank_attribute": "",
            "rank_order": "ascending",
            "retry": "",
            "schedule": "0/30 * * * * * *",
            "schedule_enabled": true,
            "success_on_empty_node_filter": null,
            "time_zone": "",
            "timeout": null
          },
          "sensitive_attributes": [],
          "private": "bnVsbA==",
          "dependencies": [
            "rundeck_project.Project3"
          ]
        },
        {
          "index_key": 72,
          "schema_version": 0,
          "attributes": {
            "allow_concurrent_executions": false,
            "command": [
              {
                "description": "",
                "error_handler": [],
                "inline_script": "",
                "job": [],
                "keep_going_on_success": false,
                "node_step_plugin": [],
                "script_file": "",
                "script_file_args": "",
                "script_interpreter": [],
                "shell_command": "hostname",
                "step_plugin": []
              }
            ],
            "command_ordering_strategy": "node-first",
            "continue_next_node_on_error": false,
            "continue_on_error": false,
            "description": "Restart the service daemons on all the web servers",
            "execution_enabled": true,
            "global_log_filter": [],
            "group_name": "",
            "id": "185e3577-5882-4d3d-bc96-51947a1c853d",
            "log_level": "INFO",
            "max_thread_count": 1,
            "name": "jobP3-72",
            "node_filter_exclude_precedence": false,
            "node_filter_exclude_query": "",
            "node_filter_query": "",
            "notification": [],
            "option": [],
            "preserve_options_order": null,
            "project_name": "Project3",
            "rank_attribute": "",
            "rank_order": "ascending",
            "retry": "",
            "schedule": "0/30 * * * * * *",
            "schedule_enabled": true,
            "success_on_empty_node_filter": null,
            "time_zone": "",
            "timeout": null
          },
          "sensitive_attributes": [],
          "private": "bnVsbA==",
          "dependencies": [
            "rundeck_project.Project3"
          ]
        },
        {
          "index_key": 73,
          "schema_version": 0,
          "attributes": {
            "allow_concurrent_executions": false,
            "command": [
              {
                "description": "",
                "error_handler": [],
                "inline_script": "",
                "job": [],
                "keep_going_on_success": false,
                "node_step_plugin": [],
                "script_file": "",
                "script_file_args": "",
                "script_interpreter": [],
                "shell_command": "hostname",
                "step_plugin": []
              }
            ],
            "command_ordering_strategy": "node-first",
            "continue_next_node_on_error": false,
            "continue_on_error": false,
            "description": "Restart the service daemons on all the web servers",
            "execution_enabled": true,
            "global_log_filter": [],
            "group_name": "",
            "id": "8a497a41-8c1f-4a56-85a3-604130ef5c47",
            "log_level": "INFO",
            "max_thread_count": 1,
            "name": "jobP3-73",
            "node_filter_exclude_precedence": false,
            "node_filter_exclude_query": "",
            "node_filter_query": "",
            "notification": [],
            "option": [],
            "preserve_options_order": null,
            "project_name": "Project3",
            "rank_attribute": "",
            "rank_order": "ascending",
            "retry": "",
            "schedule": "0/30 * * * * * *",
            "schedule_enabled": true,
            "success_on_empty_node_filter": null,
            "time_zone": "",
            "timeout": null
          },
          "sensitive_attributes": [],
          "private": "bnVsbA==",
          "dependencies": [
            "rundeck_project.Project3"
          ]
        },
        {
          "index_key": 74,
          "schema_version": 0,
          "attributes": {
            "allow_concurrent_executions": false,
            "command": [
              {
                "description": "",
                "error_handler": [],
                "inline_script": "",
                "job": [],
                "keep_going_on_success": false,
                "node_step_plugin": [],
                "script_file": "",
                "script_file_args": "",
                "script_interpreter": [],
                "shell_command": "hostname",
                "step_plugin": []
              }
            ],
            "command_ordering_strategy": "node-first",
            "continue_next_node_on_error": false,
            "continue_on_error": false,
            "description": "Restart the service daemons on all the web servers",
            "execution_enabled": true,
            "global_log_filter": [],
            "group_name": "",
            "id": "3aa9f471-03d8-4d9a-8495-aa4a05dfdf08",
            "log_level": "INFO",
            "max_thread_count": 1,
            "name": "jobP3-74",
            "node_filter_exclude_precedence": false,
            "node_filter_exclude_query": "",
            "node_filter_query": "",
            "notification": [],
            "option": [],
            "preserve_options_order": null,
            "project_name": "Project3",
            "rank_attribute": "",
            "rank_order": "ascending",
            "retry": "",
            "schedule": "0/30 * * * * * *",
            "schedule_enabled": true,
            "success_on_empty_node_filter": null,
            "time_zone": "",
            "timeout": null
          },
          "sensitive_attributes": [],
          "private": "bnVsbA==",
          "dependencies": [
            "rundeck_project.Project3"
          ]
        },
        {
          "index_key": 75,
          "schema_version": 0,
          "attributes": {
            "allow_concurrent_executions": false,
            "command": [
              {
                "description": "",
                "error_handler": [],
                "inline_script": "",
                "job": [],
                "keep_going_on_success": false,
                "node_step_plugin": [],
                "script_file": "",
                "script_file_args": "",
                "script_interpreter": [],
                "shell_command": "hostname",
                "step_plugin": []
              }
            ],
            "command_ordering_strategy": "node-first",
            "continue_next_node_on_error": false,
            "continue_on_error": false,
            "description": "Restart the service daemons on all the web servers",
            "execution_enabled": true,
            "global_log_filter": [],
            "group_name": "",
            "id": "432164ab-9a48-4a50-bb76-6b456d8d1bf9",
            "log_level": "INFO",
            "max_thread_count": 1,
            "name": "jobP3-75",
            "node_filter_exclude_precedence": false,
            "node_filter_exclude_query": "",
            "node_filter_query": "",
            "notification": [],
            "option": [],
            "preserve_options_order": null,
            "project_name": "Project3",
            "rank_attribute": "",
            "rank_order": "ascending",
            "retry": "",
            "schedule": "0/30 * * * * * *",
            "schedule_enabled": true,
            "success_on_empty_node_filter": null,
            "time_zone": "",
            "timeout": null
          },
          "sensitive_attributes": [],
          "private": "bnVsbA==",
          "dependencies": [
            "rundeck_project.Project3"
          ]
        },
        {
          "index_key": 76,
          "schema_version": 0,
          "attributes": {
            "allow_concurrent_executions": false,
            "command": [
              {
                "description": "",
                "error_handler": [],
                "inline_script": "",
                "job": [],
                "keep_going_on_success": false,
                "node_step_plugin": [],
                "script_file": "",
                "script_file_args": "",
                "script_interpreter": [],
                "shell_command": "hostname",
                "step_plugin": []
              }
            ],
            "command_ordering_strategy": "node-first",
            "continue_next_node_on_error": false,
            "continue_on_error": false,
            "description": "Restart the service daemons on all the web servers",
            "execution_enabled": true,
            "global_log_filter": [],
            "group_name": "",
            "id": "cc435281-3425-4b48-b793-2a99bda03f9e",
            "log_level": "INFO",
            "max_thread_count": 1,
            "name": "jobP3-76",
            "node_filter_exclude_precedence": false,
            "node_filter_exclude_query": "",
            "node_filter_query": "",
            "notification": [],
            "option": [],
            "preserve_options_order": null,
            "project_name": "Project3",
            "rank_attribute": "",
            "rank_order": "ascending",
            "retry": "",
            "schedule": "0/30 * * * * * *",
            "schedule_enabled": true,
            "success_on_empty_node_filter": null,
            "time_zone": "",
            "timeout": null
          },
          "sensitive_attributes": [],
          "private": "bnVsbA==",
          "dependencies": [
            "rundeck_project.Project3"
          ]
        },
        {
          "index_key": 77,
          "schema_version": 0,
          "attributes": {
            "allow_concurrent_executions": false,
            "command": [
              {
                "description": "",
                "error_handler": [],
                "inline_script": "",
                "job": [],
                "keep_going_on_success": false,
                "node_step_plugin": [],
                "script_file": "",
                "script_file_args": "",
                "script_interpreter": [],
                "shell_command": "hostname",
                "step_plugin": []
              }
            ],
            "command_ordering_strategy": "node-first",
            "continue_next_node_on_error": false,
            "continue_on_error": false,
            "description": "Restart the service daemons on all the web servers",
            "execution_enabled": true,
            "global_log_filter": [],
            "group_name": "",
            "id": "28f79baf-0f87-4cdb-8f8f-11cee7755e72",
            "log_level": "INFO",
            "max_thread_count": 1,
            "name": "jobP3-77",
            "node_filter_exclude_precedence": false,
            "node_filter_exclude_query": "",
            "node_filter_query": "",
            "notification": [],
            "option": [],
            "preserve_options_order": null,
            "project_name": "Project3",
            "rank_attribute": "",
            "rank_order": "ascending",
            "retry": "",
            "schedule": "0/30 * * * * * *",
            "schedule_enabled": true,
            "success_on_empty_node_filter": null,
            "time_zone": "",
            "timeout": null
          },
          "sensitive_attributes": [],
          "private": "bnVsbA==",
          "dependencies": [
            "rundeck_project.Project3"
          ]
        },
        {
          "index_key": 78,
          "schema_version": 0,
          "attributes": {
            "allow_concurrent_executions": false,
            "command": [
              {
                "description": "",
                "error_handler": [],
                "inline_script": "",
                "job": [],
                "keep_going_on_success": false,
                "node_step_plugin": [],
                "script_file": "",
                "script_file_args": "",
                "script_interpreter": [],
                "shell_command": "hostname",
                "step_plugin": []
              }
            ],
            "command_ordering_strategy": "node-first",
            "continue_next_node_on_error": false,
            "continue_on_error": false,
            "description": "Restart the service daemons on all the web servers",
            "execution_enabled": true,
            "global_log_filter": [],
            "group_name": "",
            "id": "659ad85a-15d7-4259-a85e-646494e681ad",
            "log_level": "INFO",
            "max_thread_count": 1,
            "name": "jobP3-78",
            "node_filter_exclude_precedence": false,
            "node_filter_exclude_query": "",
            "node_filter_query": "",
            "notification": [],
            "option": [],
            "preserve_options_order": null,
            "project_name": "Project3",
            "rank_attribute": "",
            "rank_order": "ascending",
            "retry": "",
            "schedule": "0/30 * * * * * *",
            "schedule_enabled": true,
            "success_on_empty_node_filter": null,
            "time_zone": "",
            "timeout": null
          },
          "sensitive_attributes": [],
          "private": "bnVsbA==",
          "dependencies": [
            "rundeck_project.Project3"
          ]
        },
        {
          "index_key": 79,
          "schema_version": 0,
          "attributes": {
            "allow_concurrent_executions": false,
            "command": [
              {
                "description": "",
                "error_handler": [],
                "inline_script": "",
                "job": [],
                "keep_going_on_success": false,
                "node_step_plugin": [],
                "script_file": "",
                "script_file_args": "",
                "script_interpreter": [],
                "shell_command": "hostname",
                "step_plugin": []
              }
            ],
            "command_ordering_strategy": "node-first",
            "continue_next_node_on_error": false,
            "continue_on_error": false,
            "description": "Restart the service daemons on all the web servers",
            "execution_enabled": true,
            "global_log_filter": [],
            "group_name": "",
            "id": "4c6b9483-d5f1-45e9-bf5a-788961290406",
            "log_level": "INFO",
            "max_thread_count": 1,
            "name": "jobP3-79",
            "node_filter_exclude_precedence": false,
            "node_filter_exclude_query": "",
            "node_filter_query": "",
            "notification": [],
            "option": [],
            "preserve_options_order": null,
            "project_name": "Project3",
            "rank_attribute": "",
            "rank_order": "ascending",
            "retry": "",
            "schedule": "0/30 * * * * * *",
            "schedule_enabled": true,
            "success_on_empty_node_filter": null,
            "time_zone": "",
            "timeout": null
          },
          "sensitive_attributes": [],
          "private": "bnVsbA==",
          "dependencies": [
            "rundeck_project.Project3"
          ]
        },
        {
          "index_key": 80,
          "schema_version": 0,
          "attributes": {
            "allow_concurrent_executions": false,
            "command": [
              {
                "description": "",
                "error_handler": [],
                "inline_script": "",
                "job": [],
                "keep_going_on_success": false,
                "node_step_plugin": [],
                "script_file": "",
                "script_file_args": "",
                "script_interpreter": [],
                "shell_command": "hostname",
                "step_plugin": []
              }
            ],
            "command_ordering_strategy": "node-first",
            "continue_next_node_on_error": false,
            "continue_on_error": false,
            "description": "Restart the service daemons on all the web servers",
            "execution_enabled": true,
            "global_log_filter": [],
            "group_name": "",
            "id": "79371ca1-62dc-4e93-be29-afd6ad264234",
            "log_level": "INFO",
            "max_thread_count": 1,
            "name": "jobP3-80",
            "node_filter_exclude_precedence": false,
            "node_filter_exclude_query": "",
            "node_filter_query": "",
            "notification": [],
            "option": [],
            "preserve_options_order": null,
            "project_name": "Project3",
            "rank_attribute": "",
            "rank_order": "ascending",
            "retry": "",
            "schedule": "0/30 * * * * * *",
            "schedule_enabled": true,
            "success_on_empty_node_filter": null,
            "time_zone": "",
            "timeout": null
          },
          "sensitive_attributes": [],
          "private": "bnVsbA==",
          "dependencies": [
            "rundeck_project.Project3"
          ]
        },
        {
          "index_key": 81,
          "schema_version": 0,
          "attributes": {
            "allow_concurrent_executions": false,
            "command": [
              {
                "description": "",
                "error_handler": [],
                "inline_script": "",
                "job": [],
                "keep_going_on_success": false,
                "node_step_plugin": [],
                "script_file": "",
                "script_file_args": "",
                "script_interpreter": [],
                "shell_command": "hostname",
                "step_plugin": []
              }
            ],
            "command_ordering_strategy": "node-first",
            "continue_next_node_on_error": false,
            "continue_on_error": false,
            "description": "Restart the service daemons on all the web servers",
            "execution_enabled": true,
            "global_log_filter": [],
            "group_name": "",
            "id": "d342ba57-e90f-4446-8668-4458b5aaf04e",
            "log_level": "INFO",
            "max_thread_count": 1,
            "name": "jobP3-81",
            "node_filter_exclude_precedence": false,
            "node_filter_exclude_query": "",
            "node_filter_query": "",
            "notification": [],
            "option": [],
            "preserve_options_order": null,
            "project_name": "Project3",
            "rank_attribute": "",
            "rank_order": "ascending",
            "retry": "",
            "schedule": "0/30 * * * * * *",
            "schedule_enabled": true,
            "success_on_empty_node_filter": null,
            "time_zone": "",
            "timeout": null
          },
          "sensitive_attributes": [],
          "private": "bnVsbA==",
          "dependencies": [
            "rundeck_project.Project3"
          ]
        },
        {
          "index_key": 82,
          "schema_version": 0,
          "attributes": {
            "allow_concurrent_executions": false,
            "command": [
              {
                "description": "",
                "error_handler": [],
                "inline_script": "",
                "job": [],
                "keep_going_on_success": false,
                "node_step_plugin": [],
                "script_file": "",
                "script_file_args": "",
                "script_interpreter": [],
                "shell_command": "hostname",
                "step_plugin": []
              }
            ],
            "command_ordering_strategy": "node-first",
            "continue_next_node_on_error": false,
            "continue_on_error": false,
            "description": "Restart the service daemons on all the web servers",
            "execution_enabled": true,
            "global_log_filter": [],
            "group_name": "",
            "id": "d388f6d8-1719-42cd-a83c-9afee5b974ff",
            "log_level": "INFO",
            "max_thread_count": 1,
            "name": "jobP3-82",
            "node_filter_exclude_precedence": false,
            "node_filter_exclude_query": "",
            "node_filter_query": "",
            "notification": [],
            "option": [],
            "preserve_options_order": null,
            "project_name": "Project3",
            "rank_attribute": "",
            "rank_order": "ascending",
            "retry": "",
            "schedule": "0/30 * * * * * *",
            "schedule_enabled": true,
            "success_on_empty_node_filter": null,
            "time_zone": "",
            "timeout": null
          },
          "sensitive_attributes": [],
          "private": "bnVsbA==",
          "dependencies": [
            "rundeck_project.Project3"
          ]
        },
        {
          "index_key": 83,
          "schema_version": 0,
          "attributes": {
            "allow_concurrent_executions": false,
            "command": [
              {
                "description": "",
                "error_handler": [],
                "inline_script": "",
                "job": [],
                "keep_going_on_success": false,
                "node_step_plugin": [],
                "script_file": "",
                "script_file_args": "",
                "script_interpreter": [],
                "shell_command": "hostname",
                "step_plugin": []
              }
            ],
            "command_ordering_strategy": "node-first",
            "continue_next_node_on_error": false,
            "continue_on_error": false,
            "description": "Restart the service daemons on all the web servers",
            "execution_enabled": true,
            "global_log_filter": [],
            "group_name": "",
            "id": "883951ee-9912-4951-b18d-fa635b87fad2",
            "log_level": "INFO",
            "max_thread_count": 1,
            "name": "jobP3-83",
            "node_filter_exclude_precedence": false,
            "node_filter_exclude_query": "",
            "node_filter_query": "",
            "notification": [],
            "option": [],
            "preserve_options_order": null,
            "project_name": "Project3",
            "rank_attribute": "",
            "rank_order": "ascending",
            "retry": "",
            "schedule": "0/30 * * * * * *",
            "schedule_enabled": true,
            "success_on_empty_node_filter": null,
            "time_zone": "",
            "timeout": null
          },
          "sensitive_attributes": [],
          "private": "bnVsbA==",
          "dependencies": [
            "rundeck_project.Project3"
          ]
        },
        {
          "index_key": 84,
          "schema_version": 0,
          "attributes": {
            "allow_concurrent_executions": false,
            "command": [
              {
                "description": "",
                "error_handler": [],
                "inline_script": "",
                "job": [],
                "keep_going_on_success": false,
                "node_step_plugin": [],
                "script_file": "",
                "script_file_args": "",
                "script_interpreter": [],
                "shell_command": "hostname",
                "step_plugin": []
              }
            ],
            "command_ordering_strategy": "node-first",
            "continue_next_node_on_error": false,
            "continue_on_error": false,
            "description": "Restart the service daemons on all the web servers",
            "execution_enabled": true,
            "global_log_filter": [],
            "group_name": "",
            "id": "8253733c-e624-417c-9bb2-6f9cf29e1e22",
            "log_level": "INFO",
            "max_thread_count": 1,
            "name": "jobP3-84",
            "node_filter_exclude_precedence": false,
            "node_filter_exclude_query": "",
            "node_filter_query": "",
            "notification": [],
            "option": [],
            "preserve_options_order": null,
            "project_name": "Project3",
            "rank_attribute": "",
            "rank_order": "ascending",
            "retry": "",
            "schedule": "0/30 * * * * * *",
            "schedule_enabled": true,
            "success_on_empty_node_filter": null,
            "time_zone": "",
            "timeout": null
          },
          "sensitive_attributes": [],
          "private": "bnVsbA==",
          "dependencies": [
            "rundeck_project.Project3"
          ]
        },
        {
          "index_key": 85,
          "schema_version": 0,
          "attributes": {
            "allow_concurrent_executions": false,
            "command": [
              {
                "description": "",
                "error_handler": [],
                "inline_script": "",
                "job": [],
                "keep_going_on_success": false,
                "node_step_plugin": [],
                "script_file": "",
                "script_file_args": "",
                "script_interpreter": [],
                "shell_command": "hostname",
                "step_plugin": []
              }
            ],
            "command_ordering_strategy": "node-first",
            "continue_next_node_on_error": false,
            "continue_on_error": false,
            "description": "Restart the service daemons on all the web servers",
            "execution_enabled": true,
            "global_log_filter": [],
            "group_name": "",
            "id": "26dfaa7c-4b00-4834-bb06-d484c627166e",
            "log_level": "INFO",
            "max_thread_count": 1,
            "name": "jobP3-85",
            "node_filter_exclude_precedence": false,
            "node_filter_exclude_query": "",
            "node_filter_query": "",
            "notification": [],
            "option": [],
            "preserve_options_order": null,
            "project_name": "Project3",
            "rank_attribute": "",
            "rank_order": "ascending",
            "retry": "",
            "schedule": "0/30 * * * * * *",
            "schedule_enabled": true,
            "success_on_empty_node_filter": null,
            "time_zone": "",
            "timeout": null
          },
          "sensitive_attributes": [],
          "private": "bnVsbA==",
          "dependencies": [
            "rundeck_project.Project3"
          ]
        },
        {
          "index_key": 86,
          "schema_version": 0,
          "attributes": {
            "allow_concurrent_executions": false,
            "command": [
              {
                "description": "",
                "error_handler": [],
                "inline_script": "",
                "job": [],
                "keep_going_on_success": false,
                "node_step_plugin": [],
                "script_file": "",
                "script_file_args": "",
                "script_interpreter": [],
                "shell_command": "hostname",
                "step_plugin": []
              }
            ],
            "command_ordering_strategy": "node-first",
            "continue_next_node_on_error": false,
            "continue_on_error": false,
            "description": "Restart the service daemons on all the web servers",
            "execution_enabled": true,
            "global_log_filter": [],
            "group_name": "",
            "id": "c59db4f7-e2a2-4f15-a4f6-ec49a700cc81",
            "log_level": "INFO",
            "max_thread_count": 1,
            "name": "jobP3-86",
            "node_filter_exclude_precedence": false,
            "node_filter_exclude_query": "",
            "node_filter_query": "",
            "notification": [],
            "option": [],
            "preserve_options_order": null,
            "project_name": "Project3",
            "rank_attribute": "",
            "rank_order": "ascending",
            "retry": "",
            "schedule": "0/30 * * * * * *",
            "schedule_enabled": true,
            "success_on_empty_node_filter": null,
            "time_zone": "",
            "timeout": null
          },
          "sensitive_attributes": [],
          "private": "bnVsbA==",
          "dependencies": [
            "rundeck_project.Project3"
          ]
        },
        {
          "index_key": 87,
          "schema_version": 0,
          "attributes": {
            "allow_concurrent_executions": false,
            "command": [
              {
                "description": "",
                "error_handler": [],
                "inline_script": "",
                "job": [],
                "keep_going_on_success": false,
                "node_step_plugin": [],
                "script_file": "",
                "script_file_args": "",
                "script_interpreter": [],
                "shell_command": "hostname",
                "step_plugin": []
              }
            ],
            "command_ordering_strategy": "node-first",
            "continue_next_node_on_error": false,
            "continue_on_error": false,
            "description": "Restart the service daemons on all the web servers",
            "execution_enabled": true,
            "global_log_filter": [],
            "group_name": "",
            "id": "a1c2f58a-5ffb-4d04-b0b7-fa548684b54f",
            "log_level": "INFO",
            "max_thread_count": 1,
            "name": "jobP3-87",
            "node_filter_exclude_precedence": false,
            "node_filter_exclude_query": "",
            "node_filter_query": "",
            "notification": [],
            "option": [],
            "preserve_options_order": null,
            "project_name": "Project3",
            "rank_attribute": "",
            "rank_order": "ascending",
            "retry": "",
            "schedule": "0/30 * * * * * *",
            "schedule_enabled": true,
            "success_on_empty_node_filter": null,
            "time_zone": "",
            "timeout": null
          },
          "sensitive_attributes": [],
          "private": "bnVsbA==",
          "dependencies": [
            "rundeck_project.Project3"
          ]
        },
        {
          "index_key": 88,
          "schema_version": 0,
          "attributes": {
            "allow_concurrent_executions": false,
            "command": [
              {
                "description": "",
                "error_handler": [],
                "inline_script": "",
                "job": [],
                "keep_going_on_success": false,
                "node_step_plugin": [],
                "script_file": "",
                "script_file_args": "",
                "script_interpreter": [],
                "shell_command": "hostname",
                "step_plugin": []
              }
            ],
            "command_ordering_strategy": "node-first",
            "continue_next_node_on_error": false,
            "continue_on_error": false,
            "description": "Restart the service daemons on all the web servers",
            "execution_enabled": true,
            "global_log_filter": [],
            "group_name": "",
            "id": "2e4e6750-7f5c-41b6-a5cf-422301abef77",
            "log_level": "INFO",
            "max_thread_count": 1,
            "name": "jobP3-88",
            "node_filter_exclude_precedence": false,
            "node_filter_exclude_query": "",
            "node_filter_query": "",
            "notification": [],
            "option": [],
            "preserve_options_order": null,
            "project_name": "Project3",
            "rank_attribute": "",
            "rank_order": "ascending",
            "retry": "",
            "schedule": "0/30 * * * * * *",
            "schedule_enabled": true,
            "success_on_empty_node_filter": null,
            "time_zone": "",
            "timeout": null
          },
          "sensitive_attributes": [],
          "private": "bnVsbA==",
          "dependencies": [
            "rundeck_project.Project3"
          ]
        },
        {
          "index_key": 89,
          "schema_version": 0,
          "attributes": {
            "allow_concurrent_executions": false,
            "command": [
              {
                "description": "",
                "error_handler": [],
                "inline_script": "",
                "job": [],
                "keep_going_on_success": false,
                "node_step_plugin": [],
                "script_file": "",
                "script_file_args": "",
                "script_interpreter": [],
                "shell_command": "hostname",
                "step_plugin": []
              }
            ],
            "command_ordering_strategy": "node-first",
            "continue_next_node_on_error": false,
            "continue_on_error": false,
            "description": "Restart the service daemons on all the web servers",
            "execution_enabled": true,
            "global_log_filter": [],
            "group_name": "",
            "id": "dcd52d1d-1b9c-4814-a570-0ed8756ba6e6",
            "log_level": "INFO",
            "max_thread_count": 1,
            "name": "jobP3-89",
            "node_filter_exclude_precedence": false,
            "node_filter_exclude_query": "",
            "node_filter_query": "",
            "notification": [],
            "option": [],
            "preserve_options_order": null,
            "project_name": "Project3",
            "rank_attribute": "",
            "rank_order": "ascending",
            "retry": "",
            "schedule": "0/30 * * * * * *",
            "schedule_enabled": true,
            "success_on_empty_node_filter": null,
            "time_zone": "",
            "timeout": null
          },
          "sensitive_attributes": [],
          "private": "bnVsbA==",
          "dependencies": [
            "rundeck_project.Project3"
          ]
        },
        {
          "index_key": 90,
          "schema_version": 0,
          "attributes": {
            "allow_concurrent_executions": false,
            "command": [
              {
                "description": "",
                "error_handler": [],
                "inline_script": "",
                "job": [],
                "keep_going_on_success": false,
                "node_step_plugin": [],
                "script_file": "",
                "script_file_args": "",
                "script_interpreter": [],
                "shell_command": "hostname",
                "step_plugin": []
              }
            ],
            "command_ordering_strategy": "node-first",
            "continue_next_node_on_error": false,
            "continue_on_error": false,
            "description": "Restart the service daemons on all the web servers",
            "execution_enabled": true,
            "global_log_filter": [],
            "group_name": "",
            "id": "eef60517-895d-4174-b2d2-d48b3ae46e1c",
            "log_level": "INFO",
            "max_thread_count": 1,
            "name": "jobP3-90",
            "node_filter_exclude_precedence": false,
            "node_filter_exclude_query": "",
            "node_filter_query": "",
            "notification": [],
            "option": [],
            "preserve_options_order": null,
            "project_name": "Project3",
            "rank_attribute": "",
            "rank_order": "ascending",
            "retry": "",
            "schedule": "0/30 * * * * * *",
            "schedule_enabled": true,
            "success_on_empty_node_filter": null,
            "time_zone": "",
            "timeout": null
          },
          "sensitive_attributes": [],
          "private": "bnVsbA==",
          "dependencies": [
            "rundeck_project.Project3"
          ]
        },
        {
          "index_key": 91,
          "schema_version": 0,
          "attributes": {
            "allow_concurrent_executions": false,
            "command": [
              {
                "description": "",
                "error_handler": [],
                "inline_script": "",
                "job": [],
                "keep_going_on_success": false,
                "node_step_plugin": [],
                "script_file": "",
                "script_file_args": "",
                "script_interpreter": [],
                "shell_command": "hostname",
                "step_plugin": []
              }
            ],
            "command_ordering_strategy": "node-first",
            "continue_next_node_on_error": false,
            "continue_on_error": false,
            "description": "Restart the service daemons on all the web servers",
            "execution_enabled": true,
            "global_log_filter": [],
            "group_name": "",
            "id": "8a0515ad-9a79-4ea8-94f2-cc1d689c2b80",
            "log_level": "INFO",
            "max_thread_count": 1,
            "name": "jobP3-91",
            "node_filter_exclude_precedence": false,
            "node_filter_exclude_query": "",
            "node_filter_query": "",
            "notification": [],
            "option": [],
            "preserve_options_order": null,
            "project_name": "Project3",
            "rank_attribute": "",
            "rank_order": "ascending",
            "retry": "",
            "schedule": "0/30 * * * * * *",
            "schedule_enabled": true,
            "success_on_empty_node_filter": null,
            "time_zone": "",
            "timeout": null
          },
          "sensitive_attributes": [],
          "private": "bnVsbA==",
          "dependencies": [
            "rundeck_project.Project3"
          ]
        },
        {
          "index_key": 92,
          "schema_version": 0,
          "attributes": {
            "allow_concurrent_executions": false,
            "command": [
              {
                "description": "",
                "error_handler": [],
                "inline_script": "",
                "job": [],
                "keep_going_on_success": false,
                "node_step_plugin": [],
                "script_file": "",
                "script_file_args": "",
                "script_interpreter": [],
                "shell_command": "hostname",
                "step_plugin": []
              }
            ],
            "command_ordering_strategy": "node-first",
            "continue_next_node_on_error": false,
            "continue_on_error": false,
            "description": "Restart the service daemons on all the web servers",
            "execution_enabled": true,
            "global_log_filter": [],
            "group_name": "",
            "id": "759fb7e1-4468-4fc0-b0d8-99bb64b8ba83",
            "log_level": "INFO",
            "max_thread_count": 1,
            "name": "jobP3-92",
            "node_filter_exclude_precedence": false,
            "node_filter_exclude_query": "",
            "node_filter_query": "",
            "notification": [],
            "option": [],
            "preserve_options_order": null,
            "project_name": "Project3",
            "rank_attribute": "",
            "rank_order": "ascending",
            "retry": "",
            "schedule": "0/30 * * * * * *",
            "schedule_enabled": true,
            "success_on_empty_node_filter": null,
            "time_zone": "",
            "timeout": null
          },
          "sensitive_attributes": [],
          "private": "bnVsbA==",
          "dependencies": [
            "rundeck_project.Project3"
          ]
        },
        {
          "index_key": 93,
          "schema_version": 0,
          "attributes": {
            "allow_concurrent_executions": false,
            "command": [
              {
                "description": "",
                "error_handler": [],
                "inline_script": "",
                "job": [],
                "keep_going_on_success": false,
                "node_step_plugin": [],
                "script_file": "",
                "script_file_args": "",
                "script_interpreter": [],
                "shell_command": "hostname",
                "step_plugin": []
              }
            ],
            "command_ordering_strategy": "node-first",
            "continue_next_node_on_error": false,
            "continue_on_error": false,
            "description": "Restart the service daemons on all the web servers",
            "execution_enabled": true,
            "global_log_filter": [],
            "group_name": "",
            "id": "c7c70dc7-4469-4b23-b97f-227a4ee9ca23",
            "log_level": "INFO",
            "max_thread_count": 1,
            "name": "jobP3-93",
            "node_filter_exclude_precedence": false,
            "node_filter_exclude_query": "",
            "node_filter_query": "",
            "notification": [],
            "option": [],
            "preserve_options_order": null,
            "project_name": "Project3",
            "rank_attribute": "",
            "rank_order": "ascending",
            "retry": "",
            "schedule": "0/30 * * * * * *",
            "schedule_enabled": true,
            "success_on_empty_node_filter": null,
            "time_zone": "",
            "timeout": null
          },
          "sensitive_attributes": [],
          "private": "bnVsbA==",
          "dependencies": [
            "rundeck_project.Project3"
          ]
        },
        {
          "index_key": 94,
          "schema_version": 0,
          "attributes": {
            "allow_concurrent_executions": false,
            "command": [
              {
                "description": "",
                "error_handler": [],
                "inline_script": "",
                "job": [],
                "keep_going_on_success": false,
                "node_step_plugin": [],
                "script_file": "",
                "script_file_args": "",
                "script_interpreter": [],
                "shell_command": "hostname",
                "step_plugin": []
              }
            ],
            "command_ordering_strategy": "node-first",
            "continue_next_node_on_error": false,
            "continue_on_error": false,
            "description": "Restart the service daemons on all the web servers",
            "execution_enabled": true,
            "global_log_filter": [],
            "group_name": "",
            "id": "b840f4da-78e7-4250-ac28-406a83b52c3c",
            "log_level": "INFO",
            "max_thread_count": 1,
            "name": "jobP3-94",
            "node_filter_exclude_precedence": false,
            "node_filter_exclude_query": "",
            "node_filter_query": "",
            "notification": [],
            "option": [],
            "preserve_options_order": null,
            "project_name": "Project3",
            "rank_attribute": "",
            "rank_order": "ascending",
            "retry": "",
            "schedule": "0/30 * * * * * *",
            "schedule_enabled": true,
            "success_on_empty_node_filter": null,
            "time_zone": "",
            "timeout": null
          },
          "sensitive_attributes": [],
          "private": "bnVsbA==",
          "dependencies": [
            "rundeck_project.Project3"
          ]
        },
        {
          "index_key": 95,
          "schema_version": 0,
          "attributes": {
            "allow_concurrent_executions": false,
            "command": [
              {
                "description": "",
                "error_handler": [],
                "inline_script": "",
                "job": [],
                "keep_going_on_success": false,
                "node_step_plugin": [],
                "script_file": "",
                "script_file_args": "",
                "script_interpreter": [],
                "shell_command": "hostname",
                "step_plugin": []
              }
            ],
            "command_ordering_strategy": "node-first",
            "continue_next_node_on_error": false,
            "continue_on_error": false,
            "description": "Restart the service daemons on all the web servers",
            "execution_enabled": true,
            "global_log_filter": [],
            "group_name": "",
            "id": "a6ff70d8-3294-4f86-86f7-3590c586644e",
            "log_level": "INFO",
            "max_thread_count": 1,
            "name": "jobP3-95",
            "node_filter_exclude_precedence": false,
            "node_filter_exclude_query": "",
            "node_filter_query": "",
            "notification": [],
            "option": [],
            "preserve_options_order": null,
            "project_name": "Project3",
            "rank_attribute": "",
            "rank_order": "ascending",
            "retry": "",
            "schedule": "0/30 * * * * * *",
            "schedule_enabled": true,
            "success_on_empty_node_filter": null,
            "time_zone": "",
            "timeout": null
          },
          "sensitive_attributes": [],
          "private": "bnVsbA==",
          "dependencies": [
            "rundeck_project.Project3"
          ]
        },
        {
          "index_key": 96,
          "schema_version": 0,
          "attributes": {
            "allow_concurrent_executions": false,
            "command": [
              {
                "description": "",
                "error_handler": [],
                "inline_script": "",
                "job": [],
                "keep_going_on_success": false,
                "node_step_plugin": [],
                "script_file": "",
                "script_file_args": "",
                "script_interpreter": [],
                "shell_command": "hostname",
                "step_plugin": []
              }
            ],
            "command_ordering_strategy": "node-first",
            "continue_next_node_on_error": false,
            "continue_on_error": false,
            "description": "Restart the service daemons on all the web servers",
            "execution_enabled": true,
            "global_log_filter": [],
            "group_name": "",
            "id": "216df021-e307-49f9-9882-b03a06f8d743",
            "log_level": "INFO",
            "max_thread_count": 1,
            "name": "jobP3-96",
            "node_filter_exclude_precedence": false,
            "node_filter_exclude_query": "",
            "node_filter_query": "",
            "notification": [],
            "option": [],
            "preserve_options_order": null,
            "project_name": "Project3",
            "rank_attribute": "",
            "rank_order": "ascending",
            "retry": "",
            "schedule": "0/30 * * * * * *",
            "schedule_enabled": true,
            "success_on_empty_node_filter": null,
            "time_zone": "",
            "timeout": null
          },
          "sensitive_attributes": [],
          "private": "bnVsbA==",
          "dependencies": [
            "rundeck_project.Project3"
          ]
        },
        {
          "index_key": 97,
          "schema_version": 0,
          "attributes": {
            "allow_concurrent_executions": false,
            "command": [
              {
                "description": "",
                "error_handler": [],
                "inline_script": "",
                "job": [],
                "keep_going_on_success": false,
                "node_step_plugin": [],
                "script_file": "",
                "script_file_args": "",
                "script_interpreter": [],
                "shell_command": "hostname",
                "step_plugin": []
              }
            ],
            "command_ordering_strategy": "node-first",
            "continue_next_node_on_error": false,
            "continue_on_error": false,
            "description": "Restart the service daemons on all the web servers",
            "execution_enabled": true,
            "global_log_filter": [],
            "group_name": "",
            "id": "de4de551-1ae5-4db9-a71d-07cc2072f336",
            "log_level": "INFO",
            "max_thread_count": 1,
            "name": "jobP3-97",
            "node_filter_exclude_precedence": false,
            "node_filter_exclude_query": "",
            "node_filter_query": "",
            "notification": [],
            "option": [],
            "preserve_options_order": null,
            "project_name": "Project3",
            "rank_attribute": "",
            "rank_order": "ascending",
            "retry": "",
            "schedule": "0/30 * * * * * *",
            "schedule_enabled": true,
            "success_on_empty_node_filter": null,
            "time_zone": "",
            "timeout": null
          },
          "sensitive_attributes": [],
          "private": "bnVsbA==",
          "dependencies": [
            "rundeck_project.Project3"
          ]
        },
        {
          "index_key": 98,
          "schema_version": 0,
          "attributes": {
            "allow_concurrent_executions": false,
            "command": [
              {
                "description": "",
                "error_handler": [],
                "inline_script": "",
                "job": [],
                "keep_going_on_success": false,
                "node_step_plugin": [],
                "script_file": "",
                "script_file_args": "",
                "script_interpreter": [],
                "shell_command": "hostname",
                "step_plugin": []
              }
            ],
            "command_ordering_strategy": "node-first",
            "continue_next_node_on_error": false,
            "continue_on_error": false,
            "description": "Restart the service daemons on all the web servers",
            "execution_enabled": true,
            "global_log_filter": [],
            "group_name": "",
            "id": "3f98f8f2-851c-450d-a765-6a7fa1fec3a6",
            "log_level": "INFO",
            "max_thread_count": 1,
            "name": "jobP3-98",
            "node_filter_exclude_precedence": false,
            "node_filter_exclude_query": "",
            "node_filter_query": "",
            "notification": [],
            "option": [],
            "preserve_options_order": null,
            "project_name": "Project3",
            "rank_attribute": "",
            "rank_order": "ascending",
            "retry": "",
            "schedule": "0/30 * * * * * *",
            "schedule_enabled": true,
            "success_on_empty_node_filter": null,
            "time_zone": "",
            "timeout": null
          },
          "sensitive_attributes": [],
          "private": "bnVsbA==",
          "dependencies": [
            "rundeck_project.Project3"
          ]
        },
        {
          "index_key": 99,
          "schema_version": 0,
          "attributes": {
            "allow_concurrent_executions": false,
            "command": [
              {
                "description": "",
                "error_handler": [],
                "inline_script": "",
                "job": [],
                "keep_going_on_success": false,
                "node_step_plugin": [],
                "script_file": "",
                "script_file_args": "",
                "script_interpreter": [],
                "shell_command": "hostname",
                "step_plugin": []
              }
            ],
            "command_ordering_strategy": "node-first",
            "continue_next_node_on_error": false,
            "continue_on_error": false,
            "description": "Restart the service daemons on all the web servers",
            "execution_enabled": true,
            "global_log_filter": [],
            "group_name": "",
            "id": "a652f934-ce8a-4581-b45c-15da839a1348",
            "log_level": "INFO",
            "max_thread_count": 1,
            "name": "jobP3-99",
            "node_filter_exclude_precedence": false,
            "node_filter_exclude_query": "",
            "node_filter_query": "",
            "notification": [],
            "option": [],
            "preserve_options_order": null,
            "project_name": "Project3",
            "rank_attribute": "",
            "rank_order": "ascending",
            "retry": "",
            "schedule": "0/30 * * * * * *",
            "schedule_enabled": true,
            "success_on_empty_node_filter": null,
            "time_zone": "",
            "timeout": null
          },
          "sensitive_attributes": [],
          "private": "bnVsbA==",
          "dependencies": [
            "rundeck_project.Project3"
          ]
        }
      ]
    },
    {
      "mode": "managed",
      "type": "rundeck_job",
      "name": "jobP4",
      "provider": "provider[\"registry.terraform.io/rundeck/rundeck\"]",
      "instances": [
        {
          "index_key": 0,
          "schema_version": 0,
          "attributes": {
            "allow_concurrent_executions": false,
            "command": [
              {
                "description": "",
                "error_handler": [],
                "inline_script": "",
                "job": [],
                "keep_going_on_success": false,
                "node_step_plugin": [],
                "script_file": "",
                "script_file_args": "",
                "script_interpreter": [],
                "shell_command": "hostname",
                "step_plugin": []
              }
            ],
            "command_ordering_strategy": "node-first",
            "continue_next_node_on_error": false,
            "continue_on_error": false,
            "description": "Restart the service daemons on all the web servers",
            "execution_enabled": true,
            "global_log_filter": [],
            "group_name": "",
            "id": "d27b0857-e68c-4b94-ab79-0734509c8c8a",
            "log_level": "INFO",
            "max_thread_count": 1,
            "name": "jobP4-0",
            "node_filter_exclude_precedence": false,
            "node_filter_exclude_query": "",
            "node_filter_query": "",
            "notification": [],
            "option": [],
            "preserve_options_order": null,
            "project_name": "Project4",
            "rank_attribute": "",
            "rank_order": "ascending",
            "retry": "",
            "schedule": "0/15 0 * * * * *",
            "schedule_enabled": true,
            "success_on_empty_node_filter": null,
            "time_zone": "",
            "timeout": null
          },
          "sensitive_attributes": [],
          "private": "bnVsbA==",
          "dependencies": [
            "rundeck_project.Project4"
          ]
        },
        {
          "index_key": 1,
          "schema_version": 0,
          "attributes": {
            "allow_concurrent_executions": false,
            "command": [
              {
                "description": "",
                "error_handler": [],
                "inline_script": "",
                "job": [],
                "keep_going_on_success": false,
                "node_step_plugin": [],
                "script_file": "",
                "script_file_args": "",
                "script_interpreter": [],
                "shell_command": "hostname",
                "step_plugin": []
              }
            ],
            "command_ordering_strategy": "node-first",
            "continue_next_node_on_error": false,
            "continue_on_error": false,
            "description": "Restart the service daemons on all the web servers",
            "execution_enabled": true,
            "global_log_filter": [],
            "group_name": "",
            "id": "beb0fb74-6dc8-4ec5-8191-dd467a47d666",
            "log_level": "INFO",
            "max_thread_count": 1,
            "name": "jobP4-1",
            "node_filter_exclude_precedence": false,
            "node_filter_exclude_query": "",
            "node_filter_query": "",
            "notification": [],
            "option": [],
            "preserve_options_order": null,
            "project_name": "Project4",
            "rank_attribute": "",
            "rank_order": "ascending",
            "retry": "",
            "schedule": "0/15 0 * * * * *",
            "schedule_enabled": true,
            "success_on_empty_node_filter": null,
            "time_zone": "",
            "timeout": null
          },
          "sensitive_attributes": [],
          "private": "bnVsbA==",
          "dependencies": [
            "rundeck_project.Project4"
          ]
        },
        {
          "index_key": 2,
          "schema_version": 0,
          "attributes": {
            "allow_concurrent_executions": false,
            "command": [
              {
                "description": "",
                "error_handler": [],
                "inline_script": "",
                "job": [],
                "keep_going_on_success": false,
                "node_step_plugin": [],
                "script_file": "",
                "script_file_args": "",
                "script_interpreter": [],
                "shell_command": "hostname",
                "step_plugin": []
              }
            ],
            "command_ordering_strategy": "node-first",
            "continue_next_node_on_error": false,
            "continue_on_error": false,
            "description": "Restart the service daemons on all the web servers",
            "execution_enabled": true,
            "global_log_filter": [],
            "group_name": "",
            "id": "541ce2ef-10ea-482d-9ccc-e99ea118e7c8",
            "log_level": "INFO",
            "max_thread_count": 1,
            "name": "jobP4-2",
            "node_filter_exclude_precedence": false,
            "node_filter_exclude_query": "",
            "node_filter_query": "",
            "notification": [],
            "option": [],
            "preserve_options_order": null,
            "project_name": "Project4",
            "rank_attribute": "",
            "rank_order": "ascending",
            "retry": "",
            "schedule": "0/15 0 * * * * *",
            "schedule_enabled": true,
            "success_on_empty_node_filter": null,
            "time_zone": "",
            "timeout": null
          },
          "sensitive_attributes": [],
          "private": "bnVsbA==",
          "dependencies": [
            "rundeck_project.Project4"
          ]
        },
        {
          "index_key": 3,
          "schema_version": 0,
          "attributes": {
            "allow_concurrent_executions": false,
            "command": [
              {
                "description": "",
                "error_handler": [],
                "inline_script": "",
                "job": [],
                "keep_going_on_success": false,
                "node_step_plugin": [],
                "script_file": "",
                "script_file_args": "",
                "script_interpreter": [],
                "shell_command": "hostname",
                "step_plugin": []
              }
            ],
            "command_ordering_strategy": "node-first",
            "continue_next_node_on_error": false,
            "continue_on_error": false,
            "description": "Restart the service daemons on all the web servers",
            "execution_enabled": true,
            "global_log_filter": [],
            "group_name": "",
            "id": "c35d09c7-ecde-4f49-9076-7b2dbbe8decf",
            "log_level": "INFO",
            "max_thread_count": 1,
            "name": "jobP4-3",
            "node_filter_exclude_precedence": false,
            "node_filter_exclude_query": "",
            "node_filter_query": "",
            "notification": [],
            "option": [],
            "preserve_options_order": null,
            "project_name": "Project4",
            "rank_attribute": "",
            "rank_order": "ascending",
            "retry": "",
            "schedule": "0/15 0 * * * * *",
            "schedule_enabled": true,
            "success_on_empty_node_filter": null,
            "time_zone": "",
            "timeout": null
          },
          "sensitive_attributes": [],
          "private": "bnVsbA==",
          "dependencies": [
            "rundeck_project.Project4"
          ]
        },
        {
          "index_key": 4,
          "schema_version": 0,
          "attributes": {
            "allow_concurrent_executions": false,
            "command": [
              {
                "description": "",
                "error_handler": [],
                "inline_script": "",
                "job": [],
                "keep_going_on_success": false,
                "node_step_plugin": [],
                "script_file": "",
                "script_file_args": "",
                "script_interpreter": [],
                "shell_command": "hostname",
                "step_plugin": []
              }
            ],
            "command_ordering_strategy": "node-first",
            "continue_next_node_on_error": false,
            "continue_on_error": false,
            "description": "Restart the service daemons on all the web servers",
            "execution_enabled": true,
            "global_log_filter": [],
            "group_name": "",
            "id": "408f15fc-1845-4664-9927-78944611d41c",
            "log_level": "INFO",
            "max_thread_count": 1,
            "name": "jobP4-4",
            "node_filter_exclude_precedence": false,
            "node_filter_exclude_query": "",
            "node_filter_query": "",
            "notification": [],
            "option": [],
            "preserve_options_order": null,
            "project_name": "Project4",
            "rank_attribute": "",
            "rank_order": "ascending",
            "retry": "",
            "schedule": "0/15 0 * * * * *",
            "schedule_enabled": true,
            "success_on_empty_node_filter": null,
            "time_zone": "",
            "timeout": null
          },
          "sensitive_attributes": [],
          "private": "bnVsbA==",
          "dependencies": [
            "rundeck_project.Project4"
          ]
        },
        {
          "index_key": 5,
          "schema_version": 0,
          "attributes": {
            "allow_concurrent_executions": false,
            "command": [
              {
                "description": "",
                "error_handler": [],
                "inline_script": "",
                "job": [],
                "keep_going_on_success": false,
                "node_step_plugin": [],
                "script_file": "",
                "script_file_args": "",
                "script_interpreter": [],
                "shell_command": "hostname",
                "step_plugin": []
              }
            ],
            "command_ordering_strategy": "node-first",
            "continue_next_node_on_error": false,
            "continue_on_error": false,
            "description": "Restart the service daemons on all the web servers",
            "execution_enabled": true,
            "global_log_filter": [],
            "group_name": "",
            "id": "d21f8f56-0803-43e2-8d64-44997dbbcb97",
            "log_level": "INFO",
            "max_thread_count": 1,
            "name": "jobP4-5",
            "node_filter_exclude_precedence": false,
            "node_filter_exclude_query": "",
            "node_filter_query": "",
            "notification": [],
            "option": [],
            "preserve_options_order": null,
            "project_name": "Project4",
            "rank_attribute": "",
            "rank_order": "ascending",
            "retry": "",
            "schedule": "0/15 0 * * * * *",
            "schedule_enabled": true,
            "success_on_empty_node_filter": null,
            "time_zone": "",
            "timeout": null
          },
          "sensitive_attributes": [],
          "private": "bnVsbA==",
          "dependencies": [
            "rundeck_project.Project4"
          ]
        },
        {
          "index_key": 6,
          "schema_version": 0,
          "attributes": {
            "allow_concurrent_executions": false,
            "command": [
              {
                "description": "",
                "error_handler": [],
                "inline_script": "",
                "job": [],
                "keep_going_on_success": false,
                "node_step_plugin": [],
                "script_file": "",
                "script_file_args": "",
                "script_interpreter": [],
                "shell_command": "hostname",
                "step_plugin": []
              }
            ],
            "command_ordering_strategy": "node-first",
            "continue_next_node_on_error": false,
            "continue_on_error": false,
            "description": "Restart the service daemons on all the web servers",
            "execution_enabled": true,
            "global_log_filter": [],
            "group_name": "",
            "id": "7006f9f7-31ff-466b-89b8-ae9001ac5d0d",
            "log_level": "INFO",
            "max_thread_count": 1,
            "name": "jobP4-6",
            "node_filter_exclude_precedence": false,
            "node_filter_exclude_query": "",
            "node_filter_query": "",
            "notification": [],
            "option": [],
            "preserve_options_order": null,
            "project_name": "Project4",
            "rank_attribute": "",
            "rank_order": "ascending",
            "retry": "",
            "schedule": "0/15 0 * * * * *",
            "schedule_enabled": true,
            "success_on_empty_node_filter": null,
            "time_zone": "",
            "timeout": null
          },
          "sensitive_attributes": [],
          "private": "bnVsbA==",
          "dependencies": [
            "rundeck_project.Project4"
          ]
        },
        {
          "index_key": 7,
          "schema_version": 0,
          "attributes": {
            "allow_concurrent_executions": false,
            "command": [
              {
                "description": "",
                "error_handler": [],
                "inline_script": "",
                "job": [],
                "keep_going_on_success": false,
                "node_step_plugin": [],
                "script_file": "",
                "script_file_args": "",
                "script_interpreter": [],
                "shell_command": "hostname",
                "step_plugin": []
              }
            ],
            "command_ordering_strategy": "node-first",
            "continue_next_node_on_error": false,
            "continue_on_error": false,
            "description": "Restart the service daemons on all the web servers",
            "execution_enabled": true,
            "global_log_filter": [],
            "group_name": "",
            "id": "d25bbccc-f372-401d-a927-7a9cea926492",
            "log_level": "INFO",
            "max_thread_count": 1,
            "name": "jobP4-7",
            "node_filter_exclude_precedence": false,
            "node_filter_exclude_query": "",
            "node_filter_query": "",
            "notification": [],
            "option": [],
            "preserve_options_order": null,
            "project_name": "Project4",
            "rank_attribute": "",
            "rank_order": "ascending",
            "retry": "",
            "schedule": "0/15 0 * * * * *",
            "schedule_enabled": true,
            "success_on_empty_node_filter": null,
            "time_zone": "",
            "timeout": null
          },
          "sensitive_attributes": [],
          "private": "bnVsbA==",
          "dependencies": [
            "rundeck_project.Project4"
          ]
        },
        {
          "index_key": 8,
          "schema_version": 0,
          "attributes": {
            "allow_concurrent_executions": false,
            "command": [
              {
                "description": "",
                "error_handler": [],
                "inline_script": "",
                "job": [],
                "keep_going_on_success": false,
                "node_step_plugin": [],
                "script_file": "",
                "script_file_args": "",
                "script_interpreter": [],
                "shell_command": "hostname",
                "step_plugin": []
              }
            ],
            "command_ordering_strategy": "node-first",
            "continue_next_node_on_error": false,
            "continue_on_error": false,
            "description": "Restart the service daemons on all the web servers",
            "execution_enabled": true,
            "global_log_filter": [],
            "group_name": "",
            "id": "4fb27985-1ce0-46ec-ac93-e761c6a2cac1",
            "log_level": "INFO",
            "max_thread_count": 1,
            "name": "jobP4-8",
            "node_filter_exclude_precedence": false,
            "node_filter_exclude_query": "",
            "node_filter_query": "",
            "notification": [],
            "option": [],
            "preserve_options_order": null,
            "project_name": "Project4",
            "rank_attribute": "",
            "rank_order": "ascending",
            "retry": "",
            "schedule": "0/15 0 * * * * *",
            "schedule_enabled": true,
            "success_on_empty_node_filter": null,
            "time_zone": "",
            "timeout": null
          },
          "sensitive_attributes": [],
          "private": "bnVsbA==",
          "dependencies": [
            "rundeck_project.Project4"
          ]
        },
        {
          "index_key": 9,
          "schema_version": 0,
          "attributes": {
            "allow_concurrent_executions": false,
            "command": [
              {
                "description": "",
                "error_handler": [],
                "inline_script": "",
                "job": [],
                "keep_going_on_success": false,
                "node_step_plugin": [],
                "script_file": "",
                "script_file_args": "",
                "script_interpreter": [],
                "shell_command": "hostname",
                "step_plugin": []
              }
            ],
            "command_ordering_strategy": "node-first",
            "continue_next_node_on_error": false,
            "continue_on_error": false,
            "description": "Restart the service daemons on all the web servers",
            "execution_enabled": true,
            "global_log_filter": [],
            "group_name": "",
            "id": "4fd005a7-0780-4756-a08f-5a19b42dc173",
            "log_level": "INFO",
            "max_thread_count": 1,
            "name": "jobP4-9",
            "node_filter_exclude_precedence": false,
            "node_filter_exclude_query": "",
            "node_filter_query": "",
            "notification": [],
            "option": [],
            "preserve_options_order": null,
            "project_name": "Project4",
            "rank_attribute": "",
            "rank_order": "ascending",
            "retry": "",
            "schedule": "0/15 0 * * * * *",
            "schedule_enabled": true,
            "success_on_empty_node_filter": null,
            "time_zone": "",
            "timeout": null
          },
          "sensitive_attributes": [],
          "private": "bnVsbA==",
          "dependencies": [
            "rundeck_project.Project4"
          ]
        },
        {
          "index_key": 10,
          "schema_version": 0,
          "attributes": {
            "allow_concurrent_executions": false,
            "command": [
              {
                "description": "",
                "error_handler": [],
                "inline_script": "",
                "job": [],
                "keep_going_on_success": false,
                "node_step_plugin": [],
                "script_file": "",
                "script_file_args": "",
                "script_interpreter": [],
                "shell_command": "hostname",
                "step_plugin": []
              }
            ],
            "command_ordering_strategy": "node-first",
            "continue_next_node_on_error": false,
            "continue_on_error": false,
            "description": "Restart the service daemons on all the web servers",
            "execution_enabled": true,
            "global_log_filter": [],
            "group_name": "",
            "id": "c60db284-2a91-4bc4-9b54-35689c4de24f",
            "log_level": "INFO",
            "max_thread_count": 1,
            "name": "jobP4-10",
            "node_filter_exclude_precedence": false,
            "node_filter_exclude_query": "",
            "node_filter_query": "",
            "notification": [],
            "option": [],
            "preserve_options_order": null,
            "project_name": "Project4",
            "rank_attribute": "",
            "rank_order": "ascending",
            "retry": "",
            "schedule": "0/15 0 * * * * *",
            "schedule_enabled": true,
            "success_on_empty_node_filter": null,
            "time_zone": "",
            "timeout": null
          },
          "sensitive_attributes": [],
          "private": "bnVsbA==",
          "dependencies": [
            "rundeck_project.Project4"
          ]
        },
        {
          "index_key": 11,
          "schema_version": 0,
          "attributes": {
            "allow_concurrent_executions": false,
            "command": [
              {
                "description": "",
                "error_handler": [],
                "inline_script": "",
                "job": [],
                "keep_going_on_success": false,
                "node_step_plugin": [],
                "script_file": "",
                "script_file_args": "",
                "script_interpreter": [],
                "shell_command": "hostname",
                "step_plugin": []
              }
            ],
            "command_ordering_strategy": "node-first",
            "continue_next_node_on_error": false,
            "continue_on_error": false,
            "description": "Restart the service daemons on all the web servers",
            "execution_enabled": true,
            "global_log_filter": [],
            "group_name": "",
            "id": "56743fa4-fdf1-4f16-9621-509042bb19b7",
            "log_level": "INFO",
            "max_thread_count": 1,
            "name": "jobP4-11",
            "node_filter_exclude_precedence": false,
            "node_filter_exclude_query": "",
            "node_filter_query": "",
            "notification": [],
            "option": [],
            "preserve_options_order": null,
            "project_name": "Project4",
            "rank_attribute": "",
            "rank_order": "ascending",
            "retry": "",
            "schedule": "0/15 0 * * * * *",
            "schedule_enabled": true,
            "success_on_empty_node_filter": null,
            "time_zone": "",
            "timeout": null
          },
          "sensitive_attributes": [],
          "private": "bnVsbA==",
          "dependencies": [
            "rundeck_project.Project4"
          ]
        },
        {
          "index_key": 12,
          "schema_version": 0,
          "attributes": {
            "allow_concurrent_executions": false,
            "command": [
              {
                "description": "",
                "error_handler": [],
                "inline_script": "",
                "job": [],
                "keep_going_on_success": false,
                "node_step_plugin": [],
                "script_file": "",
                "script_file_args": "",
                "script_interpreter": [],
                "shell_command": "hostname",
                "step_plugin": []
              }
            ],
            "command_ordering_strategy": "node-first",
            "continue_next_node_on_error": false,
            "continue_on_error": false,
            "description": "Restart the service daemons on all the web servers",
            "execution_enabled": true,
            "global_log_filter": [],
            "group_name": "",
            "id": "2f74e495-84bd-4678-9b53-1ed9f802d84c",
            "log_level": "INFO",
            "max_thread_count": 1,
            "name": "jobP4-12",
            "node_filter_exclude_precedence": false,
            "node_filter_exclude_query": "",
            "node_filter_query": "",
            "notification": [],
            "option": [],
            "preserve_options_order": null,
            "project_name": "Project4",
            "rank_attribute": "",
            "rank_order": "ascending",
            "retry": "",
            "schedule": "0/15 0 * * * * *",
            "schedule_enabled": true,
            "success_on_empty_node_filter": null,
            "time_zone": "",
            "timeout": null
          },
          "sensitive_attributes": [],
          "private": "bnVsbA==",
          "dependencies": [
            "rundeck_project.Project4"
          ]
        },
        {
          "index_key": 13,
          "schema_version": 0,
          "attributes": {
            "allow_concurrent_executions": false,
            "command": [
              {
                "description": "",
                "error_handler": [],
                "inline_script": "",
                "job": [],
                "keep_going_on_success": false,
                "node_step_plugin": [],
                "script_file": "",
                "script_file_args": "",
                "script_interpreter": [],
                "shell_command": "hostname",
                "step_plugin": []
              }
            ],
            "command_ordering_strategy": "node-first",
            "continue_next_node_on_error": false,
            "continue_on_error": false,
            "description": "Restart the service daemons on all the web servers",
            "execution_enabled": true,
            "global_log_filter": [],
            "group_name": "",
            "id": "84b90421-eb50-4362-a4b5-3e630bc3ac71",
            "log_level": "INFO",
            "max_thread_count": 1,
            "name": "jobP4-13",
            "node_filter_exclude_precedence": false,
            "node_filter_exclude_query": "",
            "node_filter_query": "",
            "notification": [],
            "option": [],
            "preserve_options_order": null,
            "project_name": "Project4",
            "rank_attribute": "",
            "rank_order": "ascending",
            "retry": "",
            "schedule": "0/15 0 * * * * *",
            "schedule_enabled": true,
            "success_on_empty_node_filter": null,
            "time_zone": "",
            "timeout": null
          },
          "sensitive_attributes": [],
          "private": "bnVsbA==",
          "dependencies": [
            "rundeck_project.Project4"
          ]
        },
        {
          "index_key": 14,
          "schema_version": 0,
          "attributes": {
            "allow_concurrent_executions": false,
            "command": [
              {
                "description": "",
                "error_handler": [],
                "inline_script": "",
                "job": [],
                "keep_going_on_success": false,
                "node_step_plugin": [],
                "script_file": "",
                "script_file_args": "",
                "script_interpreter": [],
                "shell_command": "hostname",
                "step_plugin": []
              }
            ],
            "command_ordering_strategy": "node-first",
            "continue_next_node_on_error": false,
            "continue_on_error": false,
            "description": "Restart the service daemons on all the web servers",
            "execution_enabled": true,
            "global_log_filter": [],
            "group_name": "",
            "id": "29be6cc0-f57e-4172-936c-6de365ce585a",
            "log_level": "INFO",
            "max_thread_count": 1,
            "name": "jobP4-14",
            "node_filter_exclude_precedence": false,
            "node_filter_exclude_query": "",
            "node_filter_query": "",
            "notification": [],
            "option": [],
            "preserve_options_order": null,
            "project_name": "Project4",
            "rank_attribute": "",
            "rank_order": "ascending",
            "retry": "",
            "schedule": "0/15 0 * * * * *",
            "schedule_enabled": true,
            "success_on_empty_node_filter": null,
            "time_zone": "",
            "timeout": null
          },
          "sensitive_attributes": [],
          "private": "bnVsbA==",
          "dependencies": [
            "rundeck_project.Project4"
          ]
        },
        {
          "index_key": 15,
          "schema_version": 0,
          "attributes": {
            "allow_concurrent_executions": false,
            "command": [
              {
                "description": "",
                "error_handler": [],
                "inline_script": "",
                "job": [],
                "keep_going_on_success": false,
                "node_step_plugin": [],
                "script_file": "",
                "script_file_args": "",
                "script_interpreter": [],
                "shell_command": "hostname",
                "step_plugin": []
              }
            ],
            "command_ordering_strategy": "node-first",
            "continue_next_node_on_error": false,
            "continue_on_error": false,
            "description": "Restart the service daemons on all the web servers",
            "execution_enabled": true,
            "global_log_filter": [],
            "group_name": "",
            "id": "28b02e1b-6371-4d74-acbf-77cb8762b312",
            "log_level": "INFO",
            "max_thread_count": 1,
            "name": "jobP4-15",
            "node_filter_exclude_precedence": false,
            "node_filter_exclude_query": "",
            "node_filter_query": "",
            "notification": [],
            "option": [],
            "preserve_options_order": null,
            "project_name": "Project4",
            "rank_attribute": "",
            "rank_order": "ascending",
            "retry": "",
            "schedule": "0/15 0 * * * * *",
            "schedule_enabled": true,
            "success_on_empty_node_filter": null,
            "time_zone": "",
            "timeout": null
          },
          "sensitive_attributes": [],
          "private": "bnVsbA==",
          "dependencies": [
            "rundeck_project.Project4"
          ]
        },
        {
          "index_key": 16,
          "schema_version": 0,
          "attributes": {
            "allow_concurrent_executions": false,
            "command": [
              {
                "description": "",
                "error_handler": [],
                "inline_script": "",
                "job": [],
                "keep_going_on_success": false,
                "node_step_plugin": [],
                "script_file": "",
                "script_file_args": "",
                "script_interpreter": [],
                "shell_command": "hostname",
                "step_plugin": []
              }
            ],
            "command_ordering_strategy": "node-first",
            "continue_next_node_on_error": false,
            "continue_on_error": false,
            "description": "Restart the service daemons on all the web servers",
            "execution_enabled": true,
            "global_log_filter": [],
            "group_name": "",
            "id": "f7d63a6a-7237-4edb-b95c-73a12c99f27c",
            "log_level": "INFO",
            "max_thread_count": 1,
            "name": "jobP4-16",
            "node_filter_exclude_precedence": false,
            "node_filter_exclude_query": "",
            "node_filter_query": "",
            "notification": [],
            "option": [],
            "preserve_options_order": null,
            "project_name": "Project4",
            "rank_attribute": "",
            "rank_order": "ascending",
            "retry": "",
            "schedule": "0/15 0 * * * * *",
            "schedule_enabled": true,
            "success_on_empty_node_filter": null,
            "time_zone": "",
            "timeout": null
          },
          "sensitive_attributes": [],
          "private": "bnVsbA==",
          "dependencies": [
            "rundeck_project.Project4"
          ]
        },
        {
          "index_key": 17,
          "schema_version": 0,
          "attributes": {
            "allow_concurrent_executions": false,
            "command": [
              {
                "description": "",
                "error_handler": [],
                "inline_script": "",
                "job": [],
                "keep_going_on_success": false,
                "node_step_plugin": [],
                "script_file": "",
                "script_file_args": "",
                "script_interpreter": [],
                "shell_command": "hostname",
                "step_plugin": []
              }
            ],
            "command_ordering_strategy": "node-first",
            "continue_next_node_on_error": false,
            "continue_on_error": false,
            "description": "Restart the service daemons on all the web servers",
            "execution_enabled": true,
            "global_log_filter": [],
            "group_name": "",
            "id": "ed4fb3db-9791-4d76-99ab-87cd2c9e6286",
            "log_level": "INFO",
            "max_thread_count": 1,
            "name": "jobP4-17",
            "node_filter_exclude_precedence": false,
            "node_filter_exclude_query": "",
            "node_filter_query": "",
            "notification": [],
            "option": [],
            "preserve_options_order": null,
            "project_name": "Project4",
            "rank_attribute": "",
            "rank_order": "ascending",
            "retry": "",
            "schedule": "0/15 0 * * * * *",
            "schedule_enabled": true,
            "success_on_empty_node_filter": null,
            "time_zone": "",
            "timeout": null
          },
          "sensitive_attributes": [],
          "private": "bnVsbA==",
          "dependencies": [
            "rundeck_project.Project4"
          ]
        },
        {
          "index_key": 18,
          "schema_version": 0,
          "attributes": {
            "allow_concurrent_executions": false,
            "command": [
              {
                "description": "",
                "error_handler": [],
                "inline_script": "",
                "job": [],
                "keep_going_on_success": false,
                "node_step_plugin": [],
                "script_file": "",
                "script_file_args": "",
                "script_interpreter": [],
                "shell_command": "hostname",
                "step_plugin": []
              }
            ],
            "command_ordering_strategy": "node-first",
            "continue_next_node_on_error": false,
            "continue_on_error": false,
            "description": "Restart the service daemons on all the web servers",
            "execution_enabled": true,
            "global_log_filter": [],
            "group_name": "",
            "id": "afcd8e6b-c486-4400-9bf8-f2feaa77873a",
            "log_level": "INFO",
            "max_thread_count": 1,
            "name": "jobP4-18",
            "node_filter_exclude_precedence": false,
            "node_filter_exclude_query": "",
            "node_filter_query": "",
            "notification": [],
            "option": [],
            "preserve_options_order": null,
            "project_name": "Project4",
            "rank_attribute": "",
            "rank_order": "ascending",
            "retry": "",
            "schedule": "0/15 0 * * * * *",
            "schedule_enabled": true,
            "success_on_empty_node_filter": null,
            "time_zone": "",
            "timeout": null
          },
          "sensitive_attributes": [],
          "private": "bnVsbA==",
          "dependencies": [
            "rundeck_project.Project4"
          ]
        },
        {
          "index_key": 19,
          "schema_version": 0,
          "attributes": {
            "allow_concurrent_executions": false,
            "command": [
              {
                "description": "",
                "error_handler": [],
                "inline_script": "",
                "job": [],
                "keep_going_on_success": false,
                "node_step_plugin": [],
                "script_file": "",
                "script_file_args": "",
                "script_interpreter": [],
                "shell_command": "hostname",
                "step_plugin": []
              }
            ],
            "command_ordering_strategy": "node-first",
            "continue_next_node_on_error": false,
            "continue_on_error": false,
            "description": "Restart the service daemons on all the web servers",
            "execution_enabled": true,
            "global_log_filter": [],
            "group_name": "",
            "id": "94c6b33b-fa62-484d-92b5-b16fd99588c8",
            "log_level": "INFO",
            "max_thread_count": 1,
            "name": "jobP4-19",
            "node_filter_exclude_precedence": false,
            "node_filter_exclude_query": "",
            "node_filter_query": "",
            "notification": [],
            "option": [],
            "preserve_options_order": null,
            "project_name": "Project4",
            "rank_attribute": "",
            "rank_order": "ascending",
            "retry": "",
            "schedule": "0/15 0 * * * * *",
            "schedule_enabled": true,
            "success_on_empty_node_filter": null,
            "time_zone": "",
            "timeout": null
          },
          "sensitive_attributes": [],
          "private": "bnVsbA==",
          "dependencies": [
            "rundeck_project.Project4"
          ]
        },
        {
          "index_key": 20,
          "schema_version": 0,
          "attributes": {
            "allow_concurrent_executions": false,
            "command": [
              {
                "description": "",
                "error_handler": [],
                "inline_script": "",
                "job": [],
                "keep_going_on_success": false,
                "node_step_plugin": [],
                "script_file": "",
                "script_file_args": "",
                "script_interpreter": [],
                "shell_command": "hostname",
                "step_plugin": []
              }
            ],
            "command_ordering_strategy": "node-first",
            "continue_next_node_on_error": false,
            "continue_on_error": false,
            "description": "Restart the service daemons on all the web servers",
            "execution_enabled": true,
            "global_log_filter": [],
            "group_name": "",
            "id": "6a203558-b96b-4927-a7e5-9abb9ff0522c",
            "log_level": "INFO",
            "max_thread_count": 1,
            "name": "jobP4-20",
            "node_filter_exclude_precedence": false,
            "node_filter_exclude_query": "",
            "node_filter_query": "",
            "notification": [],
            "option": [],
            "preserve_options_order": null,
            "project_name": "Project4",
            "rank_attribute": "",
            "rank_order": "ascending",
            "retry": "",
            "schedule": "0/15 0 * * * * *",
            "schedule_enabled": true,
            "success_on_empty_node_filter": null,
            "time_zone": "",
            "timeout": null
          },
          "sensitive_attributes": [],
          "private": "bnVsbA==",
          "dependencies": [
            "rundeck_project.Project4"
          ]
        },
        {
          "index_key": 21,
          "schema_version": 0,
          "attributes": {
            "allow_concurrent_executions": false,
            "command": [
              {
                "description": "",
                "error_handler": [],
                "inline_script": "",
                "job": [],
                "keep_going_on_success": false,
                "node_step_plugin": [],
                "script_file": "",
                "script_file_args": "",
                "script_interpreter": [],
                "shell_command": "hostname",
                "step_plugin": []
              }
            ],
            "command_ordering_strategy": "node-first",
            "continue_next_node_on_error": false,
            "continue_on_error": false,
            "description": "Restart the service daemons on all the web servers",
            "execution_enabled": true,
            "global_log_filter": [],
            "group_name": "",
            "id": "1614e781-f87d-4498-9f85-e3ddb80551a1",
            "log_level": "INFO",
            "max_thread_count": 1,
            "name": "jobP4-21",
            "node_filter_exclude_precedence": false,
            "node_filter_exclude_query": "",
            "node_filter_query": "",
            "notification": [],
            "option": [],
            "preserve_options_order": null,
            "project_name": "Project4",
            "rank_attribute": "",
            "rank_order": "ascending",
            "retry": "",
            "schedule": "0/15 0 * * * * *",
            "schedule_enabled": true,
            "success_on_empty_node_filter": null,
            "time_zone": "",
            "timeout": null
          },
          "sensitive_attributes": [],
          "private": "bnVsbA==",
          "dependencies": [
            "rundeck_project.Project4"
          ]
        },
        {
          "index_key": 22,
          "schema_version": 0,
          "attributes": {
            "allow_concurrent_executions": false,
            "command": [
              {
                "description": "",
                "error_handler": [],
                "inline_script": "",
                "job": [],
                "keep_going_on_success": false,
                "node_step_plugin": [],
                "script_file": "",
                "script_file_args": "",
                "script_interpreter": [],
                "shell_command": "hostname",
                "step_plugin": []
              }
            ],
            "command_ordering_strategy": "node-first",
            "continue_next_node_on_error": false,
            "continue_on_error": false,
            "description": "Restart the service daemons on all the web servers",
            "execution_enabled": true,
            "global_log_filter": [],
            "group_name": "",
            "id": "4fbec51e-ea66-4cc8-b399-ce0569f2e08f",
            "log_level": "INFO",
            "max_thread_count": 1,
            "name": "jobP4-22",
            "node_filter_exclude_precedence": false,
            "node_filter_exclude_query": "",
            "node_filter_query": "",
            "notification": [],
            "option": [],
            "preserve_options_order": null,
            "project_name": "Project4",
            "rank_attribute": "",
            "rank_order": "ascending",
            "retry": "",
            "schedule": "0/15 0 * * * * *",
            "schedule_enabled": true,
            "success_on_empty_node_filter": null,
            "time_zone": "",
            "timeout": null
          },
          "sensitive_attributes": [],
          "private": "bnVsbA==",
          "dependencies": [
            "rundeck_project.Project4"
          ]
        },
        {
          "index_key": 23,
          "schema_version": 0,
          "attributes": {
            "allow_concurrent_executions": false,
            "command": [
              {
                "description": "",
                "error_handler": [],
                "inline_script": "",
                "job": [],
                "keep_going_on_success": false,
                "node_step_plugin": [],
                "script_file": "",
                "script_file_args": "",
                "script_interpreter": [],
                "shell_command": "hostname",
                "step_plugin": []
              }
            ],
            "command_ordering_strategy": "node-first",
            "continue_next_node_on_error": false,
            "continue_on_error": false,
            "description": "Restart the service daemons on all the web servers",
            "execution_enabled": true,
            "global_log_filter": [],
            "group_name": "",
            "id": "4d6b8932-3963-4133-b42f-2c8f61abde83",
            "log_level": "INFO",
            "max_thread_count": 1,
            "name": "jobP4-23",
            "node_filter_exclude_precedence": false,
            "node_filter_exclude_query": "",
            "node_filter_query": "",
            "notification": [],
            "option": [],
            "preserve_options_order": null,
            "project_name": "Project4",
            "rank_attribute": "",
            "rank_order": "ascending",
            "retry": "",
            "schedule": "0/15 0 * * * * *",
            "schedule_enabled": true,
            "success_on_empty_node_filter": null,
            "time_zone": "",
            "timeout": null
          },
          "sensitive_attributes": [],
          "private": "bnVsbA==",
          "dependencies": [
            "rundeck_project.Project4"
          ]
        },
        {
          "index_key": 24,
          "schema_version": 0,
          "attributes": {
            "allow_concurrent_executions": false,
            "command": [
              {
                "description": "",
                "error_handler": [],
                "inline_script": "",
                "job": [],
                "keep_going_on_success": false,
                "node_step_plugin": [],
                "script_file": "",
                "script_file_args": "",
                "script_interpreter": [],
                "shell_command": "hostname",
                "step_plugin": []
              }
            ],
            "command_ordering_strategy": "node-first",
            "continue_next_node_on_error": false,
            "continue_on_error": false,
            "description": "Restart the service daemons on all the web servers",
            "execution_enabled": true,
            "global_log_filter": [],
            "group_name": "",
            "id": "f297dff6-70c4-47c8-b34c-b0f8f1ee9f65",
            "log_level": "INFO",
            "max_thread_count": 1,
            "name": "jobP4-24",
            "node_filter_exclude_precedence": false,
            "node_filter_exclude_query": "",
            "node_filter_query": "",
            "notification": [],
            "option": [],
            "preserve_options_order": null,
            "project_name": "Project4",
            "rank_attribute": "",
            "rank_order": "ascending",
            "retry": "",
            "schedule": "0/15 0 * * * * *",
            "schedule_enabled": true,
            "success_on_empty_node_filter": null,
            "time_zone": "",
            "timeout": null
          },
          "sensitive_attributes": [],
          "private": "bnVsbA==",
          "dependencies": [
            "rundeck_project.Project4"
          ]
        },
        {
          "index_key": 25,
          "schema_version": 0,
          "attributes": {
            "allow_concurrent_executions": false,
            "command": [
              {
                "description": "",
                "error_handler": [],
                "inline_script": "",
                "job": [],
                "keep_going_on_success": false,
                "node_step_plugin": [],
                "script_file": "",
                "script_file_args": "",
                "script_interpreter": [],
                "shell_command": "hostname",
                "step_plugin": []
              }
            ],
            "command_ordering_strategy": "node-first",
            "continue_next_node_on_error": false,
            "continue_on_error": false,
            "description": "Restart the service daemons on all the web servers",
            "execution_enabled": true,
            "global_log_filter": [],
            "group_name": "",
            "id": "3c6c056b-7c06-49d1-9252-cac083322787",
            "log_level": "INFO",
            "max_thread_count": 1,
            "name": "jobP4-25",
            "node_filter_exclude_precedence": false,
            "node_filter_exclude_query": "",
            "node_filter_query": "",
            "notification": [],
            "option": [],
            "preserve_options_order": null,
            "project_name": "Project4",
            "rank_attribute": "",
            "rank_order": "ascending",
            "retry": "",
            "schedule": "0/15 0 * * * * *",
            "schedule_enabled": true,
            "success_on_empty_node_filter": null,
            "time_zone": "",
            "timeout": null
          },
          "sensitive_attributes": [],
          "private": "bnVsbA==",
          "dependencies": [
            "rundeck_project.Project4"
          ]
        },
        {
          "index_key": 26,
          "schema_version": 0,
          "attributes": {
            "allow_concurrent_executions": false,
            "command": [
              {
                "description": "",
                "error_handler": [],
                "inline_script": "",
                "job": [],
                "keep_going_on_success": false,
                "node_step_plugin": [],
                "script_file": "",
                "script_file_args": "",
                "script_interpreter": [],
                "shell_command": "hostname",
                "step_plugin": []
              }
            ],
            "command_ordering_strategy": "node-first",
            "continue_next_node_on_error": false,
            "continue_on_error": false,
            "description": "Restart the service daemons on all the web servers",
            "execution_enabled": true,
            "global_log_filter": [],
            "group_name": "",
            "id": "a14a5b9c-349f-4db7-82ed-bbcd9a9e308f",
            "log_level": "INFO",
            "max_thread_count": 1,
            "name": "jobP4-26",
            "node_filter_exclude_precedence": false,
            "node_filter_exclude_query": "",
            "node_filter_query": "",
            "notification": [],
            "option": [],
            "preserve_options_order": null,
            "project_name": "Project4",
            "rank_attribute": "",
            "rank_order": "ascending",
            "retry": "",
            "schedule": "0/15 0 * * * * *",
            "schedule_enabled": true,
            "success_on_empty_node_filter": null,
            "time_zone": "",
            "timeout": null
          },
          "sensitive_attributes": [],
          "private": "bnVsbA==",
          "dependencies": [
            "rundeck_project.Project4"
          ]
        },
        {
          "index_key": 27,
          "schema_version": 0,
          "attributes": {
            "allow_concurrent_executions": false,
            "command": [
              {
                "description": "",
                "error_handler": [],
                "inline_script": "",
                "job": [],
                "keep_going_on_success": false,
                "node_step_plugin": [],
                "script_file": "",
                "script_file_args": "",
                "script_interpreter": [],
                "shell_command": "hostname",
                "step_plugin": []
              }
            ],
            "command_ordering_strategy": "node-first",
            "continue_next_node_on_error": false,
            "continue_on_error": false,
            "description": "Restart the service daemons on all the web servers",
            "execution_enabled": true,
            "global_log_filter": [],
            "group_name": "",
            "id": "8f8a42b4-12ff-4d60-8ff0-f2623cde2bd4",
            "log_level": "INFO",
            "max_thread_count": 1,
            "name": "jobP4-27",
            "node_filter_exclude_precedence": false,
            "node_filter_exclude_query": "",
            "node_filter_query": "",
            "notification": [],
            "option": [],
            "preserve_options_order": null,
            "project_name": "Project4",
            "rank_attribute": "",
            "rank_order": "ascending",
            "retry": "",
            "schedule": "0/15 0 * * * * *",
            "schedule_enabled": true,
            "success_on_empty_node_filter": null,
            "time_zone": "",
            "timeout": null
          },
          "sensitive_attributes": [],
          "private": "bnVsbA==",
          "dependencies": [
            "rundeck_project.Project4"
          ]
        },
        {
          "index_key": 28,
          "schema_version": 0,
          "attributes": {
            "allow_concurrent_executions": false,
            "command": [
              {
                "description": "",
                "error_handler": [],
                "inline_script": "",
                "job": [],
                "keep_going_on_success": false,
                "node_step_plugin": [],
                "script_file": "",
                "script_file_args": "",
                "script_interpreter": [],
                "shell_command": "hostname",
                "step_plugin": []
              }
            ],
            "command_ordering_strategy": "node-first",
            "continue_next_node_on_error": false,
            "continue_on_error": false,
            "description": "Restart the service daemons on all the web servers",
            "execution_enabled": true,
            "global_log_filter": [],
            "group_name": "",
            "id": "bd66c534-2a7d-4204-9c16-369175069280",
            "log_level": "INFO",
            "max_thread_count": 1,
            "name": "jobP4-28",
            "node_filter_exclude_precedence": false,
            "node_filter_exclude_query": "",
            "node_filter_query": "",
            "notification": [],
            "option": [],
            "preserve_options_order": null,
            "project_name": "Project4",
            "rank_attribute": "",
            "rank_order": "ascending",
            "retry": "",
            "schedule": "0/15 0 * * * * *",
            "schedule_enabled": true,
            "success_on_empty_node_filter": null,
            "time_zone": "",
            "timeout": null
          },
          "sensitive_attributes": [],
          "private": "bnVsbA==",
          "dependencies": [
            "rundeck_project.Project4"
          ]
        },
        {
          "index_key": 29,
          "schema_version": 0,
          "attributes": {
            "allow_concurrent_executions": false,
            "command": [
              {
                "description": "",
                "error_handler": [],
                "inline_script": "",
                "job": [],
                "keep_going_on_success": false,
                "node_step_plugin": [],
                "script_file": "",
                "script_file_args": "",
                "script_interpreter": [],
                "shell_command": "hostname",
                "step_plugin": []
              }
            ],
            "command_ordering_strategy": "node-first",
            "continue_next_node_on_error": false,
            "continue_on_error": false,
            "description": "Restart the service daemons on all the web servers",
            "execution_enabled": true,
            "global_log_filter": [],
            "group_name": "",
            "id": "12b37819-2fbb-46e2-84e9-0e882c540ae1",
            "log_level": "INFO",
            "max_thread_count": 1,
            "name": "jobP4-29",
            "node_filter_exclude_precedence": false,
            "node_filter_exclude_query": "",
            "node_filter_query": "",
            "notification": [],
            "option": [],
            "preserve_options_order": null,
            "project_name": "Project4",
            "rank_attribute": "",
            "rank_order": "ascending",
            "retry": "",
            "schedule": "0/15 0 * * * * *",
            "schedule_enabled": true,
            "success_on_empty_node_filter": null,
            "time_zone": "",
            "timeout": null
          },
          "sensitive_attributes": [],
          "private": "bnVsbA==",
          "dependencies": [
            "rundeck_project.Project4"
          ]
        },
        {
          "index_key": 30,
          "schema_version": 0,
          "attributes": {
            "allow_concurrent_executions": false,
            "command": [
              {
                "description": "",
                "error_handler": [],
                "inline_script": "",
                "job": [],
                "keep_going_on_success": false,
                "node_step_plugin": [],
                "script_file": "",
                "script_file_args": "",
                "script_interpreter": [],
                "shell_command": "hostname",
                "step_plugin": []
              }
            ],
            "command_ordering_strategy": "node-first",
            "continue_next_node_on_error": false,
            "continue_on_error": false,
            "description": "Restart the service daemons on all the web servers",
            "execution_enabled": true,
            "global_log_filter": [],
            "group_name": "",
            "id": "27015ffb-ca47-4c0d-a2e6-fd0aa61302af",
            "log_level": "INFO",
            "max_thread_count": 1,
            "name": "jobP4-30",
            "node_filter_exclude_precedence": false,
            "node_filter_exclude_query": "",
            "node_filter_query": "",
            "notification": [],
            "option": [],
            "preserve_options_order": null,
            "project_name": "Project4",
            "rank_attribute": "",
            "rank_order": "ascending",
            "retry": "",
            "schedule": "0/15 0 * * * * *",
            "schedule_enabled": true,
            "success_on_empty_node_filter": null,
            "time_zone": "",
            "timeout": null
          },
          "sensitive_attributes": [],
          "private": "bnVsbA==",
          "dependencies": [
            "rundeck_project.Project4"
          ]
        },
        {
          "index_key": 31,
          "schema_version": 0,
          "attributes": {
            "allow_concurrent_executions": false,
            "command": [
              {
                "description": "",
                "error_handler": [],
                "inline_script": "",
                "job": [],
                "keep_going_on_success": false,
                "node_step_plugin": [],
                "script_file": "",
                "script_file_args": "",
                "script_interpreter": [],
                "shell_command": "hostname",
                "step_plugin": []
              }
            ],
            "command_ordering_strategy": "node-first",
            "continue_next_node_on_error": false,
            "continue_on_error": false,
            "description": "Restart the service daemons on all the web servers",
            "execution_enabled": true,
            "global_log_filter": [],
            "group_name": "",
            "id": "0cfe7c37-3ea3-4f4f-8935-7f9fbe5eadde",
            "log_level": "INFO",
            "max_thread_count": 1,
            "name": "jobP4-31",
            "node_filter_exclude_precedence": false,
            "node_filter_exclude_query": "",
            "node_filter_query": "",
            "notification": [],
            "option": [],
            "preserve_options_order": null,
            "project_name": "Project4",
            "rank_attribute": "",
            "rank_order": "ascending",
            "retry": "",
            "schedule": "0/15 0 * * * * *",
            "schedule_enabled": true,
            "success_on_empty_node_filter": null,
            "time_zone": "",
            "timeout": null
          },
          "sensitive_attributes": [],
          "private": "bnVsbA==",
          "dependencies": [
            "rundeck_project.Project4"
          ]
        },
        {
          "index_key": 32,
          "schema_version": 0,
          "attributes": {
            "allow_concurrent_executions": false,
            "command": [
              {
                "description": "",
                "error_handler": [],
                "inline_script": "",
                "job": [],
                "keep_going_on_success": false,
                "node_step_plugin": [],
                "script_file": "",
                "script_file_args": "",
                "script_interpreter": [],
                "shell_command": "hostname",
                "step_plugin": []
              }
            ],
            "command_ordering_strategy": "node-first",
            "continue_next_node_on_error": false,
            "continue_on_error": false,
            "description": "Restart the service daemons on all the web servers",
            "execution_enabled": true,
            "global_log_filter": [],
            "group_name": "",
            "id": "8429c288-018b-4b21-b65d-76cde1667460",
            "log_level": "INFO",
            "max_thread_count": 1,
            "name": "jobP4-32",
            "node_filter_exclude_precedence": false,
            "node_filter_exclude_query": "",
            "node_filter_query": "",
            "notification": [],
            "option": [],
            "preserve_options_order": null,
            "project_name": "Project4",
            "rank_attribute": "",
            "rank_order": "ascending",
            "retry": "",
            "schedule": "0/15 0 * * * * *",
            "schedule_enabled": true,
            "success_on_empty_node_filter": null,
            "time_zone": "",
            "timeout": null
          },
          "sensitive_attributes": [],
          "private": "bnVsbA==",
          "dependencies": [
            "rundeck_project.Project4"
          ]
        },
        {
          "index_key": 33,
          "schema_version": 0,
          "attributes": {
            "allow_concurrent_executions": false,
            "command": [
              {
                "description": "",
                "error_handler": [],
                "inline_script": "",
                "job": [],
                "keep_going_on_success": false,
                "node_step_plugin": [],
                "script_file": "",
                "script_file_args": "",
                "script_interpreter": [],
                "shell_command": "hostname",
                "step_plugin": []
              }
            ],
            "command_ordering_strategy": "node-first",
            "continue_next_node_on_error": false,
            "continue_on_error": false,
            "description": "Restart the service daemons on all the web servers",
            "execution_enabled": true,
            "global_log_filter": [],
            "group_name": "",
            "id": "ec0e6268-20d1-4a3d-8999-b999e1aff911",
            "log_level": "INFO",
            "max_thread_count": 1,
            "name": "jobP4-33",
            "node_filter_exclude_precedence": false,
            "node_filter_exclude_query": "",
            "node_filter_query": "",
            "notification": [],
            "option": [],
            "preserve_options_order": null,
            "project_name": "Project4",
            "rank_attribute": "",
            "rank_order": "ascending",
            "retry": "",
            "schedule": "0/15 0 * * * * *",
            "schedule_enabled": true,
            "success_on_empty_node_filter": null,
            "time_zone": "",
            "timeout": null
          },
          "sensitive_attributes": [],
          "private": "bnVsbA==",
          "dependencies": [
            "rundeck_project.Project4"
          ]
        },
        {
          "index_key": 34,
          "schema_version": 0,
          "attributes": {
            "allow_concurrent_executions": false,
            "command": [
              {
                "description": "",
                "error_handler": [],
                "inline_script": "",
                "job": [],
                "keep_going_on_success": false,
                "node_step_plugin": [],
                "script_file": "",
                "script_file_args": "",
                "script_interpreter": [],
                "shell_command": "hostname",
                "step_plugin": []
              }
            ],
            "command_ordering_strategy": "node-first",
            "continue_next_node_on_error": false,
            "continue_on_error": false,
            "description": "Restart the service daemons on all the web servers",
            "execution_enabled": true,
            "global_log_filter": [],
            "group_name": "",
            "id": "26a30b34-ceac-450d-b7cb-4308967ac750",
            "log_level": "INFO",
            "max_thread_count": 1,
            "name": "jobP4-34",
            "node_filter_exclude_precedence": false,
            "node_filter_exclude_query": "",
            "node_filter_query": "",
            "notification": [],
            "option": [],
            "preserve_options_order": null,
            "project_name": "Project4",
            "rank_attribute": "",
            "rank_order": "ascending",
            "retry": "",
            "schedule": "0/15 0 * * * * *",
            "schedule_enabled": true,
            "success_on_empty_node_filter": null,
            "time_zone": "",
            "timeout": null
          },
          "sensitive_attributes": [],
          "private": "bnVsbA==",
          "dependencies": [
            "rundeck_project.Project4"
          ]
        },
        {
          "index_key": 35,
          "schema_version": 0,
          "attributes": {
            "allow_concurrent_executions": false,
            "command": [
              {
                "description": "",
                "error_handler": [],
                "inline_script": "",
                "job": [],
                "keep_going_on_success": false,
                "node_step_plugin": [],
                "script_file": "",
                "script_file_args": "",
                "script_interpreter": [],
                "shell_command": "hostname",
                "step_plugin": []
              }
            ],
            "command_ordering_strategy": "node-first",
            "continue_next_node_on_error": false,
            "continue_on_error": false,
            "description": "Restart the service daemons on all the web servers",
            "execution_enabled": true,
            "global_log_filter": [],
            "group_name": "",
            "id": "61b2886b-25d0-490a-8692-a9693cec279b",
            "log_level": "INFO",
            "max_thread_count": 1,
            "name": "jobP4-35",
            "node_filter_exclude_precedence": false,
            "node_filter_exclude_query": "",
            "node_filter_query": "",
            "notification": [],
            "option": [],
            "preserve_options_order": null,
            "project_name": "Project4",
            "rank_attribute": "",
            "rank_order": "ascending",
            "retry": "",
            "schedule": "0/15 0 * * * * *",
            "schedule_enabled": true,
            "success_on_empty_node_filter": null,
            "time_zone": "",
            "timeout": null
          },
          "sensitive_attributes": [],
          "private": "bnVsbA==",
          "dependencies": [
            "rundeck_project.Project4"
          ]
        },
        {
          "index_key": 36,
          "schema_version": 0,
          "attributes": {
            "allow_concurrent_executions": false,
            "command": [
              {
                "description": "",
                "error_handler": [],
                "inline_script": "",
                "job": [],
                "keep_going_on_success": false,
                "node_step_plugin": [],
                "script_file": "",
                "script_file_args": "",
                "script_interpreter": [],
                "shell_command": "hostname",
                "step_plugin": []
              }
            ],
            "command_ordering_strategy": "node-first",
            "continue_next_node_on_error": false,
            "continue_on_error": false,
            "description": "Restart the service daemons on all the web servers",
            "execution_enabled": true,
            "global_log_filter": [],
            "group_name": "",
            "id": "b0fdffaf-b003-49a8-af0f-5d88f8e344e9",
            "log_level": "INFO",
            "max_thread_count": 1,
            "name": "jobP4-36",
            "node_filter_exclude_precedence": false,
            "node_filter_exclude_query": "",
            "node_filter_query": "",
            "notification": [],
            "option": [],
            "preserve_options_order": null,
            "project_name": "Project4",
            "rank_attribute": "",
            "rank_order": "ascending",
            "retry": "",
            "schedule": "0/15 0 * * * * *",
            "schedule_enabled": true,
            "success_on_empty_node_filter": null,
            "time_zone": "",
            "timeout": null
          },
          "sensitive_attributes": [],
          "private": "bnVsbA==",
          "dependencies": [
            "rundeck_project.Project4"
          ]
        },
        {
          "index_key": 37,
          "schema_version": 0,
          "attributes": {
            "allow_concurrent_executions": false,
            "command": [
              {
                "description": "",
                "error_handler": [],
                "inline_script": "",
                "job": [],
                "keep_going_on_success": false,
                "node_step_plugin": [],
                "script_file": "",
                "script_file_args": "",
                "script_interpreter": [],
                "shell_command": "hostname",
                "step_plugin": []
              }
            ],
            "command_ordering_strategy": "node-first",
            "continue_next_node_on_error": false,
            "continue_on_error": false,
            "description": "Restart the service daemons on all the web servers",
            "execution_enabled": true,
            "global_log_filter": [],
            "group_name": "",
            "id": "7580aeca-c274-4650-bfed-fb64e8667e1e",
            "log_level": "INFO",
            "max_thread_count": 1,
            "name": "jobP4-37",
            "node_filter_exclude_precedence": false,
            "node_filter_exclude_query": "",
            "node_filter_query": "",
            "notification": [],
            "option": [],
            "preserve_options_order": null,
            "project_name": "Project4",
            "rank_attribute": "",
            "rank_order": "ascending",
            "retry": "",
            "schedule": "0/15 0 * * * * *",
            "schedule_enabled": true,
            "success_on_empty_node_filter": null,
            "time_zone": "",
            "timeout": null
          },
          "sensitive_attributes": [],
          "private": "bnVsbA==",
          "dependencies": [
            "rundeck_project.Project4"
          ]
        },
        {
          "index_key": 38,
          "schema_version": 0,
          "attributes": {
            "allow_concurrent_executions": false,
            "command": [
              {
                "description": "",
                "error_handler": [],
                "inline_script": "",
                "job": [],
                "keep_going_on_success": false,
                "node_step_plugin": [],
                "script_file": "",
                "script_file_args": "",
                "script_interpreter": [],
                "shell_command": "hostname",
                "step_plugin": []
              }
            ],
            "command_ordering_strategy": "node-first",
            "continue_next_node_on_error": false,
            "continue_on_error": false,
            "description": "Restart the service daemons on all the web servers",
            "execution_enabled": true,
            "global_log_filter": [],
            "group_name": "",
            "id": "c12e600e-59b0-47d5-a27a-127bf894c1fe",
            "log_level": "INFO",
            "max_thread_count": 1,
            "name": "jobP4-38",
            "node_filter_exclude_precedence": false,
            "node_filter_exclude_query": "",
            "node_filter_query": "",
            "notification": [],
            "option": [],
            "preserve_options_order": null,
            "project_name": "Project4",
            "rank_attribute": "",
            "rank_order": "ascending",
            "retry": "",
            "schedule": "0/15 0 * * * * *",
            "schedule_enabled": true,
            "success_on_empty_node_filter": null,
            "time_zone": "",
            "timeout": null
          },
          "sensitive_attributes": [],
          "private": "bnVsbA==",
          "dependencies": [
            "rundeck_project.Project4"
          ]
        },
        {
          "index_key": 39,
          "schema_version": 0,
          "attributes": {
            "allow_concurrent_executions": false,
            "command": [
              {
                "description": "",
                "error_handler": [],
                "inline_script": "",
                "job": [],
                "keep_going_on_success": false,
                "node_step_plugin": [],
                "script_file": "",
                "script_file_args": "",
                "script_interpreter": [],
                "shell_command": "hostname",
                "step_plugin": []
              }
            ],
            "command_ordering_strategy": "node-first",
            "continue_next_node_on_error": false,
            "continue_on_error": false,
            "description": "Restart the service daemons on all the web servers",
            "execution_enabled": true,
            "global_log_filter": [],
            "group_name": "",
            "id": "f7409e51-5b13-4f68-9954-f2ec569757c0",
            "log_level": "INFO",
            "max_thread_count": 1,
            "name": "jobP4-39",
            "node_filter_exclude_precedence": false,
            "node_filter_exclude_query": "",
            "node_filter_query": "",
            "notification": [],
            "option": [],
            "preserve_options_order": null,
            "project_name": "Project4",
            "rank_attribute": "",
            "rank_order": "ascending",
            "retry": "",
            "schedule": "0/15 0 * * * * *",
            "schedule_enabled": true,
            "success_on_empty_node_filter": null,
            "time_zone": "",
            "timeout": null
          },
          "sensitive_attributes": [],
          "private": "bnVsbA==",
          "dependencies": [
            "rundeck_project.Project4"
          ]
        },
        {
          "index_key": 40,
          "schema_version": 0,
          "attributes": {
            "allow_concurrent_executions": false,
            "command": [
              {
                "description": "",
                "error_handler": [],
                "inline_script": "",
                "job": [],
                "keep_going_on_success": false,
                "node_step_plugin": [],
                "script_file": "",
                "script_file_args": "",
                "script_interpreter": [],
                "shell_command": "hostname",
                "step_plugin": []
              }
            ],
            "command_ordering_strategy": "node-first",
            "continue_next_node_on_error": false,
            "continue_on_error": false,
            "description": "Restart the service daemons on all the web servers",
            "execution_enabled": true,
            "global_log_filter": [],
            "group_name": "",
            "id": "b02526fb-008a-4ab2-a453-a982e78fca1f",
            "log_level": "INFO",
            "max_thread_count": 1,
            "name": "jobP4-40",
            "node_filter_exclude_precedence": false,
            "node_filter_exclude_query": "",
            "node_filter_query": "",
            "notification": [],
            "option": [],
            "preserve_options_order": null,
            "project_name": "Project4",
            "rank_attribute": "",
            "rank_order": "ascending",
            "retry": "",
            "schedule": "0/15 0 * * * * *",
            "schedule_enabled": true,
            "success_on_empty_node_filter": null,
            "time_zone": "",
            "timeout": null
          },
          "sensitive_attributes": [],
          "private": "bnVsbA==",
          "dependencies": [
            "rundeck_project.Project4"
          ]
        },
        {
          "index_key": 41,
          "schema_version": 0,
          "attributes": {
            "allow_concurrent_executions": false,
            "command": [
              {
                "description": "",
                "error_handler": [],
                "inline_script": "",
                "job": [],
                "keep_going_on_success": false,
                "node_step_plugin": [],
                "script_file": "",
                "script_file_args": "",
                "script_interpreter": [],
                "shell_command": "hostname",
                "step_plugin": []
              }
            ],
            "command_ordering_strategy": "node-first",
            "continue_next_node_on_error": false,
            "continue_on_error": false,
            "description": "Restart the service daemons on all the web servers",
            "execution_enabled": true,
            "global_log_filter": [],
            "group_name": "",
            "id": "fce6886e-3e0e-4994-ba3e-b7fd948c51f3",
            "log_level": "INFO",
            "max_thread_count": 1,
            "name": "jobP4-41",
            "node_filter_exclude_precedence": false,
            "node_filter_exclude_query": "",
            "node_filter_query": "",
            "notification": [],
            "option": [],
            "preserve_options_order": null,
            "project_name": "Project4",
            "rank_attribute": "",
            "rank_order": "ascending",
            "retry": "",
            "schedule": "0/15 0 * * * * *",
            "schedule_enabled": true,
            "success_on_empty_node_filter": null,
            "time_zone": "",
            "timeout": null
          },
          "sensitive_attributes": [],
          "private": "bnVsbA==",
          "dependencies": [
            "rundeck_project.Project4"
          ]
        },
        {
          "index_key": 42,
          "schema_version": 0,
          "attributes": {
            "allow_concurrent_executions": false,
            "command": [
              {
                "description": "",
                "error_handler": [],
                "inline_script": "",
                "job": [],
                "keep_going_on_success": false,
                "node_step_plugin": [],
                "script_file": "",
                "script_file_args": "",
                "script_interpreter": [],
                "shell_command": "hostname",
                "step_plugin": []
              }
            ],
            "command_ordering_strategy": "node-first",
            "continue_next_node_on_error": false,
            "continue_on_error": false,
            "description": "Restart the service daemons on all the web servers",
            "execution_enabled": true,
            "global_log_filter": [],
            "group_name": "",
            "id": "31972150-82d4-439c-a4e1-9939a5bbf978",
            "log_level": "INFO",
            "max_thread_count": 1,
            "name": "jobP4-42",
            "node_filter_exclude_precedence": false,
            "node_filter_exclude_query": "",
            "node_filter_query": "",
            "notification": [],
            "option": [],
            "preserve_options_order": null,
            "project_name": "Project4",
            "rank_attribute": "",
            "rank_order": "ascending",
            "retry": "",
            "schedule": "0/15 0 * * * * *",
            "schedule_enabled": true,
            "success_on_empty_node_filter": null,
            "time_zone": "",
            "timeout": null
          },
          "sensitive_attributes": [],
          "private": "bnVsbA==",
          "dependencies": [
            "rundeck_project.Project4"
          ]
        },
        {
          "index_key": 43,
          "schema_version": 0,
          "attributes": {
            "allow_concurrent_executions": false,
            "command": [
              {
                "description": "",
                "error_handler": [],
                "inline_script": "",
                "job": [],
                "keep_going_on_success": false,
                "node_step_plugin": [],
                "script_file": "",
                "script_file_args": "",
                "script_interpreter": [],
                "shell_command": "hostname",
                "step_plugin": []
              }
            ],
            "command_ordering_strategy": "node-first",
            "continue_next_node_on_error": false,
            "continue_on_error": false,
            "description": "Restart the service daemons on all the web servers",
            "execution_enabled": true,
            "global_log_filter": [],
            "group_name": "",
            "id": "80126a9f-4ec7-4778-b52a-e44588170373",
            "log_level": "INFO",
            "max_thread_count": 1,
            "name": "jobP4-43",
            "node_filter_exclude_precedence": false,
            "node_filter_exclude_query": "",
            "node_filter_query": "",
            "notification": [],
            "option": [],
            "preserve_options_order": null,
            "project_name": "Project4",
            "rank_attribute": "",
            "rank_order": "ascending",
            "retry": "",
            "schedule": "0/15 0 * * * * *",
            "schedule_enabled": true,
            "success_on_empty_node_filter": null,
            "time_zone": "",
            "timeout": null
          },
          "sensitive_attributes": [],
          "private": "bnVsbA==",
          "dependencies": [
            "rundeck_project.Project4"
          ]
        },
        {
          "index_key": 44,
          "schema_version": 0,
          "attributes": {
            "allow_concurrent_executions": false,
            "command": [
              {
                "description": "",
                "error_handler": [],
                "inline_script": "",
                "job": [],
                "keep_going_on_success": false,
                "node_step_plugin": [],
                "script_file": "",
                "script_file_args": "",
                "script_interpreter": [],
                "shell_command": "hostname",
                "step_plugin": []
              }
            ],
            "command_ordering_strategy": "node-first",
            "continue_next_node_on_error": false,
            "continue_on_error": false,
            "description": "Restart the service daemons on all the web servers",
            "execution_enabled": true,
            "global_log_filter": [],
            "group_name": "",
            "id": "ee4e5340-7795-4c30-ad9f-9a30ccf1129d",
            "log_level": "INFO",
            "max_thread_count": 1,
            "name": "jobP4-44",
            "node_filter_exclude_precedence": false,
            "node_filter_exclude_query": "",
            "node_filter_query": "",
            "notification": [],
            "option": [],
            "preserve_options_order": null,
            "project_name": "Project4",
            "rank_attribute": "",
            "rank_order": "ascending",
            "retry": "",
            "schedule": "0/15 0 * * * * *",
            "schedule_enabled": true,
            "success_on_empty_node_filter": null,
            "time_zone": "",
            "timeout": null
          },
          "sensitive_attributes": [],
          "private": "bnVsbA==",
          "dependencies": [
            "rundeck_project.Project4"
          ]
        },
        {
          "index_key": 45,
          "schema_version": 0,
          "attributes": {
            "allow_concurrent_executions": false,
            "command": [
              {
                "description": "",
                "error_handler": [],
                "inline_script": "",
                "job": [],
                "keep_going_on_success": false,
                "node_step_plugin": [],
                "script_file": "",
                "script_file_args": "",
                "script_interpreter": [],
                "shell_command": "hostname",
                "step_plugin": []
              }
            ],
            "command_ordering_strategy": "node-first",
            "continue_next_node_on_error": false,
            "continue_on_error": false,
            "description": "Restart the service daemons on all the web servers",
            "execution_enabled": true,
            "global_log_filter": [],
            "group_name": "",
            "id": "b54ed92f-7413-4a48-90bd-94729700cc18",
            "log_level": "INFO",
            "max_thread_count": 1,
            "name": "jobP4-45",
            "node_filter_exclude_precedence": false,
            "node_filter_exclude_query": "",
            "node_filter_query": "",
            "notification": [],
            "option": [],
            "preserve_options_order": null,
            "project_name": "Project4",
            "rank_attribute": "",
            "rank_order": "ascending",
            "retry": "",
            "schedule": "0/15 0 * * * * *",
            "schedule_enabled": true,
            "success_on_empty_node_filter": null,
            "time_zone": "",
            "timeout": null
          },
          "sensitive_attributes": [],
          "private": "bnVsbA==",
          "dependencies": [
            "rundeck_project.Project4"
          ]
        },
        {
          "index_key": 46,
          "schema_version": 0,
          "attributes": {
            "allow_concurrent_executions": false,
            "command": [
              {
                "description": "",
                "error_handler": [],
                "inline_script": "",
                "job": [],
                "keep_going_on_success": false,
                "node_step_plugin": [],
                "script_file": "",
                "script_file_args": "",
                "script_interpreter": [],
                "shell_command": "hostname",
                "step_plugin": []
              }
            ],
            "command_ordering_strategy": "node-first",
            "continue_next_node_on_error": false,
            "continue_on_error": false,
            "description": "Restart the service daemons on all the web servers",
            "execution_enabled": true,
            "global_log_filter": [],
            "group_name": "",
            "id": "2e7efd06-409f-4193-ae3b-5f4e97f39e63",
            "log_level": "INFO",
            "max_thread_count": 1,
            "name": "jobP4-46",
            "node_filter_exclude_precedence": false,
            "node_filter_exclude_query": "",
            "node_filter_query": "",
            "notification": [],
            "option": [],
            "preserve_options_order": null,
            "project_name": "Project4",
            "rank_attribute": "",
            "rank_order": "ascending",
            "retry": "",
            "schedule": "0/15 0 * * * * *",
            "schedule_enabled": true,
            "success_on_empty_node_filter": null,
            "time_zone": "",
            "timeout": null
          },
          "sensitive_attributes": [],
          "private": "bnVsbA==",
          "dependencies": [
            "rundeck_project.Project4"
          ]
        },
        {
          "index_key": 47,
          "schema_version": 0,
          "attributes": {
            "allow_concurrent_executions": false,
            "command": [
              {
                "description": "",
                "error_handler": [],
                "inline_script": "",
                "job": [],
                "keep_going_on_success": false,
                "node_step_plugin": [],
                "script_file": "",
                "script_file_args": "",
                "script_interpreter": [],
                "shell_command": "hostname",
                "step_plugin": []
              }
            ],
            "command_ordering_strategy": "node-first",
            "continue_next_node_on_error": false,
            "continue_on_error": false,
            "description": "Restart the service daemons on all the web servers",
            "execution_enabled": true,
            "global_log_filter": [],
            "group_name": "",
            "id": "644285e3-9085-4b2f-938b-6c8f26478225",
            "log_level": "INFO",
            "max_thread_count": 1,
            "name": "jobP4-47",
            "node_filter_exclude_precedence": false,
            "node_filter_exclude_query": "",
            "node_filter_query": "",
            "notification": [],
            "option": [],
            "preserve_options_order": null,
            "project_name": "Project4",
            "rank_attribute": "",
            "rank_order": "ascending",
            "retry": "",
            "schedule": "0/15 0 * * * * *",
            "schedule_enabled": true,
            "success_on_empty_node_filter": null,
            "time_zone": "",
            "timeout": null
          },
          "sensitive_attributes": [],
          "private": "bnVsbA==",
          "dependencies": [
            "rundeck_project.Project4"
          ]
        },
        {
          "index_key": 48,
          "schema_version": 0,
          "attributes": {
            "allow_concurrent_executions": false,
            "command": [
              {
                "description": "",
                "error_handler": [],
                "inline_script": "",
                "job": [],
                "keep_going_on_success": false,
                "node_step_plugin": [],
                "script_file": "",
                "script_file_args": "",
                "script_interpreter": [],
                "shell_command": "hostname",
                "step_plugin": []
              }
            ],
            "command_ordering_strategy": "node-first",
            "continue_next_node_on_error": false,
            "continue_on_error": false,
            "description": "Restart the service daemons on all the web servers",
            "execution_enabled": true,
            "global_log_filter": [],
            "group_name": "",
            "id": "43f15ffc-623b-4b9d-b8be-713f1ac63a50",
            "log_level": "INFO",
            "max_thread_count": 1,
            "name": "jobP4-48",
            "node_filter_exclude_precedence": false,
            "node_filter_exclude_query": "",
            "node_filter_query": "",
            "notification": [],
            "option": [],
            "preserve_options_order": null,
            "project_name": "Project4",
            "rank_attribute": "",
            "rank_order": "ascending",
            "retry": "",
            "schedule": "0/15 0 * * * * *",
            "schedule_enabled": true,
            "success_on_empty_node_filter": null,
            "time_zone": "",
            "timeout": null
          },
          "sensitive_attributes": [],
          "private": "bnVsbA==",
          "dependencies": [
            "rundeck_project.Project4"
          ]
        },
        {
          "index_key": 49,
          "schema_version": 0,
          "attributes": {
            "allow_concurrent_executions": false,
            "command": [
              {
                "description": "",
                "error_handler": [],
                "inline_script": "",
                "job": [],
                "keep_going_on_success": false,
                "node_step_plugin": [],
                "script_file": "",
                "script_file_args": "",
                "script_interpreter": [],
                "shell_command": "hostname",
                "step_plugin": []
              }
            ],
            "command_ordering_strategy": "node-first",
            "continue_next_node_on_error": false,
            "continue_on_error": false,
            "description": "Restart the service daemons on all the web servers",
            "execution_enabled": true,
            "global_log_filter": [],
            "group_name": "",
            "id": "911e3d7c-383d-461d-b6ce-ed8b60805ca4",
            "log_level": "INFO",
            "max_thread_count": 1,
            "name": "jobP4-49",
            "node_filter_exclude_precedence": false,
            "node_filter_exclude_query": "",
            "node_filter_query": "",
            "notification": [],
            "option": [],
            "preserve_options_order": null,
            "project_name": "Project4",
            "rank_attribute": "",
            "rank_order": "ascending",
            "retry": "",
            "schedule": "0/15 0 * * * * *",
            "schedule_enabled": true,
            "success_on_empty_node_filter": null,
            "time_zone": "",
            "timeout": null
          },
          "sensitive_attributes": [],
          "private": "bnVsbA==",
          "dependencies": [
            "rundeck_project.Project4"
          ]
        },
        {
          "index_key": 50,
          "schema_version": 0,
          "attributes": {
            "allow_concurrent_executions": false,
            "command": [
              {
                "description": "",
                "error_handler": [],
                "inline_script": "",
                "job": [],
                "keep_going_on_success": false,
                "node_step_plugin": [],
                "script_file": "",
                "script_file_args": "",
                "script_interpreter": [],
                "shell_command": "hostname",
                "step_plugin": []
              }
            ],
            "command_ordering_strategy": "node-first",
            "continue_next_node_on_error": false,
            "continue_on_error": false,
            "description": "Restart the service daemons on all the web servers",
            "execution_enabled": true,
            "global_log_filter": [],
            "group_name": "",
            "id": "b1466b6f-42a0-40ef-a0c6-ce7b5d15bc97",
            "log_level": "INFO",
            "max_thread_count": 1,
            "name": "jobP4-50",
            "node_filter_exclude_precedence": false,
            "node_filter_exclude_query": "",
            "node_filter_query": "",
            "notification": [],
            "option": [],
            "preserve_options_order": null,
            "project_name": "Project4",
            "rank_attribute": "",
            "rank_order": "ascending",
            "retry": "",
            "schedule": "0/15 0 * * * * *",
            "schedule_enabled": true,
            "success_on_empty_node_filter": null,
            "time_zone": "",
            "timeout": null
          },
          "sensitive_attributes": [],
          "private": "bnVsbA==",
          "dependencies": [
            "rundeck_project.Project4"
          ]
        },
        {
          "index_key": 51,
          "schema_version": 0,
          "attributes": {
            "allow_concurrent_executions": false,
            "command": [
              {
                "description": "",
                "error_handler": [],
                "inline_script": "",
                "job": [],
                "keep_going_on_success": false,
                "node_step_plugin": [],
                "script_file": "",
                "script_file_args": "",
                "script_interpreter": [],
                "shell_command": "hostname",
                "step_plugin": []
              }
            ],
            "command_ordering_strategy": "node-first",
            "continue_next_node_on_error": false,
            "continue_on_error": false,
            "description": "Restart the service daemons on all the web servers",
            "execution_enabled": true,
            "global_log_filter": [],
            "group_name": "",
            "id": "b3933bb9-f9a3-4b2f-b295-7a65df5cd18a",
            "log_level": "INFO",
            "max_thread_count": 1,
            "name": "jobP4-51",
            "node_filter_exclude_precedence": false,
            "node_filter_exclude_query": "",
            "node_filter_query": "",
            "notification": [],
            "option": [],
            "preserve_options_order": null,
            "project_name": "Project4",
            "rank_attribute": "",
            "rank_order": "ascending",
            "retry": "",
            "schedule": "0/15 0 * * * * *",
            "schedule_enabled": true,
            "success_on_empty_node_filter": null,
            "time_zone": "",
            "timeout": null
          },
          "sensitive_attributes": [],
          "private": "bnVsbA==",
          "dependencies": [
            "rundeck_project.Project4"
          ]
        },
        {
          "index_key": 52,
          "schema_version": 0,
          "attributes": {
            "allow_concurrent_executions": false,
            "command": [
              {
                "description": "",
                "error_handler": [],
                "inline_script": "",
                "job": [],
                "keep_going_on_success": false,
                "node_step_plugin": [],
                "script_file": "",
                "script_file_args": "",
                "script_interpreter": [],
                "shell_command": "hostname",
                "step_plugin": []
              }
            ],
            "command_ordering_strategy": "node-first",
            "continue_next_node_on_error": false,
            "continue_on_error": false,
            "description": "Restart the service daemons on all the web servers",
            "execution_enabled": true,
            "global_log_filter": [],
            "group_name": "",
            "id": "4eea9ee6-b551-49d9-b275-e7af549fbb17",
            "log_level": "INFO",
            "max_thread_count": 1,
            "name": "jobP4-52",
            "node_filter_exclude_precedence": false,
            "node_filter_exclude_query": "",
            "node_filter_query": "",
            "notification": [],
            "option": [],
            "preserve_options_order": null,
            "project_name": "Project4",
            "rank_attribute": "",
            "rank_order": "ascending",
            "retry": "",
            "schedule": "0/15 0 * * * * *",
            "schedule_enabled": true,
            "success_on_empty_node_filter": null,
            "time_zone": "",
            "timeout": null
          },
          "sensitive_attributes": [],
          "private": "bnVsbA==",
          "dependencies": [
            "rundeck_project.Project4"
          ]
        },
        {
          "index_key": 53,
          "schema_version": 0,
          "attributes": {
            "allow_concurrent_executions": false,
            "command": [
              {
                "description": "",
                "error_handler": [],
                "inline_script": "",
                "job": [],
                "keep_going_on_success": false,
                "node_step_plugin": [],
                "script_file": "",
                "script_file_args": "",
                "script_interpreter": [],
                "shell_command": "hostname",
                "step_plugin": []
              }
            ],
            "command_ordering_strategy": "node-first",
            "continue_next_node_on_error": false,
            "continue_on_error": false,
            "description": "Restart the service daemons on all the web servers",
            "execution_enabled": true,
            "global_log_filter": [],
            "group_name": "",
            "id": "2fac8888-4224-4b29-9115-692ec71f695b",
            "log_level": "INFO",
            "max_thread_count": 1,
            "name": "jobP4-53",
            "node_filter_exclude_precedence": false,
            "node_filter_exclude_query": "",
            "node_filter_query": "",
            "notification": [],
            "option": [],
            "preserve_options_order": null,
            "project_name": "Project4",
            "rank_attribute": "",
            "rank_order": "ascending",
            "retry": "",
            "schedule": "0/15 0 * * * * *",
            "schedule_enabled": true,
            "success_on_empty_node_filter": null,
            "time_zone": "",
            "timeout": null
          },
          "sensitive_attributes": [],
          "private": "bnVsbA==",
          "dependencies": [
            "rundeck_project.Project4"
          ]
        },
        {
          "index_key": 54,
          "schema_version": 0,
          "attributes": {
            "allow_concurrent_executions": false,
            "command": [
              {
                "description": "",
                "error_handler": [],
                "inline_script": "",
                "job": [],
                "keep_going_on_success": false,
                "node_step_plugin": [],
                "script_file": "",
                "script_file_args": "",
                "script_interpreter": [],
                "shell_command": "hostname",
                "step_plugin": []
              }
            ],
            "command_ordering_strategy": "node-first",
            "continue_next_node_on_error": false,
            "continue_on_error": false,
            "description": "Restart the service daemons on all the web servers",
            "execution_enabled": true,
            "global_log_filter": [],
            "group_name": "",
            "id": "bac767f3-5731-4d1c-bbb8-e9848ded6c4b",
            "log_level": "INFO",
            "max_thread_count": 1,
            "name": "jobP4-54",
            "node_filter_exclude_precedence": false,
            "node_filter_exclude_query": "",
            "node_filter_query": "",
            "notification": [],
            "option": [],
            "preserve_options_order": null,
            "project_name": "Project4",
            "rank_attribute": "",
            "rank_order": "ascending",
            "retry": "",
            "schedule": "0/15 0 * * * * *",
            "schedule_enabled": true,
            "success_on_empty_node_filter": null,
            "time_zone": "",
            "timeout": null
          },
          "sensitive_attributes": [],
          "private": "bnVsbA==",
          "dependencies": [
            "rundeck_project.Project4"
          ]
        },
        {
          "index_key": 55,
          "schema_version": 0,
          "attributes": {
            "allow_concurrent_executions": false,
            "command": [
              {
                "description": "",
                "error_handler": [],
                "inline_script": "",
                "job": [],
                "keep_going_on_success": false,
                "node_step_plugin": [],
                "script_file": "",
                "script_file_args": "",
                "script_interpreter": [],
                "shell_command": "hostname",
                "step_plugin": []
              }
            ],
            "command_ordering_strategy": "node-first",
            "continue_next_node_on_error": false,
            "continue_on_error": false,
            "description": "Restart the service daemons on all the web servers",
            "execution_enabled": true,
            "global_log_filter": [],
            "group_name": "",
            "id": "c5c7a5e9-0bac-4ea6-bceb-8a9728425fe1",
            "log_level": "INFO",
            "max_thread_count": 1,
            "name": "jobP4-55",
            "node_filter_exclude_precedence": false,
            "node_filter_exclude_query": "",
            "node_filter_query": "",
            "notification": [],
            "option": [],
            "preserve_options_order": null,
            "project_name": "Project4",
            "rank_attribute": "",
            "rank_order": "ascending",
            "retry": "",
            "schedule": "0/15 0 * * * * *",
            "schedule_enabled": true,
            "success_on_empty_node_filter": null,
            "time_zone": "",
            "timeout": null
          },
          "sensitive_attributes": [],
          "private": "bnVsbA==",
          "dependencies": [
            "rundeck_project.Project4"
          ]
        },
        {
          "index_key": 56,
          "schema_version": 0,
          "attributes": {
            "allow_concurrent_executions": false,
            "command": [
              {
                "description": "",
                "error_handler": [],
                "inline_script": "",
                "job": [],
                "keep_going_on_success": false,
                "node_step_plugin": [],
                "script_file": "",
                "script_file_args": "",
                "script_interpreter": [],
                "shell_command": "hostname",
                "step_plugin": []
              }
            ],
            "command_ordering_strategy": "node-first",
            "continue_next_node_on_error": false,
            "continue_on_error": false,
            "description": "Restart the service daemons on all the web servers",
            "execution_enabled": true,
            "global_log_filter": [],
            "group_name": "",
            "id": "5f337e76-2e2f-4f23-8dd6-55b38e531f24",
            "log_level": "INFO",
            "max_thread_count": 1,
            "name": "jobP4-56",
            "node_filter_exclude_precedence": false,
            "node_filter_exclude_query": "",
            "node_filter_query": "",
            "notification": [],
            "option": [],
            "preserve_options_order": null,
            "project_name": "Project4",
            "rank_attribute": "",
            "rank_order": "ascending",
            "retry": "",
            "schedule": "0/15 0 * * * * *",
            "schedule_enabled": true,
            "success_on_empty_node_filter": null,
            "time_zone": "",
            "timeout": null
          },
          "sensitive_attributes": [],
          "private": "bnVsbA==",
          "dependencies": [
            "rundeck_project.Project4"
          ]
        },
        {
          "index_key": 57,
          "schema_version": 0,
          "attributes": {
            "allow_concurrent_executions": false,
            "command": [
              {
                "description": "",
                "error_handler": [],
                "inline_script": "",
                "job": [],
                "keep_going_on_success": false,
                "node_step_plugin": [],
                "script_file": "",
                "script_file_args": "",
                "script_interpreter": [],
                "shell_command": "hostname",
                "step_plugin": []
              }
            ],
            "command_ordering_strategy": "node-first",
            "continue_next_node_on_error": false,
            "continue_on_error": false,
            "description": "Restart the service daemons on all the web servers",
            "execution_enabled": true,
            "global_log_filter": [],
            "group_name": "",
            "id": "e663a3d4-5b91-456a-bde9-2bb121331b6d",
            "log_level": "INFO",
            "max_thread_count": 1,
            "name": "jobP4-57",
            "node_filter_exclude_precedence": false,
            "node_filter_exclude_query": "",
            "node_filter_query": "",
            "notification": [],
            "option": [],
            "preserve_options_order": null,
            "project_name": "Project4",
            "rank_attribute": "",
            "rank_order": "ascending",
            "retry": "",
            "schedule": "0/15 0 * * * * *",
            "schedule_enabled": true,
            "success_on_empty_node_filter": null,
            "time_zone": "",
            "timeout": null
          },
          "sensitive_attributes": [],
          "private": "bnVsbA==",
          "dependencies": [
            "rundeck_project.Project4"
          ]
        },
        {
          "index_key": 58,
          "schema_version": 0,
          "attributes": {
            "allow_concurrent_executions": false,
            "command": [
              {
                "description": "",
                "error_handler": [],
                "inline_script": "",
                "job": [],
                "keep_going_on_success": false,
                "node_step_plugin": [],
                "script_file": "",
                "script_file_args": "",
                "script_interpreter": [],
                "shell_command": "hostname",
                "step_plugin": []
              }
            ],
            "command_ordering_strategy": "node-first",
            "continue_next_node_on_error": false,
            "continue_on_error": false,
            "description": "Restart the service daemons on all the web servers",
            "execution_enabled": true,
            "global_log_filter": [],
            "group_name": "",
            "id": "d0c1e76d-b006-4176-8d4c-cb476d4978a2",
            "log_level": "INFO",
            "max_thread_count": 1,
            "name": "jobP4-58",
            "node_filter_exclude_precedence": false,
            "node_filter_exclude_query": "",
            "node_filter_query": "",
            "notification": [],
            "option": [],
            "preserve_options_order": null,
            "project_name": "Project4",
            "rank_attribute": "",
            "rank_order": "ascending",
            "retry": "",
            "schedule": "0/15 0 * * * * *",
            "schedule_enabled": true,
            "success_on_empty_node_filter": null,
            "time_zone": "",
            "timeout": null
          },
          "sensitive_attributes": [],
          "private": "bnVsbA==",
          "dependencies": [
            "rundeck_project.Project4"
          ]
        },
        {
          "index_key": 59,
          "schema_version": 0,
          "attributes": {
            "allow_concurrent_executions": false,
            "command": [
              {
                "description": "",
                "error_handler": [],
                "inline_script": "",
                "job": [],
                "keep_going_on_success": false,
                "node_step_plugin": [],
                "script_file": "",
                "script_file_args": "",
                "script_interpreter": [],
                "shell_command": "hostname",
                "step_plugin": []
              }
            ],
            "command_ordering_strategy": "node-first",
            "continue_next_node_on_error": false,
            "continue_on_error": false,
            "description": "Restart the service daemons on all the web servers",
            "execution_enabled": true,
            "global_log_filter": [],
            "group_name": "",
            "id": "b419d254-cab0-47aa-8502-d88c70da172f",
            "log_level": "INFO",
            "max_thread_count": 1,
            "name": "jobP4-59",
            "node_filter_exclude_precedence": false,
            "node_filter_exclude_query": "",
            "node_filter_query": "",
            "notification": [],
            "option": [],
            "preserve_options_order": null,
            "project_name": "Project4",
            "rank_attribute": "",
            "rank_order": "ascending",
            "retry": "",
            "schedule": "0/15 0 * * * * *",
            "schedule_enabled": true,
            "success_on_empty_node_filter": null,
            "time_zone": "",
            "timeout": null
          },
          "sensitive_attributes": [],
          "private": "bnVsbA==",
          "dependencies": [
            "rundeck_project.Project4"
          ]
        },
        {
          "index_key": 60,
          "schema_version": 0,
          "attributes": {
            "allow_concurrent_executions": false,
            "command": [
              {
                "description": "",
                "error_handler": [],
                "inline_script": "",
                "job": [],
                "keep_going_on_success": false,
                "node_step_plugin": [],
                "script_file": "",
                "script_file_args": "",
                "script_interpreter": [],
                "shell_command": "hostname",
                "step_plugin": []
              }
            ],
            "command_ordering_strategy": "node-first",
            "continue_next_node_on_error": false,
            "continue_on_error": false,
            "description": "Restart the service daemons on all the web servers",
            "execution_enabled": true,
            "global_log_filter": [],
            "group_name": "",
            "id": "80290671-58f3-44e5-9a75-6be883e10307",
            "log_level": "INFO",
            "max_thread_count": 1,
            "name": "jobP4-60",
            "node_filter_exclude_precedence": false,
            "node_filter_exclude_query": "",
            "node_filter_query": "",
            "notification": [],
            "option": [],
            "preserve_options_order": null,
            "project_name": "Project4",
            "rank_attribute": "",
            "rank_order": "ascending",
            "retry": "",
            "schedule": "0/15 0 * * * * *",
            "schedule_enabled": true,
            "success_on_empty_node_filter": null,
            "time_zone": "",
            "timeout": null
          },
          "sensitive_attributes": [],
          "private": "bnVsbA==",
          "dependencies": [
            "rundeck_project.Project4"
          ]
        },
        {
          "index_key": 61,
          "schema_version": 0,
          "attributes": {
            "allow_concurrent_executions": false,
            "command": [
              {
                "description": "",
                "error_handler": [],
                "inline_script": "",
                "job": [],
                "keep_going_on_success": false,
                "node_step_plugin": [],
                "script_file": "",
                "script_file_args": "",
                "script_interpreter": [],
                "shell_command": "hostname",
                "step_plugin": []
              }
            ],
            "command_ordering_strategy": "node-first",
            "continue_next_node_on_error": false,
            "continue_on_error": false,
            "description": "Restart the service daemons on all the web servers",
            "execution_enabled": true,
            "global_log_filter": [],
            "group_name": "",
            "id": "736bc70f-80c8-41b2-8700-0a2c5a2fe5ab",
            "log_level": "INFO",
            "max_thread_count": 1,
            "name": "jobP4-61",
            "node_filter_exclude_precedence": false,
            "node_filter_exclude_query": "",
            "node_filter_query": "",
            "notification": [],
            "option": [],
            "preserve_options_order": null,
            "project_name": "Project4",
            "rank_attribute": "",
            "rank_order": "ascending",
            "retry": "",
            "schedule": "0/15 0 * * * * *",
            "schedule_enabled": true,
            "success_on_empty_node_filter": null,
            "time_zone": "",
            "timeout": null
          },
          "sensitive_attributes": [],
          "private": "bnVsbA==",
          "dependencies": [
            "rundeck_project.Project4"
          ]
        },
        {
          "index_key": 62,
          "schema_version": 0,
          "attributes": {
            "allow_concurrent_executions": false,
            "command": [
              {
                "description": "",
                "error_handler": [],
                "inline_script": "",
                "job": [],
                "keep_going_on_success": false,
                "node_step_plugin": [],
                "script_file": "",
                "script_file_args": "",
                "script_interpreter": [],
                "shell_command": "hostname",
                "step_plugin": []
              }
            ],
            "command_ordering_strategy": "node-first",
            "continue_next_node_on_error": false,
            "continue_on_error": false,
            "description": "Restart the service daemons on all the web servers",
            "execution_enabled": true,
            "global_log_filter": [],
            "group_name": "",
            "id": "83a4d027-7c32-4774-af99-902af6342cbd",
            "log_level": "INFO",
            "max_thread_count": 1,
            "name": "jobP4-62",
            "node_filter_exclude_precedence": false,
            "node_filter_exclude_query": "",
            "node_filter_query": "",
            "notification": [],
            "option": [],
            "preserve_options_order": null,
            "project_name": "Project4",
            "rank_attribute": "",
            "rank_order": "ascending",
            "retry": "",
            "schedule": "0/15 0 * * * * *",
            "schedule_enabled": true,
            "success_on_empty_node_filter": null,
            "time_zone": "",
            "timeout": null
          },
          "sensitive_attributes": [],
          "private": "bnVsbA==",
          "dependencies": [
            "rundeck_project.Project4"
          ]
        },
        {
          "index_key": 63,
          "schema_version": 0,
          "attributes": {
            "allow_concurrent_executions": false,
            "command": [
              {
                "description": "",
                "error_handler": [],
                "inline_script": "",
                "job": [],
                "keep_going_on_success": false,
                "node_step_plugin": [],
                "script_file": "",
                "script_file_args": "",
                "script_interpreter": [],
                "shell_command": "hostname",
                "step_plugin": []
              }
            ],
            "command_ordering_strategy": "node-first",
            "continue_next_node_on_error": false,
            "continue_on_error": false,
            "description": "Restart the service daemons on all the web servers",
            "execution_enabled": true,
            "global_log_filter": [],
            "group_name": "",
            "id": "b8ffebe8-580f-4a40-990d-a590e98c4a4c",
            "log_level": "INFO",
            "max_thread_count": 1,
            "name": "jobP4-63",
            "node_filter_exclude_precedence": false,
            "node_filter_exclude_query": "",
            "node_filter_query": "",
            "notification": [],
            "option": [],
            "preserve_options_order": null,
            "project_name": "Project4",
            "rank_attribute": "",
            "rank_order": "ascending",
            "retry": "",
            "schedule": "0/15 0 * * * * *",
            "schedule_enabled": true,
            "success_on_empty_node_filter": null,
            "time_zone": "",
            "timeout": null
          },
          "sensitive_attributes": [],
          "private": "bnVsbA==",
          "dependencies": [
            "rundeck_project.Project4"
          ]
        },
        {
          "index_key": 64,
          "schema_version": 0,
          "attributes": {
            "allow_concurrent_executions": false,
            "command": [
              {
                "description": "",
                "error_handler": [],
                "inline_script": "",
                "job": [],
                "keep_going_on_success": false,
                "node_step_plugin": [],
                "script_file": "",
                "script_file_args": "",
                "script_interpreter": [],
                "shell_command": "hostname",
                "step_plugin": []
              }
            ],
            "command_ordering_strategy": "node-first",
            "continue_next_node_on_error": false,
            "continue_on_error": false,
            "description": "Restart the service daemons on all the web servers",
            "execution_enabled": true,
            "global_log_filter": [],
            "group_name": "",
            "id": "648a94e5-83b7-4f6f-8e63-fb198f64c10b",
            "log_level": "INFO",
            "max_thread_count": 1,
            "name": "jobP4-64",
            "node_filter_exclude_precedence": false,
            "node_filter_exclude_query": "",
            "node_filter_query": "",
            "notification": [],
            "option": [],
            "preserve_options_order": null,
            "project_name": "Project4",
            "rank_attribute": "",
            "rank_order": "ascending",
            "retry": "",
            "schedule": "0/15 0 * * * * *",
            "schedule_enabled": true,
            "success_on_empty_node_filter": null,
            "time_zone": "",
            "timeout": null
          },
          "sensitive_attributes": [],
          "private": "bnVsbA==",
          "dependencies": [
            "rundeck_project.Project4"
          ]
        },
        {
          "index_key": 65,
          "schema_version": 0,
          "attributes": {
            "allow_concurrent_executions": false,
            "command": [
              {
                "description": "",
                "error_handler": [],
                "inline_script": "",
                "job": [],
                "keep_going_on_success": false,
                "node_step_plugin": [],
                "script_file": "",
                "script_file_args": "",
                "script_interpreter": [],
                "shell_command": "hostname",
                "step_plugin": []
              }
            ],
            "command_ordering_strategy": "node-first",
            "continue_next_node_on_error": false,
            "continue_on_error": false,
            "description": "Restart the service daemons on all the web servers",
            "execution_enabled": true,
            "global_log_filter": [],
            "group_name": "",
            "id": "cdd22bc2-a355-4f9e-8385-5e2f58e85899",
            "log_level": "INFO",
            "max_thread_count": 1,
            "name": "jobP4-65",
            "node_filter_exclude_precedence": false,
            "node_filter_exclude_query": "",
            "node_filter_query": "",
            "notification": [],
            "option": [],
            "preserve_options_order": null,
            "project_name": "Project4",
            "rank_attribute": "",
            "rank_order": "ascending",
            "retry": "",
            "schedule": "0/15 0 * * * * *",
            "schedule_enabled": true,
            "success_on_empty_node_filter": null,
            "time_zone": "",
            "timeout": null
          },
          "sensitive_attributes": [],
          "private": "bnVsbA==",
          "dependencies": [
            "rundeck_project.Project4"
          ]
        },
        {
          "index_key": 66,
          "schema_version": 0,
          "attributes": {
            "allow_concurrent_executions": false,
            "command": [
              {
                "description": "",
                "error_handler": [],
                "inline_script": "",
                "job": [],
                "keep_going_on_success": false,
                "node_step_plugin": [],
                "script_file": "",
                "script_file_args": "",
                "script_interpreter": [],
                "shell_command": "hostname",
                "step_plugin": []
              }
            ],
            "command_ordering_strategy": "node-first",
            "continue_next_node_on_error": false,
            "continue_on_error": false,
            "description": "Restart the service daemons on all the web servers",
            "execution_enabled": true,
            "global_log_filter": [],
            "group_name": "",
            "id": "34248de0-54bb-4f9c-8152-7f3f34a7e84f",
            "log_level": "INFO",
            "max_thread_count": 1,
            "name": "jobP4-66",
            "node_filter_exclude_precedence": false,
            "node_filter_exclude_query": "",
            "node_filter_query": "",
            "notification": [],
            "option": [],
            "preserve_options_order": null,
            "project_name": "Project4",
            "rank_attribute": "",
            "rank_order": "ascending",
            "retry": "",
            "schedule": "0/15 0 * * * * *",
            "schedule_enabled": true,
            "success_on_empty_node_filter": null,
            "time_zone": "",
            "timeout": null
          },
          "sensitive_attributes": [],
          "private": "bnVsbA==",
          "dependencies": [
            "rundeck_project.Project4"
          ]
        },
        {
          "index_key": 67,
          "schema_version": 0,
          "attributes": {
            "allow_concurrent_executions": false,
            "command": [
              {
                "description": "",
                "error_handler": [],
                "inline_script": "",
                "job": [],
                "keep_going_on_success": false,
                "node_step_plugin": [],
                "script_file": "",
                "script_file_args": "",
                "script_interpreter": [],
                "shell_command": "hostname",
                "step_plugin": []
              }
            ],
            "command_ordering_strategy": "node-first",
            "continue_next_node_on_error": false,
            "continue_on_error": false,
            "description": "Restart the service daemons on all the web servers",
            "execution_enabled": true,
            "global_log_filter": [],
            "group_name": "",
            "id": "7f38566d-e575-4461-879d-681f34f66673",
            "log_level": "INFO",
            "max_thread_count": 1,
            "name": "jobP4-67",
            "node_filter_exclude_precedence": false,
            "node_filter_exclude_query": "",
            "node_filter_query": "",
            "notification": [],
            "option": [],
            "preserve_options_order": null,
            "project_name": "Project4",
            "rank_attribute": "",
            "rank_order": "ascending",
            "retry": "",
            "schedule": "0/15 0 * * * * *",
            "schedule_enabled": true,
            "success_on_empty_node_filter": null,
            "time_zone": "",
            "timeout": null
          },
          "sensitive_attributes": [],
          "private": "bnVsbA==",
          "dependencies": [
            "rundeck_project.Project4"
          ]
        },
        {
          "index_key": 68,
          "schema_version": 0,
          "attributes": {
            "allow_concurrent_executions": false,
            "command": [
              {
                "description": "",
                "error_handler": [],
                "inline_script": "",
                "job": [],
                "keep_going_on_success": false,
                "node_step_plugin": [],
                "script_file": "",
                "script_file_args": "",
                "script_interpreter": [],
                "shell_command": "hostname",
                "step_plugin": []
              }
            ],
            "command_ordering_strategy": "node-first",
            "continue_next_node_on_error": false,
            "continue_on_error": false,
            "description": "Restart the service daemons on all the web servers",
            "execution_enabled": true,
            "global_log_filter": [],
            "group_name": "",
            "id": "3150a831-d37f-470e-9973-dfc580a2bd40",
            "log_level": "INFO",
            "max_thread_count": 1,
            "name": "jobP4-68",
            "node_filter_exclude_precedence": false,
            "node_filter_exclude_query": "",
            "node_filter_query": "",
            "notification": [],
            "option": [],
            "preserve_options_order": null,
            "project_name": "Project4",
            "rank_attribute": "",
            "rank_order": "ascending",
            "retry": "",
            "schedule": "0/15 0 * * * * *",
            "schedule_enabled": true,
            "success_on_empty_node_filter": null,
            "time_zone": "",
            "timeout": null
          },
          "sensitive_attributes": [],
          "private": "bnVsbA==",
          "dependencies": [
            "rundeck_project.Project4"
          ]
        },
        {
          "index_key": 69,
          "schema_version": 0,
          "attributes": {
            "allow_concurrent_executions": false,
            "command": [
              {
                "description": "",
                "error_handler": [],
                "inline_script": "",
                "job": [],
                "keep_going_on_success": false,
                "node_step_plugin": [],
                "script_file": "",
                "script_file_args": "",
                "script_interpreter": [],
                "shell_command": "hostname",
                "step_plugin": []
              }
            ],
            "command_ordering_strategy": "node-first",
            "continue_next_node_on_error": false,
            "continue_on_error": false,
            "description": "Restart the service daemons on all the web servers",
            "execution_enabled": true,
            "global_log_filter": [],
            "group_name": "",
            "id": "6dff87f0-3b59-4168-916a-8db55f90273e",
            "log_level": "INFO",
            "max_thread_count": 1,
            "name": "jobP4-69",
            "node_filter_exclude_precedence": false,
            "node_filter_exclude_query": "",
            "node_filter_query": "",
            "notification": [],
            "option": [],
            "preserve_options_order": null,
            "project_name": "Project4",
            "rank_attribute": "",
            "rank_order": "ascending",
            "retry": "",
            "schedule": "0/15 0 * * * * *",
            "schedule_enabled": true,
            "success_on_empty_node_filter": null,
            "time_zone": "",
            "timeout": null
          },
          "sensitive_attributes": [],
          "private": "bnVsbA==",
          "dependencies": [
            "rundeck_project.Project4"
          ]
        },
        {
          "index_key": 70,
          "schema_version": 0,
          "attributes": {
            "allow_concurrent_executions": false,
            "command": [
              {
                "description": "",
                "error_handler": [],
                "inline_script": "",
                "job": [],
                "keep_going_on_success": false,
                "node_step_plugin": [],
                "script_file": "",
                "script_file_args": "",
                "script_interpreter": [],
                "shell_command": "hostname",
                "step_plugin": []
              }
            ],
            "command_ordering_strategy": "node-first",
            "continue_next_node_on_error": false,
            "continue_on_error": false,
            "description": "Restart the service daemons on all the web servers",
            "execution_enabled": true,
            "global_log_filter": [],
            "group_name": "",
            "id": "1691d430-4092-4053-ba27-62d347216b00",
            "log_level": "INFO",
            "max_thread_count": 1,
            "name": "jobP4-70",
            "node_filter_exclude_precedence": false,
            "node_filter_exclude_query": "",
            "node_filter_query": "",
            "notification": [],
            "option": [],
            "preserve_options_order": null,
            "project_name": "Project4",
            "rank_attribute": "",
            "rank_order": "ascending",
            "retry": "",
            "schedule": "0/15 0 * * * * *",
            "schedule_enabled": true,
            "success_on_empty_node_filter": null,
            "time_zone": "",
            "timeout": null
          },
          "sensitive_attributes": [],
          "private": "bnVsbA==",
          "dependencies": [
            "rundeck_project.Project4"
          ]
        },
        {
          "index_key": 71,
          "schema_version": 0,
          "attributes": {
            "allow_concurrent_executions": false,
            "command": [
              {
                "description": "",
                "error_handler": [],
                "inline_script": "",
                "job": [],
                "keep_going_on_success": false,
                "node_step_plugin": [],
                "script_file": "",
                "script_file_args": "",
                "script_interpreter": [],
                "shell_command": "hostname",
                "step_plugin": []
              }
            ],
            "command_ordering_strategy": "node-first",
            "continue_next_node_on_error": false,
            "continue_on_error": false,
            "description": "Restart the service daemons on all the web servers",
            "execution_enabled": true,
            "global_log_filter": [],
            "group_name": "",
            "id": "900e7958-f8e6-470d-a766-a44c0ea368c0",
            "log_level": "INFO",
            "max_thread_count": 1,
            "name": "jobP4-71",
            "node_filter_exclude_precedence": false,
            "node_filter_exclude_query": "",
            "node_filter_query": "",
            "notification": [],
            "option": [],
            "preserve_options_order": null,
            "project_name": "Project4",
            "rank_attribute": "",
            "rank_order": "ascending",
            "retry": "",
            "schedule": "0/15 0 * * * * *",
            "schedule_enabled": true,
            "success_on_empty_node_filter": null,
            "time_zone": "",
            "timeout": null
          },
          "sensitive_attributes": [],
          "private": "bnVsbA==",
          "dependencies": [
            "rundeck_project.Project4"
          ]
        },
        {
          "index_key": 72,
          "schema_version": 0,
          "attributes": {
            "allow_concurrent_executions": false,
            "command": [
              {
                "description": "",
                "error_handler": [],
                "inline_script": "",
                "job": [],
                "keep_going_on_success": false,
                "node_step_plugin": [],
                "script_file": "",
                "script_file_args": "",
                "script_interpreter": [],
                "shell_command": "hostname",
                "step_plugin": []
              }
            ],
            "command_ordering_strategy": "node-first",
            "continue_next_node_on_error": false,
            "continue_on_error": false,
            "description": "Restart the service daemons on all the web servers",
            "execution_enabled": true,
            "global_log_filter": [],
            "group_name": "",
            "id": "82f08586-2b4e-451c-8040-2c424e41aebf",
            "log_level": "INFO",
            "max_thread_count": 1,
            "name": "jobP4-72",
            "node_filter_exclude_precedence": false,
            "node_filter_exclude_query": "",
            "node_filter_query": "",
            "notification": [],
            "option": [],
            "preserve_options_order": null,
            "project_name": "Project4",
            "rank_attribute": "",
            "rank_order": "ascending",
            "retry": "",
            "schedule": "0/15 0 * * * * *",
            "schedule_enabled": true,
            "success_on_empty_node_filter": null,
            "time_zone": "",
            "timeout": null
          },
          "sensitive_attributes": [],
          "private": "bnVsbA==",
          "dependencies": [
            "rundeck_project.Project4"
          ]
        },
        {
          "index_key": 73,
          "schema_version": 0,
          "attributes": {
            "allow_concurrent_executions": false,
            "command": [
              {
                "description": "",
                "error_handler": [],
                "inline_script": "",
                "job": [],
                "keep_going_on_success": false,
                "node_step_plugin": [],
                "script_file": "",
                "script_file_args": "",
                "script_interpreter": [],
                "shell_command": "hostname",
                "step_plugin": []
              }
            ],
            "command_ordering_strategy": "node-first",
            "continue_next_node_on_error": false,
            "continue_on_error": false,
            "description": "Restart the service daemons on all the web servers",
            "execution_enabled": true,
            "global_log_filter": [],
            "group_name": "",
            "id": "e9aa79a2-e4d1-4c26-93f3-4bb7cf65d275",
            "log_level": "INFO",
            "max_thread_count": 1,
            "name": "jobP4-73",
            "node_filter_exclude_precedence": false,
            "node_filter_exclude_query": "",
            "node_filter_query": "",
            "notification": [],
            "option": [],
            "preserve_options_order": null,
            "project_name": "Project4",
            "rank_attribute": "",
            "rank_order": "ascending",
            "retry": "",
            "schedule": "0/15 0 * * * * *",
            "schedule_enabled": true,
            "success_on_empty_node_filter": null,
            "time_zone": "",
            "timeout": null
          },
          "sensitive_attributes": [],
          "private": "bnVsbA==",
          "dependencies": [
            "rundeck_project.Project4"
          ]
        },
        {
          "index_key": 74,
          "schema_version": 0,
          "attributes": {
            "allow_concurrent_executions": false,
            "command": [
              {
                "description": "",
                "error_handler": [],
                "inline_script": "",
                "job": [],
                "keep_going_on_success": false,
                "node_step_plugin": [],
                "script_file": "",
                "script_file_args": "",
                "script_interpreter": [],
                "shell_command": "hostname",
                "step_plugin": []
              }
            ],
            "command_ordering_strategy": "node-first",
            "continue_next_node_on_error": false,
            "continue_on_error": false,
            "description": "Restart the service daemons on all the web servers",
            "execution_enabled": true,
            "global_log_filter": [],
            "group_name": "",
            "id": "3220f673-b136-4a5b-879c-e1083d81b8e1",
            "log_level": "INFO",
            "max_thread_count": 1,
            "name": "jobP4-74",
            "node_filter_exclude_precedence": false,
            "node_filter_exclude_query": "",
            "node_filter_query": "",
            "notification": [],
            "option": [],
            "preserve_options_order": null,
            "project_name": "Project4",
            "rank_attribute": "",
            "rank_order": "ascending",
            "retry": "",
            "schedule": "0/15 0 * * * * *",
            "schedule_enabled": true,
            "success_on_empty_node_filter": null,
            "time_zone": "",
            "timeout": null
          },
          "sensitive_attributes": [],
          "private": "bnVsbA==",
          "dependencies": [
            "rundeck_project.Project4"
          ]
        },
        {
          "index_key": 75,
          "schema_version": 0,
          "attributes": {
            "allow_concurrent_executions": false,
            "command": [
              {
                "description": "",
                "error_handler": [],
                "inline_script": "",
                "job": [],
                "keep_going_on_success": false,
                "node_step_plugin": [],
                "script_file": "",
                "script_file_args": "",
                "script_interpreter": [],
                "shell_command": "hostname",
                "step_plugin": []
              }
            ],
            "command_ordering_strategy": "node-first",
            "continue_next_node_on_error": false,
            "continue_on_error": false,
            "description": "Restart the service daemons on all the web servers",
            "execution_enabled": true,
            "global_log_filter": [],
            "group_name": "",
            "id": "b5a58dae-b7a9-4c08-8172-bcc973056056",
            "log_level": "INFO",
            "max_thread_count": 1,
            "name": "jobP4-75",
            "node_filter_exclude_precedence": false,
            "node_filter_exclude_query": "",
            "node_filter_query": "",
            "notification": [],
            "option": [],
            "preserve_options_order": null,
            "project_name": "Project4",
            "rank_attribute": "",
            "rank_order": "ascending",
            "retry": "",
            "schedule": "0/15 0 * * * * *",
            "schedule_enabled": true,
            "success_on_empty_node_filter": null,
            "time_zone": "",
            "timeout": null
          },
          "sensitive_attributes": [],
          "private": "bnVsbA==",
          "dependencies": [
            "rundeck_project.Project4"
          ]
        },
        {
          "index_key": 76,
          "schema_version": 0,
          "attributes": {
            "allow_concurrent_executions": false,
            "command": [
              {
                "description": "",
                "error_handler": [],
                "inline_script": "",
                "job": [],
                "keep_going_on_success": false,
                "node_step_plugin": [],
                "script_file": "",
                "script_file_args": "",
                "script_interpreter": [],
                "shell_command": "hostname",
                "step_plugin": []
              }
            ],
            "command_ordering_strategy": "node-first",
            "continue_next_node_on_error": false,
            "continue_on_error": false,
            "description": "Restart the service daemons on all the web servers",
            "execution_enabled": true,
            "global_log_filter": [],
            "group_name": "",
            "id": "43fe8d32-3f78-40b8-869c-9e0ce1b6c61e",
            "log_level": "INFO",
            "max_thread_count": 1,
            "name": "jobP4-76",
            "node_filter_exclude_precedence": false,
            "node_filter_exclude_query": "",
            "node_filter_query": "",
            "notification": [],
            "option": [],
            "preserve_options_order": null,
            "project_name": "Project4",
            "rank_attribute": "",
            "rank_order": "ascending",
            "retry": "",
            "schedule": "0/15 0 * * * * *",
            "schedule_enabled": true,
            "success_on_empty_node_filter": null,
            "time_zone": "",
            "timeout": null
          },
          "sensitive_attributes": [],
          "private": "bnVsbA==",
          "dependencies": [
            "rundeck_project.Project4"
          ]
        },
        {
          "index_key": 77,
          "schema_version": 0,
          "attributes": {
            "allow_concurrent_executions": false,
            "command": [
              {
                "description": "",
                "error_handler": [],
                "inline_script": "",
                "job": [],
                "keep_going_on_success": false,
                "node_step_plugin": [],
                "script_file": "",
                "script_file_args": "",
                "script_interpreter": [],
                "shell_command": "hostname",
                "step_plugin": []
              }
            ],
            "command_ordering_strategy": "node-first",
            "continue_next_node_on_error": false,
            "continue_on_error": false,
            "description": "Restart the service daemons on all the web servers",
            "execution_enabled": true,
            "global_log_filter": [],
            "group_name": "",
            "id": "9d6eb780-c612-4657-9790-be5dfaacd6a0",
            "log_level": "INFO",
            "max_thread_count": 1,
            "name": "jobP4-77",
            "node_filter_exclude_precedence": false,
            "node_filter_exclude_query": "",
            "node_filter_query": "",
            "notification": [],
            "option": [],
            "preserve_options_order": null,
            "project_name": "Project4",
            "rank_attribute": "",
            "rank_order": "ascending",
            "retry": "",
            "schedule": "0/15 0 * * * * *",
            "schedule_enabled": true,
            "success_on_empty_node_filter": null,
            "time_zone": "",
            "timeout": null
          },
          "sensitive_attributes": [],
          "private": "bnVsbA==",
          "dependencies": [
            "rundeck_project.Project4"
          ]
        },
        {
          "index_key": 78,
          "schema_version": 0,
          "attributes": {
            "allow_concurrent_executions": false,
            "command": [
              {
                "description": "",
                "error_handler": [],
                "inline_script": "",
                "job": [],
                "keep_going_on_success": false,
                "node_step_plugin": [],
                "script_file": "",
                "script_file_args": "",
                "script_interpreter": [],
                "shell_command": "hostname",
                "step_plugin": []
              }
            ],
            "command_ordering_strategy": "node-first",
            "continue_next_node_on_error": false,
            "continue_on_error": false,
            "description": "Restart the service daemons on all the web servers",
            "execution_enabled": true,
            "global_log_filter": [],
            "group_name": "",
            "id": "875f39f6-38c1-40b8-8533-5b7a96dcb821",
            "log_level": "INFO",
            "max_thread_count": 1,
            "name": "jobP4-78",
            "node_filter_exclude_precedence": false,
            "node_filter_exclude_query": "",
            "node_filter_query": "",
            "notification": [],
            "option": [],
            "preserve_options_order": null,
            "project_name": "Project4",
            "rank_attribute": "",
            "rank_order": "ascending",
            "retry": "",
            "schedule": "0/15 0 * * * * *",
            "schedule_enabled": true,
            "success_on_empty_node_filter": null,
            "time_zone": "",
            "timeout": null
          },
          "sensitive_attributes": [],
          "private": "bnVsbA==",
          "dependencies": [
            "rundeck_project.Project4"
          ]
        },
        {
          "index_key": 79,
          "schema_version": 0,
          "attributes": {
            "allow_concurrent_executions": false,
            "command": [
              {
                "description": "",
                "error_handler": [],
                "inline_script": "",
                "job": [],
                "keep_going_on_success": false,
                "node_step_plugin": [],
                "script_file": "",
                "script_file_args": "",
                "script_interpreter": [],
                "shell_command": "hostname",
                "step_plugin": []
              }
            ],
            "command_ordering_strategy": "node-first",
            "continue_next_node_on_error": false,
            "continue_on_error": false,
            "description": "Restart the service daemons on all the web servers",
            "execution_enabled": true,
            "global_log_filter": [],
            "group_name": "",
            "id": "720df3c1-debc-4973-add0-0681a6f0bef2",
            "log_level": "INFO",
            "max_thread_count": 1,
            "name": "jobP4-79",
            "node_filter_exclude_precedence": false,
            "node_filter_exclude_query": "",
            "node_filter_query": "",
            "notification": [],
            "option": [],
            "preserve_options_order": null,
            "project_name": "Project4",
            "rank_attribute": "",
            "rank_order": "ascending",
            "retry": "",
            "schedule": "0/15 0 * * * * *",
            "schedule_enabled": true,
            "success_on_empty_node_filter": null,
            "time_zone": "",
            "timeout": null
          },
          "sensitive_attributes": [],
          "private": "bnVsbA==",
          "dependencies": [
            "rundeck_project.Project4"
          ]
        },
        {
          "index_key": 80,
          "schema_version": 0,
          "attributes": {
            "allow_concurrent_executions": false,
            "command": [
              {
                "description": "",
                "error_handler": [],
                "inline_script": "",
                "job": [],
                "keep_going_on_success": false,
                "node_step_plugin": [],
                "script_file": "",
                "script_file_args": "",
                "script_interpreter": [],
                "shell_command": "hostname",
                "step_plugin": []
              }
            ],
            "command_ordering_strategy": "node-first",
            "continue_next_node_on_error": false,
            "continue_on_error": false,
            "description": "Restart the service daemons on all the web servers",
            "execution_enabled": true,
            "global_log_filter": [],
            "group_name": "",
            "id": "60b1cfb6-c689-4066-98e6-8ebeb08146d9",
            "log_level": "INFO",
            "max_thread_count": 1,
            "name": "jobP4-80",
            "node_filter_exclude_precedence": false,
            "node_filter_exclude_query": "",
            "node_filter_query": "",
            "notification": [],
            "option": [],
            "preserve_options_order": null,
            "project_name": "Project4",
            "rank_attribute": "",
            "rank_order": "ascending",
            "retry": "",
            "schedule": "0/15 0 * * * * *",
            "schedule_enabled": true,
            "success_on_empty_node_filter": null,
            "time_zone": "",
            "timeout": null
          },
          "sensitive_attributes": [],
          "private": "bnVsbA==",
          "dependencies": [
            "rundeck_project.Project4"
          ]
        },
        {
          "index_key": 81,
          "schema_version": 0,
          "attributes": {
            "allow_concurrent_executions": false,
            "command": [
              {
                "description": "",
                "error_handler": [],
                "inline_script": "",
                "job": [],
                "keep_going_on_success": false,
                "node_step_plugin": [],
                "script_file": "",
                "script_file_args": "",
                "script_interpreter": [],
                "shell_command": "hostname",
                "step_plugin": []
              }
            ],
            "command_ordering_strategy": "node-first",
            "continue_next_node_on_error": false,
            "continue_on_error": false,
            "description": "Restart the service daemons on all the web servers",
            "execution_enabled": true,
            "global_log_filter": [],
            "group_name": "",
            "id": "5e515041-eef3-420b-8721-81c4ebb4ca6e",
            "log_level": "INFO",
            "max_thread_count": 1,
            "name": "jobP4-81",
            "node_filter_exclude_precedence": false,
            "node_filter_exclude_query": "",
            "node_filter_query": "",
            "notification": [],
            "option": [],
            "preserve_options_order": null,
            "project_name": "Project4",
            "rank_attribute": "",
            "rank_order": "ascending",
            "retry": "",
            "schedule": "0/15 0 * * * * *",
            "schedule_enabled": true,
            "success_on_empty_node_filter": null,
            "time_zone": "",
            "timeout": null
          },
          "sensitive_attributes": [],
          "private": "bnVsbA==",
          "dependencies": [
            "rundeck_project.Project4"
          ]
        },
        {
          "index_key": 82,
          "schema_version": 0,
          "attributes": {
            "allow_concurrent_executions": false,
            "command": [
              {
                "description": "",
                "error_handler": [],
                "inline_script": "",
                "job": [],
                "keep_going_on_success": false,
                "node_step_plugin": [],
                "script_file": "",
                "script_file_args": "",
                "script_interpreter": [],
                "shell_command": "hostname",
                "step_plugin": []
              }
            ],
            "command_ordering_strategy": "node-first",
            "continue_next_node_on_error": false,
            "continue_on_error": false,
            "description": "Restart the service daemons on all the web servers",
            "execution_enabled": true,
            "global_log_filter": [],
            "group_name": "",
            "id": "1700b267-1da2-4042-b5db-0ce00c648351",
            "log_level": "INFO",
            "max_thread_count": 1,
            "name": "jobP4-82",
            "node_filter_exclude_precedence": false,
            "node_filter_exclude_query": "",
            "node_filter_query": "",
            "notification": [],
            "option": [],
            "preserve_options_order": null,
            "project_name": "Project4",
            "rank_attribute": "",
            "rank_order": "ascending",
            "retry": "",
            "schedule": "0/15 0 * * * * *",
            "schedule_enabled": true,
            "success_on_empty_node_filter": null,
            "time_zone": "",
            "timeout": null
          },
          "sensitive_attributes": [],
          "private": "bnVsbA==",
          "dependencies": [
            "rundeck_project.Project4"
          ]
        },
        {
          "index_key": 83,
          "schema_version": 0,
          "attributes": {
            "allow_concurrent_executions": false,
            "command": [
              {
                "description": "",
                "error_handler": [],
                "inline_script": "",
                "job": [],
                "keep_going_on_success": false,
                "node_step_plugin": [],
                "script_file": "",
                "script_file_args": "",
                "script_interpreter": [],
                "shell_command": "hostname",
                "step_plugin": []
              }
            ],
            "command_ordering_strategy": "node-first",
            "continue_next_node_on_error": false,
            "continue_on_error": false,
            "description": "Restart the service daemons on all the web servers",
            "execution_enabled": true,
            "global_log_filter": [],
            "group_name": "",
            "id": "9f0a0439-db62-4138-8ced-420c6dd1a96f",
            "log_level": "INFO",
            "max_thread_count": 1,
            "name": "jobP4-83",
            "node_filter_exclude_precedence": false,
            "node_filter_exclude_query": "",
            "node_filter_query": "",
            "notification": [],
            "option": [],
            "preserve_options_order": null,
            "project_name": "Project4",
            "rank_attribute": "",
            "rank_order": "ascending",
            "retry": "",
            "schedule": "0/15 0 * * * * *",
            "schedule_enabled": true,
            "success_on_empty_node_filter": null,
            "time_zone": "",
            "timeout": null
          },
          "sensitive_attributes": [],
          "private": "bnVsbA==",
          "dependencies": [
            "rundeck_project.Project4"
          ]
        },
        {
          "index_key": 84,
          "schema_version": 0,
          "attributes": {
            "allow_concurrent_executions": false,
            "command": [
              {
                "description": "",
                "error_handler": [],
                "inline_script": "",
                "job": [],
                "keep_going_on_success": false,
                "node_step_plugin": [],
                "script_file": "",
                "script_file_args": "",
                "script_interpreter": [],
                "shell_command": "hostname",
                "step_plugin": []
              }
            ],
            "command_ordering_strategy": "node-first",
            "continue_next_node_on_error": false,
            "continue_on_error": false,
            "description": "Restart the service daemons on all the web servers",
            "execution_enabled": true,
            "global_log_filter": [],
            "group_name": "",
            "id": "851aa3e6-6cb4-40a1-87c4-3ee46d439d03",
            "log_level": "INFO",
            "max_thread_count": 1,
            "name": "jobP4-84",
            "node_filter_exclude_precedence": false,
            "node_filter_exclude_query": "",
            "node_filter_query": "",
            "notification": [],
            "option": [],
            "preserve_options_order": null,
            "project_name": "Project4",
            "rank_attribute": "",
            "rank_order": "ascending",
            "retry": "",
            "schedule": "0/15 0 * * * * *",
            "schedule_enabled": true,
            "success_on_empty_node_filter": null,
            "time_zone": "",
            "timeout": null
          },
          "sensitive_attributes": [],
          "private": "bnVsbA==",
          "dependencies": [
            "rundeck_project.Project4"
          ]
        },
        {
          "index_key": 85,
          "schema_version": 0,
          "attributes": {
            "allow_concurrent_executions": false,
            "command": [
              {
                "description": "",
                "error_handler": [],
                "inline_script": "",
                "job": [],
                "keep_going_on_success": false,
                "node_step_plugin": [],
                "script_file": "",
                "script_file_args": "",
                "script_interpreter": [],
                "shell_command": "hostname",
                "step_plugin": []
              }
            ],
            "command_ordering_strategy": "node-first",
            "continue_next_node_on_error": false,
            "continue_on_error": false,
            "description": "Restart the service daemons on all the web servers",
            "execution_enabled": true,
            "global_log_filter": [],
            "group_name": "",
            "id": "631bc880-5e9a-4ca6-8800-fee0953b207b",
            "log_level": "INFO",
            "max_thread_count": 1,
            "name": "jobP4-85",
            "node_filter_exclude_precedence": false,
            "node_filter_exclude_query": "",
            "node_filter_query": "",
            "notification": [],
            "option": [],
            "preserve_options_order": null,
            "project_name": "Project4",
            "rank_attribute": "",
            "rank_order": "ascending",
            "retry": "",
            "schedule": "0/15 0 * * * * *",
            "schedule_enabled": true,
            "success_on_empty_node_filter": null,
            "time_zone": "",
            "timeout": null
          },
          "sensitive_attributes": [],
          "private": "bnVsbA==",
          "dependencies": [
            "rundeck_project.Project4"
          ]
        },
        {
          "index_key": 86,
          "schema_version": 0,
          "attributes": {
            "allow_concurrent_executions": false,
            "command": [
              {
                "description": "",
                "error_handler": [],
                "inline_script": "",
                "job": [],
                "keep_going_on_success": false,
                "node_step_plugin": [],
                "script_file": "",
                "script_file_args": "",
                "script_interpreter": [],
                "shell_command": "hostname",
                "step_plugin": []
              }
            ],
            "command_ordering_strategy": "node-first",
            "continue_next_node_on_error": false,
            "continue_on_error": false,
            "description": "Restart the service daemons on all the web servers",
            "execution_enabled": true,
            "global_log_filter": [],
            "group_name": "",
            "id": "659ed728-41dd-47a6-9041-3f013c15e616",
            "log_level": "INFO",
            "max_thread_count": 1,
            "name": "jobP4-86",
            "node_filter_exclude_precedence": false,
            "node_filter_exclude_query": "",
            "node_filter_query": "",
            "notification": [],
            "option": [],
            "preserve_options_order": null,
            "project_name": "Project4",
            "rank_attribute": "",
            "rank_order": "ascending",
            "retry": "",
            "schedule": "0/15 0 * * * * *",
            "schedule_enabled": true,
            "success_on_empty_node_filter": null,
            "time_zone": "",
            "timeout": null
          },
          "sensitive_attributes": [],
          "private": "bnVsbA==",
          "dependencies": [
            "rundeck_project.Project4"
          ]
        },
        {
          "index_key": 87,
          "schema_version": 0,
          "attributes": {
            "allow_concurrent_executions": false,
            "command": [
              {
                "description": "",
                "error_handler": [],
                "inline_script": "",
                "job": [],
                "keep_going_on_success": false,
                "node_step_plugin": [],
                "script_file": "",
                "script_file_args": "",
                "script_interpreter": [],
                "shell_command": "hostname",
                "step_plugin": []
              }
            ],
            "command_ordering_strategy": "node-first",
            "continue_next_node_on_error": false,
            "continue_on_error": false,
            "description": "Restart the service daemons on all the web servers",
            "execution_enabled": true,
            "global_log_filter": [],
            "group_name": "",
            "id": "56df9ed0-de62-4794-88e0-0d993f262f6a",
            "log_level": "INFO",
            "max_thread_count": 1,
            "name": "jobP4-87",
            "node_filter_exclude_precedence": false,
            "node_filter_exclude_query": "",
            "node_filter_query": "",
            "notification": [],
            "option": [],
            "preserve_options_order": null,
            "project_name": "Project4",
            "rank_attribute": "",
            "rank_order": "ascending",
            "retry": "",
            "schedule": "0/15 0 * * * * *",
            "schedule_enabled": true,
            "success_on_empty_node_filter": null,
            "time_zone": "",
            "timeout": null
          },
          "sensitive_attributes": [],
          "private": "bnVsbA==",
          "dependencies": [
            "rundeck_project.Project4"
          ]
        },
        {
          "index_key": 88,
          "schema_version": 0,
          "attributes": {
            "allow_concurrent_executions": false,
            "command": [
              {
                "description": "",
                "error_handler": [],
                "inline_script": "",
                "job": [],
                "keep_going_on_success": false,
                "node_step_plugin": [],
                "script_file": "",
                "script_file_args": "",
                "script_interpreter": [],
                "shell_command": "hostname",
                "step_plugin": []
              }
            ],
            "command_ordering_strategy": "node-first",
            "continue_next_node_on_error": false,
            "continue_on_error": false,
            "description": "Restart the service daemons on all the web servers",
            "execution_enabled": true,
            "global_log_filter": [],
            "group_name": "",
            "id": "7139754f-8780-4b66-a685-f8b62f929eb6",
            "log_level": "INFO",
            "max_thread_count": 1,
            "name": "jobP4-88",
            "node_filter_exclude_precedence": false,
            "node_filter_exclude_query": "",
            "node_filter_query": "",
            "notification": [],
            "option": [],
            "preserve_options_order": null,
            "project_name": "Project4",
            "rank_attribute": "",
            "rank_order": "ascending",
            "retry": "",
            "schedule": "0/15 0 * * * * *",
            "schedule_enabled": true,
            "success_on_empty_node_filter": null,
            "time_zone": "",
            "timeout": null
          },
          "sensitive_attributes": [],
          "private": "bnVsbA==",
          "dependencies": [
            "rundeck_project.Project4"
          ]
        },
        {
          "index_key": 89,
          "schema_version": 0,
          "attributes": {
            "allow_concurrent_executions": false,
            "command": [
              {
                "description": "",
                "error_handler": [],
                "inline_script": "",
                "job": [],
                "keep_going_on_success": false,
                "node_step_plugin": [],
                "script_file": "",
                "script_file_args": "",
                "script_interpreter": [],
                "shell_command": "hostname",
                "step_plugin": []
              }
            ],
            "command_ordering_strategy": "node-first",
            "continue_next_node_on_error": false,
            "continue_on_error": false,
            "description": "Restart the service daemons on all the web servers",
            "execution_enabled": true,
            "global_log_filter": [],
            "group_name": "",
            "id": "4ec89c61-49f8-4d72-a5cc-98e0b4bdbfdd",
            "log_level": "INFO",
            "max_thread_count": 1,
            "name": "jobP4-89",
            "node_filter_exclude_precedence": false,
            "node_filter_exclude_query": "",
            "node_filter_query": "",
            "notification": [],
            "option": [],
            "preserve_options_order": null,
            "project_name": "Project4",
            "rank_attribute": "",
            "rank_order": "ascending",
            "retry": "",
            "schedule": "0/15 0 * * * * *",
            "schedule_enabled": true,
            "success_on_empty_node_filter": null,
            "time_zone": "",
            "timeout": null
          },
          "sensitive_attributes": [],
          "private": "bnVsbA==",
          "dependencies": [
            "rundeck_project.Project4"
          ]
        },
        {
          "index_key": 90,
          "schema_version": 0,
          "attributes": {
            "allow_concurrent_executions": false,
            "command": [
              {
                "description": "",
                "error_handler": [],
                "inline_script": "",
                "job": [],
                "keep_going_on_success": false,
                "node_step_plugin": [],
                "script_file": "",
                "script_file_args": "",
                "script_interpreter": [],
                "shell_command": "hostname",
                "step_plugin": []
              }
            ],
            "command_ordering_strategy": "node-first",
            "continue_next_node_on_error": false,
            "continue_on_error": false,
            "description": "Restart the service daemons on all the web servers",
            "execution_enabled": true,
            "global_log_filter": [],
            "group_name": "",
            "id": "99247c85-0120-4e09-915c-e6d4b416f0d3",
            "log_level": "INFO",
            "max_thread_count": 1,
            "name": "jobP4-90",
            "node_filter_exclude_precedence": false,
            "node_filter_exclude_query": "",
            "node_filter_query": "",
            "notification": [],
            "option": [],
            "preserve_options_order": null,
            "project_name": "Project4",
            "rank_attribute": "",
            "rank_order": "ascending",
            "retry": "",
            "schedule": "0/15 0 * * * * *",
            "schedule_enabled": true,
            "success_on_empty_node_filter": null,
            "time_zone": "",
            "timeout": null
          },
          "sensitive_attributes": [],
          "private": "bnVsbA==",
          "dependencies": [
            "rundeck_project.Project4"
          ]
        },
        {
          "index_key": 91,
          "schema_version": 0,
          "attributes": {
            "allow_concurrent_executions": false,
            "command": [
              {
                "description": "",
                "error_handler": [],
                "inline_script": "",
                "job": [],
                "keep_going_on_success": false,
                "node_step_plugin": [],
                "script_file": "",
                "script_file_args": "",
                "script_interpreter": [],
                "shell_command": "hostname",
                "step_plugin": []
              }
            ],
            "command_ordering_strategy": "node-first",
            "continue_next_node_on_error": false,
            "continue_on_error": false,
            "description": "Restart the service daemons on all the web servers",
            "execution_enabled": true,
            "global_log_filter": [],
            "group_name": "",
            "id": "893418e1-dcf8-431b-885e-402e2ee620eb",
            "log_level": "INFO",
            "max_thread_count": 1,
            "name": "jobP4-91",
            "node_filter_exclude_precedence": false,
            "node_filter_exclude_query": "",
            "node_filter_query": "",
            "notification": [],
            "option": [],
            "preserve_options_order": null,
            "project_name": "Project4",
            "rank_attribute": "",
            "rank_order": "ascending",
            "retry": "",
            "schedule": "0/15 0 * * * * *",
            "schedule_enabled": true,
            "success_on_empty_node_filter": null,
            "time_zone": "",
            "timeout": null
          },
          "sensitive_attributes": [],
          "private": "bnVsbA==",
          "dependencies": [
            "rundeck_project.Project4"
          ]
        },
        {
          "index_key": 92,
          "schema_version": 0,
          "attributes": {
            "allow_concurrent_executions": false,
            "command": [
              {
                "description": "",
                "error_handler": [],
                "inline_script": "",
                "job": [],
                "keep_going_on_success": false,
                "node_step_plugin": [],
                "script_file": "",
                "script_file_args": "",
                "script_interpreter": [],
                "shell_command": "hostname",
                "step_plugin": []
              }
            ],
            "command_ordering_strategy": "node-first",
            "continue_next_node_on_error": false,
            "continue_on_error": false,
            "description": "Restart the service daemons on all the web servers",
            "execution_enabled": true,
            "global_log_filter": [],
            "group_name": "",
            "id": "0b951321-9af5-4fe1-bd82-fbfb5181a36e",
            "log_level": "INFO",
            "max_thread_count": 1,
            "name": "jobP4-92",
            "node_filter_exclude_precedence": false,
            "node_filter_exclude_query": "",
            "node_filter_query": "",
            "notification": [],
            "option": [],
            "preserve_options_order": null,
            "project_name": "Project4",
            "rank_attribute": "",
            "rank_order": "ascending",
            "retry": "",
            "schedule": "0/15 0 * * * * *",
            "schedule_enabled": true,
            "success_on_empty_node_filter": null,
            "time_zone": "",
            "timeout": null
          },
          "sensitive_attributes": [],
          "private": "bnVsbA==",
          "dependencies": [
            "rundeck_project.Project4"
          ]
        },
        {
          "index_key": 93,
          "schema_version": 0,
          "attributes": {
            "allow_concurrent_executions": false,
            "command": [
              {
                "description": "",
                "error_handler": [],
                "inline_script": "",
                "job": [],
                "keep_going_on_success": false,
                "node_step_plugin": [],
                "script_file": "",
                "script_file_args": "",
                "script_interpreter": [],
                "shell_command": "hostname",
                "step_plugin": []
              }
            ],
            "command_ordering_strategy": "node-first",
            "continue_next_node_on_error": false,
            "continue_on_error": false,
            "description": "Restart the service daemons on all the web servers",
            "execution_enabled": true,
            "global_log_filter": [],
            "group_name": "",
            "id": "d5935470-0892-46f7-a299-b704378596a3",
            "log_level": "INFO",
            "max_thread_count": 1,
            "name": "jobP4-93",
            "node_filter_exclude_precedence": false,
            "node_filter_exclude_query": "",
            "node_filter_query": "",
            "notification": [],
            "option": [],
            "preserve_options_order": null,
            "project_name": "Project4",
            "rank_attribute": "",
            "rank_order": "ascending",
            "retry": "",
            "schedule": "0/15 0 * * * * *",
            "schedule_enabled": true,
            "success_on_empty_node_filter": null,
            "time_zone": "",
            "timeout": null
          },
          "sensitive_attributes": [],
          "private": "bnVsbA==",
          "dependencies": [
            "rundeck_project.Project4"
          ]
        },
        {
          "index_key": 94,
          "schema_version": 0,
          "attributes": {
            "allow_concurrent_executions": false,
            "command": [
              {
                "description": "",
                "error_handler": [],
                "inline_script": "",
                "job": [],
                "keep_going_on_success": false,
                "node_step_plugin": [],
                "script_file": "",
                "script_file_args": "",
                "script_interpreter": [],
                "shell_command": "hostname",
                "step_plugin": []
              }
            ],
            "command_ordering_strategy": "node-first",
            "continue_next_node_on_error": false,
            "continue_on_error": false,
            "description": "Restart the service daemons on all the web servers",
            "execution_enabled": true,
            "global_log_filter": [],
            "group_name": "",
            "id": "29f29183-161e-48ed-b917-3f6228f4d8d9",
            "log_level": "INFO",
            "max_thread_count": 1,
            "name": "jobP4-94",
            "node_filter_exclude_precedence": false,
            "node_filter_exclude_query": "",
            "node_filter_query": "",
            "notification": [],
            "option": [],
            "preserve_options_order": null,
            "project_name": "Project4",
            "rank_attribute": "",
            "rank_order": "ascending",
            "retry": "",
            "schedule": "0/15 0 * * * * *",
            "schedule_enabled": true,
            "success_on_empty_node_filter": null,
            "time_zone": "",
            "timeout": null
          },
          "sensitive_attributes": [],
          "private": "bnVsbA==",
          "dependencies": [
            "rundeck_project.Project4"
          ]
        },
        {
          "index_key": 95,
          "schema_version": 0,
          "attributes": {
            "allow_concurrent_executions": false,
            "command": [
              {
                "description": "",
                "error_handler": [],
                "inline_script": "",
                "job": [],
                "keep_going_on_success": false,
                "node_step_plugin": [],
                "script_file": "",
                "script_file_args": "",
                "script_interpreter": [],
                "shell_command": "hostname",
                "step_plugin": []
              }
            ],
            "command_ordering_strategy": "node-first",
            "continue_next_node_on_error": false,
            "continue_on_error": false,
            "description": "Restart the service daemons on all the web servers",
            "execution_enabled": true,
            "global_log_filter": [],
            "group_name": "",
            "id": "8408281b-5d69-4a84-8020-254fee976da2",
            "log_level": "INFO",
            "max_thread_count": 1,
            "name": "jobP4-95",
            "node_filter_exclude_precedence": false,
            "node_filter_exclude_query": "",
            "node_filter_query": "",
            "notification": [],
            "option": [],
            "preserve_options_order": null,
            "project_name": "Project4",
            "rank_attribute": "",
            "rank_order": "ascending",
            "retry": "",
            "schedule": "0/15 0 * * * * *",
            "schedule_enabled": true,
            "success_on_empty_node_filter": null,
            "time_zone": "",
            "timeout": null
          },
          "sensitive_attributes": [],
          "private": "bnVsbA==",
          "dependencies": [
            "rundeck_project.Project4"
          ]
        },
        {
          "index_key": 96,
          "schema_version": 0,
          "attributes": {
            "allow_concurrent_executions": false,
            "command": [
              {
                "description": "",
                "error_handler": [],
                "inline_script": "",
                "job": [],
                "keep_going_on_success": false,
                "node_step_plugin": [],
                "script_file": "",
                "script_file_args": "",
                "script_interpreter": [],
                "shell_command": "hostname",
                "step_plugin": []
              }
            ],
            "command_ordering_strategy": "node-first",
            "continue_next_node_on_error": false,
            "continue_on_error": false,
            "description": "Restart the service daemons on all the web servers",
            "execution_enabled": true,
            "global_log_filter": [],
            "group_name": "",
            "id": "1c7ec2c7-7e31-47b7-bd21-8e7989a6e0d1",
            "log_level": "INFO",
            "max_thread_count": 1,
            "name": "jobP4-96",
            "node_filter_exclude_precedence": false,
            "node_filter_exclude_query": "",
            "node_filter_query": "",
            "notification": [],
            "option": [],
            "preserve_options_order": null,
            "project_name": "Project4",
            "rank_attribute": "",
            "rank_order": "ascending",
            "retry": "",
            "schedule": "0/15 0 * * * * *",
            "schedule_enabled": true,
            "success_on_empty_node_filter": null,
            "time_zone": "",
            "timeout": null
          },
          "sensitive_attributes": [],
          "private": "bnVsbA==",
          "dependencies": [
            "rundeck_project.Project4"
          ]
        },
        {
          "index_key": 97,
          "schema_version": 0,
          "attributes": {
            "allow_concurrent_executions": false,
            "command": [
              {
                "description": "",
                "error_handler": [],
                "inline_script": "",
                "job": [],
                "keep_going_on_success": false,
                "node_step_plugin": [],
                "script_file": "",
                "script_file_args": "",
                "script_interpreter": [],
                "shell_command": "hostname",
                "step_plugin": []
              }
            ],
            "command_ordering_strategy": "node-first",
            "continue_next_node_on_error": false,
            "continue_on_error": false,
            "description": "Restart the service daemons on all the web servers",
            "execution_enabled": true,
            "global_log_filter": [],
            "group_name": "",
            "id": "ab271229-f8d0-4fb7-8954-fc171284c893",
            "log_level": "INFO",
            "max_thread_count": 1,
            "name": "jobP4-97",
            "node_filter_exclude_precedence": false,
            "node_filter_exclude_query": "",
            "node_filter_query": "",
            "notification": [],
            "option": [],
            "preserve_options_order": null,
            "project_name": "Project4",
            "rank_attribute": "",
            "rank_order": "ascending",
            "retry": "",
            "schedule": "0/15 0 * * * * *",
            "schedule_enabled": true,
            "success_on_empty_node_filter": null,
            "time_zone": "",
            "timeout": null
          },
          "sensitive_attributes": [],
          "private": "bnVsbA==",
          "dependencies": [
            "rundeck_project.Project4"
          ]
        },
        {
          "index_key": 98,
          "schema_version": 0,
          "attributes": {
            "allow_concurrent_executions": false,
            "command": [
              {
                "description": "",
                "error_handler": [],
                "inline_script": "",
                "job": [],
                "keep_going_on_success": false,
                "node_step_plugin": [],
                "script_file": "",
                "script_file_args": "",
                "script_interpreter": [],
                "shell_command": "hostname",
                "step_plugin": []
              }
            ],
            "command_ordering_strategy": "node-first",
            "continue_next_node_on_error": false,
            "continue_on_error": false,
            "description": "Restart the service daemons on all the web servers",
            "execution_enabled": true,
            "global_log_filter": [],
            "group_name": "",
            "id": "a7896bb0-2421-4f93-bbb2-970ca90ca7b3",
            "log_level": "INFO",
            "max_thread_count": 1,
            "name": "jobP4-98",
            "node_filter_exclude_precedence": false,
            "node_filter_exclude_query": "",
            "node_filter_query": "",
            "notification": [],
            "option": [],
            "preserve_options_order": null,
            "project_name": "Project4",
            "rank_attribute": "",
            "rank_order": "ascending",
            "retry": "",
            "schedule": "0/15 0 * * * * *",
            "schedule_enabled": true,
            "success_on_empty_node_filter": null,
            "time_zone": "",
            "timeout": null
          },
          "sensitive_attributes": [],
          "private": "bnVsbA==",
          "dependencies": [
            "rundeck_project.Project4"
          ]
        },
        {
          "index_key": 99,
          "schema_version": 0,
          "attributes": {
            "allow_concurrent_executions": false,
            "command": [
              {
                "description": "",
                "error_handler": [],
                "inline_script": "",
                "job": [],
                "keep_going_on_success": false,
                "node_step_plugin": [],
                "script_file": "",
                "script_file_args": "",
                "script_interpreter": [],
                "shell_command": "hostname",
                "step_plugin": []
              }
            ],
            "command_ordering_strategy": "node-first",
            "continue_next_node_on_error": false,
            "continue_on_error": false,
            "description": "Restart the service daemons on all the web servers",
            "execution_enabled": true,
            "global_log_filter": [],
            "group_name": "",
            "id": "1cd858e1-b99a-4b65-8187-a730308b94fa",
            "log_level": "INFO",
            "max_thread_count": 1,
            "name": "jobP4-99",
            "node_filter_exclude_precedence": false,
            "node_filter_exclude_query": "",
            "node_filter_query": "",
            "notification": [],
            "option": [],
            "preserve_options_order": null,
            "project_name": "Project4",
            "rank_attribute": "",
            "rank_order": "ascending",
            "retry": "",
            "schedule": "0/15 0 * * * * *",
            "schedule_enabled": true,
            "success_on_empty_node_filter": null,
            "time_zone": "",
            "timeout": null
          },
          "sensitive_attributes": [],
          "private": "bnVsbA==",
          "dependencies": [
            "rundeck_project.Project4"
          ]
        }
      ]
    },
    {
      "mode": "managed",
      "type": "rundeck_job",
      "name": "jobP5",
      "provider": "provider[\"registry.terraform.io/rundeck/rundeck\"]",
      "instances": [
        {
          "index_key": 0,
          "schema_version": 0,
          "attributes": {
            "allow_concurrent_executions": false,
            "command": [
              {
                "description": "",
                "error_handler": [],
                "inline_script": "",
                "job": [],
                "keep_going_on_success": false,
                "node_step_plugin": [],
                "script_file": "",
                "script_file_args": "",
                "script_interpreter": [],
                "shell_command": "hostname",
                "step_plugin": []
              }
            ],
            "command_ordering_strategy": "node-first",
            "continue_next_node_on_error": false,
            "continue_on_error": false,
            "description": "Restart the service daemons on all the web servers",
            "execution_enabled": true,
            "global_log_filter": [],
            "group_name": "",
            "id": "8866f688-e134-4fe4-b2d0-f78f3ecf94c6",
            "log_level": "INFO",
            "max_thread_count": 1,
            "name": "jobP5-0",
            "node_filter_exclude_precedence": false,
            "node_filter_exclude_query": "",
            "node_filter_query": "",
            "notification": [],
            "option": [],
            "preserve_options_order": null,
            "project_name": "Project5",
            "rank_attribute": "",
            "rank_order": "ascending",
            "retry": "",
            "schedule": "0/20 * * * * * *",
            "schedule_enabled": true,
            "success_on_empty_node_filter": null,
            "time_zone": "",
            "timeout": null
          },
          "sensitive_attributes": [],
          "private": "bnVsbA==",
          "dependencies": [
            "rundeck_project.Project5"
          ]
        },
        {
          "index_key": 1,
          "schema_version": 0,
          "attributes": {
            "allow_concurrent_executions": false,
            "command": [
              {
                "description": "",
                "error_handler": [],
                "inline_script": "",
                "job": [],
                "keep_going_on_success": false,
                "node_step_plugin": [],
                "script_file": "",
                "script_file_args": "",
                "script_interpreter": [],
                "shell_command": "hostname",
                "step_plugin": []
              }
            ],
            "command_ordering_strategy": "node-first",
            "continue_next_node_on_error": false,
            "continue_on_error": false,
            "description": "Restart the service daemons on all the web servers",
            "execution_enabled": true,
            "global_log_filter": [],
            "group_name": "",
            "id": "bfdba5fa-9258-483c-8235-86b3a66deb9f",
            "log_level": "INFO",
            "max_thread_count": 1,
            "name": "jobP5-1",
            "node_filter_exclude_precedence": false,
            "node_filter_exclude_query": "",
            "node_filter_query": "",
            "notification": [],
            "option": [],
            "preserve_options_order": null,
            "project_name": "Project5",
            "rank_attribute": "",
            "rank_order": "ascending",
            "retry": "",
            "schedule": "0/20 * * * * * *",
            "schedule_enabled": true,
            "success_on_empty_node_filter": null,
            "time_zone": "",
            "timeout": null
          },
          "sensitive_attributes": [],
          "private": "bnVsbA==",
          "dependencies": [
            "rundeck_project.Project5"
          ]
        },
        {
          "index_key": 2,
          "schema_version": 0,
          "attributes": {
            "allow_concurrent_executions": false,
            "command": [
              {
                "description": "",
                "error_handler": [],
                "inline_script": "",
                "job": [],
                "keep_going_on_success": false,
                "node_step_plugin": [],
                "script_file": "",
                "script_file_args": "",
                "script_interpreter": [],
                "shell_command": "hostname",
                "step_plugin": []
              }
            ],
            "command_ordering_strategy": "node-first",
            "continue_next_node_on_error": false,
            "continue_on_error": false,
            "description": "Restart the service daemons on all the web servers",
            "execution_enabled": true,
            "global_log_filter": [],
            "group_name": "",
            "id": "63c776f3-107b-48bf-89bf-95ffe843a603",
            "log_level": "INFO",
            "max_thread_count": 1,
            "name": "jobP5-2",
            "node_filter_exclude_precedence": false,
            "node_filter_exclude_query": "",
            "node_filter_query": "",
            "notification": [],
            "option": [],
            "preserve_options_order": null,
            "project_name": "Project5",
            "rank_attribute": "",
            "rank_order": "ascending",
            "retry": "",
            "schedule": "0/20 * * * * * *",
            "schedule_enabled": true,
            "success_on_empty_node_filter": null,
            "time_zone": "",
            "timeout": null
          },
          "sensitive_attributes": [],
          "private": "bnVsbA==",
          "dependencies": [
            "rundeck_project.Project5"
          ]
        },
        {
          "index_key": 3,
          "schema_version": 0,
          "attributes": {
            "allow_concurrent_executions": false,
            "command": [
              {
                "description": "",
                "error_handler": [],
                "inline_script": "",
                "job": [],
                "keep_going_on_success": false,
                "node_step_plugin": [],
                "script_file": "",
                "script_file_args": "",
                "script_interpreter": [],
                "shell_command": "hostname",
                "step_plugin": []
              }
            ],
            "command_ordering_strategy": "node-first",
            "continue_next_node_on_error": false,
            "continue_on_error": false,
            "description": "Restart the service daemons on all the web servers",
            "execution_enabled": true,
            "global_log_filter": [],
            "group_name": "",
            "id": "e48ca6b8-2ea9-494e-973b-b6bd255a72dc",
            "log_level": "INFO",
            "max_thread_count": 1,
            "name": "jobP5-3",
            "node_filter_exclude_precedence": false,
            "node_filter_exclude_query": "",
            "node_filter_query": "",
            "notification": [],
            "option": [],
            "preserve_options_order": null,
            "project_name": "Project5",
            "rank_attribute": "",
            "rank_order": "ascending",
            "retry": "",
            "schedule": "0/20 * * * * * *",
            "schedule_enabled": true,
            "success_on_empty_node_filter": null,
            "time_zone": "",
            "timeout": null
          },
          "sensitive_attributes": [],
          "private": "bnVsbA==",
          "dependencies": [
            "rundeck_project.Project5"
          ]
        },
        {
          "index_key": 4,
          "schema_version": 0,
          "attributes": {
            "allow_concurrent_executions": false,
            "command": [
              {
                "description": "",
                "error_handler": [],
                "inline_script": "",
                "job": [],
                "keep_going_on_success": false,
                "node_step_plugin": [],
                "script_file": "",
                "script_file_args": "",
                "script_interpreter": [],
                "shell_command": "hostname",
                "step_plugin": []
              }
            ],
            "command_ordering_strategy": "node-first",
            "continue_next_node_on_error": false,
            "continue_on_error": false,
            "description": "Restart the service daemons on all the web servers",
            "execution_enabled": true,
            "global_log_filter": [],
            "group_name": "",
            "id": "b939a336-2b9c-4f2f-b996-0987d4719a60",
            "log_level": "INFO",
            "max_thread_count": 1,
            "name": "jobP5-4",
            "node_filter_exclude_precedence": false,
            "node_filter_exclude_query": "",
            "node_filter_query": "",
            "notification": [],
            "option": [],
            "preserve_options_order": null,
            "project_name": "Project5",
            "rank_attribute": "",
            "rank_order": "ascending",
            "retry": "",
            "schedule": "0/20 * * * * * *",
            "schedule_enabled": true,
            "success_on_empty_node_filter": null,
            "time_zone": "",
            "timeout": null
          },
          "sensitive_attributes": [],
          "private": "bnVsbA==",
          "dependencies": [
            "rundeck_project.Project5"
          ]
        },
        {
          "index_key": 5,
          "schema_version": 0,
          "attributes": {
            "allow_concurrent_executions": false,
            "command": [
              {
                "description": "",
                "error_handler": [],
                "inline_script": "",
                "job": [],
                "keep_going_on_success": false,
                "node_step_plugin": [],
                "script_file": "",
                "script_file_args": "",
                "script_interpreter": [],
                "shell_command": "hostname",
                "step_plugin": []
              }
            ],
            "command_ordering_strategy": "node-first",
            "continue_next_node_on_error": false,
            "continue_on_error": false,
            "description": "Restart the service daemons on all the web servers",
            "execution_enabled": true,
            "global_log_filter": [],
            "group_name": "",
            "id": "ab7415f2-4439-4300-9263-224056220868",
            "log_level": "INFO",
            "max_thread_count": 1,
            "name": "jobP5-5",
            "node_filter_exclude_precedence": false,
            "node_filter_exclude_query": "",
            "node_filter_query": "",
            "notification": [],
            "option": [],
            "preserve_options_order": null,
            "project_name": "Project5",
            "rank_attribute": "",
            "rank_order": "ascending",
            "retry": "",
            "schedule": "0/20 * * * * * *",
            "schedule_enabled": true,
            "success_on_empty_node_filter": null,
            "time_zone": "",
            "timeout": null
          },
          "sensitive_attributes": [],
          "private": "bnVsbA==",
          "dependencies": [
            "rundeck_project.Project5"
          ]
        },
        {
          "index_key": 6,
          "schema_version": 0,
          "attributes": {
            "allow_concurrent_executions": false,
            "command": [
              {
                "description": "",
                "error_handler": [],
                "inline_script": "",
                "job": [],
                "keep_going_on_success": false,
                "node_step_plugin": [],
                "script_file": "",
                "script_file_args": "",
                "script_interpreter": [],
                "shell_command": "hostname",
                "step_plugin": []
              }
            ],
            "command_ordering_strategy": "node-first",
            "continue_next_node_on_error": false,
            "continue_on_error": false,
            "description": "Restart the service daemons on all the web servers",
            "execution_enabled": true,
            "global_log_filter": [],
            "group_name": "",
            "id": "6efb2799-e5bb-4c96-af38-b31d72bd05b5",
            "log_level": "INFO",
            "max_thread_count": 1,
            "name": "jobP5-6",
            "node_filter_exclude_precedence": false,
            "node_filter_exclude_query": "",
            "node_filter_query": "",
            "notification": [],
            "option": [],
            "preserve_options_order": null,
            "project_name": "Project5",
            "rank_attribute": "",
            "rank_order": "ascending",
            "retry": "",
            "schedule": "0/20 * * * * * *",
            "schedule_enabled": true,
            "success_on_empty_node_filter": null,
            "time_zone": "",
            "timeout": null
          },
          "sensitive_attributes": [],
          "private": "bnVsbA==",
          "dependencies": [
            "rundeck_project.Project5"
          ]
        },
        {
          "index_key": 7,
          "schema_version": 0,
          "attributes": {
            "allow_concurrent_executions": false,
            "command": [
              {
                "description": "",
                "error_handler": [],
                "inline_script": "",
                "job": [],
                "keep_going_on_success": false,
                "node_step_plugin": [],
                "script_file": "",
                "script_file_args": "",
                "script_interpreter": [],
                "shell_command": "hostname",
                "step_plugin": []
              }
            ],
            "command_ordering_strategy": "node-first",
            "continue_next_node_on_error": false,
            "continue_on_error": false,
            "description": "Restart the service daemons on all the web servers",
            "execution_enabled": true,
            "global_log_filter": [],
            "group_name": "",
            "id": "791e1db4-0321-4ea0-baaf-d562e2dc4aae",
            "log_level": "INFO",
            "max_thread_count": 1,
            "name": "jobP5-7",
            "node_filter_exclude_precedence": false,
            "node_filter_exclude_query": "",
            "node_filter_query": "",
            "notification": [],
            "option": [],
            "preserve_options_order": null,
            "project_name": "Project5",
            "rank_attribute": "",
            "rank_order": "ascending",
            "retry": "",
            "schedule": "0/20 * * * * * *",
            "schedule_enabled": true,
            "success_on_empty_node_filter": null,
            "time_zone": "",
            "timeout": null
          },
          "sensitive_attributes": [],
          "private": "bnVsbA==",
          "dependencies": [
            "rundeck_project.Project5"
          ]
        },
        {
          "index_key": 8,
          "schema_version": 0,
          "attributes": {
            "allow_concurrent_executions": false,
            "command": [
              {
                "description": "",
                "error_handler": [],
                "inline_script": "",
                "job": [],
                "keep_going_on_success": false,
                "node_step_plugin": [],
                "script_file": "",
                "script_file_args": "",
                "script_interpreter": [],
                "shell_command": "hostname",
                "step_plugin": []
              }
            ],
            "command_ordering_strategy": "node-first",
            "continue_next_node_on_error": false,
            "continue_on_error": false,
            "description": "Restart the service daemons on all the web servers",
            "execution_enabled": true,
            "global_log_filter": [],
            "group_name": "",
            "id": "154be057-6224-4e97-8933-a2d54ca46cbd",
            "log_level": "INFO",
            "max_thread_count": 1,
            "name": "jobP5-8",
            "node_filter_exclude_precedence": false,
            "node_filter_exclude_query": "",
            "node_filter_query": "",
            "notification": [],
            "option": [],
            "preserve_options_order": null,
            "project_name": "Project5",
            "rank_attribute": "",
            "rank_order": "ascending",
            "retry": "",
            "schedule": "0/20 * * * * * *",
            "schedule_enabled": true,
            "success_on_empty_node_filter": null,
            "time_zone": "",
            "timeout": null
          },
          "sensitive_attributes": [],
          "private": "bnVsbA==",
          "dependencies": [
            "rundeck_project.Project5"
          ]
        },
        {
          "index_key": 9,
          "schema_version": 0,
          "attributes": {
            "allow_concurrent_executions": false,
            "command": [
              {
                "description": "",
                "error_handler": [],
                "inline_script": "",
                "job": [],
                "keep_going_on_success": false,
                "node_step_plugin": [],
                "script_file": "",
                "script_file_args": "",
                "script_interpreter": [],
                "shell_command": "hostname",
                "step_plugin": []
              }
            ],
            "command_ordering_strategy": "node-first",
            "continue_next_node_on_error": false,
            "continue_on_error": false,
            "description": "Restart the service daemons on all the web servers",
            "execution_enabled": true,
            "global_log_filter": [],
            "group_name": "",
            "id": "a4dc0978-693c-4c9d-94be-cd82003d2925",
            "log_level": "INFO",
            "max_thread_count": 1,
            "name": "jobP5-9",
            "node_filter_exclude_precedence": false,
            "node_filter_exclude_query": "",
            "node_filter_query": "",
            "notification": [],
            "option": [],
            "preserve_options_order": null,
            "project_name": "Project5",
            "rank_attribute": "",
            "rank_order": "ascending",
            "retry": "",
            "schedule": "0/20 * * * * * *",
            "schedule_enabled": true,
            "success_on_empty_node_filter": null,
            "time_zone": "",
            "timeout": null
          },
          "sensitive_attributes": [],
          "private": "bnVsbA==",
          "dependencies": [
            "rundeck_project.Project5"
          ]
        },
        {
          "index_key": 10,
          "schema_version": 0,
          "attributes": {
            "allow_concurrent_executions": false,
            "command": [
              {
                "description": "",
                "error_handler": [],
                "inline_script": "",
                "job": [],
                "keep_going_on_success": false,
                "node_step_plugin": [],
                "script_file": "",
                "script_file_args": "",
                "script_interpreter": [],
                "shell_command": "hostname",
                "step_plugin": []
              }
            ],
            "command_ordering_strategy": "node-first",
            "continue_next_node_on_error": false,
            "continue_on_error": false,
            "description": "Restart the service daemons on all the web servers",
            "execution_enabled": true,
            "global_log_filter": [],
            "group_name": "",
            "id": "20cc49d3-7e7a-448f-a009-fec2335b796a",
            "log_level": "INFO",
            "max_thread_count": 1,
            "name": "jobP5-10",
            "node_filter_exclude_precedence": false,
            "node_filter_exclude_query": "",
            "node_filter_query": "",
            "notification": [],
            "option": [],
            "preserve_options_order": null,
            "project_name": "Project5",
            "rank_attribute": "",
            "rank_order": "ascending",
            "retry": "",
            "schedule": "0/20 * * * * * *",
            "schedule_enabled": true,
            "success_on_empty_node_filter": null,
            "time_zone": "",
            "timeout": null
          },
          "sensitive_attributes": [],
          "private": "bnVsbA==",
          "dependencies": [
            "rundeck_project.Project5"
          ]
        },
        {
          "index_key": 11,
          "schema_version": 0,
          "attributes": {
            "allow_concurrent_executions": false,
            "command": [
              {
                "description": "",
                "error_handler": [],
                "inline_script": "",
                "job": [],
                "keep_going_on_success": false,
                "node_step_plugin": [],
                "script_file": "",
                "script_file_args": "",
                "script_interpreter": [],
                "shell_command": "hostname",
                "step_plugin": []
              }
            ],
            "command_ordering_strategy": "node-first",
            "continue_next_node_on_error": false,
            "continue_on_error": false,
            "description": "Restart the service daemons on all the web servers",
            "execution_enabled": true,
            "global_log_filter": [],
            "group_name": "",
            "id": "5661b2a6-5fff-40a7-a12d-92dabe993609",
            "log_level": "INFO",
            "max_thread_count": 1,
            "name": "jobP5-11",
            "node_filter_exclude_precedence": false,
            "node_filter_exclude_query": "",
            "node_filter_query": "",
            "notification": [],
            "option": [],
            "preserve_options_order": null,
            "project_name": "Project5",
            "rank_attribute": "",
            "rank_order": "ascending",
            "retry": "",
            "schedule": "0/20 * * * * * *",
            "schedule_enabled": true,
            "success_on_empty_node_filter": null,
            "time_zone": "",
            "timeout": null
          },
          "sensitive_attributes": [],
          "private": "bnVsbA==",
          "dependencies": [
            "rundeck_project.Project5"
          ]
        },
        {
          "index_key": 12,
          "schema_version": 0,
          "attributes": {
            "allow_concurrent_executions": false,
            "command": [
              {
                "description": "",
                "error_handler": [],
                "inline_script": "",
                "job": [],
                "keep_going_on_success": false,
                "node_step_plugin": [],
                "script_file": "",
                "script_file_args": "",
                "script_interpreter": [],
                "shell_command": "hostname",
                "step_plugin": []
              }
            ],
            "command_ordering_strategy": "node-first",
            "continue_next_node_on_error": false,
            "continue_on_error": false,
            "description": "Restart the service daemons on all the web servers",
            "execution_enabled": true,
            "global_log_filter": [],
            "group_name": "",
            "id": "61cac7b4-be26-4912-9634-080d4fffe7b7",
            "log_level": "INFO",
            "max_thread_count": 1,
            "name": "jobP5-12",
            "node_filter_exclude_precedence": false,
            "node_filter_exclude_query": "",
            "node_filter_query": "",
            "notification": [],
            "option": [],
            "preserve_options_order": null,
            "project_name": "Project5",
            "rank_attribute": "",
            "rank_order": "ascending",
            "retry": "",
            "schedule": "0/20 * * * * * *",
            "schedule_enabled": true,
            "success_on_empty_node_filter": null,
            "time_zone": "",
            "timeout": null
          },
          "sensitive_attributes": [],
          "private": "bnVsbA==",
          "dependencies": [
            "rundeck_project.Project5"
          ]
        },
        {
          "index_key": 13,
          "schema_version": 0,
          "attributes": {
            "allow_concurrent_executions": false,
            "command": [
              {
                "description": "",
                "error_handler": [],
                "inline_script": "",
                "job": [],
                "keep_going_on_success": false,
                "node_step_plugin": [],
                "script_file": "",
                "script_file_args": "",
                "script_interpreter": [],
                "shell_command": "hostname",
                "step_plugin": []
              }
            ],
            "command_ordering_strategy": "node-first",
            "continue_next_node_on_error": false,
            "continue_on_error": false,
            "description": "Restart the service daemons on all the web servers",
            "execution_enabled": true,
            "global_log_filter": [],
            "group_name": "",
            "id": "a0adfb70-efa5-4a33-9e50-ea3119e37a9c",
            "log_level": "INFO",
            "max_thread_count": 1,
            "name": "jobP5-13",
            "node_filter_exclude_precedence": false,
            "node_filter_exclude_query": "",
            "node_filter_query": "",
            "notification": [],
            "option": [],
            "preserve_options_order": null,
            "project_name": "Project5",
            "rank_attribute": "",
            "rank_order": "ascending",
            "retry": "",
            "schedule": "0/20 * * * * * *",
            "schedule_enabled": true,
            "success_on_empty_node_filter": null,
            "time_zone": "",
            "timeout": null
          },
          "sensitive_attributes": [],
          "private": "bnVsbA==",
          "dependencies": [
            "rundeck_project.Project5"
          ]
        },
        {
          "index_key": 14,
          "schema_version": 0,
          "attributes": {
            "allow_concurrent_executions": false,
            "command": [
              {
                "description": "",
                "error_handler": [],
                "inline_script": "",
                "job": [],
                "keep_going_on_success": false,
                "node_step_plugin": [],
                "script_file": "",
                "script_file_args": "",
                "script_interpreter": [],
                "shell_command": "hostname",
                "step_plugin": []
              }
            ],
            "command_ordering_strategy": "node-first",
            "continue_next_node_on_error": false,
            "continue_on_error": false,
            "description": "Restart the service daemons on all the web servers",
            "execution_enabled": true,
            "global_log_filter": [],
            "group_name": "",
            "id": "01a6db61-8981-4615-84e5-8ab623050e4d",
            "log_level": "INFO",
            "max_thread_count": 1,
            "name": "jobP5-14",
            "node_filter_exclude_precedence": false,
            "node_filter_exclude_query": "",
            "node_filter_query": "",
            "notification": [],
            "option": [],
            "preserve_options_order": null,
            "project_name": "Project5",
            "rank_attribute": "",
            "rank_order": "ascending",
            "retry": "",
            "schedule": "0/20 * * * * * *",
            "schedule_enabled": true,
            "success_on_empty_node_filter": null,
            "time_zone": "",
            "timeout": null
          },
          "sensitive_attributes": [],
          "private": "bnVsbA==",
          "dependencies": [
            "rundeck_project.Project5"
          ]
        },
        {
          "index_key": 15,
          "schema_version": 0,
          "attributes": {
            "allow_concurrent_executions": false,
            "command": [
              {
                "description": "",
                "error_handler": [],
                "inline_script": "",
                "job": [],
                "keep_going_on_success": false,
                "node_step_plugin": [],
                "script_file": "",
                "script_file_args": "",
                "script_interpreter": [],
                "shell_command": "hostname",
                "step_plugin": []
              }
            ],
            "command_ordering_strategy": "node-first",
            "continue_next_node_on_error": false,
            "continue_on_error": false,
            "description": "Restart the service daemons on all the web servers",
            "execution_enabled": true,
            "global_log_filter": [],
            "group_name": "",
            "id": "6f0af7ea-a2f9-4ce8-9290-897245bef2af",
            "log_level": "INFO",
            "max_thread_count": 1,
            "name": "jobP5-15",
            "node_filter_exclude_precedence": false,
            "node_filter_exclude_query": "",
            "node_filter_query": "",
            "notification": [],
            "option": [],
            "preserve_options_order": null,
            "project_name": "Project5",
            "rank_attribute": "",
            "rank_order": "ascending",
            "retry": "",
            "schedule": "0/20 * * * * * *",
            "schedule_enabled": true,
            "success_on_empty_node_filter": null,
            "time_zone": "",
            "timeout": null
          },
          "sensitive_attributes": [],
          "private": "bnVsbA==",
          "dependencies": [
            "rundeck_project.Project5"
          ]
        },
        {
          "index_key": 16,
          "schema_version": 0,
          "attributes": {
            "allow_concurrent_executions": false,
            "command": [
              {
                "description": "",
                "error_handler": [],
                "inline_script": "",
                "job": [],
                "keep_going_on_success": false,
                "node_step_plugin": [],
                "script_file": "",
                "script_file_args": "",
                "script_interpreter": [],
                "shell_command": "hostname",
                "step_plugin": []
              }
            ],
            "command_ordering_strategy": "node-first",
            "continue_next_node_on_error": false,
            "continue_on_error": false,
            "description": "Restart the service daemons on all the web servers",
            "execution_enabled": true,
            "global_log_filter": [],
            "group_name": "",
            "id": "bc311d6b-91a4-48b8-a3e5-2b0dce720e13",
            "log_level": "INFO",
            "max_thread_count": 1,
            "name": "jobP5-16",
            "node_filter_exclude_precedence": false,
            "node_filter_exclude_query": "",
            "node_filter_query": "",
            "notification": [],
            "option": [],
            "preserve_options_order": null,
            "project_name": "Project5",
            "rank_attribute": "",
            "rank_order": "ascending",
            "retry": "",
            "schedule": "0/20 * * * * * *",
            "schedule_enabled": true,
            "success_on_empty_node_filter": null,
            "time_zone": "",
            "timeout": null
          },
          "sensitive_attributes": [],
          "private": "bnVsbA==",
          "dependencies": [
            "rundeck_project.Project5"
          ]
        },
        {
          "index_key": 17,
          "schema_version": 0,
          "attributes": {
            "allow_concurrent_executions": false,
            "command": [
              {
                "description": "",
                "error_handler": [],
                "inline_script": "",
                "job": [],
                "keep_going_on_success": false,
                "node_step_plugin": [],
                "script_file": "",
                "script_file_args": "",
                "script_interpreter": [],
                "shell_command": "hostname",
                "step_plugin": []
              }
            ],
            "command_ordering_strategy": "node-first",
            "continue_next_node_on_error": false,
            "continue_on_error": false,
            "description": "Restart the service daemons on all the web servers",
            "execution_enabled": true,
            "global_log_filter": [],
            "group_name": "",
            "id": "c66ecc61-d100-4437-9619-002747cea6c2",
            "log_level": "INFO",
            "max_thread_count": 1,
            "name": "jobP5-17",
            "node_filter_exclude_precedence": false,
            "node_filter_exclude_query": "",
            "node_filter_query": "",
            "notification": [],
            "option": [],
            "preserve_options_order": null,
            "project_name": "Project5",
            "rank_attribute": "",
            "rank_order": "ascending",
            "retry": "",
            "schedule": "0/20 * * * * * *",
            "schedule_enabled": true,
            "success_on_empty_node_filter": null,
            "time_zone": "",
            "timeout": null
          },
          "sensitive_attributes": [],
          "private": "bnVsbA==",
          "dependencies": [
            "rundeck_project.Project5"
          ]
        },
        {
          "index_key": 18,
          "schema_version": 0,
          "attributes": {
            "allow_concurrent_executions": false,
            "command": [
              {
                "description": "",
                "error_handler": [],
                "inline_script": "",
                "job": [],
                "keep_going_on_success": false,
                "node_step_plugin": [],
                "script_file": "",
                "script_file_args": "",
                "script_interpreter": [],
                "shell_command": "hostname",
                "step_plugin": []
              }
            ],
            "command_ordering_strategy": "node-first",
            "continue_next_node_on_error": false,
            "continue_on_error": false,
            "description": "Restart the service daemons on all the web servers",
            "execution_enabled": true,
            "global_log_filter": [],
            "group_name": "",
            "id": "50e80442-c21d-4e60-883c-88b7073b9324",
            "log_level": "INFO",
            "max_thread_count": 1,
            "name": "jobP5-18",
            "node_filter_exclude_precedence": false,
            "node_filter_exclude_query": "",
            "node_filter_query": "",
            "notification": [],
            "option": [],
            "preserve_options_order": null,
            "project_name": "Project5",
            "rank_attribute": "",
            "rank_order": "ascending",
            "retry": "",
            "schedule": "0/20 * * * * * *",
            "schedule_enabled": true,
            "success_on_empty_node_filter": null,
            "time_zone": "",
            "timeout": null
          },
          "sensitive_attributes": [],
          "private": "bnVsbA==",
          "dependencies": [
            "rundeck_project.Project5"
          ]
        },
        {
          "index_key": 19,
          "schema_version": 0,
          "attributes": {
            "allow_concurrent_executions": false,
            "command": [
              {
                "description": "",
                "error_handler": [],
                "inline_script": "",
                "job": [],
                "keep_going_on_success": false,
                "node_step_plugin": [],
                "script_file": "",
                "script_file_args": "",
                "script_interpreter": [],
                "shell_command": "hostname",
                "step_plugin": []
              }
            ],
            "command_ordering_strategy": "node-first",
            "continue_next_node_on_error": false,
            "continue_on_error": false,
            "description": "Restart the service daemons on all the web servers",
            "execution_enabled": true,
            "global_log_filter": [],
            "group_name": "",
            "id": "6cf6e594-79c6-4310-a71a-00dfc59cac21",
            "log_level": "INFO",
            "max_thread_count": 1,
            "name": "jobP5-19",
            "node_filter_exclude_precedence": false,
            "node_filter_exclude_query": "",
            "node_filter_query": "",
            "notification": [],
            "option": [],
            "preserve_options_order": null,
            "project_name": "Project5",
            "rank_attribute": "",
            "rank_order": "ascending",
            "retry": "",
            "schedule": "0/20 * * * * * *",
            "schedule_enabled": true,
            "success_on_empty_node_filter": null,
            "time_zone": "",
            "timeout": null
          },
          "sensitive_attributes": [],
          "private": "bnVsbA==",
          "dependencies": [
            "rundeck_project.Project5"
          ]
        },
        {
          "index_key": 20,
          "schema_version": 0,
          "attributes": {
            "allow_concurrent_executions": false,
            "command": [
              {
                "description": "",
                "error_handler": [],
                "inline_script": "",
                "job": [],
                "keep_going_on_success": false,
                "node_step_plugin": [],
                "script_file": "",
                "script_file_args": "",
                "script_interpreter": [],
                "shell_command": "hostname",
                "step_plugin": []
              }
            ],
            "command_ordering_strategy": "node-first",
            "continue_next_node_on_error": false,
            "continue_on_error": false,
            "description": "Restart the service daemons on all the web servers",
            "execution_enabled": true,
            "global_log_filter": [],
            "group_name": "",
            "id": "904bda2a-0766-4698-abfe-b1c0b6b6d199",
            "log_level": "INFO",
            "max_thread_count": 1,
            "name": "jobP5-20",
            "node_filter_exclude_precedence": false,
            "node_filter_exclude_query": "",
            "node_filter_query": "",
            "notification": [],
            "option": [],
            "preserve_options_order": null,
            "project_name": "Project5",
            "rank_attribute": "",
            "rank_order": "ascending",
            "retry": "",
            "schedule": "0/20 * * * * * *",
            "schedule_enabled": true,
            "success_on_empty_node_filter": null,
            "time_zone": "",
            "timeout": null
          },
          "sensitive_attributes": [],
          "private": "bnVsbA==",
          "dependencies": [
            "rundeck_project.Project5"
          ]
        },
        {
          "index_key": 21,
          "schema_version": 0,
          "attributes": {
            "allow_concurrent_executions": false,
            "command": [
              {
                "description": "",
                "error_handler": [],
                "inline_script": "",
                "job": [],
                "keep_going_on_success": false,
                "node_step_plugin": [],
                "script_file": "",
                "script_file_args": "",
                "script_interpreter": [],
                "shell_command": "hostname",
                "step_plugin": []
              }
            ],
            "command_ordering_strategy": "node-first",
            "continue_next_node_on_error": false,
            "continue_on_error": false,
            "description": "Restart the service daemons on all the web servers",
            "execution_enabled": true,
            "global_log_filter": [],
            "group_name": "",
            "id": "99587742-d74b-4e7a-9e47-a50f8fc754d1",
            "log_level": "INFO",
            "max_thread_count": 1,
            "name": "jobP5-21",
            "node_filter_exclude_precedence": false,
            "node_filter_exclude_query": "",
            "node_filter_query": "",
            "notification": [],
            "option": [],
            "preserve_options_order": null,
            "project_name": "Project5",
            "rank_attribute": "",
            "rank_order": "ascending",
            "retry": "",
            "schedule": "0/20 * * * * * *",
            "schedule_enabled": true,
            "success_on_empty_node_filter": null,
            "time_zone": "",
            "timeout": null
          },
          "sensitive_attributes": [],
          "private": "bnVsbA==",
          "dependencies": [
            "rundeck_project.Project5"
          ]
        },
        {
          "index_key": 22,
          "schema_version": 0,
          "attributes": {
            "allow_concurrent_executions": false,
            "command": [
              {
                "description": "",
                "error_handler": [],
                "inline_script": "",
                "job": [],
                "keep_going_on_success": false,
                "node_step_plugin": [],
                "script_file": "",
                "script_file_args": "",
                "script_interpreter": [],
                "shell_command": "hostname",
                "step_plugin": []
              }
            ],
            "command_ordering_strategy": "node-first",
            "continue_next_node_on_error": false,
            "continue_on_error": false,
            "description": "Restart the service daemons on all the web servers",
            "execution_enabled": true,
            "global_log_filter": [],
            "group_name": "",
            "id": "f7812574-657b-4074-9a9e-cedd586aeab1",
            "log_level": "INFO",
            "max_thread_count": 1,
            "name": "jobP5-22",
            "node_filter_exclude_precedence": false,
            "node_filter_exclude_query": "",
            "node_filter_query": "",
            "notification": [],
            "option": [],
            "preserve_options_order": null,
            "project_name": "Project5",
            "rank_attribute": "",
            "rank_order": "ascending",
            "retry": "",
            "schedule": "0/20 * * * * * *",
            "schedule_enabled": true,
            "success_on_empty_node_filter": null,
            "time_zone": "",
            "timeout": null
          },
          "sensitive_attributes": [],
          "private": "bnVsbA==",
          "dependencies": [
            "rundeck_project.Project5"
          ]
        },
        {
          "index_key": 23,
          "schema_version": 0,
          "attributes": {
            "allow_concurrent_executions": false,
            "command": [
              {
                "description": "",
                "error_handler": [],
                "inline_script": "",
                "job": [],
                "keep_going_on_success": false,
                "node_step_plugin": [],
                "script_file": "",
                "script_file_args": "",
                "script_interpreter": [],
                "shell_command": "hostname",
                "step_plugin": []
              }
            ],
            "command_ordering_strategy": "node-first",
            "continue_next_node_on_error": false,
            "continue_on_error": false,
            "description": "Restart the service daemons on all the web servers",
            "execution_enabled": true,
            "global_log_filter": [],
            "group_name": "",
            "id": "9b596d83-75d5-4494-bdf7-b2c9ba458df4",
            "log_level": "INFO",
            "max_thread_count": 1,
            "name": "jobP5-23",
            "node_filter_exclude_precedence": false,
            "node_filter_exclude_query": "",
            "node_filter_query": "",
            "notification": [],
            "option": [],
            "preserve_options_order": null,
            "project_name": "Project5",
            "rank_attribute": "",
            "rank_order": "ascending",
            "retry": "",
            "schedule": "0/20 * * * * * *",
            "schedule_enabled": true,
            "success_on_empty_node_filter": null,
            "time_zone": "",
            "timeout": null
          },
          "sensitive_attributes": [],
          "private": "bnVsbA==",
          "dependencies": [
            "rundeck_project.Project5"
          ]
        },
        {
          "index_key": 24,
          "schema_version": 0,
          "attributes": {
            "allow_concurrent_executions": false,
            "command": [
              {
                "description": "",
                "error_handler": [],
                "inline_script": "",
                "job": [],
                "keep_going_on_success": false,
                "node_step_plugin": [],
                "script_file": "",
                "script_file_args": "",
                "script_interpreter": [],
                "shell_command": "hostname",
                "step_plugin": []
              }
            ],
            "command_ordering_strategy": "node-first",
            "continue_next_node_on_error": false,
            "continue_on_error": false,
            "description": "Restart the service daemons on all the web servers",
            "execution_enabled": true,
            "global_log_filter": [],
            "group_name": "",
            "id": "ff0a3856-1a84-462e-9b58-22733d45c35e",
            "log_level": "INFO",
            "max_thread_count": 1,
            "name": "jobP5-24",
            "node_filter_exclude_precedence": false,
            "node_filter_exclude_query": "",
            "node_filter_query": "",
            "notification": [],
            "option": [],
            "preserve_options_order": null,
            "project_name": "Project5",
            "rank_attribute": "",
            "rank_order": "ascending",
            "retry": "",
            "schedule": "0/20 * * * * * *",
            "schedule_enabled": true,
            "success_on_empty_node_filter": null,
            "time_zone": "",
            "timeout": null
          },
          "sensitive_attributes": [],
          "private": "bnVsbA==",
          "dependencies": [
            "rundeck_project.Project5"
          ]
        },
        {
          "index_key": 25,
          "schema_version": 0,
          "attributes": {
            "allow_concurrent_executions": false,
            "command": [
              {
                "description": "",
                "error_handler": [],
                "inline_script": "",
                "job": [],
                "keep_going_on_success": false,
                "node_step_plugin": [],
                "script_file": "",
                "script_file_args": "",
                "script_interpreter": [],
                "shell_command": "hostname",
                "step_plugin": []
              }
            ],
            "command_ordering_strategy": "node-first",
            "continue_next_node_on_error": false,
            "continue_on_error": false,
            "description": "Restart the service daemons on all the web servers",
            "execution_enabled": true,
            "global_log_filter": [],
            "group_name": "",
            "id": "e8ec96f5-8ffd-4378-aa3e-53561346807f",
            "log_level": "INFO",
            "max_thread_count": 1,
            "name": "jobP5-25",
            "node_filter_exclude_precedence": false,
            "node_filter_exclude_query": "",
            "node_filter_query": "",
            "notification": [],
            "option": [],
            "preserve_options_order": null,
            "project_name": "Project5",
            "rank_attribute": "",
            "rank_order": "ascending",
            "retry": "",
            "schedule": "0/20 * * * * * *",
            "schedule_enabled": true,
            "success_on_empty_node_filter": null,
            "time_zone": "",
            "timeout": null
          },
          "sensitive_attributes": [],
          "private": "bnVsbA==",
          "dependencies": [
            "rundeck_project.Project5"
          ]
        },
        {
          "index_key": 26,
          "schema_version": 0,
          "attributes": {
            "allow_concurrent_executions": false,
            "command": [
              {
                "description": "",
                "error_handler": [],
                "inline_script": "",
                "job": [],
                "keep_going_on_success": false,
                "node_step_plugin": [],
                "script_file": "",
                "script_file_args": "",
                "script_interpreter": [],
                "shell_command": "hostname",
                "step_plugin": []
              }
            ],
            "command_ordering_strategy": "node-first",
            "continue_next_node_on_error": false,
            "continue_on_error": false,
            "description": "Restart the service daemons on all the web servers",
            "execution_enabled": true,
            "global_log_filter": [],
            "group_name": "",
            "id": "c967c242-24fe-41ac-81b9-6bb4ebb2ab15",
            "log_level": "INFO",
            "max_thread_count": 1,
            "name": "jobP5-26",
            "node_filter_exclude_precedence": false,
            "node_filter_exclude_query": "",
            "node_filter_query": "",
            "notification": [],
            "option": [],
            "preserve_options_order": null,
            "project_name": "Project5",
            "rank_attribute": "",
            "rank_order": "ascending",
            "retry": "",
            "schedule": "0/20 * * * * * *",
            "schedule_enabled": true,
            "success_on_empty_node_filter": null,
            "time_zone": "",
            "timeout": null
          },
          "sensitive_attributes": [],
          "private": "bnVsbA==",
          "dependencies": [
            "rundeck_project.Project5"
          ]
        },
        {
          "index_key": 27,
          "schema_version": 0,
          "attributes": {
            "allow_concurrent_executions": false,
            "command": [
              {
                "description": "",
                "error_handler": [],
                "inline_script": "",
                "job": [],
                "keep_going_on_success": false,
                "node_step_plugin": [],
                "script_file": "",
                "script_file_args": "",
                "script_interpreter": [],
                "shell_command": "hostname",
                "step_plugin": []
              }
            ],
            "command_ordering_strategy": "node-first",
            "continue_next_node_on_error": false,
            "continue_on_error": false,
            "description": "Restart the service daemons on all the web servers",
            "execution_enabled": true,
            "global_log_filter": [],
            "group_name": "",
            "id": "64563fb5-d89c-4b71-9cbc-3c94d1c1b6eb",
            "log_level": "INFO",
            "max_thread_count": 1,
            "name": "jobP5-27",
            "node_filter_exclude_precedence": false,
            "node_filter_exclude_query": "",
            "node_filter_query": "",
            "notification": [],
            "option": [],
            "preserve_options_order": null,
            "project_name": "Project5",
            "rank_attribute": "",
            "rank_order": "ascending",
            "retry": "",
            "schedule": "0/20 * * * * * *",
            "schedule_enabled": true,
            "success_on_empty_node_filter": null,
            "time_zone": "",
            "timeout": null
          },
          "sensitive_attributes": [],
          "private": "bnVsbA==",
          "dependencies": [
            "rundeck_project.Project5"
          ]
        },
        {
          "index_key": 28,
          "schema_version": 0,
          "attributes": {
            "allow_concurrent_executions": false,
            "command": [
              {
                "description": "",
                "error_handler": [],
                "inline_script": "",
                "job": [],
                "keep_going_on_success": false,
                "node_step_plugin": [],
                "script_file": "",
                "script_file_args": "",
                "script_interpreter": [],
                "shell_command": "hostname",
                "step_plugin": []
              }
            ],
            "command_ordering_strategy": "node-first",
            "continue_next_node_on_error": false,
            "continue_on_error": false,
            "description": "Restart the service daemons on all the web servers",
            "execution_enabled": true,
            "global_log_filter": [],
            "group_name": "",
            "id": "01ee504a-d15b-41c2-b81b-feaa61bfa631",
            "log_level": "INFO",
            "max_thread_count": 1,
            "name": "jobP5-28",
            "node_filter_exclude_precedence": false,
            "node_filter_exclude_query": "",
            "node_filter_query": "",
            "notification": [],
            "option": [],
            "preserve_options_order": null,
            "project_name": "Project5",
            "rank_attribute": "",
            "rank_order": "ascending",
            "retry": "",
            "schedule": "0/20 * * * * * *",
            "schedule_enabled": true,
            "success_on_empty_node_filter": null,
            "time_zone": "",
            "timeout": null
          },
          "sensitive_attributes": [],
          "private": "bnVsbA==",
          "dependencies": [
            "rundeck_project.Project5"
          ]
        },
        {
          "index_key": 29,
          "schema_version": 0,
          "attributes": {
            "allow_concurrent_executions": false,
            "command": [
              {
                "description": "",
                "error_handler": [],
                "inline_script": "",
                "job": [],
                "keep_going_on_success": false,
                "node_step_plugin": [],
                "script_file": "",
                "script_file_args": "",
                "script_interpreter": [],
                "shell_command": "hostname",
                "step_plugin": []
              }
            ],
            "command_ordering_strategy": "node-first",
            "continue_next_node_on_error": false,
            "continue_on_error": false,
            "description": "Restart the service daemons on all the web servers",
            "execution_enabled": true,
            "global_log_filter": [],
            "group_name": "",
            "id": "5aeedd19-8f66-4d31-8fa3-f718c6810510",
            "log_level": "INFO",
            "max_thread_count": 1,
            "name": "jobP5-29",
            "node_filter_exclude_precedence": false,
            "node_filter_exclude_query": "",
            "node_filter_query": "",
            "notification": [],
            "option": [],
            "preserve_options_order": null,
            "project_name": "Project5",
            "rank_attribute": "",
            "rank_order": "ascending",
            "retry": "",
            "schedule": "0/20 * * * * * *",
            "schedule_enabled": true,
            "success_on_empty_node_filter": null,
            "time_zone": "",
            "timeout": null
          },
          "sensitive_attributes": [],
          "private": "bnVsbA==",
          "dependencies": [
            "rundeck_project.Project5"
          ]
        },
        {
          "index_key": 30,
          "schema_version": 0,
          "attributes": {
            "allow_concurrent_executions": false,
            "command": [
              {
                "description": "",
                "error_handler": [],
                "inline_script": "",
                "job": [],
                "keep_going_on_success": false,
                "node_step_plugin": [],
                "script_file": "",
                "script_file_args": "",
                "script_interpreter": [],
                "shell_command": "hostname",
                "step_plugin": []
              }
            ],
            "command_ordering_strategy": "node-first",
            "continue_next_node_on_error": false,
            "continue_on_error": false,
            "description": "Restart the service daemons on all the web servers",
            "execution_enabled": true,
            "global_log_filter": [],
            "group_name": "",
            "id": "ae273d16-db4c-498b-811a-37187ffd7802",
            "log_level": "INFO",
            "max_thread_count": 1,
            "name": "jobP5-30",
            "node_filter_exclude_precedence": false,
            "node_filter_exclude_query": "",
            "node_filter_query": "",
            "notification": [],
            "option": [],
            "preserve_options_order": null,
            "project_name": "Project5",
            "rank_attribute": "",
            "rank_order": "ascending",
            "retry": "",
            "schedule": "0/20 * * * * * *",
            "schedule_enabled": true,
            "success_on_empty_node_filter": null,
            "time_zone": "",
            "timeout": null
          },
          "sensitive_attributes": [],
          "private": "bnVsbA==",
          "dependencies": [
            "rundeck_project.Project5"
          ]
        },
        {
          "index_key": 31,
          "schema_version": 0,
          "attributes": {
            "allow_concurrent_executions": false,
            "command": [
              {
                "description": "",
                "error_handler": [],
                "inline_script": "",
                "job": [],
                "keep_going_on_success": false,
                "node_step_plugin": [],
                "script_file": "",
                "script_file_args": "",
                "script_interpreter": [],
                "shell_command": "hostname",
                "step_plugin": []
              }
            ],
            "command_ordering_strategy": "node-first",
            "continue_next_node_on_error": false,
            "continue_on_error": false,
            "description": "Restart the service daemons on all the web servers",
            "execution_enabled": true,
            "global_log_filter": [],
            "group_name": "",
            "id": "19439fc0-60a6-4c50-ab5f-5b8c5cd524dd",
            "log_level": "INFO",
            "max_thread_count": 1,
            "name": "jobP5-31",
            "node_filter_exclude_precedence": false,
            "node_filter_exclude_query": "",
            "node_filter_query": "",
            "notification": [],
            "option": [],
            "preserve_options_order": null,
            "project_name": "Project5",
            "rank_attribute": "",
            "rank_order": "ascending",
            "retry": "",
            "schedule": "0/20 * * * * * *",
            "schedule_enabled": true,
            "success_on_empty_node_filter": null,
            "time_zone": "",
            "timeout": null
          },
          "sensitive_attributes": [],
          "private": "bnVsbA==",
          "dependencies": [
            "rundeck_project.Project5"
          ]
        },
        {
          "index_key": 32,
          "schema_version": 0,
          "attributes": {
            "allow_concurrent_executions": false,
            "command": [
              {
                "description": "",
                "error_handler": [],
                "inline_script": "",
                "job": [],
                "keep_going_on_success": false,
                "node_step_plugin": [],
                "script_file": "",
                "script_file_args": "",
                "script_interpreter": [],
                "shell_command": "hostname",
                "step_plugin": []
              }
            ],
            "command_ordering_strategy": "node-first",
            "continue_next_node_on_error": false,
            "continue_on_error": false,
            "description": "Restart the service daemons on all the web servers",
            "execution_enabled": true,
            "global_log_filter": [],
            "group_name": "",
            "id": "8fa05cb8-8b50-4bd3-a034-ec46bff3c21f",
            "log_level": "INFO",
            "max_thread_count": 1,
            "name": "jobP5-32",
            "node_filter_exclude_precedence": false,
            "node_filter_exclude_query": "",
            "node_filter_query": "",
            "notification": [],
            "option": [],
            "preserve_options_order": null,
            "project_name": "Project5",
            "rank_attribute": "",
            "rank_order": "ascending",
            "retry": "",
            "schedule": "0/20 * * * * * *",
            "schedule_enabled": true,
            "success_on_empty_node_filter": null,
            "time_zone": "",
            "timeout": null
          },
          "sensitive_attributes": [],
          "private": "bnVsbA==",
          "dependencies": [
            "rundeck_project.Project5"
          ]
        },
        {
          "index_key": 33,
          "schema_version": 0,
          "attributes": {
            "allow_concurrent_executions": false,
            "command": [
              {
                "description": "",
                "error_handler": [],
                "inline_script": "",
                "job": [],
                "keep_going_on_success": false,
                "node_step_plugin": [],
                "script_file": "",
                "script_file_args": "",
                "script_interpreter": [],
                "shell_command": "hostname",
                "step_plugin": []
              }
            ],
            "command_ordering_strategy": "node-first",
            "continue_next_node_on_error": false,
            "continue_on_error": false,
            "description": "Restart the service daemons on all the web servers",
            "execution_enabled": true,
            "global_log_filter": [],
            "group_name": "",
            "id": "0bae024c-9794-44a4-ba93-e31f7d828faa",
            "log_level": "INFO",
            "max_thread_count": 1,
            "name": "jobP5-33",
            "node_filter_exclude_precedence": false,
            "node_filter_exclude_query": "",
            "node_filter_query": "",
            "notification": [],
            "option": [],
            "preserve_options_order": null,
            "project_name": "Project5",
            "rank_attribute": "",
            "rank_order": "ascending",
            "retry": "",
            "schedule": "0/20 * * * * * *",
            "schedule_enabled": true,
            "success_on_empty_node_filter": null,
            "time_zone": "",
            "timeout": null
          },
          "sensitive_attributes": [],
          "private": "bnVsbA==",
          "dependencies": [
            "rundeck_project.Project5"
          ]
        },
        {
          "index_key": 34,
          "schema_version": 0,
          "attributes": {
            "allow_concurrent_executions": false,
            "command": [
              {
                "description": "",
                "error_handler": [],
                "inline_script": "",
                "job": [],
                "keep_going_on_success": false,
                "node_step_plugin": [],
                "script_file": "",
                "script_file_args": "",
                "script_interpreter": [],
                "shell_command": "hostname",
                "step_plugin": []
              }
            ],
            "command_ordering_strategy": "node-first",
            "continue_next_node_on_error": false,
            "continue_on_error": false,
            "description": "Restart the service daemons on all the web servers",
            "execution_enabled": true,
            "global_log_filter": [],
            "group_name": "",
            "id": "45ed3947-7dd0-48ef-b84c-120822ae2093",
            "log_level": "INFO",
            "max_thread_count": 1,
            "name": "jobP5-34",
            "node_filter_exclude_precedence": false,
            "node_filter_exclude_query": "",
            "node_filter_query": "",
            "notification": [],
            "option": [],
            "preserve_options_order": null,
            "project_name": "Project5",
            "rank_attribute": "",
            "rank_order": "ascending",
            "retry": "",
            "schedule": "0/20 * * * * * *",
            "schedule_enabled": true,
            "success_on_empty_node_filter": null,
            "time_zone": "",
            "timeout": null
          },
          "sensitive_attributes": [],
          "private": "bnVsbA==",
          "dependencies": [
            "rundeck_project.Project5"
          ]
        },
        {
          "index_key": 35,
          "schema_version": 0,
          "attributes": {
            "allow_concurrent_executions": false,
            "command": [
              {
                "description": "",
                "error_handler": [],
                "inline_script": "",
                "job": [],
                "keep_going_on_success": false,
                "node_step_plugin": [],
                "script_file": "",
                "script_file_args": "",
                "script_interpreter": [],
                "shell_command": "hostname",
                "step_plugin": []
              }
            ],
            "command_ordering_strategy": "node-first",
            "continue_next_node_on_error": false,
            "continue_on_error": false,
            "description": "Restart the service daemons on all the web servers",
            "execution_enabled": true,
            "global_log_filter": [],
            "group_name": "",
            "id": "fda31c61-b388-404e-bc38-bab75d043d25",
            "log_level": "INFO",
            "max_thread_count": 1,
            "name": "jobP5-35",
            "node_filter_exclude_precedence": false,
            "node_filter_exclude_query": "",
            "node_filter_query": "",
            "notification": [],
            "option": [],
            "preserve_options_order": null,
            "project_name": "Project5",
            "rank_attribute": "",
            "rank_order": "ascending",
            "retry": "",
            "schedule": "0/20 * * * * * *",
            "schedule_enabled": true,
            "success_on_empty_node_filter": null,
            "time_zone": "",
            "timeout": null
          },
          "sensitive_attributes": [],
          "private": "bnVsbA==",
          "dependencies": [
            "rundeck_project.Project5"
          ]
        },
        {
          "index_key": 36,
          "schema_version": 0,
          "attributes": {
            "allow_concurrent_executions": false,
            "command": [
              {
                "description": "",
                "error_handler": [],
                "inline_script": "",
                "job": [],
                "keep_going_on_success": false,
                "node_step_plugin": [],
                "script_file": "",
                "script_file_args": "",
                "script_interpreter": [],
                "shell_command": "hostname",
                "step_plugin": []
              }
            ],
            "command_ordering_strategy": "node-first",
            "continue_next_node_on_error": false,
            "continue_on_error": false,
            "description": "Restart the service daemons on all the web servers",
            "execution_enabled": true,
            "global_log_filter": [],
            "group_name": "",
            "id": "797716dc-0372-480c-8484-28f838cf05ff",
            "log_level": "INFO",
            "max_thread_count": 1,
            "name": "jobP5-36",
            "node_filter_exclude_precedence": false,
            "node_filter_exclude_query": "",
            "node_filter_query": "",
            "notification": [],
            "option": [],
            "preserve_options_order": null,
            "project_name": "Project5",
            "rank_attribute": "",
            "rank_order": "ascending",
            "retry": "",
            "schedule": "0/20 * * * * * *",
            "schedule_enabled": true,
            "success_on_empty_node_filter": null,
            "time_zone": "",
            "timeout": null
          },
          "sensitive_attributes": [],
          "private": "bnVsbA==",
          "dependencies": [
            "rundeck_project.Project5"
          ]
        },
        {
          "index_key": 37,
          "schema_version": 0,
          "attributes": {
            "allow_concurrent_executions": false,
            "command": [
              {
                "description": "",
                "error_handler": [],
                "inline_script": "",
                "job": [],
                "keep_going_on_success": false,
                "node_step_plugin": [],
                "script_file": "",
                "script_file_args": "",
                "script_interpreter": [],
                "shell_command": "hostname",
                "step_plugin": []
              }
            ],
            "command_ordering_strategy": "node-first",
            "continue_next_node_on_error": false,
            "continue_on_error": false,
            "description": "Restart the service daemons on all the web servers",
            "execution_enabled": true,
            "global_log_filter": [],
            "group_name": "",
            "id": "70cf5eb3-8218-43c3-a49d-b95e9ef8c6bb",
            "log_level": "INFO",
            "max_thread_count": 1,
            "name": "jobP5-37",
            "node_filter_exclude_precedence": false,
            "node_filter_exclude_query": "",
            "node_filter_query": "",
            "notification": [],
            "option": [],
            "preserve_options_order": null,
            "project_name": "Project5",
            "rank_attribute": "",
            "rank_order": "ascending",
            "retry": "",
            "schedule": "0/20 * * * * * *",
            "schedule_enabled": true,
            "success_on_empty_node_filter": null,
            "time_zone": "",
            "timeout": null
          },
          "sensitive_attributes": [],
          "private": "bnVsbA==",
          "dependencies": [
            "rundeck_project.Project5"
          ]
        },
        {
          "index_key": 38,
          "schema_version": 0,
          "attributes": {
            "allow_concurrent_executions": false,
            "command": [
              {
                "description": "",
                "error_handler": [],
                "inline_script": "",
                "job": [],
                "keep_going_on_success": false,
                "node_step_plugin": [],
                "script_file": "",
                "script_file_args": "",
                "script_interpreter": [],
                "shell_command": "hostname",
                "step_plugin": []
              }
            ],
            "command_ordering_strategy": "node-first",
            "continue_next_node_on_error": false,
            "continue_on_error": false,
            "description": "Restart the service daemons on all the web servers",
            "execution_enabled": true,
            "global_log_filter": [],
            "group_name": "",
            "id": "b34e6e88-3f4d-495a-97a3-4911ed5fac9c",
            "log_level": "INFO",
            "max_thread_count": 1,
            "name": "jobP5-38",
            "node_filter_exclude_precedence": false,
            "node_filter_exclude_query": "",
            "node_filter_query": "",
            "notification": [],
            "option": [],
            "preserve_options_order": null,
            "project_name": "Project5",
            "rank_attribute": "",
            "rank_order": "ascending",
            "retry": "",
            "schedule": "0/20 * * * * * *",
            "schedule_enabled": true,
            "success_on_empty_node_filter": null,
            "time_zone": "",
            "timeout": null
          },
          "sensitive_attributes": [],
          "private": "bnVsbA==",
          "dependencies": [
            "rundeck_project.Project5"
          ]
        },
        {
          "index_key": 39,
          "schema_version": 0,
          "attributes": {
            "allow_concurrent_executions": false,
            "command": [
              {
                "description": "",
                "error_handler": [],
                "inline_script": "",
                "job": [],
                "keep_going_on_success": false,
                "node_step_plugin": [],
                "script_file": "",
                "script_file_args": "",
                "script_interpreter": [],
                "shell_command": "hostname",
                "step_plugin": []
              }
            ],
            "command_ordering_strategy": "node-first",
            "continue_next_node_on_error": false,
            "continue_on_error": false,
            "description": "Restart the service daemons on all the web servers",
            "execution_enabled": true,
            "global_log_filter": [],
            "group_name": "",
            "id": "ee65ad8c-9874-40f5-acaa-f15b12067cce",
            "log_level": "INFO",
            "max_thread_count": 1,
            "name": "jobP5-39",
            "node_filter_exclude_precedence": false,
            "node_filter_exclude_query": "",
            "node_filter_query": "",
            "notification": [],
            "option": [],
            "preserve_options_order": null,
            "project_name": "Project5",
            "rank_attribute": "",
            "rank_order": "ascending",
            "retry": "",
            "schedule": "0/20 * * * * * *",
            "schedule_enabled": true,
            "success_on_empty_node_filter": null,
            "time_zone": "",
            "timeout": null
          },
          "sensitive_attributes": [],
          "private": "bnVsbA==",
          "dependencies": [
            "rundeck_project.Project5"
          ]
        },
        {
          "index_key": 40,
          "schema_version": 0,
          "attributes": {
            "allow_concurrent_executions": false,
            "command": [
              {
                "description": "",
                "error_handler": [],
                "inline_script": "",
                "job": [],
                "keep_going_on_success": false,
                "node_step_plugin": [],
                "script_file": "",
                "script_file_args": "",
                "script_interpreter": [],
                "shell_command": "hostname",
                "step_plugin": []
              }
            ],
            "command_ordering_strategy": "node-first",
            "continue_next_node_on_error": false,
            "continue_on_error": false,
            "description": "Restart the service daemons on all the web servers",
            "execution_enabled": true,
            "global_log_filter": [],
            "group_name": "",
            "id": "252b5a64-5584-4c16-9922-46aa12fd7eb6",
            "log_level": "INFO",
            "max_thread_count": 1,
            "name": "jobP5-40",
            "node_filter_exclude_precedence": false,
            "node_filter_exclude_query": "",
            "node_filter_query": "",
            "notification": [],
            "option": [],
            "preserve_options_order": null,
            "project_name": "Project5",
            "rank_attribute": "",
            "rank_order": "ascending",
            "retry": "",
            "schedule": "0/20 * * * * * *",
            "schedule_enabled": true,
            "success_on_empty_node_filter": null,
            "time_zone": "",
            "timeout": null
          },
          "sensitive_attributes": [],
          "private": "bnVsbA==",
          "dependencies": [
            "rundeck_project.Project5"
          ]
        },
        {
          "index_key": 41,
          "schema_version": 0,
          "attributes": {
            "allow_concurrent_executions": false,
            "command": [
              {
                "description": "",
                "error_handler": [],
                "inline_script": "",
                "job": [],
                "keep_going_on_success": false,
                "node_step_plugin": [],
                "script_file": "",
                "script_file_args": "",
                "script_interpreter": [],
                "shell_command": "hostname",
                "step_plugin": []
              }
            ],
            "command_ordering_strategy": "node-first",
            "continue_next_node_on_error": false,
            "continue_on_error": false,
            "description": "Restart the service daemons on all the web servers",
            "execution_enabled": true,
            "global_log_filter": [],
            "group_name": "",
            "id": "78636ee7-9836-451b-9297-71a6af13a3b0",
            "log_level": "INFO",
            "max_thread_count": 1,
            "name": "jobP5-41",
            "node_filter_exclude_precedence": false,
            "node_filter_exclude_query": "",
            "node_filter_query": "",
            "notification": [],
            "option": [],
            "preserve_options_order": null,
            "project_name": "Project5",
            "rank_attribute": "",
            "rank_order": "ascending",
            "retry": "",
            "schedule": "0/20 * * * * * *",
            "schedule_enabled": true,
            "success_on_empty_node_filter": null,
            "time_zone": "",
            "timeout": null
          },
          "sensitive_attributes": [],
          "private": "bnVsbA==",
          "dependencies": [
            "rundeck_project.Project5"
          ]
        },
        {
          "index_key": 42,
          "schema_version": 0,
          "attributes": {
            "allow_concurrent_executions": false,
            "command": [
              {
                "description": "",
                "error_handler": [],
                "inline_script": "",
                "job": [],
                "keep_going_on_success": false,
                "node_step_plugin": [],
                "script_file": "",
                "script_file_args": "",
                "script_interpreter": [],
                "shell_command": "hostname",
                "step_plugin": []
              }
            ],
            "command_ordering_strategy": "node-first",
            "continue_next_node_on_error": false,
            "continue_on_error": false,
            "description": "Restart the service daemons on all the web servers",
            "execution_enabled": true,
            "global_log_filter": [],
            "group_name": "",
            "id": "0b757c3b-cc7d-4fea-abda-346611ed9285",
            "log_level": "INFO",
            "max_thread_count": 1,
            "name": "jobP5-42",
            "node_filter_exclude_precedence": false,
            "node_filter_exclude_query": "",
            "node_filter_query": "",
            "notification": [],
            "option": [],
            "preserve_options_order": null,
            "project_name": "Project5",
            "rank_attribute": "",
            "rank_order": "ascending",
            "retry": "",
            "schedule": "0/20 * * * * * *",
            "schedule_enabled": true,
            "success_on_empty_node_filter": null,
            "time_zone": "",
            "timeout": null
          },
          "sensitive_attributes": [],
          "private": "bnVsbA==",
          "dependencies": [
            "rundeck_project.Project5"
          ]
        },
        {
          "index_key": 43,
          "schema_version": 0,
          "attributes": {
            "allow_concurrent_executions": false,
            "command": [
              {
                "description": "",
                "error_handler": [],
                "inline_script": "",
                "job": [],
                "keep_going_on_success": false,
                "node_step_plugin": [],
                "script_file": "",
                "script_file_args": "",
                "script_interpreter": [],
                "shell_command": "hostname",
                "step_plugin": []
              }
            ],
            "command_ordering_strategy": "node-first",
            "continue_next_node_on_error": false,
            "continue_on_error": false,
            "description": "Restart the service daemons on all the web servers",
            "execution_enabled": true,
            "global_log_filter": [],
            "group_name": "",
            "id": "2d840bbf-a426-4606-afc2-62d9f03ec41d",
            "log_level": "INFO",
            "max_thread_count": 1,
            "name": "jobP5-43",
            "node_filter_exclude_precedence": false,
            "node_filter_exclude_query": "",
            "node_filter_query": "",
            "notification": [],
            "option": [],
            "preserve_options_order": null,
            "project_name": "Project5",
            "rank_attribute": "",
            "rank_order": "ascending",
            "retry": "",
            "schedule": "0/20 * * * * * *",
            "schedule_enabled": true,
            "success_on_empty_node_filter": null,
            "time_zone": "",
            "timeout": null
          },
          "sensitive_attributes": [],
          "private": "bnVsbA==",
          "dependencies": [
            "rundeck_project.Project5"
          ]
        },
        {
          "index_key": 44,
          "schema_version": 0,
          "attributes": {
            "allow_concurrent_executions": false,
            "command": [
              {
                "description": "",
                "error_handler": [],
                "inline_script": "",
                "job": [],
                "keep_going_on_success": false,
                "node_step_plugin": [],
                "script_file": "",
                "script_file_args": "",
                "script_interpreter": [],
                "shell_command": "hostname",
                "step_plugin": []
              }
            ],
            "command_ordering_strategy": "node-first",
            "continue_next_node_on_error": false,
            "continue_on_error": false,
            "description": "Restart the service daemons on all the web servers",
            "execution_enabled": true,
            "global_log_filter": [],
            "group_name": "",
            "id": "8f1918b9-668f-4ed7-99e4-980f9edda1c2",
            "log_level": "INFO",
            "max_thread_count": 1,
            "name": "jobP5-44",
            "node_filter_exclude_precedence": false,
            "node_filter_exclude_query": "",
            "node_filter_query": "",
            "notification": [],
            "option": [],
            "preserve_options_order": null,
            "project_name": "Project5",
            "rank_attribute": "",
            "rank_order": "ascending",
            "retry": "",
            "schedule": "0/20 * * * * * *",
            "schedule_enabled": true,
            "success_on_empty_node_filter": null,
            "time_zone": "",
            "timeout": null
          },
          "sensitive_attributes": [],
          "private": "bnVsbA==",
          "dependencies": [
            "rundeck_project.Project5"
          ]
        },
        {
          "index_key": 45,
          "schema_version": 0,
          "attributes": {
            "allow_concurrent_executions": false,
            "command": [
              {
                "description": "",
                "error_handler": [],
                "inline_script": "",
                "job": [],
                "keep_going_on_success": false,
                "node_step_plugin": [],
                "script_file": "",
                "script_file_args": "",
                "script_interpreter": [],
                "shell_command": "hostname",
                "step_plugin": []
              }
            ],
            "command_ordering_strategy": "node-first",
            "continue_next_node_on_error": false,
            "continue_on_error": false,
            "description": "Restart the service daemons on all the web servers",
            "execution_enabled": true,
            "global_log_filter": [],
            "group_name": "",
            "id": "d5b6b5a1-5572-4834-bdc3-aa849523cc5e",
            "log_level": "INFO",
            "max_thread_count": 1,
            "name": "jobP5-45",
            "node_filter_exclude_precedence": false,
            "node_filter_exclude_query": "",
            "node_filter_query": "",
            "notification": [],
            "option": [],
            "preserve_options_order": null,
            "project_name": "Project5",
            "rank_attribute": "",
            "rank_order": "ascending",
            "retry": "",
            "schedule": "0/20 * * * * * *",
            "schedule_enabled": true,
            "success_on_empty_node_filter": null,
            "time_zone": "",
            "timeout": null
          },
          "sensitive_attributes": [],
          "private": "bnVsbA==",
          "dependencies": [
            "rundeck_project.Project5"
          ]
        },
        {
          "index_key": 46,
          "schema_version": 0,
          "attributes": {
            "allow_concurrent_executions": false,
            "command": [
              {
                "description": "",
                "error_handler": [],
                "inline_script": "",
                "job": [],
                "keep_going_on_success": false,
                "node_step_plugin": [],
                "script_file": "",
                "script_file_args": "",
                "script_interpreter": [],
                "shell_command": "hostname",
                "step_plugin": []
              }
            ],
            "command_ordering_strategy": "node-first",
            "continue_next_node_on_error": false,
            "continue_on_error": false,
            "description": "Restart the service daemons on all the web servers",
            "execution_enabled": true,
            "global_log_filter": [],
            "group_name": "",
            "id": "870010c0-2cbd-487c-b40a-11fa4945a05a",
            "log_level": "INFO",
            "max_thread_count": 1,
            "name": "jobP5-46",
            "node_filter_exclude_precedence": false,
            "node_filter_exclude_query": "",
            "node_filter_query": "",
            "notification": [],
            "option": [],
            "preserve_options_order": null,
            "project_name": "Project5",
            "rank_attribute": "",
            "rank_order": "ascending",
            "retry": "",
            "schedule": "0/20 * * * * * *",
            "schedule_enabled": true,
            "success_on_empty_node_filter": null,
            "time_zone": "",
            "timeout": null
          },
          "sensitive_attributes": [],
          "private": "bnVsbA==",
          "dependencies": [
            "rundeck_project.Project5"
          ]
        },
        {
          "index_key": 47,
          "schema_version": 0,
          "attributes": {
            "allow_concurrent_executions": false,
            "command": [
              {
                "description": "",
                "error_handler": [],
                "inline_script": "",
                "job": [],
                "keep_going_on_success": false,
                "node_step_plugin": [],
                "script_file": "",
                "script_file_args": "",
                "script_interpreter": [],
                "shell_command": "hostname",
                "step_plugin": []
              }
            ],
            "command_ordering_strategy": "node-first",
            "continue_next_node_on_error": false,
            "continue_on_error": false,
            "description": "Restart the service daemons on all the web servers",
            "execution_enabled": true,
            "global_log_filter": [],
            "group_name": "",
            "id": "830dfc30-d26f-4ecc-82b3-2459f333b38d",
            "log_level": "INFO",
            "max_thread_count": 1,
            "name": "jobP5-47",
            "node_filter_exclude_precedence": false,
            "node_filter_exclude_query": "",
            "node_filter_query": "",
            "notification": [],
            "option": [],
            "preserve_options_order": null,
            "project_name": "Project5",
            "rank_attribute": "",
            "rank_order": "ascending",
            "retry": "",
            "schedule": "0/20 * * * * * *",
            "schedule_enabled": true,
            "success_on_empty_node_filter": null,
            "time_zone": "",
            "timeout": null
          },
          "sensitive_attributes": [],
          "private": "bnVsbA==",
          "dependencies": [
            "rundeck_project.Project5"
          ]
        },
        {
          "index_key": 48,
          "schema_version": 0,
          "attributes": {
            "allow_concurrent_executions": false,
            "command": [
              {
                "description": "",
                "error_handler": [],
                "inline_script": "",
                "job": [],
                "keep_going_on_success": false,
                "node_step_plugin": [],
                "script_file": "",
                "script_file_args": "",
                "script_interpreter": [],
                "shell_command": "hostname",
                "step_plugin": []
              }
            ],
            "command_ordering_strategy": "node-first",
            "continue_next_node_on_error": false,
            "continue_on_error": false,
            "description": "Restart the service daemons on all the web servers",
            "execution_enabled": true,
            "global_log_filter": [],
            "group_name": "",
            "id": "88039ecf-e861-4144-bdfe-01e9af5aa266",
            "log_level": "INFO",
            "max_thread_count": 1,
            "name": "jobP5-48",
            "node_filter_exclude_precedence": false,
            "node_filter_exclude_query": "",
            "node_filter_query": "",
            "notification": [],
            "option": [],
            "preserve_options_order": null,
            "project_name": "Project5",
            "rank_attribute": "",
            "rank_order": "ascending",
            "retry": "",
            "schedule": "0/20 * * * * * *",
            "schedule_enabled": true,
            "success_on_empty_node_filter": null,
            "time_zone": "",
            "timeout": null
          },
          "sensitive_attributes": [],
          "private": "bnVsbA==",
          "dependencies": [
            "rundeck_project.Project5"
          ]
        },
        {
          "index_key": 49,
          "schema_version": 0,
          "attributes": {
            "allow_concurrent_executions": false,
            "command": [
              {
                "description": "",
                "error_handler": [],
                "inline_script": "",
                "job": [],
                "keep_going_on_success": false,
                "node_step_plugin": [],
                "script_file": "",
                "script_file_args": "",
                "script_interpreter": [],
                "shell_command": "hostname",
                "step_plugin": []
              }
            ],
            "command_ordering_strategy": "node-first",
            "continue_next_node_on_error": false,
            "continue_on_error": false,
            "description": "Restart the service daemons on all the web servers",
            "execution_enabled": true,
            "global_log_filter": [],
            "group_name": "",
            "id": "b3b5a736-497d-4c77-b081-b890aea114b1",
            "log_level": "INFO",
            "max_thread_count": 1,
            "name": "jobP5-49",
            "node_filter_exclude_precedence": false,
            "node_filter_exclude_query": "",
            "node_filter_query": "",
            "notification": [],
            "option": [],
            "preserve_options_order": null,
            "project_name": "Project5",
            "rank_attribute": "",
            "rank_order": "ascending",
            "retry": "",
            "schedule": "0/20 * * * * * *",
            "schedule_enabled": true,
            "success_on_empty_node_filter": null,
            "time_zone": "",
            "timeout": null
          },
          "sensitive_attributes": [],
          "private": "bnVsbA==",
          "dependencies": [
            "rundeck_project.Project5"
          ]
        },
        {
          "index_key": 50,
          "schema_version": 0,
          "attributes": {
            "allow_concurrent_executions": false,
            "command": [
              {
                "description": "",
                "error_handler": [],
                "inline_script": "",
                "job": [],
                "keep_going_on_success": false,
                "node_step_plugin": [],
                "script_file": "",
                "script_file_args": "",
                "script_interpreter": [],
                "shell_command": "hostname",
                "step_plugin": []
              }
            ],
            "command_ordering_strategy": "node-first",
            "continue_next_node_on_error": false,
            "continue_on_error": false,
            "description": "Restart the service daemons on all the web servers",
            "execution_enabled": true,
            "global_log_filter": [],
            "group_name": "",
            "id": "b70aa034-8ded-4f31-8bdb-fb82ea1c7851",
            "log_level": "INFO",
            "max_thread_count": 1,
            "name": "jobP5-50",
            "node_filter_exclude_precedence": false,
            "node_filter_exclude_query": "",
            "node_filter_query": "",
            "notification": [],
            "option": [],
            "preserve_options_order": null,
            "project_name": "Project5",
            "rank_attribute": "",
            "rank_order": "ascending",
            "retry": "",
            "schedule": "0/20 * * * * * *",
            "schedule_enabled": true,
            "success_on_empty_node_filter": null,
            "time_zone": "",
            "timeout": null
          },
          "sensitive_attributes": [],
          "private": "bnVsbA==",
          "dependencies": [
            "rundeck_project.Project5"
          ]
        },
        {
          "index_key": 51,
          "schema_version": 0,
          "attributes": {
            "allow_concurrent_executions": false,
            "command": [
              {
                "description": "",
                "error_handler": [],
                "inline_script": "",
                "job": [],
                "keep_going_on_success": false,
                "node_step_plugin": [],
                "script_file": "",
                "script_file_args": "",
                "script_interpreter": [],
                "shell_command": "hostname",
                "step_plugin": []
              }
            ],
            "command_ordering_strategy": "node-first",
            "continue_next_node_on_error": false,
            "continue_on_error": false,
            "description": "Restart the service daemons on all the web servers",
            "execution_enabled": true,
            "global_log_filter": [],
            "group_name": "",
            "id": "b892839e-4702-445e-a3cc-7f9c9ac23ea2",
            "log_level": "INFO",
            "max_thread_count": 1,
            "name": "jobP5-51",
            "node_filter_exclude_precedence": false,
            "node_filter_exclude_query": "",
            "node_filter_query": "",
            "notification": [],
            "option": [],
            "preserve_options_order": null,
            "project_name": "Project5",
            "rank_attribute": "",
            "rank_order": "ascending",
            "retry": "",
            "schedule": "0/20 * * * * * *",
            "schedule_enabled": true,
            "success_on_empty_node_filter": null,
            "time_zone": "",
            "timeout": null
          },
          "sensitive_attributes": [],
          "private": "bnVsbA==",
          "dependencies": [
            "rundeck_project.Project5"
          ]
        },
        {
          "index_key": 52,
          "schema_version": 0,
          "attributes": {
            "allow_concurrent_executions": false,
            "command": [
              {
                "description": "",
                "error_handler": [],
                "inline_script": "",
                "job": [],
                "keep_going_on_success": false,
                "node_step_plugin": [],
                "script_file": "",
                "script_file_args": "",
                "script_interpreter": [],
                "shell_command": "hostname",
                "step_plugin": []
              }
            ],
            "command_ordering_strategy": "node-first",
            "continue_next_node_on_error": false,
            "continue_on_error": false,
            "description": "Restart the service daemons on all the web servers",
            "execution_enabled": true,
            "global_log_filter": [],
            "group_name": "",
            "id": "882370eb-59b3-421e-be65-1c81d70e8bc4",
            "log_level": "INFO",
            "max_thread_count": 1,
            "name": "jobP5-52",
            "node_filter_exclude_precedence": false,
            "node_filter_exclude_query": "",
            "node_filter_query": "",
            "notification": [],
            "option": [],
            "preserve_options_order": null,
            "project_name": "Project5",
            "rank_attribute": "",
            "rank_order": "ascending",
            "retry": "",
            "schedule": "0/20 * * * * * *",
            "schedule_enabled": true,
            "success_on_empty_node_filter": null,
            "time_zone": "",
            "timeout": null
          },
          "sensitive_attributes": [],
          "private": "bnVsbA==",
          "dependencies": [
            "rundeck_project.Project5"
          ]
        },
        {
          "index_key": 53,
          "schema_version": 0,
          "attributes": {
            "allow_concurrent_executions": false,
            "command": [
              {
                "description": "",
                "error_handler": [],
                "inline_script": "",
                "job": [],
                "keep_going_on_success": false,
                "node_step_plugin": [],
                "script_file": "",
                "script_file_args": "",
                "script_interpreter": [],
                "shell_command": "hostname",
                "step_plugin": []
              }
            ],
            "command_ordering_strategy": "node-first",
            "continue_next_node_on_error": false,
            "continue_on_error": false,
            "description": "Restart the service daemons on all the web servers",
            "execution_enabled": true,
            "global_log_filter": [],
            "group_name": "",
            "id": "01abd573-997a-4de9-86d0-5e42d1a81256",
            "log_level": "INFO",
            "max_thread_count": 1,
            "name": "jobP5-53",
            "node_filter_exclude_precedence": false,
            "node_filter_exclude_query": "",
            "node_filter_query": "",
            "notification": [],
            "option": [],
            "preserve_options_order": null,
            "project_name": "Project5",
            "rank_attribute": "",
            "rank_order": "ascending",
            "retry": "",
            "schedule": "0/20 * * * * * *",
            "schedule_enabled": true,
            "success_on_empty_node_filter": null,
            "time_zone": "",
            "timeout": null
          },
          "sensitive_attributes": [],
          "private": "bnVsbA==",
          "dependencies": [
            "rundeck_project.Project5"
          ]
        },
        {
          "index_key": 54,
          "schema_version": 0,
          "attributes": {
            "allow_concurrent_executions": false,
            "command": [
              {
                "description": "",
                "error_handler": [],
                "inline_script": "",
                "job": [],
                "keep_going_on_success": false,
                "node_step_plugin": [],
                "script_file": "",
                "script_file_args": "",
                "script_interpreter": [],
                "shell_command": "hostname",
                "step_plugin": []
              }
            ],
            "command_ordering_strategy": "node-first",
            "continue_next_node_on_error": false,
            "continue_on_error": false,
            "description": "Restart the service daemons on all the web servers",
            "execution_enabled": true,
            "global_log_filter": [],
            "group_name": "",
            "id": "cf7f704f-2c82-419b-904d-77ad4d02c300",
            "log_level": "INFO",
            "max_thread_count": 1,
            "name": "jobP5-54",
            "node_filter_exclude_precedence": false,
            "node_filter_exclude_query": "",
            "node_filter_query": "",
            "notification": [],
            "option": [],
            "preserve_options_order": null,
            "project_name": "Project5",
            "rank_attribute": "",
            "rank_order": "ascending",
            "retry": "",
            "schedule": "0/20 * * * * * *",
            "schedule_enabled": true,
            "success_on_empty_node_filter": null,
            "time_zone": "",
            "timeout": null
          },
          "sensitive_attributes": [],
          "private": "bnVsbA==",
          "dependencies": [
            "rundeck_project.Project5"
          ]
        },
        {
          "index_key": 55,
          "schema_version": 0,
          "attributes": {
            "allow_concurrent_executions": false,
            "command": [
              {
                "description": "",
                "error_handler": [],
                "inline_script": "",
                "job": [],
                "keep_going_on_success": false,
                "node_step_plugin": [],
                "script_file": "",
                "script_file_args": "",
                "script_interpreter": [],
                "shell_command": "hostname",
                "step_plugin": []
              }
            ],
            "command_ordering_strategy": "node-first",
            "continue_next_node_on_error": false,
            "continue_on_error": false,
            "description": "Restart the service daemons on all the web servers",
            "execution_enabled": true,
            "global_log_filter": [],
            "group_name": "",
            "id": "73904b17-6acb-4e41-b1a9-e56249907c70",
            "log_level": "INFO",
            "max_thread_count": 1,
            "name": "jobP5-55",
            "node_filter_exclude_precedence": false,
            "node_filter_exclude_query": "",
            "node_filter_query": "",
            "notification": [],
            "option": [],
            "preserve_options_order": null,
            "project_name": "Project5",
            "rank_attribute": "",
            "rank_order": "ascending",
            "retry": "",
            "schedule": "0/20 * * * * * *",
            "schedule_enabled": true,
            "success_on_empty_node_filter": null,
            "time_zone": "",
            "timeout": null
          },
          "sensitive_attributes": [],
          "private": "bnVsbA==",
          "dependencies": [
            "rundeck_project.Project5"
          ]
        },
        {
          "index_key": 56,
          "schema_version": 0,
          "attributes": {
            "allow_concurrent_executions": false,
            "command": [
              {
                "description": "",
                "error_handler": [],
                "inline_script": "",
                "job": [],
                "keep_going_on_success": false,
                "node_step_plugin": [],
                "script_file": "",
                "script_file_args": "",
                "script_interpreter": [],
                "shell_command": "hostname",
                "step_plugin": []
              }
            ],
            "command_ordering_strategy": "node-first",
            "continue_next_node_on_error": false,
            "continue_on_error": false,
            "description": "Restart the service daemons on all the web servers",
            "execution_enabled": true,
            "global_log_filter": [],
            "group_name": "",
            "id": "69508846-d645-47a1-ae6b-d267197fb92c",
            "log_level": "INFO",
            "max_thread_count": 1,
            "name": "jobP5-56",
            "node_filter_exclude_precedence": false,
            "node_filter_exclude_query": "",
            "node_filter_query": "",
            "notification": [],
            "option": [],
            "preserve_options_order": null,
            "project_name": "Project5",
            "rank_attribute": "",
            "rank_order": "ascending",
            "retry": "",
            "schedule": "0/20 * * * * * *",
            "schedule_enabled": true,
            "success_on_empty_node_filter": null,
            "time_zone": "",
            "timeout": null
          },
          "sensitive_attributes": [],
          "private": "bnVsbA==",
          "dependencies": [
            "rundeck_project.Project5"
          ]
        },
        {
          "index_key": 57,
          "schema_version": 0,
          "attributes": {
            "allow_concurrent_executions": false,
            "command": [
              {
                "description": "",
                "error_handler": [],
                "inline_script": "",
                "job": [],
                "keep_going_on_success": false,
                "node_step_plugin": [],
                "script_file": "",
                "script_file_args": "",
                "script_interpreter": [],
                "shell_command": "hostname",
                "step_plugin": []
              }
            ],
            "command_ordering_strategy": "node-first",
            "continue_next_node_on_error": false,
            "continue_on_error": false,
            "description": "Restart the service daemons on all the web servers",
            "execution_enabled": true,
            "global_log_filter": [],
            "group_name": "",
            "id": "1c5a9a93-33bc-4957-ac87-f1529ec39cb8",
            "log_level": "INFO",
            "max_thread_count": 1,
            "name": "jobP5-57",
            "node_filter_exclude_precedence": false,
            "node_filter_exclude_query": "",
            "node_filter_query": "",
            "notification": [],
            "option": [],
            "preserve_options_order": null,
            "project_name": "Project5",
            "rank_attribute": "",
            "rank_order": "ascending",
            "retry": "",
            "schedule": "0/20 * * * * * *",
            "schedule_enabled": true,
            "success_on_empty_node_filter": null,
            "time_zone": "",
            "timeout": null
          },
          "sensitive_attributes": [],
          "private": "bnVsbA==",
          "dependencies": [
            "rundeck_project.Project5"
          ]
        },
        {
          "index_key": 58,
          "schema_version": 0,
          "attributes": {
            "allow_concurrent_executions": false,
            "command": [
              {
                "description": "",
                "error_handler": [],
                "inline_script": "",
                "job": [],
                "keep_going_on_success": false,
                "node_step_plugin": [],
                "script_file": "",
                "script_file_args": "",
                "script_interpreter": [],
                "shell_command": "hostname",
                "step_plugin": []
              }
            ],
            "command_ordering_strategy": "node-first",
            "continue_next_node_on_error": false,
            "continue_on_error": false,
            "description": "Restart the service daemons on all the web servers",
            "execution_enabled": true,
            "global_log_filter": [],
            "group_name": "",
            "id": "5f5eaa17-d0bb-48ab-bccd-6b7f7bc31623",
            "log_level": "INFO",
            "max_thread_count": 1,
            "name": "jobP5-58",
            "node_filter_exclude_precedence": false,
            "node_filter_exclude_query": "",
            "node_filter_query": "",
            "notification": [],
            "option": [],
            "preserve_options_order": null,
            "project_name": "Project5",
            "rank_attribute": "",
            "rank_order": "ascending",
            "retry": "",
            "schedule": "0/20 * * * * * *",
            "schedule_enabled": true,
            "success_on_empty_node_filter": null,
            "time_zone": "",
            "timeout": null
          },
          "sensitive_attributes": [],
          "private": "bnVsbA==",
          "dependencies": [
            "rundeck_project.Project5"
          ]
        },
        {
          "index_key": 59,
          "schema_version": 0,
          "attributes": {
            "allow_concurrent_executions": false,
            "command": [
              {
                "description": "",
                "error_handler": [],
                "inline_script": "",
                "job": [],
                "keep_going_on_success": false,
                "node_step_plugin": [],
                "script_file": "",
                "script_file_args": "",
                "script_interpreter": [],
                "shell_command": "hostname",
                "step_plugin": []
              }
            ],
            "command_ordering_strategy": "node-first",
            "continue_next_node_on_error": false,
            "continue_on_error": false,
            "description": "Restart the service daemons on all the web servers",
            "execution_enabled": true,
            "global_log_filter": [],
            "group_name": "",
            "id": "545e2169-9bd5-492f-a633-3a1ca871586b",
            "log_level": "INFO",
            "max_thread_count": 1,
            "name": "jobP5-59",
            "node_filter_exclude_precedence": false,
            "node_filter_exclude_query": "",
            "node_filter_query": "",
            "notification": [],
            "option": [],
            "preserve_options_order": null,
            "project_name": "Project5",
            "rank_attribute": "",
            "rank_order": "ascending",
            "retry": "",
            "schedule": "0/20 * * * * * *",
            "schedule_enabled": true,
            "success_on_empty_node_filter": null,
            "time_zone": "",
            "timeout": null
          },
          "sensitive_attributes": [],
          "private": "bnVsbA==",
          "dependencies": [
            "rundeck_project.Project5"
          ]
        },
        {
          "index_key": 60,
          "schema_version": 0,
          "attributes": {
            "allow_concurrent_executions": false,
            "command": [
              {
                "description": "",
                "error_handler": [],
                "inline_script": "",
                "job": [],
                "keep_going_on_success": false,
                "node_step_plugin": [],
                "script_file": "",
                "script_file_args": "",
                "script_interpreter": [],
                "shell_command": "hostname",
                "step_plugin": []
              }
            ],
            "command_ordering_strategy": "node-first",
            "continue_next_node_on_error": false,
            "continue_on_error": false,
            "description": "Restart the service daemons on all the web servers",
            "execution_enabled": true,
            "global_log_filter": [],
            "group_name": "",
            "id": "1626d368-727a-4e3e-8ab6-4037ad4aaacc",
            "log_level": "INFO",
            "max_thread_count": 1,
            "name": "jobP5-60",
            "node_filter_exclude_precedence": false,
            "node_filter_exclude_query": "",
            "node_filter_query": "",
            "notification": [],
            "option": [],
            "preserve_options_order": null,
            "project_name": "Project5",
            "rank_attribute": "",
            "rank_order": "ascending",
            "retry": "",
            "schedule": "0/20 * * * * * *",
            "schedule_enabled": true,
            "success_on_empty_node_filter": null,
            "time_zone": "",
            "timeout": null
          },
          "sensitive_attributes": [],
          "private": "bnVsbA==",
          "dependencies": [
            "rundeck_project.Project5"
          ]
        },
        {
          "index_key": 61,
          "schema_version": 0,
          "attributes": {
            "allow_concurrent_executions": false,
            "command": [
              {
                "description": "",
                "error_handler": [],
                "inline_script": "",
                "job": [],
                "keep_going_on_success": false,
                "node_step_plugin": [],
                "script_file": "",
                "script_file_args": "",
                "script_interpreter": [],
                "shell_command": "hostname",
                "step_plugin": []
              }
            ],
            "command_ordering_strategy": "node-first",
            "continue_next_node_on_error": false,
            "continue_on_error": false,
            "description": "Restart the service daemons on all the web servers",
            "execution_enabled": true,
            "global_log_filter": [],
            "group_name": "",
            "id": "88d9d37f-8967-4aba-bb96-91d13a8bf3d5",
            "log_level": "INFO",
            "max_thread_count": 1,
            "name": "jobP5-61",
            "node_filter_exclude_precedence": false,
            "node_filter_exclude_query": "",
            "node_filter_query": "",
            "notification": [],
            "option": [],
            "preserve_options_order": null,
            "project_name": "Project5",
            "rank_attribute": "",
            "rank_order": "ascending",
            "retry": "",
            "schedule": "0/20 * * * * * *",
            "schedule_enabled": true,
            "success_on_empty_node_filter": null,
            "time_zone": "",
            "timeout": null
          },
          "sensitive_attributes": [],
          "private": "bnVsbA==",
          "dependencies": [
            "rundeck_project.Project5"
          ]
        },
        {
          "index_key": 62,
          "schema_version": 0,
          "attributes": {
            "allow_concurrent_executions": false,
            "command": [
              {
                "description": "",
                "error_handler": [],
                "inline_script": "",
                "job": [],
                "keep_going_on_success": false,
                "node_step_plugin": [],
                "script_file": "",
                "script_file_args": "",
                "script_interpreter": [],
                "shell_command": "hostname",
                "step_plugin": []
              }
            ],
            "command_ordering_strategy": "node-first",
            "continue_next_node_on_error": false,
            "continue_on_error": false,
            "description": "Restart the service daemons on all the web servers",
            "execution_enabled": true,
            "global_log_filter": [],
            "group_name": "",
            "id": "341b035a-dee7-4417-b956-aae1811690cf",
            "log_level": "INFO",
            "max_thread_count": 1,
            "name": "jobP5-62",
            "node_filter_exclude_precedence": false,
            "node_filter_exclude_query": "",
            "node_filter_query": "",
            "notification": [],
            "option": [],
            "preserve_options_order": null,
            "project_name": "Project5",
            "rank_attribute": "",
            "rank_order": "ascending",
            "retry": "",
            "schedule": "0/20 * * * * * *",
            "schedule_enabled": true,
            "success_on_empty_node_filter": null,
            "time_zone": "",
            "timeout": null
          },
          "sensitive_attributes": [],
          "private": "bnVsbA==",
          "dependencies": [
            "rundeck_project.Project5"
          ]
        },
        {
          "index_key": 63,
          "schema_version": 0,
          "attributes": {
            "allow_concurrent_executions": false,
            "command": [
              {
                "description": "",
                "error_handler": [],
                "inline_script": "",
                "job": [],
                "keep_going_on_success": false,
                "node_step_plugin": [],
                "script_file": "",
                "script_file_args": "",
                "script_interpreter": [],
                "shell_command": "hostname",
                "step_plugin": []
              }
            ],
            "command_ordering_strategy": "node-first",
            "continue_next_node_on_error": false,
            "continue_on_error": false,
            "description": "Restart the service daemons on all the web servers",
            "execution_enabled": true,
            "global_log_filter": [],
            "group_name": "",
            "id": "f8e635f7-6c73-46f2-a392-dba100b91cc1",
            "log_level": "INFO",
            "max_thread_count": 1,
            "name": "jobP5-63",
            "node_filter_exclude_precedence": false,
            "node_filter_exclude_query": "",
            "node_filter_query": "",
            "notification": [],
            "option": [],
            "preserve_options_order": null,
            "project_name": "Project5",
            "rank_attribute": "",
            "rank_order": "ascending",
            "retry": "",
            "schedule": "0/20 * * * * * *",
            "schedule_enabled": true,
            "success_on_empty_node_filter": null,
            "time_zone": "",
            "timeout": null
          },
          "sensitive_attributes": [],
          "private": "bnVsbA==",
          "dependencies": [
            "rundeck_project.Project5"
          ]
        },
        {
          "index_key": 64,
          "schema_version": 0,
          "attributes": {
            "allow_concurrent_executions": false,
            "command": [
              {
                "description": "",
                "error_handler": [],
                "inline_script": "",
                "job": [],
                "keep_going_on_success": false,
                "node_step_plugin": [],
                "script_file": "",
                "script_file_args": "",
                "script_interpreter": [],
                "shell_command": "hostname",
                "step_plugin": []
              }
            ],
            "command_ordering_strategy": "node-first",
            "continue_next_node_on_error": false,
            "continue_on_error": false,
            "description": "Restart the service daemons on all the web servers",
            "execution_enabled": true,
            "global_log_filter": [],
            "group_name": "",
            "id": "d42cc0f0-b39c-44f1-ace8-a130416221da",
            "log_level": "INFO",
            "max_thread_count": 1,
            "name": "jobP5-64",
            "node_filter_exclude_precedence": false,
            "node_filter_exclude_query": "",
            "node_filter_query": "",
            "notification": [],
            "option": [],
            "preserve_options_order": null,
            "project_name": "Project5",
            "rank_attribute": "",
            "rank_order": "ascending",
            "retry": "",
            "schedule": "0/20 * * * * * *",
            "schedule_enabled": true,
            "success_on_empty_node_filter": null,
            "time_zone": "",
            "timeout": null
          },
          "sensitive_attributes": [],
          "private": "bnVsbA==",
          "dependencies": [
            "rundeck_project.Project5"
          ]
        },
        {
          "index_key": 65,
          "schema_version": 0,
          "attributes": {
            "allow_concurrent_executions": false,
            "command": [
              {
                "description": "",
                "error_handler": [],
                "inline_script": "",
                "job": [],
                "keep_going_on_success": false,
                "node_step_plugin": [],
                "script_file": "",
                "script_file_args": "",
                "script_interpreter": [],
                "shell_command": "hostname",
                "step_plugin": []
              }
            ],
            "command_ordering_strategy": "node-first",
            "continue_next_node_on_error": false,
            "continue_on_error": false,
            "description": "Restart the service daemons on all the web servers",
            "execution_enabled": true,
            "global_log_filter": [],
            "group_name": "",
            "id": "f850e812-1e67-44d5-8c4e-3deb51448ee5",
            "log_level": "INFO",
            "max_thread_count": 1,
            "name": "jobP5-65",
            "node_filter_exclude_precedence": false,
            "node_filter_exclude_query": "",
            "node_filter_query": "",
            "notification": [],
            "option": [],
            "preserve_options_order": null,
            "project_name": "Project5",
            "rank_attribute": "",
            "rank_order": "ascending",
            "retry": "",
            "schedule": "0/20 * * * * * *",
            "schedule_enabled": true,
            "success_on_empty_node_filter": null,
            "time_zone": "",
            "timeout": null
          },
          "sensitive_attributes": [],
          "private": "bnVsbA==",
          "dependencies": [
            "rundeck_project.Project5"
          ]
        },
        {
          "index_key": 66,
          "schema_version": 0,
          "attributes": {
            "allow_concurrent_executions": false,
            "command": [
              {
                "description": "",
                "error_handler": [],
                "inline_script": "",
                "job": [],
                "keep_going_on_success": false,
                "node_step_plugin": [],
                "script_file": "",
                "script_file_args": "",
                "script_interpreter": [],
                "shell_command": "hostname",
                "step_plugin": []
              }
            ],
            "command_ordering_strategy": "node-first",
            "continue_next_node_on_error": false,
            "continue_on_error": false,
            "description": "Restart the service daemons on all the web servers",
            "execution_enabled": true,
            "global_log_filter": [],
            "group_name": "",
            "id": "d80c2436-7790-48a4-b7f6-a69656c4aec5",
            "log_level": "INFO",
            "max_thread_count": 1,
            "name": "jobP5-66",
            "node_filter_exclude_precedence": false,
            "node_filter_exclude_query": "",
            "node_filter_query": "",
            "notification": [],
            "option": [],
            "preserve_options_order": null,
            "project_name": "Project5",
            "rank_attribute": "",
            "rank_order": "ascending",
            "retry": "",
            "schedule": "0/20 * * * * * *",
            "schedule_enabled": true,
            "success_on_empty_node_filter": null,
            "time_zone": "",
            "timeout": null
          },
          "sensitive_attributes": [],
          "private": "bnVsbA==",
          "dependencies": [
            "rundeck_project.Project5"
          ]
        },
        {
          "index_key": 67,
          "schema_version": 0,
          "attributes": {
            "allow_concurrent_executions": false,
            "command": [
              {
                "description": "",
                "error_handler": [],
                "inline_script": "",
                "job": [],
                "keep_going_on_success": false,
                "node_step_plugin": [],
                "script_file": "",
                "script_file_args": "",
                "script_interpreter": [],
                "shell_command": "hostname",
                "step_plugin": []
              }
            ],
            "command_ordering_strategy": "node-first",
            "continue_next_node_on_error": false,
            "continue_on_error": false,
            "description": "Restart the service daemons on all the web servers",
            "execution_enabled": true,
            "global_log_filter": [],
            "group_name": "",
            "id": "a1ca8674-ef1d-4a46-a6f7-7f45e4333636",
            "log_level": "INFO",
            "max_thread_count": 1,
            "name": "jobP5-67",
            "node_filter_exclude_precedence": false,
            "node_filter_exclude_query": "",
            "node_filter_query": "",
            "notification": [],
            "option": [],
            "preserve_options_order": null,
            "project_name": "Project5",
            "rank_attribute": "",
            "rank_order": "ascending",
            "retry": "",
            "schedule": "0/20 * * * * * *",
            "schedule_enabled": true,
            "success_on_empty_node_filter": null,
            "time_zone": "",
            "timeout": null
          },
          "sensitive_attributes": [],
          "private": "bnVsbA==",
          "dependencies": [
            "rundeck_project.Project5"
          ]
        },
        {
          "index_key": 68,
          "schema_version": 0,
          "attributes": {
            "allow_concurrent_executions": false,
            "command": [
              {
                "description": "",
                "error_handler": [],
                "inline_script": "",
                "job": [],
                "keep_going_on_success": false,
                "node_step_plugin": [],
                "script_file": "",
                "script_file_args": "",
                "script_interpreter": [],
                "shell_command": "hostname",
                "step_plugin": []
              }
            ],
            "command_ordering_strategy": "node-first",
            "continue_next_node_on_error": false,
            "continue_on_error": false,
            "description": "Restart the service daemons on all the web servers",
            "execution_enabled": true,
            "global_log_filter": [],
            "group_name": "",
            "id": "f95a29a9-2d9d-40cf-8ae2-3200680cd04a",
            "log_level": "INFO",
            "max_thread_count": 1,
            "name": "jobP5-68",
            "node_filter_exclude_precedence": false,
            "node_filter_exclude_query": "",
            "node_filter_query": "",
            "notification": [],
            "option": [],
            "preserve_options_order": null,
            "project_name": "Project5",
            "rank_attribute": "",
            "rank_order": "ascending",
            "retry": "",
            "schedule": "0/20 * * * * * *",
            "schedule_enabled": true,
            "success_on_empty_node_filter": null,
            "time_zone": "",
            "timeout": null
          },
          "sensitive_attributes": [],
          "private": "bnVsbA==",
          "dependencies": [
            "rundeck_project.Project5"
          ]
        },
        {
          "index_key": 69,
          "schema_version": 0,
          "attributes": {
            "allow_concurrent_executions": false,
            "command": [
              {
                "description": "",
                "error_handler": [],
                "inline_script": "",
                "job": [],
                "keep_going_on_success": false,
                "node_step_plugin": [],
                "script_file": "",
                "script_file_args": "",
                "script_interpreter": [],
                "shell_command": "hostname",
                "step_plugin": []
              }
            ],
            "command_ordering_strategy": "node-first",
            "continue_next_node_on_error": false,
            "continue_on_error": false,
            "description": "Restart the service daemons on all the web servers",
            "execution_enabled": true,
            "global_log_filter": [],
            "group_name": "",
            "id": "a4c22486-f687-46cb-8d92-3de55295a207",
            "log_level": "INFO",
            "max_thread_count": 1,
            "name": "jobP5-69",
            "node_filter_exclude_precedence": false,
            "node_filter_exclude_query": "",
            "node_filter_query": "",
            "notification": [],
            "option": [],
            "preserve_options_order": null,
            "project_name": "Project5",
            "rank_attribute": "",
            "rank_order": "ascending",
            "retry": "",
            "schedule": "0/20 * * * * * *",
            "schedule_enabled": true,
            "success_on_empty_node_filter": null,
            "time_zone": "",
            "timeout": null
          },
          "sensitive_attributes": [],
          "private": "bnVsbA==",
          "dependencies": [
            "rundeck_project.Project5"
          ]
        },
        {
          "index_key": 70,
          "schema_version": 0,
          "attributes": {
            "allow_concurrent_executions": false,
            "command": [
              {
                "description": "",
                "error_handler": [],
                "inline_script": "",
                "job": [],
                "keep_going_on_success": false,
                "node_step_plugin": [],
                "script_file": "",
                "script_file_args": "",
                "script_interpreter": [],
                "shell_command": "hostname",
                "step_plugin": []
              }
            ],
            "command_ordering_strategy": "node-first",
            "continue_next_node_on_error": false,
            "continue_on_error": false,
            "description": "Restart the service daemons on all the web servers",
            "execution_enabled": true,
            "global_log_filter": [],
            "group_name": "",
            "id": "20d0b012-a684-424f-85b3-681ee23e7488",
            "log_level": "INFO",
            "max_thread_count": 1,
            "name": "jobP5-70",
            "node_filter_exclude_precedence": false,
            "node_filter_exclude_query": "",
            "node_filter_query": "",
            "notification": [],
            "option": [],
            "preserve_options_order": null,
            "project_name": "Project5",
            "rank_attribute": "",
            "rank_order": "ascending",
            "retry": "",
            "schedule": "0/20 * * * * * *",
            "schedule_enabled": true,
            "success_on_empty_node_filter": null,
            "time_zone": "",
            "timeout": null
          },
          "sensitive_attributes": [],
          "private": "bnVsbA==",
          "dependencies": [
            "rundeck_project.Project5"
          ]
        },
        {
          "index_key": 71,
          "schema_version": 0,
          "attributes": {
            "allow_concurrent_executions": false,
            "command": [
              {
                "description": "",
                "error_handler": [],
                "inline_script": "",
                "job": [],
                "keep_going_on_success": false,
                "node_step_plugin": [],
                "script_file": "",
                "script_file_args": "",
                "script_interpreter": [],
                "shell_command": "hostname",
                "step_plugin": []
              }
            ],
            "command_ordering_strategy": "node-first",
            "continue_next_node_on_error": false,
            "continue_on_error": false,
            "description": "Restart the service daemons on all the web servers",
            "execution_enabled": true,
            "global_log_filter": [],
            "group_name": "",
            "id": "7f12f172-f518-4156-aca1-b0a6b13ac0f8",
            "log_level": "INFO",
            "max_thread_count": 1,
            "name": "jobP5-71",
            "node_filter_exclude_precedence": false,
            "node_filter_exclude_query": "",
            "node_filter_query": "",
            "notification": [],
            "option": [],
            "preserve_options_order": null,
            "project_name": "Project5",
            "rank_attribute": "",
            "rank_order": "ascending",
            "retry": "",
            "schedule": "0/20 * * * * * *",
            "schedule_enabled": true,
            "success_on_empty_node_filter": null,
            "time_zone": "",
            "timeout": null
          },
          "sensitive_attributes": [],
          "private": "bnVsbA==",
          "dependencies": [
            "rundeck_project.Project5"
          ]
        },
        {
          "index_key": 72,
          "schema_version": 0,
          "attributes": {
            "allow_concurrent_executions": false,
            "command": [
              {
                "description": "",
                "error_handler": [],
                "inline_script": "",
                "job": [],
                "keep_going_on_success": false,
                "node_step_plugin": [],
                "script_file": "",
                "script_file_args": "",
                "script_interpreter": [],
                "shell_command": "hostname",
                "step_plugin": []
              }
            ],
            "command_ordering_strategy": "node-first",
            "continue_next_node_on_error": false,
            "continue_on_error": false,
            "description": "Restart the service daemons on all the web servers",
            "execution_enabled": true,
            "global_log_filter": [],
            "group_name": "",
            "id": "9552dee2-dcaa-4973-907a-b7f486120c61",
            "log_level": "INFO",
            "max_thread_count": 1,
            "name": "jobP5-72",
            "node_filter_exclude_precedence": false,
            "node_filter_exclude_query": "",
            "node_filter_query": "",
            "notification": [],
            "option": [],
            "preserve_options_order": null,
            "project_name": "Project5",
            "rank_attribute": "",
            "rank_order": "ascending",
            "retry": "",
            "schedule": "0/20 * * * * * *",
            "schedule_enabled": true,
            "success_on_empty_node_filter": null,
            "time_zone": "",
            "timeout": null
          },
          "sensitive_attributes": [],
          "private": "bnVsbA==",
          "dependencies": [
            "rundeck_project.Project5"
          ]
        },
        {
          "index_key": 73,
          "schema_version": 0,
          "attributes": {
            "allow_concurrent_executions": false,
            "command": [
              {
                "description": "",
                "error_handler": [],
                "inline_script": "",
                "job": [],
                "keep_going_on_success": false,
                "node_step_plugin": [],
                "script_file": "",
                "script_file_args": "",
                "script_interpreter": [],
                "shell_command": "hostname",
                "step_plugin": []
              }
            ],
            "command_ordering_strategy": "node-first",
            "continue_next_node_on_error": false,
            "continue_on_error": false,
            "description": "Restart the service daemons on all the web servers",
            "execution_enabled": true,
            "global_log_filter": [],
            "group_name": "",
            "id": "8142e7cc-cf39-4437-b609-2c3c8a500d6a",
            "log_level": "INFO",
            "max_thread_count": 1,
            "name": "jobP5-73",
            "node_filter_exclude_precedence": false,
            "node_filter_exclude_query": "",
            "node_filter_query": "",
            "notification": [],
            "option": [],
            "preserve_options_order": null,
            "project_name": "Project5",
            "rank_attribute": "",
            "rank_order": "ascending",
            "retry": "",
            "schedule": "0/20 * * * * * *",
            "schedule_enabled": true,
            "success_on_empty_node_filter": null,
            "time_zone": "",
            "timeout": null
          },
          "sensitive_attributes": [],
          "private": "bnVsbA==",
          "dependencies": [
            "rundeck_project.Project5"
          ]
        },
        {
          "index_key": 74,
          "schema_version": 0,
          "attributes": {
            "allow_concurrent_executions": false,
            "command": [
              {
                "description": "",
                "error_handler": [],
                "inline_script": "",
                "job": [],
                "keep_going_on_success": false,
                "node_step_plugin": [],
                "script_file": "",
                "script_file_args": "",
                "script_interpreter": [],
                "shell_command": "hostname",
                "step_plugin": []
              }
            ],
            "command_ordering_strategy": "node-first",
            "continue_next_node_on_error": false,
            "continue_on_error": false,
            "description": "Restart the service daemons on all the web servers",
            "execution_enabled": true,
            "global_log_filter": [],
            "group_name": "",
            "id": "ef8279c6-9133-4a0b-b100-aa46d1aca90a",
            "log_level": "INFO",
            "max_thread_count": 1,
            "name": "jobP5-74",
            "node_filter_exclude_precedence": false,
            "node_filter_exclude_query": "",
            "node_filter_query": "",
            "notification": [],
            "option": [],
            "preserve_options_order": null,
            "project_name": "Project5",
            "rank_attribute": "",
            "rank_order": "ascending",
            "retry": "",
            "schedule": "0/20 * * * * * *",
            "schedule_enabled": true,
            "success_on_empty_node_filter": null,
            "time_zone": "",
            "timeout": null
          },
          "sensitive_attributes": [],
          "private": "bnVsbA==",
          "dependencies": [
            "rundeck_project.Project5"
          ]
        },
        {
          "index_key": 75,
          "schema_version": 0,
          "attributes": {
            "allow_concurrent_executions": false,
            "command": [
              {
                "description": "",
                "error_handler": [],
                "inline_script": "",
                "job": [],
                "keep_going_on_success": false,
                "node_step_plugin": [],
                "script_file": "",
                "script_file_args": "",
                "script_interpreter": [],
                "shell_command": "hostname",
                "step_plugin": []
              }
            ],
            "command_ordering_strategy": "node-first",
            "continue_next_node_on_error": false,
            "continue_on_error": false,
            "description": "Restart the service daemons on all the web servers",
            "execution_enabled": true,
            "global_log_filter": [],
            "group_name": "",
            "id": "019f15c2-30d2-4bc6-b7d9-435637df2a3e",
            "log_level": "INFO",
            "max_thread_count": 1,
            "name": "jobP5-75",
            "node_filter_exclude_precedence": false,
            "node_filter_exclude_query": "",
            "node_filter_query": "",
            "notification": [],
            "option": [],
            "preserve_options_order": null,
            "project_name": "Project5",
            "rank_attribute": "",
            "rank_order": "ascending",
            "retry": "",
            "schedule": "0/20 * * * * * *",
            "schedule_enabled": true,
            "success_on_empty_node_filter": null,
            "time_zone": "",
            "timeout": null
          },
          "sensitive_attributes": [],
          "private": "bnVsbA==",
          "dependencies": [
            "rundeck_project.Project5"
          ]
        },
        {
          "index_key": 76,
          "schema_version": 0,
          "attributes": {
            "allow_concurrent_executions": false,
            "command": [
              {
                "description": "",
                "error_handler": [],
                "inline_script": "",
                "job": [],
                "keep_going_on_success": false,
                "node_step_plugin": [],
                "script_file": "",
                "script_file_args": "",
                "script_interpreter": [],
                "shell_command": "hostname",
                "step_plugin": []
              }
            ],
            "command_ordering_strategy": "node-first",
            "continue_next_node_on_error": false,
            "continue_on_error": false,
            "description": "Restart the service daemons on all the web servers",
            "execution_enabled": true,
            "global_log_filter": [],
            "group_name": "",
            "id": "a8bba3d9-e7f4-44d9-854c-67f5b606260e",
            "log_level": "INFO",
            "max_thread_count": 1,
            "name": "jobP5-76",
            "node_filter_exclude_precedence": false,
            "node_filter_exclude_query": "",
            "node_filter_query": "",
            "notification": [],
            "option": [],
            "preserve_options_order": null,
            "project_name": "Project5",
            "rank_attribute": "",
            "rank_order": "ascending",
            "retry": "",
            "schedule": "0/20 * * * * * *",
            "schedule_enabled": true,
            "success_on_empty_node_filter": null,
            "time_zone": "",
            "timeout": null
          },
          "sensitive_attributes": [],
          "private": "bnVsbA==",
          "dependencies": [
            "rundeck_project.Project5"
          ]
        },
        {
          "index_key": 77,
          "schema_version": 0,
          "attributes": {
            "allow_concurrent_executions": false,
            "command": [
              {
                "description": "",
                "error_handler": [],
                "inline_script": "",
                "job": [],
                "keep_going_on_success": false,
                "node_step_plugin": [],
                "script_file": "",
                "script_file_args": "",
                "script_interpreter": [],
                "shell_command": "hostname",
                "step_plugin": []
              }
            ],
            "command_ordering_strategy": "node-first",
            "continue_next_node_on_error": false,
            "continue_on_error": false,
            "description": "Restart the service daemons on all the web servers",
            "execution_enabled": true,
            "global_log_filter": [],
            "group_name": "",
            "id": "dbbafe27-591c-4f9c-ae89-d3f2787681e3",
            "log_level": "INFO",
            "max_thread_count": 1,
            "name": "jobP5-77",
            "node_filter_exclude_precedence": false,
            "node_filter_exclude_query": "",
            "node_filter_query": "",
            "notification": [],
            "option": [],
            "preserve_options_order": null,
            "project_name": "Project5",
            "rank_attribute": "",
            "rank_order": "ascending",
            "retry": "",
            "schedule": "0/20 * * * * * *",
            "schedule_enabled": true,
            "success_on_empty_node_filter": null,
            "time_zone": "",
            "timeout": null
          },
          "sensitive_attributes": [],
          "private": "bnVsbA==",
          "dependencies": [
            "rundeck_project.Project5"
          ]
        },
        {
          "index_key": 78,
          "schema_version": 0,
          "attributes": {
            "allow_concurrent_executions": false,
            "command": [
              {
                "description": "",
                "error_handler": [],
                "inline_script": "",
                "job": [],
                "keep_going_on_success": false,
                "node_step_plugin": [],
                "script_file": "",
                "script_file_args": "",
                "script_interpreter": [],
                "shell_command": "hostname",
                "step_plugin": []
              }
            ],
            "command_ordering_strategy": "node-first",
            "continue_next_node_on_error": false,
            "continue_on_error": false,
            "description": "Restart the service daemons on all the web servers",
            "execution_enabled": true,
            "global_log_filter": [],
            "group_name": "",
            "id": "336b7e8a-47e2-4b99-8377-6ebeead2c96e",
            "log_level": "INFO",
            "max_thread_count": 1,
            "name": "jobP5-78",
            "node_filter_exclude_precedence": false,
            "node_filter_exclude_query": "",
            "node_filter_query": "",
            "notification": [],
            "option": [],
            "preserve_options_order": null,
            "project_name": "Project5",
            "rank_attribute": "",
            "rank_order": "ascending",
            "retry": "",
            "schedule": "0/20 * * * * * *",
            "schedule_enabled": true,
            "success_on_empty_node_filter": null,
            "time_zone": "",
            "timeout": null
          },
          "sensitive_attributes": [],
          "private": "bnVsbA==",
          "dependencies": [
            "rundeck_project.Project5"
          ]
        },
        {
          "index_key": 79,
          "schema_version": 0,
          "attributes": {
            "allow_concurrent_executions": false,
            "command": [
              {
                "description": "",
                "error_handler": [],
                "inline_script": "",
                "job": [],
                "keep_going_on_success": false,
                "node_step_plugin": [],
                "script_file": "",
                "script_file_args": "",
                "script_interpreter": [],
                "shell_command": "hostname",
                "step_plugin": []
              }
            ],
            "command_ordering_strategy": "node-first",
            "continue_next_node_on_error": false,
            "continue_on_error": false,
            "description": "Restart the service daemons on all the web servers",
            "execution_enabled": true,
            "global_log_filter": [],
            "group_name": "",
            "id": "812baf92-326a-416c-be86-d6ce066944f4",
            "log_level": "INFO",
            "max_thread_count": 1,
            "name": "jobP5-79",
            "node_filter_exclude_precedence": false,
            "node_filter_exclude_query": "",
            "node_filter_query": "",
            "notification": [],
            "option": [],
            "preserve_options_order": null,
            "project_name": "Project5",
            "rank_attribute": "",
            "rank_order": "ascending",
            "retry": "",
            "schedule": "0/20 * * * * * *",
            "schedule_enabled": true,
            "success_on_empty_node_filter": null,
            "time_zone": "",
            "timeout": null
          },
          "sensitive_attributes": [],
          "private": "bnVsbA==",
          "dependencies": [
            "rundeck_project.Project5"
          ]
        },
        {
          "index_key": 80,
          "schema_version": 0,
          "attributes": {
            "allow_concurrent_executions": false,
            "command": [
              {
                "description": "",
                "error_handler": [],
                "inline_script": "",
                "job": [],
                "keep_going_on_success": false,
                "node_step_plugin": [],
                "script_file": "",
                "script_file_args": "",
                "script_interpreter": [],
                "shell_command": "hostname",
                "step_plugin": []
              }
            ],
            "command_ordering_strategy": "node-first",
            "continue_next_node_on_error": false,
            "continue_on_error": false,
            "description": "Restart the service daemons on all the web servers",
            "execution_enabled": true,
            "global_log_filter": [],
            "group_name": "",
            "id": "7c6d97bd-1313-4237-bb03-13cf54109c10",
            "log_level": "INFO",
            "max_thread_count": 1,
            "name": "jobP5-80",
            "node_filter_exclude_precedence": false,
            "node_filter_exclude_query": "",
            "node_filter_query": "",
            "notification": [],
            "option": [],
            "preserve_options_order": null,
            "project_name": "Project5",
            "rank_attribute": "",
            "rank_order": "ascending",
            "retry": "",
            "schedule": "0/20 * * * * * *",
            "schedule_enabled": true,
            "success_on_empty_node_filter": null,
            "time_zone": "",
            "timeout": null
          },
          "sensitive_attributes": [],
          "private": "bnVsbA==",
          "dependencies": [
            "rundeck_project.Project5"
          ]
        },
        {
          "index_key": 81,
          "schema_version": 0,
          "attributes": {
            "allow_concurrent_executions": false,
            "command": [
              {
                "description": "",
                "error_handler": [],
                "inline_script": "",
                "job": [],
                "keep_going_on_success": false,
                "node_step_plugin": [],
                "script_file": "",
                "script_file_args": "",
                "script_interpreter": [],
                "shell_command": "hostname",
                "step_plugin": []
              }
            ],
            "command_ordering_strategy": "node-first",
            "continue_next_node_on_error": false,
            "continue_on_error": false,
            "description": "Restart the service daemons on all the web servers",
            "execution_enabled": true,
            "global_log_filter": [],
            "group_name": "",
            "id": "1e024d08-4f60-4026-b263-25b65190407f",
            "log_level": "INFO",
            "max_thread_count": 1,
            "name": "jobP5-81",
            "node_filter_exclude_precedence": false,
            "node_filter_exclude_query": "",
            "node_filter_query": "",
            "notification": [],
            "option": [],
            "preserve_options_order": null,
            "project_name": "Project5",
            "rank_attribute": "",
            "rank_order": "ascending",
            "retry": "",
            "schedule": "0/20 * * * * * *",
            "schedule_enabled": true,
            "success_on_empty_node_filter": null,
            "time_zone": "",
            "timeout": null
          },
          "sensitive_attributes": [],
          "private": "bnVsbA==",
          "dependencies": [
            "rundeck_project.Project5"
          ]
        },
        {
          "index_key": 82,
          "schema_version": 0,
          "attributes": {
            "allow_concurrent_executions": false,
            "command": [
              {
                "description": "",
                "error_handler": [],
                "inline_script": "",
                "job": [],
                "keep_going_on_success": false,
                "node_step_plugin": [],
                "script_file": "",
                "script_file_args": "",
                "script_interpreter": [],
                "shell_command": "hostname",
                "step_plugin": []
              }
            ],
            "command_ordering_strategy": "node-first",
            "continue_next_node_on_error": false,
            "continue_on_error": false,
            "description": "Restart the service daemons on all the web servers",
            "execution_enabled": true,
            "global_log_filter": [],
            "group_name": "",
            "id": "ec220e84-e3ff-45bf-971f-f09a958a6266",
            "log_level": "INFO",
            "max_thread_count": 1,
            "name": "jobP5-82",
            "node_filter_exclude_precedence": false,
            "node_filter_exclude_query": "",
            "node_filter_query": "",
            "notification": [],
            "option": [],
            "preserve_options_order": null,
            "project_name": "Project5",
            "rank_attribute": "",
            "rank_order": "ascending",
            "retry": "",
            "schedule": "0/20 * * * * * *",
            "schedule_enabled": true,
            "success_on_empty_node_filter": null,
            "time_zone": "",
            "timeout": null
          },
          "sensitive_attributes": [],
          "private": "bnVsbA==",
          "dependencies": [
            "rundeck_project.Project5"
          ]
        },
        {
          "index_key": 83,
          "schema_version": 0,
          "attributes": {
            "allow_concurrent_executions": false,
            "command": [
              {
                "description": "",
                "error_handler": [],
                "inline_script": "",
                "job": [],
                "keep_going_on_success": false,
                "node_step_plugin": [],
                "script_file": "",
                "script_file_args": "",
                "script_interpreter": [],
                "shell_command": "hostname",
                "step_plugin": []
              }
            ],
            "command_ordering_strategy": "node-first",
            "continue_next_node_on_error": false,
            "continue_on_error": false,
            "description": "Restart the service daemons on all the web servers",
            "execution_enabled": true,
            "global_log_filter": [],
            "group_name": "",
            "id": "83578ad6-2407-4aa2-92b6-a87521eb4bef",
            "log_level": "INFO",
            "max_thread_count": 1,
            "name": "jobP5-83",
            "node_filter_exclude_precedence": false,
            "node_filter_exclude_query": "",
            "node_filter_query": "",
            "notification": [],
            "option": [],
            "preserve_options_order": null,
            "project_name": "Project5",
            "rank_attribute": "",
            "rank_order": "ascending",
            "retry": "",
            "schedule": "0/20 * * * * * *",
            "schedule_enabled": true,
            "success_on_empty_node_filter": null,
            "time_zone": "",
            "timeout": null
          },
          "sensitive_attributes": [],
          "private": "bnVsbA==",
          "dependencies": [
            "rundeck_project.Project5"
          ]
        },
        {
          "index_key": 84,
          "schema_version": 0,
          "attributes": {
            "allow_concurrent_executions": false,
            "command": [
              {
                "description": "",
                "error_handler": [],
                "inline_script": "",
                "job": [],
                "keep_going_on_success": false,
                "node_step_plugin": [],
                "script_file": "",
                "script_file_args": "",
                "script_interpreter": [],
                "shell_command": "hostname",
                "step_plugin": []
              }
            ],
            "command_ordering_strategy": "node-first",
            "continue_next_node_on_error": false,
            "continue_on_error": false,
            "description": "Restart the service daemons on all the web servers",
            "execution_enabled": true,
            "global_log_filter": [],
            "group_name": "",
            "id": "e2640ddd-72a0-4fb3-8645-defc26a6e289",
            "log_level": "INFO",
            "max_thread_count": 1,
            "name": "jobP5-84",
            "node_filter_exclude_precedence": false,
            "node_filter_exclude_query": "",
            "node_filter_query": "",
            "notification": [],
            "option": [],
            "preserve_options_order": null,
            "project_name": "Project5",
            "rank_attribute": "",
            "rank_order": "ascending",
            "retry": "",
            "schedule": "0/20 * * * * * *",
            "schedule_enabled": true,
            "success_on_empty_node_filter": null,
            "time_zone": "",
            "timeout": null
          },
          "sensitive_attributes": [],
          "private": "bnVsbA==",
          "dependencies": [
            "rundeck_project.Project5"
          ]
        },
        {
          "index_key": 85,
          "schema_version": 0,
          "attributes": {
            "allow_concurrent_executions": false,
            "command": [
              {
                "description": "",
                "error_handler": [],
                "inline_script": "",
                "job": [],
                "keep_going_on_success": false,
                "node_step_plugin": [],
                "script_file": "",
                "script_file_args": "",
                "script_interpreter": [],
                "shell_command": "hostname",
                "step_plugin": []
              }
            ],
            "command_ordering_strategy": "node-first",
            "continue_next_node_on_error": false,
            "continue_on_error": false,
            "description": "Restart the service daemons on all the web servers",
            "execution_enabled": true,
            "global_log_filter": [],
            "group_name": "",
            "id": "2e97b321-ed59-49b8-b2cc-c1592b30a8a0",
            "log_level": "INFO",
            "max_thread_count": 1,
            "name": "jobP5-85",
            "node_filter_exclude_precedence": false,
            "node_filter_exclude_query": "",
            "node_filter_query": "",
            "notification": [],
            "option": [],
            "preserve_options_order": null,
            "project_name": "Project5",
            "rank_attribute": "",
            "rank_order": "ascending",
            "retry": "",
            "schedule": "0/20 * * * * * *",
            "schedule_enabled": true,
            "success_on_empty_node_filter": null,
            "time_zone": "",
            "timeout": null
          },
          "sensitive_attributes": [],
          "private": "bnVsbA==",
          "dependencies": [
            "rundeck_project.Project5"
          ]
        },
        {
          "index_key": 86,
          "schema_version": 0,
          "attributes": {
            "allow_concurrent_executions": false,
            "command": [
              {
                "description": "",
                "error_handler": [],
                "inline_script": "",
                "job": [],
                "keep_going_on_success": false,
                "node_step_plugin": [],
                "script_file": "",
                "script_file_args": "",
                "script_interpreter": [],
                "shell_command": "hostname",
                "step_plugin": []
              }
            ],
            "command_ordering_strategy": "node-first",
            "continue_next_node_on_error": false,
            "continue_on_error": false,
            "description": "Restart the service daemons on all the web servers",
            "execution_enabled": true,
            "global_log_filter": [],
            "group_name": "",
            "id": "89b78dcf-1f03-497a-8b4d-d03ca0fb4e83",
            "log_level": "INFO",
            "max_thread_count": 1,
            "name": "jobP5-86",
            "node_filter_exclude_precedence": false,
            "node_filter_exclude_query": "",
            "node_filter_query": "",
            "notification": [],
            "option": [],
            "preserve_options_order": null,
            "project_name": "Project5",
            "rank_attribute": "",
            "rank_order": "ascending",
            "retry": "",
            "schedule": "0/20 * * * * * *",
            "schedule_enabled": true,
            "success_on_empty_node_filter": null,
            "time_zone": "",
            "timeout": null
          },
          "sensitive_attributes": [],
          "private": "bnVsbA==",
          "dependencies": [
            "rundeck_project.Project5"
          ]
        },
        {
          "index_key": 87,
          "schema_version": 0,
          "attributes": {
            "allow_concurrent_executions": false,
            "command": [
              {
                "description": "",
                "error_handler": [],
                "inline_script": "",
                "job": [],
                "keep_going_on_success": false,
                "node_step_plugin": [],
                "script_file": "",
                "script_file_args": "",
                "script_interpreter": [],
                "shell_command": "hostname",
                "step_plugin": []
              }
            ],
            "command_ordering_strategy": "node-first",
            "continue_next_node_on_error": false,
            "continue_on_error": false,
            "description": "Restart the service daemons on all the web servers",
            "execution_enabled": true,
            "global_log_filter": [],
            "group_name": "",
            "id": "230261cf-8950-413c-bc35-249dc128a49b",
            "log_level": "INFO",
            "max_thread_count": 1,
            "name": "jobP5-87",
            "node_filter_exclude_precedence": false,
            "node_filter_exclude_query": "",
            "node_filter_query": "",
            "notification": [],
            "option": [],
            "preserve_options_order": null,
            "project_name": "Project5",
            "rank_attribute": "",
            "rank_order": "ascending",
            "retry": "",
            "schedule": "0/20 * * * * * *",
            "schedule_enabled": true,
            "success_on_empty_node_filter": null,
            "time_zone": "",
            "timeout": null
          },
          "sensitive_attributes": [],
          "private": "bnVsbA==",
          "dependencies": [
            "rundeck_project.Project5"
          ]
        },
        {
          "index_key": 88,
          "schema_version": 0,
          "attributes": {
            "allow_concurrent_executions": false,
            "command": [
              {
                "description": "",
                "error_handler": [],
                "inline_script": "",
                "job": [],
                "keep_going_on_success": false,
                "node_step_plugin": [],
                "script_file": "",
                "script_file_args": "",
                "script_interpreter": [],
                "shell_command": "hostname",
                "step_plugin": []
              }
            ],
            "command_ordering_strategy": "node-first",
            "continue_next_node_on_error": false,
            "continue_on_error": false,
            "description": "Restart the service daemons on all the web servers",
            "execution_enabled": true,
            "global_log_filter": [],
            "group_name": "",
            "id": "06529dfe-0d16-4350-b1b0-12cb013d015d",
            "log_level": "INFO",
            "max_thread_count": 1,
            "name": "jobP5-88",
            "node_filter_exclude_precedence": false,
            "node_filter_exclude_query": "",
            "node_filter_query": "",
            "notification": [],
            "option": [],
            "preserve_options_order": null,
            "project_name": "Project5",
            "rank_attribute": "",
            "rank_order": "ascending",
            "retry": "",
            "schedule": "0/20 * * * * * *",
            "schedule_enabled": true,
            "success_on_empty_node_filter": null,
            "time_zone": "",
            "timeout": null
          },
          "sensitive_attributes": [],
          "private": "bnVsbA==",
          "dependencies": [
            "rundeck_project.Project5"
          ]
        },
        {
          "index_key": 89,
          "schema_version": 0,
          "attributes": {
            "allow_concurrent_executions": false,
            "command": [
              {
                "description": "",
                "error_handler": [],
                "inline_script": "",
                "job": [],
                "keep_going_on_success": false,
                "node_step_plugin": [],
                "script_file": "",
                "script_file_args": "",
                "script_interpreter": [],
                "shell_command": "hostname",
                "step_plugin": []
              }
            ],
            "command_ordering_strategy": "node-first",
            "continue_next_node_on_error": false,
            "continue_on_error": false,
            "description": "Restart the service daemons on all the web servers",
            "execution_enabled": true,
            "global_log_filter": [],
            "group_name": "",
            "id": "e120d2ed-81c5-40c7-b9bd-81ce5aaca27a",
            "log_level": "INFO",
            "max_thread_count": 1,
            "name": "jobP5-89",
            "node_filter_exclude_precedence": false,
            "node_filter_exclude_query": "",
            "node_filter_query": "",
            "notification": [],
            "option": [],
            "preserve_options_order": null,
            "project_name": "Project5",
            "rank_attribute": "",
            "rank_order": "ascending",
            "retry": "",
            "schedule": "0/20 * * * * * *",
            "schedule_enabled": true,
            "success_on_empty_node_filter": null,
            "time_zone": "",
            "timeout": null
          },
          "sensitive_attributes": [],
          "private": "bnVsbA==",
          "dependencies": [
            "rundeck_project.Project5"
          ]
        },
        {
          "index_key": 90,
          "schema_version": 0,
          "attributes": {
            "allow_concurrent_executions": false,
            "command": [
              {
                "description": "",
                "error_handler": [],
                "inline_script": "",
                "job": [],
                "keep_going_on_success": false,
                "node_step_plugin": [],
                "script_file": "",
                "script_file_args": "",
                "script_interpreter": [],
                "shell_command": "hostname",
                "step_plugin": []
              }
            ],
            "command_ordering_strategy": "node-first",
            "continue_next_node_on_error": false,
            "continue_on_error": false,
            "description": "Restart the service daemons on all the web servers",
            "execution_enabled": true,
            "global_log_filter": [],
            "group_name": "",
            "id": "96b51c33-7101-43ed-8c71-21fe0f230f5c",
            "log_level": "INFO",
            "max_thread_count": 1,
            "name": "jobP5-90",
            "node_filter_exclude_precedence": false,
            "node_filter_exclude_query": "",
            "node_filter_query": "",
            "notification": [],
            "option": [],
            "preserve_options_order": null,
            "project_name": "Project5",
            "rank_attribute": "",
            "rank_order": "ascending",
            "retry": "",
            "schedule": "0/20 * * * * * *",
            "schedule_enabled": true,
            "success_on_empty_node_filter": null,
            "time_zone": "",
            "timeout": null
          },
          "sensitive_attributes": [],
          "private": "bnVsbA==",
          "dependencies": [
            "rundeck_project.Project5"
          ]
        },
        {
          "index_key": 91,
          "schema_version": 0,
          "attributes": {
            "allow_concurrent_executions": false,
            "command": [
              {
                "description": "",
                "error_handler": [],
                "inline_script": "",
                "job": [],
                "keep_going_on_success": false,
                "node_step_plugin": [],
                "script_file": "",
                "script_file_args": "",
                "script_interpreter": [],
                "shell_command": "hostname",
                "step_plugin": []
              }
            ],
            "command_ordering_strategy": "node-first",
            "continue_next_node_on_error": false,
            "continue_on_error": false,
            "description": "Restart the service daemons on all the web servers",
            "execution_enabled": true,
            "global_log_filter": [],
            "group_name": "",
            "id": "1a744193-3100-4475-b733-c9b96577f772",
            "log_level": "INFO",
            "max_thread_count": 1,
            "name": "jobP5-91",
            "node_filter_exclude_precedence": false,
            "node_filter_exclude_query": "",
            "node_filter_query": "",
            "notification": [],
            "option": [],
            "preserve_options_order": null,
            "project_name": "Project5",
            "rank_attribute": "",
            "rank_order": "ascending",
            "retry": "",
            "schedule": "0/20 * * * * * *",
            "schedule_enabled": true,
            "success_on_empty_node_filter": null,
            "time_zone": "",
            "timeout": null
          },
          "sensitive_attributes": [],
          "private": "bnVsbA==",
          "dependencies": [
            "rundeck_project.Project5"
          ]
        },
        {
          "index_key": 92,
          "schema_version": 0,
          "attributes": {
            "allow_concurrent_executions": false,
            "command": [
              {
                "description": "",
                "error_handler": [],
                "inline_script": "",
                "job": [],
                "keep_going_on_success": false,
                "node_step_plugin": [],
                "script_file": "",
                "script_file_args": "",
                "script_interpreter": [],
                "shell_command": "hostname",
                "step_plugin": []
              }
            ],
            "command_ordering_strategy": "node-first",
            "continue_next_node_on_error": false,
            "continue_on_error": false,
            "description": "Restart the service daemons on all the web servers",
            "execution_enabled": true,
            "global_log_filter": [],
            "group_name": "",
            "id": "05800df7-1aab-488b-9168-e7e3bc5efb59",
            "log_level": "INFO",
            "max_thread_count": 1,
            "name": "jobP5-92",
            "node_filter_exclude_precedence": false,
            "node_filter_exclude_query": "",
            "node_filter_query": "",
            "notification": [],
            "option": [],
            "preserve_options_order": null,
            "project_name": "Project5",
            "rank_attribute": "",
            "rank_order": "ascending",
            "retry": "",
            "schedule": "0/20 * * * * * *",
            "schedule_enabled": true,
            "success_on_empty_node_filter": null,
            "time_zone": "",
            "timeout": null
          },
          "sensitive_attributes": [],
          "private": "bnVsbA==",
          "dependencies": [
            "rundeck_project.Project5"
          ]
        },
        {
          "index_key": 93,
          "schema_version": 0,
          "attributes": {
            "allow_concurrent_executions": false,
            "command": [
              {
                "description": "",
                "error_handler": [],
                "inline_script": "",
                "job": [],
                "keep_going_on_success": false,
                "node_step_plugin": [],
                "script_file": "",
                "script_file_args": "",
                "script_interpreter": [],
                "shell_command": "hostname",
                "step_plugin": []
              }
            ],
            "command_ordering_strategy": "node-first",
            "continue_next_node_on_error": false,
            "continue_on_error": false,
            "description": "Restart the service daemons on all the web servers",
            "execution_enabled": true,
            "global_log_filter": [],
            "group_name": "",
            "id": "8ccd0e39-0ede-4c25-968a-4324beebd414",
            "log_level": "INFO",
            "max_thread_count": 1,
            "name": "jobP5-93",
            "node_filter_exclude_precedence": false,
            "node_filter_exclude_query": "",
            "node_filter_query": "",
            "notification": [],
            "option": [],
            "preserve_options_order": null,
            "project_name": "Project5",
            "rank_attribute": "",
            "rank_order": "ascending",
            "retry": "",
            "schedule": "0/20 * * * * * *",
            "schedule_enabled": true,
            "success_on_empty_node_filter": null,
            "time_zone": "",
            "timeout": null
          },
          "sensitive_attributes": [],
          "private": "bnVsbA==",
          "dependencies": [
            "rundeck_project.Project5"
          ]
        },
        {
          "index_key": 94,
          "schema_version": 0,
          "attributes": {
            "allow_concurrent_executions": false,
            "command": [
              {
                "description": "",
                "error_handler": [],
                "inline_script": "",
                "job": [],
                "keep_going_on_success": false,
                "node_step_plugin": [],
                "script_file": "",
                "script_file_args": "",
                "script_interpreter": [],
                "shell_command": "hostname",
                "step_plugin": []
              }
            ],
            "command_ordering_strategy": "node-first",
            "continue_next_node_on_error": false,
            "continue_on_error": false,
            "description": "Restart the service daemons on all the web servers",
            "execution_enabled": true,
            "global_log_filter": [],
            "group_name": "",
            "id": "da714551-3bce-4da9-8c97-ce621d0c4c6f",
            "log_level": "INFO",
            "max_thread_count": 1,
            "name": "jobP5-94",
            "node_filter_exclude_precedence": false,
            "node_filter_exclude_query": "",
            "node_filter_query": "",
            "notification": [],
            "option": [],
            "preserve_options_order": null,
            "project_name": "Project5",
            "rank_attribute": "",
            "rank_order": "ascending",
            "retry": "",
            "schedule": "0/20 * * * * * *",
            "schedule_enabled": true,
            "success_on_empty_node_filter": null,
            "time_zone": "",
            "timeout": null
          },
          "sensitive_attributes": [],
          "private": "bnVsbA==",
          "dependencies": [
            "rundeck_project.Project5"
          ]
        },
        {
          "index_key": 95,
          "schema_version": 0,
          "attributes": {
            "allow_concurrent_executions": false,
            "command": [
              {
                "description": "",
                "error_handler": [],
                "inline_script": "",
                "job": [],
                "keep_going_on_success": false,
                "node_step_plugin": [],
                "script_file": "",
                "script_file_args": "",
                "script_interpreter": [],
                "shell_command": "hostname",
                "step_plugin": []
              }
            ],
            "command_ordering_strategy": "node-first",
            "continue_next_node_on_error": false,
            "continue_on_error": false,
            "description": "Restart the service daemons on all the web servers",
            "execution_enabled": true,
            "global_log_filter": [],
            "group_name": "",
            "id": "36a4cd55-7c63-4032-a95a-a4d6f50cf487",
            "log_level": "INFO",
            "max_thread_count": 1,
            "name": "jobP5-95",
            "node_filter_exclude_precedence": false,
            "node_filter_exclude_query": "",
            "node_filter_query": "",
            "notification": [],
            "option": [],
            "preserve_options_order": null,
            "project_name": "Project5",
            "rank_attribute": "",
            "rank_order": "ascending",
            "retry": "",
            "schedule": "0/20 * * * * * *",
            "schedule_enabled": true,
            "success_on_empty_node_filter": null,
            "time_zone": "",
            "timeout": null
          },
          "sensitive_attributes": [],
          "private": "bnVsbA==",
          "dependencies": [
            "rundeck_project.Project5"
          ]
        },
        {
          "index_key": 96,
          "schema_version": 0,
          "attributes": {
            "allow_concurrent_executions": false,
            "command": [
              {
                "description": "",
                "error_handler": [],
                "inline_script": "",
                "job": [],
                "keep_going_on_success": false,
                "node_step_plugin": [],
                "script_file": "",
                "script_file_args": "",
                "script_interpreter": [],
                "shell_command": "hostname",
                "step_plugin": []
              }
            ],
            "command_ordering_strategy": "node-first",
            "continue_next_node_on_error": false,
            "continue_on_error": false,
            "description": "Restart the service daemons on all the web servers",
            "execution_enabled": true,
            "global_log_filter": [],
            "group_name": "",
            "id": "f1f95497-f0fa-40fc-b2e3-4baf96c018ea",
            "log_level": "INFO",
            "max_thread_count": 1,
            "name": "jobP5-96",
            "node_filter_exclude_precedence": false,
            "node_filter_exclude_query": "",
            "node_filter_query": "",
            "notification": [],
            "option": [],
            "preserve_options_order": null,
            "project_name": "Project5",
            "rank_attribute": "",
            "rank_order": "ascending",
            "retry": "",
            "schedule": "0/20 * * * * * *",
            "schedule_enabled": true,
            "success_on_empty_node_filter": null,
            "time_zone": "",
            "timeout": null
          },
          "sensitive_attributes": [],
          "private": "bnVsbA==",
          "dependencies": [
            "rundeck_project.Project5"
          ]
        },
        {
          "index_key": 97,
          "schema_version": 0,
          "attributes": {
            "allow_concurrent_executions": false,
            "command": [
              {
                "description": "",
                "error_handler": [],
                "inline_script": "",
                "job": [],
                "keep_going_on_success": false,
                "node_step_plugin": [],
                "script_file": "",
                "script_file_args": "",
                "script_interpreter": [],
                "shell_command": "hostname",
                "step_plugin": []
              }
            ],
            "command_ordering_strategy": "node-first",
            "continue_next_node_on_error": false,
            "continue_on_error": false,
            "description": "Restart the service daemons on all the web servers",
            "execution_enabled": true,
            "global_log_filter": [],
            "group_name": "",
            "id": "082b6f73-dbe3-483a-b8d9-fb98dfc212e3",
            "log_level": "INFO",
            "max_thread_count": 1,
            "name": "jobP5-97",
            "node_filter_exclude_precedence": false,
            "node_filter_exclude_query": "",
            "node_filter_query": "",
            "notification": [],
            "option": [],
            "preserve_options_order": null,
            "project_name": "Project5",
            "rank_attribute": "",
            "rank_order": "ascending",
            "retry": "",
            "schedule": "0/20 * * * * * *",
            "schedule_enabled": true,
            "success_on_empty_node_filter": null,
            "time_zone": "",
            "timeout": null
          },
          "sensitive_attributes": [],
          "private": "bnVsbA==",
          "dependencies": [
            "rundeck_project.Project5"
          ]
        },
        {
          "index_key": 98,
          "schema_version": 0,
          "attributes": {
            "allow_concurrent_executions": false,
            "command": [
              {
                "description": "",
                "error_handler": [],
                "inline_script": "",
                "job": [],
                "keep_going_on_success": false,
                "node_step_plugin": [],
                "script_file": "",
                "script_file_args": "",
                "script_interpreter": [],
                "shell_command": "hostname",
                "step_plugin": []
              }
            ],
            "command_ordering_strategy": "node-first",
            "continue_next_node_on_error": false,
            "continue_on_error": false,
            "description": "Restart the service daemons on all the web servers",
            "execution_enabled": true,
            "global_log_filter": [],
            "group_name": "",
            "id": "b840a6f0-fd76-48ba-8030-d5c208930637",
            "log_level": "INFO",
            "max_thread_count": 1,
            "name": "jobP5-98",
            "node_filter_exclude_precedence": false,
            "node_filter_exclude_query": "",
            "node_filter_query": "",
            "notification": [],
            "option": [],
            "preserve_options_order": null,
            "project_name": "Project5",
            "rank_attribute": "",
            "rank_order": "ascending",
            "retry": "",
            "schedule": "0/20 * * * * * *",
            "schedule_enabled": true,
            "success_on_empty_node_filter": null,
            "time_zone": "",
            "timeout": null
          },
          "sensitive_attributes": [],
          "private": "bnVsbA==",
          "dependencies": [
            "rundeck_project.Project5"
          ]
        },
        {
          "index_key": 99,
          "schema_version": 0,
          "attributes": {
            "allow_concurrent_executions": false,
            "command": [
              {
                "description": "",
                "error_handler": [],
                "inline_script": "",
                "job": [],
                "keep_going_on_success": false,
                "node_step_plugin": [],
                "script_file": "",
                "script_file_args": "",
                "script_interpreter": [],
                "shell_command": "hostname",
                "step_plugin": []
              }
            ],
            "command_ordering_strategy": "node-first",
            "continue_next_node_on_error": false,
            "continue_on_error": false,
            "description": "Restart the service daemons on all the web servers",
            "execution_enabled": true,
            "global_log_filter": [],
            "group_name": "",
            "id": "09c266e0-ec70-4a42-b458-52425d76a2a2",
            "log_level": "INFO",
            "max_thread_count": 1,
            "name": "jobP5-99",
            "node_filter_exclude_precedence": false,
            "node_filter_exclude_query": "",
            "node_filter_query": "",
            "notification": [],
            "option": [],
            "preserve_options_order": null,
            "project_name": "Project5",
            "rank_attribute": "",
            "rank_order": "ascending",
            "retry": "",
            "schedule": "0/20 * * * * * *",
            "schedule_enabled": true,
            "success_on_empty_node_filter": null,
            "time_zone": "",
            "timeout": null
          },
          "sensitive_attributes": [],
          "private": "bnVsbA==",
          "dependencies": [
            "rundeck_project.Project5"
          ]
        }
      ]
    },
    {
      "mode": "managed",
      "type": "rundeck_project",
      "name": "Project1",
      "provider": "provider[\"registry.terraform.io/rundeck/rundeck\"]",
      "instances": [
        {
          "schema_version": 0,
          "attributes": {
            "default_node_executor_plugin": "jsch-ssh",
            "default_node_file_copier_plugin": "jsch-scp",
            "description": "Project1",
            "extra_config": {
              "project/label": "Project1"
            },
            "id": "Project1",
            "name": "Project1",
            "resource_model_source": [
              {
                "config": {},
                "type": "local"
              }
            ],
            "ssh_authentication_type": "privateKey",
            "ssh_key_file_path": "",
            "ssh_key_storage_path": "",
            "ui_url": "http://localhost:4440/api/45/project/Project1"
          },
          "sensitive_attributes": [],
          "private": "bnVsbA=="
        }
      ]
    },
    {
      "mode": "managed",
      "type": "rundeck_project",
      "name": "Project2",
      "provider": "provider[\"registry.terraform.io/rundeck/rundeck\"]",
      "instances": [
        {
          "schema_version": 0,
          "attributes": {
            "default_node_executor_plugin": "jsch-ssh",
            "default_node_file_copier_plugin": "jsch-scp",
            "description": "Project2",
            "extra_config": {
              "project/label": "Project2"
            },
            "id": "Project2",
            "name": "Project2",
            "resource_model_source": [
              {
                "config": {},
                "type": "local"
              }
            ],
            "ssh_authentication_type": "privateKey",
            "ssh_key_file_path": "",
            "ssh_key_storage_path": "",
            "ui_url": "http://localhost:4440/api/45/project/Project2"
          },
          "sensitive_attributes": [],
          "private": "bnVsbA=="
        }
      ]
    },
    {
      "mode": "managed",
      "type": "rundeck_project",
      "name": "Project3",
      "provider": "provider[\"registry.terraform.io/rundeck/rundeck\"]",
      "instances": [
        {
          "schema_version": 0,
          "attributes": {
            "default_node_executor_plugin": "jsch-ssh",
            "default_node_file_copier_plugin": "jsch-scp",
            "description": "Project3",
            "extra_config": {
              "project/label": "Project3"
            },
            "id": "Project3",
            "name": "Project3",
            "resource_model_source": [
              {
                "config": {},
                "type": "local"
              }
            ],
            "ssh_authentication_type": "privateKey",
            "ssh_key_file_path": "",
            "ssh_key_storage_path": "",
            "ui_url": "http://localhost:4440/api/45/project/Project3"
          },
          "sensitive_attributes": [],
          "private": "bnVsbA=="
        }
      ]
    },
    {
      "mode": "managed",
      "type": "rundeck_project",
      "name": "Project4",
      "provider": "provider[\"registry.terraform.io/rundeck/rundeck\"]",
      "instances": [
        {
          "schema_version": 0,
          "attributes": {
            "default_node_executor_plugin": "jsch-ssh",
            "default_node_file_copier_plugin": "jsch-scp",
            "description": "Project4",
            "extra_config": {
              "project/label": "Project4"
            },
            "id": "Project4",
            "name": "Project4",
            "resource_model_source": [
              {
                "config": {},
                "type": "local"
              }
            ],
            "ssh_authentication_type": "privateKey",
            "ssh_key_file_path": "",
            "ssh_key_storage_path": "",
            "ui_url": "http://localhost:4440/api/45/project/Project4"
          },
          "sensitive_attributes": [],
          "private": "bnVsbA=="
        }
      ]
    },
    {
      "mode": "managed",
      "type": "rundeck_project",
      "name": "Project5",
      "provider": "provider[\"registry.terraform.io/rundeck/rundeck\"]",
      "instances": [
        {
          "schema_version": 0,
          "attributes": {
            "default_node_executor_plugin": "jsch-ssh",
            "default_node_file_copier_plugin": "jsch-scp",
            "description": "Project5",
            "extra_config": {
              "project/label": "Project5"
            },
            "id": "Project5",
            "name": "Project5",
            "resource_model_source": [
              {
                "config": {},
                "type": "local"
              }
            ],
            "ssh_authentication_type": "privateKey",
            "ssh_key_file_path": "",
            "ssh_key_storage_path": "",
            "ui_url": "http://localhost:4440/api/45/project/Project5"
          },
          "sensitive_attributes": [],
          "private": "bnVsbA=="
        }
      ]
    }
  ],
  "check_results": null
}
